{
  "version": 4,
  "terraform_version": "1.12.2",
  "serial": 855,
  "lineage": "d6bd5780-60b9-2934-8eba-907dcb227d78",
  "outputs": {
    "ecr_registry_url": {
      "value": "675613596870.dkr.ecr.ap-southeast-2.amazonaws.com",
      "type": "string"
    },
    "repository_urls": {
      "value": {
        "api-gateway": "675613596870.dkr.ecr.ap-southeast-2.amazonaws.com/api-gateway",
        "client": "675613596870.dkr.ecr.ap-southeast-2.amazonaws.com/client",
        "inventory-service": "675613596870.dkr.ecr.ap-southeast-2.amazonaws.com/inventory-service",
        "notification-service": "675613596870.dkr.ecr.ap-southeast-2.amazonaws.com/notification-service",
        "order-service": "675613596870.dkr.ecr.ap-southeast-2.amazonaws.com/order-service",
        "payment-service": "675613596870.dkr.ecr.ap-southeast-2.amazonaws.com/payment-service",
        "product-service": "675613596870.dkr.ecr.ap-southeast-2.amazonaws.com/product-service"
      },
      "type": [
        "object",
        {
          "api-gateway": "string",
          "client": "string",
          "inventory-service": "string",
          "notification-service": "string",
          "order-service": "string",
          "payment-service": "string",
          "product-service": "string"
        }
      ]
    }
  },
  "resources": [
    {
      "mode": "data",
      "type": "aws_ami",
      "name": "ami",
      "provider": "provider[\"registry.terraform.io/hashicorp/aws\"]",
      "instances": [
        {
          "schema_version": 0,
          "attributes": {
            "allow_unsafe_filter": null,
            "architecture": "x86_64",
            "arn": "arn:aws:ec2:ap-southeast-2::image/ami-0eeab253db7e765a9",
            "block_device_mappings": [
              {
                "device_name": "/dev/sda1",
                "ebs": {
                  "delete_on_termination": "true",
                  "encrypted": "false",
                  "iops": "0",
                  "snapshot_id": "snap-0b68b0b1a44bf86ce",
                  "throughput": "0",
                  "volume_initialization_rate": "0",
                  "volume_size": "8",
                  "volume_type": "gp2"
                },
                "no_device": "",
                "virtual_name": ""
              },
              {
                "device_name": "/dev/sdb",
                "ebs": {},
                "no_device": "",
                "virtual_name": "ephemeral0"
              },
              {
                "device_name": "/dev/sdc",
                "ebs": {},
                "no_device": "",
                "virtual_name": "ephemeral1"
              }
            ],
            "boot_mode": "uefi-preferred",
            "creation_date": "2025-10-15T08:05:46.000Z",
            "deprecation_time": "2027-10-15T08:05:46.000Z",
            "description": "Canonical, Ubuntu, 22.04, amd64 jammy image",
            "ena_support": true,
            "executable_users": null,
            "filter": [
              {
                "name": "name",
                "values": [
                  "ubuntu/images/hvm-ssd/ubuntu-jammy-22.04-amd64-server-*"
                ]
              }
            ],
            "hypervisor": "xen",
            "id": "ami-0eeab253db7e765a9",
            "image_id": "ami-0eeab253db7e765a9",
            "image_location": "amazon/ubuntu/images/hvm-ssd/ubuntu-jammy-22.04-amd64-server-20251015",
            "image_owner_alias": "amazon",
            "image_type": "machine",
            "imds_support": "",
            "include_deprecated": false,
            "kernel_id": "",
            "last_launched_time": "",
            "most_recent": true,
            "name": "ubuntu/images/hvm-ssd/ubuntu-jammy-22.04-amd64-server-20251015",
            "name_regex": null,
            "owner_id": "099720109477",
            "owners": [
              "099720109477"
            ],
            "platform": "",
            "platform_details": "Linux/UNIX",
            "product_codes": [],
            "public": true,
            "ramdisk_id": "",
            "region": "ap-southeast-2",
            "root_device_name": "/dev/sda1",
            "root_device_type": "ebs",
            "root_snapshot_id": "snap-0b68b0b1a44bf86ce",
            "sriov_net_support": "simple",
            "state": "available",
            "state_reason": {
              "code": "UNSET",
              "message": "UNSET"
            },
            "tags": {},
            "timeouts": null,
            "tpm_support": "",
            "uefi_data": null,
            "usage_operation": "RunInstances",
            "virtualization_type": "hvm"
          },
          "sensitive_attributes": [],
          "identity_schema_version": 0
        }
      ]
    },
    {
      "mode": "data",
      "type": "aws_caller_identity",
      "name": "current",
      "provider": "provider[\"registry.terraform.io/hashicorp/aws\"]",
      "instances": [
        {
          "schema_version": 0,
          "attributes": {
            "account_id": "675613596870",
            "arn": "arn:aws:iam::675613596870:user/richard-tritran",
            "id": "675613596870",
            "user_id": "AIDAZ2TNVLTDLPGYY3EGW"
          },
          "sensitive_attributes": [],
          "identity_schema_version": 0
        }
      ]
    },
    {
      "mode": "data",
      "type": "aws_ecr_authorization_token",
      "name": "token",
      "provider": "provider[\"registry.terraform.io/hashicorp/aws\"]",
      "instances": [
        {
          "schema_version": 0,
          "attributes": {
            "authorization_token": "QVdTOmV5SndZWGxzYjJGa0lqb2lZakl5Y25CRFkxVnVlVTV0YkZZNGJsbFhOWFp1ZFdka2VrdFFaVGwyTkdzMlNYY3lTV1puT1ZneksweE5iVXhUWlVJNWRUbG9MMlJ3WjAwME5uSnJVWFpEU3poNWNGWjNTbFJwUlhsT1pXRnNNV3RSY0dod1dsRnpTbXQ2ZEdaeUwxQjJPRFZVZGt3MmFFbFhXRWxPUjA0MFNTdHFla2hzYW1WWWRTODVWRWwwZVVoMlRsQmpha2xQZW1SYVIzZFhUMnBRZW5BMFl6ZHpaVTVQYzBSRFNuTXlkbWhKZDFwaVpXVTBhMnRzTmxwR01VOW5lV3RwVTJVeFZVNTFTelZ4TVdGb1FXaFhZMDF2Y2xkNVpYUjFNR3g2Tms5T1IyZG1hRFIxVTIxdE4zTjJNREV3S3pnMWJrbE9ORmd3U3poUFozb3JVMjVOV21OV0wyVm9kVUYwVGk5MWJrZFllR1oyV2psWk1rMXZSVTlxV2pCWU1pdFRXV001YlZCeVZWVTBiRWxOZEVKNUswTlJiVkV3VGpBNU9YcEZkSEY2WTA5dlkxQkZiemMyTDAxblJrWjFaVVp3UTFGaksycFBha0pHUTBSUFVXUm5iamxJV2xsMVVXMUxZVE5MZEdKMk5FRjZjR0ZPYnpadVRtczNWRmh4VUdaMmFUbGFZMnBsVERKNVJHTTBTRGxrU25SWmNVOWlkR3NyVmxWTFNUVldTbmx1YlVadFpXa3dkRk13WmtJMWNITlhaVEpIZFVKcmIwRklhRGhTVmpKUmVIVjNUV3hXVUd3eFIwVlRZbGhtV0dGVmRtZGhibE41VTIxQmNpOHpaRXBaWld0R2VIaFhUMUp4UkdFNVdIVXJZV0ZtVmtZNGVrWjJiazl0WWpaWmMzSTJSbWxETlhaTlowWmhOR2h1UzNabkwzZzNaMDVsVkRsSFVIbFNZVnBuZGpWQ2JHTTJiRGQxVUdsQmVYaG9iWFI2WlZaT1VYVXdjR3RXTHk5VmRqZE9SR2hFU21SRWJGWXdRa3QyYnpGbk9WZzRjR040TDNNcmR6TnNOVmRwZVdWTGQwTnFVVUZVY1hSUE5WUnJiSGgwYTBSR2RHVk5NelEwY0VwYVUyeFdOV0ZEV1dWQmVIbDJTRTlwYjBWRU9XeHpNbXRaVTI0eFJHWm1UWFZHU201b2NWTXpVRzkyU0hwbFZUVXdLMWhRWmpkTU0xQndjek51UWxGa2FYWm5aMWhSVkdKeE9WRkNSekExYkhkS1dVdEVMM1pDYW10dWMzbGxORXRwUnpaTFJGTkVjMGwxZEZGd1VUZDRabmRWZGtrd1oybEtVWGhOSzJoS1VXSldSbU40TlhkT1NFbE5kR05tWmpscU56SmplbE5yZEhvMWVWaDRXR05oTkVKM1R6SnRlSEJ6VW1ocGFFeDFVbkpRTUVsRFJrWmpTWFpJYVRob1VqRTBjMFZVZDBwNVZqTkZkRlJSUm5KbU1FbElhVUkyVVZkV1RrZDRTVVZxWWtsSVEwWlpNMlZ4U201WlJEQnJTSE5wZVdJelZIQjRkSGhRTVd0aGFsWnNOemxWTVZKUlp6bFhTWGxUYldkRVlXcHNhRVZHY2pNNFZrYzBSbmhaVkZFMlZETXhlR05zYTJZeWR6QjFWemNyVEVGRVNYQlBVbEY1VEc5dU1HMDBkMGxCS3pVNWFtWTVTSFpVTVU0MVNFTmtjM1l4TWtwQ1IxUXpOMU13WVVSeFRFRkxiMWRzZEZWM1MyNTFSRzVrU1RWMmVHWkJaeXQwUjNkcVkyeFdRbVJKYzNadE1FbGtOVkV6WVRGdlRXVmpUMlIwUVVVM1ZsTkZTM1JSUXk5WFFsRkdZWEpYWWt3d2JIVWlMQ0prWVhSaGEyVjVJam9pUVZGRlFrRklhRXg1YW5vM1VFcEZVRzFaWW5GSU5rRTJaaTkzVjA1NmVYbzFRa3RoTXpkQ2JrSlFjMEY1ZFVZeFMxRkJRVUZJTkhkbVFWbEtTMjlhU1doMlkwNUJVV05IYjBjNGQySlJTVUpCUkVKdlFtZHJjV2hyYVVjNWR6QkNRbmRGZDBobldVcFpTVnBKUVZkVlJFSkJSWFZOUWtWRlJFVlNSVVpoVTFKWFlYcEpSRlJNV1VsQlNVSkZTVUUzWTI4eGRsVmtSMEpqUkhCSGFtbFZNMjVGWW01c1lqSkxZbTExVjFOd1EyNXBSRUpWY0djM0x5dFJXRzVuWjBONVZGVnFZazlETlZaSllrSm9NVW92ZUdRemJtZHlVR3RMTW5SNVIwazVZejBpTENKMlpYSnphVzl1SWpvaU1pSXNJblI1Y0dVaU9pSkVRVlJCWDB0RldTSXNJbVY0Y0dseVlYUnBiMjRpT2pFM05qRXhPRFl4TlRSOQ==",
            "expires_at": "2025-10-23T02:22:34Z",
            "id": "ap-southeast-2",
            "password": "eyJwYXlsb2FkIjoiYjIycnBDY1VueU5tbFY4bllXNXZudWdkektQZTl2NGs2SXcySWZnOVgzK0xNbUxTZUI5dTloL2RwZ000NnJrUXZDSzh5cFZ3SlRpRXlOZWFsMWtRcGhwWlFzSmt6dGZyL1B2ODVUdkw2aElXWElOR040SStqekhsamVYdS85VEl0eUh2TlBjaklPemRaR3dXT2pQenA0YzdzZU5Pc0RDSnMydmhJd1piZWU0a2tsNlpGMU9neWtpU2UxVU51SzVxMWFoQWhXY01vcld5ZXR1MGx6Nk9OR2dmaDR1U21tN3N2MDEwKzg1bklONFgwSzhPZ3orU25NWmNWL2VodUF0Ti91bkdYeGZ2WjlZMk1vRU9qWjBYMitTWWM5bVByVVU0bElNdEJ5K0NRbVEwTjA5OXpFdHF6Y09vY1BFbzc2L01nRkZ1ZUZwQ1FjK2pPakJGQ0RPUWRnbjlIWll1UW1LYTNLdGJ2NEF6cGFObzZuTms3VFhxUGZ2aTlaY2plTDJ5RGM0SDlkSnRZcU9idGsrVlVLSTVWSnlubUZtZWkwdFMwZkI1cHNXZTJHdUJrb0FIaDhSVjJReHV3TWxWUGwxR0VTYlhmWGFVdmdhblN5U21Bci8zZEpZZWtGeHhXT1JxRGE5WHUrYWFmVkY4ekZ2bk9tYjZZc3I2RmlDNXZNZ0ZhNGhuS3ZnL3g3Z05lVDlHUHlSYVpndjVCbGM2bDd1UGlBeXhobXR6ZVZOUXUwcGtWLy9VdjdORGhESmREbFYwQkt2bzFnOVg4cGN4L3MrdzNsNVdpeWVLd0NqUUFUcXRPNVRrbHh0a0RGdGVNMzQ0cEpaU2xWNWFDWWVBeHl2SE9pb0VEOWxzMmtZU24xRGZmTXVGSm5ocVMzUG92SHplVTUwK1hQZjdMM1BwczNuQlFkaXZnZ1hRVGJxOVFCRzA1bHdKWUtEL3ZCamtuc3llNEtpRzZLRFNEc0l1dFFwUTd4ZndVdkkwZ2lKUXhNK2hKUWJWRmN4NXdOSElNdGNmZjlqNzJjelNrdHo1eVh4WGNhNEJ3TzJteHBzUmhpaEx1UnJQMElDRkZjSXZIaThoUjE0c0VUd0p5VjNFdFRRRnJmMElIaUI2UVdWTkd4SUVqYklIQ0ZZM2VxSm5ZRDBrSHNpeWIzVHB4dHhQMWthalZsNzlVMVJRZzlXSXlTbWdEYWpsaEVGcjM4Vkc0RnhZVFE2VDMxeGNsa2YydzB1VzcrTEFESXBPUlF5TG9uMG00d0lBKzU5amY5SHZUMU41SENkc3YxMkpCR1QzN1MwYURxTEFLb1dsdFV3S251RG5kSTV2eGZBZyt0R3dqY2xWQmRJc3ZtMElkNVEzYTFvTWVjT2R0QUU3VlNFS3RRQy9XQlFGYXJXYkwwbHUiLCJkYXRha2V5IjoiQVFFQkFIaEx5ano3UEpFUG1ZYnFINkE2Zi93V056eXo1QkthMzdCbkJQc0F5dUYxS1FBQUFINHdmQVlKS29aSWh2Y05BUWNHb0c4d2JRSUJBREJvQmdrcWhraUc5dzBCQndFd0hnWUpZSVpJQVdVREJBRXVNQkVFREVSRUZhU1JXYXpJRFRMWUlBSUJFSUE3Y28xdlVkR0JjRHBHamlVM25FYm5sYjJLYm11V1NwQ25pREJVcGc3LytRWG5nZ0N5VFVqYk9DNVZJYkJoMUoveGQzbmdyUGtLMnR5R0k5Yz0iLCJ2ZXJzaW9uIjoiMiIsInR5cGUiOiJEQVRBX0tFWSIsImV4cGlyYXRpb24iOjE3NjExODYxNTR9",
            "proxy_endpoint": "https://675613596870.dkr.ecr.ap-southeast-2.amazonaws.com",
            "region": "ap-southeast-2",
            "registry_id": null,
            "user_name": "AWS"
          },
          "sensitive_attributes": [
            [
              {
                "type": "get_attr",
                "value": "authorization_token"
              }
            ],
            [
              {
                "type": "get_attr",
                "value": "password"
              }
            ]
          ],
          "identity_schema_version": 0
        }
      ]
    },
    {
      "mode": "data",
      "type": "aws_eks_cluster",
      "name": "eks",
      "provider": "provider[\"registry.terraform.io/hashicorp/aws\"]",
      "instances": [
        {
          "schema_version": 0,
          "attributes": {
            "access_config": [
              {
                "authentication_mode": "API",
                "bootstrap_cluster_creator_admin_permissions": true
              }
            ],
            "arn": "arn:aws:eks:ap-southeast-2:675613596870:cluster/staging-demo",
            "certificate_authority": [
              {
                "data": "LS0tLS1CRUdJTiBDRVJUSUZJQ0FURS0tLS0tCk1JSURCVENDQWUyZ0F3SUJBZ0lJRzNOYVJwekR1c2d3RFFZSktvWklodmNOQVFFTEJRQXdGVEVUTUJFR0ExVUUKQXhNS2EzVmlaWEp1WlhSbGN6QWVGdzB5TlRFd01qSXhNVE0wTURoYUZ3MHpOVEV3TWpBeE1UTTVNRGhhTUJVeApFekFSQmdOVkJBTVRDbXQxWW1WeWJtVjBaWE13Z2dFaU1BMEdDU3FHU0liM0RRRUJBUVVBQTRJQkR3QXdnZ0VLCkFvSUJBUURSbFV0ZU9kNjZwUkxHWVdONjJBczRKK0htZ0RWS2ViOGFnZVlEeWo2RVZYUWMzRXFwTjgxbCtvOW0KazJXUHdSRGdINnRhbVdMOFgwMHlSMkFtdTNCT0FQRXJiMXgwaHpYVktCNUVWY05WcEVhNkcxdGxqOWhORlN5aAozTkRxZ3lBeXh5b0lHbzF5YjlNa3o1SzVIQmo1NUx2cEdHL3F5eWI2QjFGZzZKZ1owUlBObWwvcWdCa1hrQ1VyCjF6V0M1WUsrL2lQR1k4Z25zSkRDU1lEdmxseGVUcUxja1RZdWJZUGpiREM5QUpkek1mdVU0ZE9PQ2Rad2xTOGIKamIwUFIyV3RPZzI1QWFHb0xwQ1RlYUJ1K1NIaHR0R3VlYzFMbGV5czlOaVNvbVc5WUFlSjVXamJBaTdSRFQ3VQo1YmJldXlVdWxsZEZPK2JLS3BxSHNtN2JKaERKQWdNQkFBR2pXVEJYTUE0R0ExVWREd0VCL3dRRUF3SUNwREFQCkJnTlZIUk1CQWY4RUJUQURBUUgvTUIwR0ExVWREZ1FXQkJTeXNFYUlGeU1FQ3N0Y0dWRjJHSWt0ZzRjU1VqQVYKQmdOVkhSRUVEakFNZ2dwcmRXSmxjbTVsZEdWek1BMEdDU3FHU0liM0RRRUJDd1VBQTRJQkFRQjlaWEt0Ri9WcApheDNhRGt0SWJLZWtNcDlDSjF3UGhDeEdJd3V0UlEwVEI1a1YzNGFxK2RBelpTclMvTTZNNFArRDVkb2cyWjAyCjl3Z3BJcEpjNzVxNk9EaFNuSGQyTURtTS85SlU5UlpteHhIQzBUY05mZHdCN0d1S0ladFdJTXgvU09PVFlBWmUKM3JEWlY4SEJJQnhEVUordW8zWm1uL1RtazNlZitoS0luQ2d0MVdsSkxLMkk2bG5kcE50MmJ2dUE2ZW9waE9WSwpTcHh5OUFOaGRRL1JUdnF5eTh6Y1RxQTl6bGtHRFI5Wkd6bkVxYXRhYU5laDh0Yi9hRTZweTM1TzMzT3ZaOU5sClErdUtpcHhsaHdkeUxpOGtvcEt5WktISVFtRzFISFJ3NXYxU1p0NHBlSlJjTkUxMWtRa043Z3dhNEMwcUpOYksKY1NtTHVEZ2RyTys0Ci0tLS0tRU5EIENFUlRJRklDQVRFLS0tLS0K"
              }
            ],
            "cluster_id": null,
            "compute_config": [
              {
                "enabled": false,
                "node_pools": [],
                "node_role_arn": ""
              }
            ],
            "created_at": "2025-10-22T11:33:43Z",
            "deletion_protection": false,
            "enabled_cluster_log_types": [],
            "endpoint": "https://EE12A3881337026D892AAF4D0600353D.sk1.ap-southeast-2.eks.amazonaws.com",
            "id": "staging-demo",
            "identity": [
              {
                "oidc": [
                  {
                    "issuer": "https://oidc.eks.ap-southeast-2.amazonaws.com/id/EE12A3881337026D892AAF4D0600353D"
                  }
                ]
              }
            ],
            "kubernetes_network_config": [
              {
                "elastic_load_balancing": [
                  {
                    "enabled": false
                  }
                ],
                "ip_family": "ipv4",
                "service_ipv4_cidr": "172.20.0.0/16",
                "service_ipv6_cidr": ""
              }
            ],
            "name": "staging-demo",
            "outpost_config": [],
            "platform_version": "eks.52",
            "region": "ap-southeast-2",
            "remote_network_config": [],
            "role_arn": "arn:aws:iam::675613596870:role/staging-demo-eks-cluster",
            "status": "ACTIVE",
            "storage_config": [
              {
                "block_storage": [
                  {
                    "enabled": false
                  }
                ]
              }
            ],
            "tags": {},
            "upgrade_policy": [
              {
                "support_type": "EXTENDED"
              }
            ],
            "version": "1.29",
            "vpc_config": [
              {
                "cluster_security_group_id": "sg-0eb639f577bffd4c6",
                "endpoint_private_access": false,
                "endpoint_public_access": true,
                "public_access_cidrs": [
                  "0.0.0.0/0"
                ],
                "security_group_ids": [],
                "subnet_ids": [
                  "subnet-073e87e1f8bb33e7c",
                  "subnet-0d4966b79421e5345",
                  "subnet-0e0bf2cc7171f7ad5",
                  "subnet-0e556fc79b98007e7"
                ],
                "vpc_id": "vpc-0b8a4228e32a248a5"
              }
            ],
            "zonal_shift_config": []
          },
          "sensitive_attributes": [],
          "identity_schema_version": 0
        }
      ]
    },
    {
      "mode": "data",
      "type": "aws_eks_cluster_auth",
      "name": "eks",
      "provider": "provider[\"registry.terraform.io/hashicorp/aws\"]",
      "instances": [
        {
          "schema_version": 0,
          "attributes": {
            "id": "staging-demo",
            "name": "staging-demo",
            "region": "ap-southeast-2",
            "token": "k8s-aws-v1.aHR0cHM6Ly9zdHMuYXAtc291dGhlYXN0LTIuYW1hem9uYXdzLmNvbS8_QWN0aW9uPUdldENhbGxlcklkZW50aXR5JlZlcnNpb249MjAxMS0wNi0xNSZYLUFtei1BbGdvcml0aG09QVdTNC1ITUFDLVNIQTI1NiZYLUFtei1DcmVkZW50aWFsPUFLSUFaMlROVkxUREQzUFBOTVYzJTJGMjAyNTEwMjIlMkZhcC1zb3V0aGVhc3QtMiUyRnN0cyUyRmF3czRfcmVxdWVzdCZYLUFtei1EYXRlPTIwMjUxMDIyVDE0MjIzOFomWC1BbXotRXhwaXJlcz0wJlgtQW16LVNpZ25lZEhlYWRlcnM9aG9zdCUzQngtazhzLWF3cy1pZCZYLUFtei1TaWduYXR1cmU9YWRjZDM3ZWE3ZDVhNmE2YTEwOWZkOTdhMjc0NTA2NDhkMThjODczZTc4ZjhkMDQ2MWZmNDE4YzJiMDRlODA4MQ"
          },
          "sensitive_attributes": [
            [
              {
                "type": "get_attr",
                "value": "token"
              }
            ]
          ],
          "identity_schema_version": 0
        }
      ]
    },
    {
      "mode": "data",
      "type": "aws_iam_policy_document",
      "name": "aws_lbc",
      "provider": "provider[\"registry.terraform.io/hashicorp/aws\"]",
      "instances": [
        {
          "schema_version": 0,
          "attributes": {
            "id": "819195744",
            "json": "{\n  \"Version\": \"2012-10-17\",\n  \"Statement\": [\n    {\n      \"Effect\": \"Allow\",\n      \"Action\": [\n        \"sts:TagSession\",\n        \"sts:AssumeRole\"\n      ],\n      \"Principal\": {\n        \"Service\": \"pods.eks.amazonaws.com\"\n      }\n    }\n  ]\n}",
            "minified_json": "{\"Version\":\"2012-10-17\",\"Statement\":[{\"Effect\":\"Allow\",\"Action\":[\"sts:TagSession\",\"sts:AssumeRole\"],\"Principal\":{\"Service\":\"pods.eks.amazonaws.com\"}}]}",
            "override_json": null,
            "override_policy_documents": null,
            "policy_id": null,
            "source_json": null,
            "source_policy_documents": null,
            "statement": [
              {
                "actions": [
                  "sts:AssumeRole",
                  "sts:TagSession"
                ],
                "condition": [],
                "effect": "Allow",
                "not_actions": [],
                "not_principals": [],
                "not_resources": [],
                "principals": [
                  {
                    "identifiers": [
                      "pods.eks.amazonaws.com"
                    ],
                    "type": "Service"
                  }
                ],
                "resources": [],
                "sid": ""
              }
            ],
            "version": "2012-10-17"
          },
          "sensitive_attributes": [],
          "identity_schema_version": 0
        }
      ]
    },
    {
      "mode": "data",
      "type": "aws_iam_policy_document",
      "name": "aws_lbc_policy",
      "provider": "provider[\"registry.terraform.io/hashicorp/aws\"]",
      "instances": [
        {
          "schema_version": 0,
          "attributes": {
            "id": "3223447658",
            "json": "{\n  \"Version\": \"2012-10-17\",\n  \"Statement\": [\n    {\n      \"Effect\": \"Allow\",\n      \"Action\": [\n        \"iam:CreateServiceLinkedRole\",\n        \"elasticloadbalancing:DescribeTargetHealth\",\n        \"elasticloadbalancing:DescribeTargetGroups\",\n        \"elasticloadbalancing:DescribeTargetGroupAttributes\",\n        \"elasticloadbalancing:DescribeTags\",\n        \"elasticloadbalancing:DescribeSSLPolicies\",\n        \"elasticloadbalancing:DescribeRules\",\n        \"elasticloadbalancing:DescribeLoadBalancers\",\n        \"elasticloadbalancing:DescribeLoadBalancerAttributes\",\n        \"elasticloadbalancing:DescribeListeners\",\n        \"elasticloadbalancing:DescribeListenerCertificates\",\n        \"ec2:GetCoipPoolUsage\",\n        \"ec2:DescribeVpcs\",\n        \"ec2:DescribeTags\",\n        \"ec2:DescribeSubnets\",\n        \"ec2:DescribeSecurityGroups\",\n        \"ec2:DescribeNetworkInterfaces\",\n        \"ec2:DescribeInternetGateways\",\n        \"ec2:DescribeInstances\",\n        \"ec2:DescribeCoipPools\",\n        \"ec2:DescribeAvailabilityZones\",\n        \"ec2:DescribeAddresses\",\n        \"ec2:DescribeAccountAttributes\"\n      ],\n      \"Resource\": \"*\"\n    },\n    {\n      \"Effect\": \"Allow\",\n      \"Action\": [\n        \"wafv2:GetWebACLForResource\",\n        \"wafv2:GetWebACL\",\n        \"wafv2:DisassociateWebACL\",\n        \"wafv2:AssociateWebACL\",\n        \"waf-regional:GetWebACLForResource\",\n        \"waf-regional:GetWebACL\",\n        \"waf-regional:DisassociateWebACL\",\n        \"waf-regional:AssociateWebACL\",\n        \"shield:GetSubscriptionState\",\n        \"shield:DescribeSubscription\",\n        \"shield:DescribeProtection\",\n        \"shield:DeleteProtection\",\n        \"shield:CreateProtection\",\n        \"iam:ListServerCertificates\",\n        \"iam:GetServerCertificate\",\n        \"cognito-idp:DescribeUserPoolClient\",\n        \"acm:ListCertificates\",\n        \"acm:DescribeCertificate\"\n      ],\n      \"Resource\": \"*\"\n    },\n    {\n      \"Effect\": \"Allow\",\n      \"Action\": [\n        \"ec2:RevokeSecurityGroupIngress\",\n        \"ec2:AuthorizeSecurityGroupIngress\"\n      ],\n      \"Resource\": \"*\"\n    },\n    {\n      \"Effect\": \"Allow\",\n      \"Action\": [\n        \"ec2:DeleteSecurityGroup\",\n        \"ec2:CreateSecurityGroup\"\n      ],\n      \"Resource\": \"*\"\n    },\n    {\n      \"Effect\": \"Allow\",\n      \"Action\": \"ec2:CreateTags\",\n      \"Resource\": \"arn:aws:ec2:*:*:security-group/*\",\n      \"Condition\": {\n        \"Null\": {\n          \"aws:RequestedRegion\": \"false\"\n        },\n        \"StringEquals\": {\n          \"ec2:CreateAction\": \"CreateSecurityGroup\"\n        }\n      }\n    },\n    {\n      \"Effect\": \"Allow\",\n      \"Action\": [\n        \"elasticloadbalancing:CreateTargetGroup\",\n        \"elasticloadbalancing:CreateLoadBalancer\"\n      ],\n      \"Resource\": \"*\",\n      \"Condition\": {\n        \"Null\": {\n          \"aws:RequestedRegion\": \"false\"\n        }\n      }\n    },\n    {\n      \"Effect\": \"Allow\",\n      \"Action\": [\n        \"elasticloadbalancing:DeleteRule\",\n        \"elasticloadbalancing:DeleteListener\",\n        \"elasticloadbalancing:CreateRule\",\n        \"elasticloadbalancing:CreateListener\"\n      ],\n      \"Resource\": \"*\"\n    },\n    {\n      \"Effect\": \"Allow\",\n      \"Action\": [\n        \"elasticloadbalancing:RemoveTags\",\n        \"elasticloadbalancing:AddTags\"\n      ],\n      \"Resource\": [\n        \"arn:aws:elasticloadbalancing:*:*:targetgroup/*/*\",\n        \"arn:aws:elasticloadbalancing:*:*:loadbalancer/net/*/*\",\n        \"arn:aws:elasticloadbalancing:*:*:loadbalancer/app/*/*\"\n      ],\n      \"Condition\": {\n        \"Null\": {\n          \"aws:RequestedRegion\": \"false\"\n        }\n      }\n    },\n    {\n      \"Effect\": \"Allow\",\n      \"Action\": [\n        \"elasticloadbalancing:SetSubnets\",\n        \"elasticloadbalancing:SetSecurityGroups\",\n        \"elasticloadbalancing:SetIpAddressType\",\n        \"elasticloadbalancing:ModifyTargetGroupAttributes\",\n        \"elasticloadbalancing:ModifyTargetGroup\",\n        \"elasticloadbalancing:ModifyLoadBalancerAttributes\",\n        \"elasticloadbalancing:DeleteTargetGroup\",\n        \"elasticloadbalancing:DeleteLoadBalancer\"\n      ],\n      \"Resource\": \"*\",\n      \"Condition\": {\n        \"Null\": {\n          \"aws:ResourceTag/elbv2.k8s.aws/cluster\": \"false\"\n        }\n      }\n    },\n    {\n      \"Effect\": \"Allow\",\n      \"Action\": [\n        \"elasticloadbalancing:RegisterTargets\",\n        \"elasticloadbalancing:DeregisterTargets\"\n      ],\n      \"Resource\": \"arn:aws:elasticloadbalancing:*:*:targetgroup/*/*\"\n    },\n    {\n      \"Effect\": \"Allow\",\n      \"Action\": [\n        \"elasticloadbalancing:SetWebAcl\",\n        \"elasticloadbalancing:RemoveListenerCertificates\",\n        \"elasticloadbalancing:ModifyRule\",\n        \"elasticloadbalancing:ModifyListener\",\n        \"elasticloadbalancing:AddListenerCertificates\"\n      ],\n      \"Resource\": \"*\"\n    }\n  ]\n}",
            "minified_json": "{\"Version\":\"2012-10-17\",\"Statement\":[{\"Effect\":\"Allow\",\"Action\":[\"iam:CreateServiceLinkedRole\",\"elasticloadbalancing:DescribeTargetHealth\",\"elasticloadbalancing:DescribeTargetGroups\",\"elasticloadbalancing:DescribeTargetGroupAttributes\",\"elasticloadbalancing:DescribeTags\",\"elasticloadbalancing:DescribeSSLPolicies\",\"elasticloadbalancing:DescribeRules\",\"elasticloadbalancing:DescribeLoadBalancers\",\"elasticloadbalancing:DescribeLoadBalancerAttributes\",\"elasticloadbalancing:DescribeListeners\",\"elasticloadbalancing:DescribeListenerCertificates\",\"ec2:GetCoipPoolUsage\",\"ec2:DescribeVpcs\",\"ec2:DescribeTags\",\"ec2:DescribeSubnets\",\"ec2:DescribeSecurityGroups\",\"ec2:DescribeNetworkInterfaces\",\"ec2:DescribeInternetGateways\",\"ec2:DescribeInstances\",\"ec2:DescribeCoipPools\",\"ec2:DescribeAvailabilityZones\",\"ec2:DescribeAddresses\",\"ec2:DescribeAccountAttributes\"],\"Resource\":\"*\"},{\"Effect\":\"Allow\",\"Action\":[\"wafv2:GetWebACLForResource\",\"wafv2:GetWebACL\",\"wafv2:DisassociateWebACL\",\"wafv2:AssociateWebACL\",\"waf-regional:GetWebACLForResource\",\"waf-regional:GetWebACL\",\"waf-regional:DisassociateWebACL\",\"waf-regional:AssociateWebACL\",\"shield:GetSubscriptionState\",\"shield:DescribeSubscription\",\"shield:DescribeProtection\",\"shield:DeleteProtection\",\"shield:CreateProtection\",\"iam:ListServerCertificates\",\"iam:GetServerCertificate\",\"cognito-idp:DescribeUserPoolClient\",\"acm:ListCertificates\",\"acm:DescribeCertificate\"],\"Resource\":\"*\"},{\"Effect\":\"Allow\",\"Action\":[\"ec2:RevokeSecurityGroupIngress\",\"ec2:AuthorizeSecurityGroupIngress\"],\"Resource\":\"*\"},{\"Effect\":\"Allow\",\"Action\":[\"ec2:DeleteSecurityGroup\",\"ec2:CreateSecurityGroup\"],\"Resource\":\"*\"},{\"Effect\":\"Allow\",\"Action\":\"ec2:CreateTags\",\"Resource\":\"arn:aws:ec2:*:*:security-group/*\",\"Condition\":{\"Null\":{\"aws:RequestedRegion\":\"false\"},\"StringEquals\":{\"ec2:CreateAction\":\"CreateSecurityGroup\"}}},{\"Effect\":\"Allow\",\"Action\":[\"elasticloadbalancing:CreateTargetGroup\",\"elasticloadbalancing:CreateLoadBalancer\"],\"Resource\":\"*\",\"Condition\":{\"Null\":{\"aws:RequestedRegion\":\"false\"}}},{\"Effect\":\"Allow\",\"Action\":[\"elasticloadbalancing:DeleteRule\",\"elasticloadbalancing:DeleteListener\",\"elasticloadbalancing:CreateRule\",\"elasticloadbalancing:CreateListener\"],\"Resource\":\"*\"},{\"Effect\":\"Allow\",\"Action\":[\"elasticloadbalancing:RemoveTags\",\"elasticloadbalancing:AddTags\"],\"Resource\":[\"arn:aws:elasticloadbalancing:*:*:targetgroup/*/*\",\"arn:aws:elasticloadbalancing:*:*:loadbalancer/net/*/*\",\"arn:aws:elasticloadbalancing:*:*:loadbalancer/app/*/*\"],\"Condition\":{\"Null\":{\"aws:RequestedRegion\":\"false\"}}},{\"Effect\":\"Allow\",\"Action\":[\"elasticloadbalancing:SetSubnets\",\"elasticloadbalancing:SetSecurityGroups\",\"elasticloadbalancing:SetIpAddressType\",\"elasticloadbalancing:ModifyTargetGroupAttributes\",\"elasticloadbalancing:ModifyTargetGroup\",\"elasticloadbalancing:ModifyLoadBalancerAttributes\",\"elasticloadbalancing:DeleteTargetGroup\",\"elasticloadbalancing:DeleteLoadBalancer\"],\"Resource\":\"*\",\"Condition\":{\"Null\":{\"aws:ResourceTag/elbv2.k8s.aws/cluster\":\"false\"}}},{\"Effect\":\"Allow\",\"Action\":[\"elasticloadbalancing:RegisterTargets\",\"elasticloadbalancing:DeregisterTargets\"],\"Resource\":\"arn:aws:elasticloadbalancing:*:*:targetgroup/*/*\"},{\"Effect\":\"Allow\",\"Action\":[\"elasticloadbalancing:SetWebAcl\",\"elasticloadbalancing:RemoveListenerCertificates\",\"elasticloadbalancing:ModifyRule\",\"elasticloadbalancing:ModifyListener\",\"elasticloadbalancing:AddListenerCertificates\"],\"Resource\":\"*\"}]}",
            "override_json": null,
            "override_policy_documents": null,
            "policy_id": null,
            "source_json": null,
            "source_policy_documents": null,
            "statement": [
              {
                "actions": [
                  "ec2:DescribeAccountAttributes",
                  "ec2:DescribeAddresses",
                  "ec2:DescribeAvailabilityZones",
                  "ec2:DescribeCoipPools",
                  "ec2:DescribeInstances",
                  "ec2:DescribeInternetGateways",
                  "ec2:DescribeNetworkInterfaces",
                  "ec2:DescribeSecurityGroups",
                  "ec2:DescribeSubnets",
                  "ec2:DescribeTags",
                  "ec2:DescribeVpcs",
                  "ec2:GetCoipPoolUsage",
                  "elasticloadbalancing:DescribeListenerCertificates",
                  "elasticloadbalancing:DescribeListeners",
                  "elasticloadbalancing:DescribeLoadBalancerAttributes",
                  "elasticloadbalancing:DescribeLoadBalancers",
                  "elasticloadbalancing:DescribeRules",
                  "elasticloadbalancing:DescribeSSLPolicies",
                  "elasticloadbalancing:DescribeTags",
                  "elasticloadbalancing:DescribeTargetGroupAttributes",
                  "elasticloadbalancing:DescribeTargetGroups",
                  "elasticloadbalancing:DescribeTargetHealth",
                  "iam:CreateServiceLinkedRole"
                ],
                "condition": [],
                "effect": "Allow",
                "not_actions": [],
                "not_principals": [],
                "not_resources": [],
                "principals": [],
                "resources": [
                  "*"
                ],
                "sid": ""
              },
              {
                "actions": [
                  "acm:DescribeCertificate",
                  "acm:ListCertificates",
                  "cognito-idp:DescribeUserPoolClient",
                  "iam:GetServerCertificate",
                  "iam:ListServerCertificates",
                  "shield:CreateProtection",
                  "shield:DeleteProtection",
                  "shield:DescribeProtection",
                  "shield:DescribeSubscription",
                  "shield:GetSubscriptionState",
                  "waf-regional:AssociateWebACL",
                  "waf-regional:DisassociateWebACL",
                  "waf-regional:GetWebACL",
                  "waf-regional:GetWebACLForResource",
                  "wafv2:AssociateWebACL",
                  "wafv2:DisassociateWebACL",
                  "wafv2:GetWebACL",
                  "wafv2:GetWebACLForResource"
                ],
                "condition": [],
                "effect": "Allow",
                "not_actions": [],
                "not_principals": [],
                "not_resources": [],
                "principals": [],
                "resources": [
                  "*"
                ],
                "sid": ""
              },
              {
                "actions": [
                  "ec2:AuthorizeSecurityGroupIngress",
                  "ec2:RevokeSecurityGroupIngress"
                ],
                "condition": [],
                "effect": "Allow",
                "not_actions": [],
                "not_principals": [],
                "not_resources": [],
                "principals": [],
                "resources": [
                  "*"
                ],
                "sid": ""
              },
              {
                "actions": [
                  "ec2:CreateSecurityGroup",
                  "ec2:DeleteSecurityGroup"
                ],
                "condition": [],
                "effect": "Allow",
                "not_actions": [],
                "not_principals": [],
                "not_resources": [],
                "principals": [],
                "resources": [
                  "*"
                ],
                "sid": ""
              },
              {
                "actions": [
                  "ec2:CreateTags"
                ],
                "condition": [
                  {
                    "test": "Null",
                    "values": [
                      "false"
                    ],
                    "variable": "aws:RequestedRegion"
                  },
                  {
                    "test": "StringEquals",
                    "values": [
                      "CreateSecurityGroup"
                    ],
                    "variable": "ec2:CreateAction"
                  }
                ],
                "effect": "Allow",
                "not_actions": [],
                "not_principals": [],
                "not_resources": [],
                "principals": [],
                "resources": [
                  "arn:aws:ec2:*:*:security-group/*"
                ],
                "sid": ""
              },
              {
                "actions": [
                  "elasticloadbalancing:CreateLoadBalancer",
                  "elasticloadbalancing:CreateTargetGroup"
                ],
                "condition": [
                  {
                    "test": "Null",
                    "values": [
                      "false"
                    ],
                    "variable": "aws:RequestedRegion"
                  }
                ],
                "effect": "Allow",
                "not_actions": [],
                "not_principals": [],
                "not_resources": [],
                "principals": [],
                "resources": [
                  "*"
                ],
                "sid": ""
              },
              {
                "actions": [
                  "elasticloadbalancing:CreateListener",
                  "elasticloadbalancing:CreateRule",
                  "elasticloadbalancing:DeleteListener",
                  "elasticloadbalancing:DeleteRule"
                ],
                "condition": [],
                "effect": "Allow",
                "not_actions": [],
                "not_principals": [],
                "not_resources": [],
                "principals": [],
                "resources": [
                  "*"
                ],
                "sid": ""
              },
              {
                "actions": [
                  "elasticloadbalancing:AddTags",
                  "elasticloadbalancing:RemoveTags"
                ],
                "condition": [
                  {
                    "test": "Null",
                    "values": [
                      "false"
                    ],
                    "variable": "aws:RequestedRegion"
                  }
                ],
                "effect": "Allow",
                "not_actions": [],
                "not_principals": [],
                "not_resources": [],
                "principals": [],
                "resources": [
                  "arn:aws:elasticloadbalancing:*:*:loadbalancer/app/*/*",
                  "arn:aws:elasticloadbalancing:*:*:loadbalancer/net/*/*",
                  "arn:aws:elasticloadbalancing:*:*:targetgroup/*/*"
                ],
                "sid": ""
              },
              {
                "actions": [
                  "elasticloadbalancing:DeleteLoadBalancer",
                  "elasticloadbalancing:DeleteTargetGroup",
                  "elasticloadbalancing:ModifyLoadBalancerAttributes",
                  "elasticloadbalancing:ModifyTargetGroup",
                  "elasticloadbalancing:ModifyTargetGroupAttributes",
                  "elasticloadbalancing:SetIpAddressType",
                  "elasticloadbalancing:SetSecurityGroups",
                  "elasticloadbalancing:SetSubnets"
                ],
                "condition": [
                  {
                    "test": "Null",
                    "values": [
                      "false"
                    ],
                    "variable": "aws:ResourceTag/elbv2.k8s.aws/cluster"
                  }
                ],
                "effect": "Allow",
                "not_actions": [],
                "not_principals": [],
                "not_resources": [],
                "principals": [],
                "resources": [
                  "*"
                ],
                "sid": ""
              },
              {
                "actions": [
                  "elasticloadbalancing:DeregisterTargets",
                  "elasticloadbalancing:RegisterTargets"
                ],
                "condition": [],
                "effect": "Allow",
                "not_actions": [],
                "not_principals": [],
                "not_resources": [],
                "principals": [],
                "resources": [
                  "arn:aws:elasticloadbalancing:*:*:targetgroup/*/*"
                ],
                "sid": ""
              },
              {
                "actions": [
                  "elasticloadbalancing:AddListenerCertificates",
                  "elasticloadbalancing:ModifyListener",
                  "elasticloadbalancing:ModifyRule",
                  "elasticloadbalancing:RemoveListenerCertificates",
                  "elasticloadbalancing:SetWebAcl"
                ],
                "condition": [],
                "effect": "Allow",
                "not_actions": [],
                "not_principals": [],
                "not_resources": [],
                "principals": [],
                "resources": [
                  "*"
                ],
                "sid": ""
              }
            ],
            "version": "2012-10-17"
          },
          "sensitive_attributes": [],
          "identity_schema_version": 0
        }
      ]
    },
    {
      "mode": "data",
      "type": "aws_iam_policy_document",
      "name": "ebs_csi_driver",
      "provider": "provider[\"registry.terraform.io/hashicorp/aws\"]",
      "instances": [
        {
          "schema_version": 0,
          "attributes": {
            "id": "819195744",
            "json": "{\n  \"Version\": \"2012-10-17\",\n  \"Statement\": [\n    {\n      \"Effect\": \"Allow\",\n      \"Action\": [\n        \"sts:TagSession\",\n        \"sts:AssumeRole\"\n      ],\n      \"Principal\": {\n        \"Service\": \"pods.eks.amazonaws.com\"\n      }\n    }\n  ]\n}",
            "minified_json": "{\"Version\":\"2012-10-17\",\"Statement\":[{\"Effect\":\"Allow\",\"Action\":[\"sts:TagSession\",\"sts:AssumeRole\"],\"Principal\":{\"Service\":\"pods.eks.amazonaws.com\"}}]}",
            "override_json": null,
            "override_policy_documents": null,
            "policy_id": null,
            "source_json": null,
            "source_policy_documents": null,
            "statement": [
              {
                "actions": [
                  "sts:AssumeRole",
                  "sts:TagSession"
                ],
                "condition": [],
                "effect": "Allow",
                "not_actions": [],
                "not_principals": [],
                "not_resources": [],
                "principals": [
                  {
                    "identifiers": [
                      "pods.eks.amazonaws.com"
                    ],
                    "type": "Service"
                  }
                ],
                "resources": [],
                "sid": ""
              }
            ],
            "version": "2012-10-17"
          },
          "sensitive_attributes": [],
          "identity_schema_version": 0
        }
      ]
    },
    {
      "mode": "managed",
      "type": "aws_ecr_lifecycle_policy",
      "name": "repository_policy",
      "provider": "provider[\"registry.terraform.io/hashicorp/aws\"]",
      "instances": [
        {
          "index_key": "api-gateway",
          "schema_version": 0,
          "attributes": {
            "id": "api-gateway",
            "policy": "{\"rules\":[{\"action\":{\"type\":\"expire\"},\"description\":\"Keep last 10 images\",\"rulePriority\":1,\"selection\":{\"countNumber\":10,\"countType\":\"imageCountMoreThan\",\"tagPrefixList\":[\"v\"],\"tagStatus\":\"tagged\"}}]}",
            "region": "ap-southeast-2",
            "registry_id": "675613596870",
            "repository": "api-gateway"
          },
          "sensitive_attributes": [],
          "identity_schema_version": 0,
          "identity": {
            "account_id": "675613596870",
            "region": "ap-southeast-2",
            "repository": "api-gateway"
          },
          "private": "bnVsbA==",
          "dependencies": [
            "aws_ecr_repository.repositories"
          ]
        },
        {
          "index_key": "client",
          "schema_version": 0,
          "attributes": {
            "id": "client",
            "policy": "{\"rules\":[{\"action\":{\"type\":\"expire\"},\"description\":\"Keep last 10 images\",\"rulePriority\":1,\"selection\":{\"countNumber\":10,\"countType\":\"imageCountMoreThan\",\"tagPrefixList\":[\"v\"],\"tagStatus\":\"tagged\"}}]}",
            "region": "ap-southeast-2",
            "registry_id": "675613596870",
            "repository": "client"
          },
          "sensitive_attributes": [],
          "identity_schema_version": 0,
          "identity": {
            "account_id": "675613596870",
            "region": "ap-southeast-2",
            "repository": "client"
          },
          "private": "bnVsbA==",
          "dependencies": [
            "aws_ecr_repository.repositories"
          ]
        },
        {
          "index_key": "inventory-service",
          "schema_version": 0,
          "attributes": {
            "id": "inventory-service",
            "policy": "{\"rules\":[{\"action\":{\"type\":\"expire\"},\"description\":\"Keep last 10 images\",\"rulePriority\":1,\"selection\":{\"countNumber\":10,\"countType\":\"imageCountMoreThan\",\"tagPrefixList\":[\"v\"],\"tagStatus\":\"tagged\"}}]}",
            "region": "ap-southeast-2",
            "registry_id": "675613596870",
            "repository": "inventory-service"
          },
          "sensitive_attributes": [],
          "identity_schema_version": 0,
          "identity": {
            "account_id": "675613596870",
            "region": "ap-southeast-2",
            "repository": "inventory-service"
          },
          "private": "bnVsbA==",
          "dependencies": [
            "aws_ecr_repository.repositories"
          ]
        },
        {
          "index_key": "notification-service",
          "schema_version": 0,
          "attributes": {
            "id": "notification-service",
            "policy": "{\"rules\":[{\"action\":{\"type\":\"expire\"},\"description\":\"Keep last 10 images\",\"rulePriority\":1,\"selection\":{\"countNumber\":10,\"countType\":\"imageCountMoreThan\",\"tagPrefixList\":[\"v\"],\"tagStatus\":\"tagged\"}}]}",
            "region": "ap-southeast-2",
            "registry_id": "675613596870",
            "repository": "notification-service"
          },
          "sensitive_attributes": [],
          "identity_schema_version": 0,
          "identity": {
            "account_id": "675613596870",
            "region": "ap-southeast-2",
            "repository": "notification-service"
          },
          "private": "bnVsbA==",
          "dependencies": [
            "aws_ecr_repository.repositories"
          ]
        },
        {
          "index_key": "order-service",
          "schema_version": 0,
          "attributes": {
            "id": "order-service",
            "policy": "{\"rules\":[{\"action\":{\"type\":\"expire\"},\"description\":\"Keep last 10 images\",\"rulePriority\":1,\"selection\":{\"countNumber\":10,\"countType\":\"imageCountMoreThan\",\"tagPrefixList\":[\"v\"],\"tagStatus\":\"tagged\"}}]}",
            "region": "ap-southeast-2",
            "registry_id": "675613596870",
            "repository": "order-service"
          },
          "sensitive_attributes": [],
          "identity_schema_version": 0,
          "identity": {
            "account_id": "675613596870",
            "region": "ap-southeast-2",
            "repository": "order-service"
          },
          "private": "bnVsbA==",
          "dependencies": [
            "aws_ecr_repository.repositories"
          ]
        },
        {
          "index_key": "payment-service",
          "schema_version": 0,
          "attributes": {
            "id": "payment-service",
            "policy": "{\"rules\":[{\"action\":{\"type\":\"expire\"},\"description\":\"Keep last 10 images\",\"rulePriority\":1,\"selection\":{\"countNumber\":10,\"countType\":\"imageCountMoreThan\",\"tagPrefixList\":[\"v\"],\"tagStatus\":\"tagged\"}}]}",
            "region": "ap-southeast-2",
            "registry_id": "675613596870",
            "repository": "payment-service"
          },
          "sensitive_attributes": [],
          "identity_schema_version": 0,
          "identity": {
            "account_id": "675613596870",
            "region": "ap-southeast-2",
            "repository": "payment-service"
          },
          "private": "bnVsbA==",
          "dependencies": [
            "aws_ecr_repository.repositories"
          ]
        },
        {
          "index_key": "product-service",
          "schema_version": 0,
          "attributes": {
            "id": "product-service",
            "policy": "{\"rules\":[{\"action\":{\"type\":\"expire\"},\"description\":\"Keep last 10 images\",\"rulePriority\":1,\"selection\":{\"countNumber\":10,\"countType\":\"imageCountMoreThan\",\"tagPrefixList\":[\"v\"],\"tagStatus\":\"tagged\"}}]}",
            "region": "ap-southeast-2",
            "registry_id": "675613596870",
            "repository": "product-service"
          },
          "sensitive_attributes": [],
          "identity_schema_version": 0,
          "identity": {
            "account_id": "675613596870",
            "region": "ap-southeast-2",
            "repository": "product-service"
          },
          "private": "bnVsbA==",
          "dependencies": [
            "aws_ecr_repository.repositories"
          ]
        }
      ]
    },
    {
      "mode": "managed",
      "type": "aws_ecr_repository",
      "name": "repositories",
      "provider": "provider[\"registry.terraform.io/hashicorp/aws\"]",
      "instances": [
        {
          "index_key": "api-gateway",
          "schema_version": 0,
          "attributes": {
            "arn": "arn:aws:ecr:ap-southeast-2:675613596870:repository/api-gateway",
            "encryption_configuration": [
              {
                "encryption_type": "AES256",
                "kms_key": ""
              }
            ],
            "force_delete": true,
            "id": "api-gateway",
            "image_scanning_configuration": [
              {
                "scan_on_push": true
              }
            ],
            "image_tag_mutability": "MUTABLE",
            "image_tag_mutability_exclusion_filter": [],
            "name": "api-gateway",
            "region": "ap-southeast-2",
            "registry_id": "675613596870",
            "repository_url": "675613596870.dkr.ecr.ap-southeast-2.amazonaws.com/api-gateway",
            "tags": {
              "created_by": "terraform"
            },
            "tags_all": {
              "created_by": "terraform"
            },
            "timeouts": null
          },
          "sensitive_attributes": [],
          "identity_schema_version": 0,
          "identity": {
            "account_id": "675613596870",
            "name": "api-gateway",
            "region": "ap-southeast-2"
          },
          "private": "eyJlMmJmYjczMC1lY2FhLTExZTYtOGY4OC0zNDM2M2JjN2M0YzAiOnsiZGVsZXRlIjoxMjAwMDAwMDAwMDAwfX0="
        },
        {
          "index_key": "client",
          "schema_version": 0,
          "attributes": {
            "arn": "arn:aws:ecr:ap-southeast-2:675613596870:repository/client",
            "encryption_configuration": [
              {
                "encryption_type": "AES256",
                "kms_key": ""
              }
            ],
            "force_delete": true,
            "id": "client",
            "image_scanning_configuration": [
              {
                "scan_on_push": true
              }
            ],
            "image_tag_mutability": "MUTABLE",
            "image_tag_mutability_exclusion_filter": [],
            "name": "client",
            "region": "ap-southeast-2",
            "registry_id": "675613596870",
            "repository_url": "675613596870.dkr.ecr.ap-southeast-2.amazonaws.com/client",
            "tags": {
              "created_by": "terraform"
            },
            "tags_all": {
              "created_by": "terraform"
            },
            "timeouts": null
          },
          "sensitive_attributes": [],
          "identity_schema_version": 0,
          "identity": {
            "account_id": "675613596870",
            "name": "client",
            "region": "ap-southeast-2"
          },
          "private": "eyJlMmJmYjczMC1lY2FhLTExZTYtOGY4OC0zNDM2M2JjN2M0YzAiOnsiZGVsZXRlIjoxMjAwMDAwMDAwMDAwfX0="
        },
        {
          "index_key": "inventory-service",
          "schema_version": 0,
          "attributes": {
            "arn": "arn:aws:ecr:ap-southeast-2:675613596870:repository/inventory-service",
            "encryption_configuration": [
              {
                "encryption_type": "AES256",
                "kms_key": ""
              }
            ],
            "force_delete": true,
            "id": "inventory-service",
            "image_scanning_configuration": [
              {
                "scan_on_push": true
              }
            ],
            "image_tag_mutability": "MUTABLE",
            "image_tag_mutability_exclusion_filter": [],
            "name": "inventory-service",
            "region": "ap-southeast-2",
            "registry_id": "675613596870",
            "repository_url": "675613596870.dkr.ecr.ap-southeast-2.amazonaws.com/inventory-service",
            "tags": {
              "created_by": "terraform"
            },
            "tags_all": {
              "created_by": "terraform"
            },
            "timeouts": null
          },
          "sensitive_attributes": [],
          "identity_schema_version": 0,
          "identity": {
            "account_id": "675613596870",
            "name": "inventory-service",
            "region": "ap-southeast-2"
          },
          "private": "eyJlMmJmYjczMC1lY2FhLTExZTYtOGY4OC0zNDM2M2JjN2M0YzAiOnsiZGVsZXRlIjoxMjAwMDAwMDAwMDAwfX0="
        },
        {
          "index_key": "notification-service",
          "schema_version": 0,
          "attributes": {
            "arn": "arn:aws:ecr:ap-southeast-2:675613596870:repository/notification-service",
            "encryption_configuration": [
              {
                "encryption_type": "AES256",
                "kms_key": ""
              }
            ],
            "force_delete": true,
            "id": "notification-service",
            "image_scanning_configuration": [
              {
                "scan_on_push": true
              }
            ],
            "image_tag_mutability": "MUTABLE",
            "image_tag_mutability_exclusion_filter": [],
            "name": "notification-service",
            "region": "ap-southeast-2",
            "registry_id": "675613596870",
            "repository_url": "675613596870.dkr.ecr.ap-southeast-2.amazonaws.com/notification-service",
            "tags": {
              "created_by": "terraform"
            },
            "tags_all": {
              "created_by": "terraform"
            },
            "timeouts": null
          },
          "sensitive_attributes": [],
          "identity_schema_version": 0,
          "identity": {
            "account_id": "675613596870",
            "name": "notification-service",
            "region": "ap-southeast-2"
          },
          "private": "eyJlMmJmYjczMC1lY2FhLTExZTYtOGY4OC0zNDM2M2JjN2M0YzAiOnsiZGVsZXRlIjoxMjAwMDAwMDAwMDAwfX0="
        },
        {
          "index_key": "order-service",
          "schema_version": 0,
          "attributes": {
            "arn": "arn:aws:ecr:ap-southeast-2:675613596870:repository/order-service",
            "encryption_configuration": [
              {
                "encryption_type": "AES256",
                "kms_key": ""
              }
            ],
            "force_delete": true,
            "id": "order-service",
            "image_scanning_configuration": [
              {
                "scan_on_push": true
              }
            ],
            "image_tag_mutability": "MUTABLE",
            "image_tag_mutability_exclusion_filter": [],
            "name": "order-service",
            "region": "ap-southeast-2",
            "registry_id": "675613596870",
            "repository_url": "675613596870.dkr.ecr.ap-southeast-2.amazonaws.com/order-service",
            "tags": {
              "created_by": "terraform"
            },
            "tags_all": {
              "created_by": "terraform"
            },
            "timeouts": null
          },
          "sensitive_attributes": [],
          "identity_schema_version": 0,
          "identity": {
            "account_id": "675613596870",
            "name": "order-service",
            "region": "ap-southeast-2"
          },
          "private": "eyJlMmJmYjczMC1lY2FhLTExZTYtOGY4OC0zNDM2M2JjN2M0YzAiOnsiZGVsZXRlIjoxMjAwMDAwMDAwMDAwfX0="
        },
        {
          "index_key": "payment-service",
          "schema_version": 0,
          "attributes": {
            "arn": "arn:aws:ecr:ap-southeast-2:675613596870:repository/payment-service",
            "encryption_configuration": [
              {
                "encryption_type": "AES256",
                "kms_key": ""
              }
            ],
            "force_delete": true,
            "id": "payment-service",
            "image_scanning_configuration": [
              {
                "scan_on_push": true
              }
            ],
            "image_tag_mutability": "MUTABLE",
            "image_tag_mutability_exclusion_filter": [],
            "name": "payment-service",
            "region": "ap-southeast-2",
            "registry_id": "675613596870",
            "repository_url": "675613596870.dkr.ecr.ap-southeast-2.amazonaws.com/payment-service",
            "tags": {
              "created_by": "terraform"
            },
            "tags_all": {
              "created_by": "terraform"
            },
            "timeouts": null
          },
          "sensitive_attributes": [],
          "identity_schema_version": 0,
          "identity": {
            "account_id": "675613596870",
            "name": "payment-service",
            "region": "ap-southeast-2"
          },
          "private": "eyJlMmJmYjczMC1lY2FhLTExZTYtOGY4OC0zNDM2M2JjN2M0YzAiOnsiZGVsZXRlIjoxMjAwMDAwMDAwMDAwfX0="
        },
        {
          "index_key": "product-service",
          "schema_version": 0,
          "attributes": {
            "arn": "arn:aws:ecr:ap-southeast-2:675613596870:repository/product-service",
            "encryption_configuration": [
              {
                "encryption_type": "AES256",
                "kms_key": ""
              }
            ],
            "force_delete": true,
            "id": "product-service",
            "image_scanning_configuration": [
              {
                "scan_on_push": true
              }
            ],
            "image_tag_mutability": "MUTABLE",
            "image_tag_mutability_exclusion_filter": [],
            "name": "product-service",
            "region": "ap-southeast-2",
            "registry_id": "675613596870",
            "repository_url": "675613596870.dkr.ecr.ap-southeast-2.amazonaws.com/product-service",
            "tags": {
              "created_by": "terraform"
            },
            "tags_all": {
              "created_by": "terraform"
            },
            "timeouts": null
          },
          "sensitive_attributes": [],
          "identity_schema_version": 0,
          "identity": {
            "account_id": "675613596870",
            "name": "product-service",
            "region": "ap-southeast-2"
          },
          "private": "eyJlMmJmYjczMC1lY2FhLTExZTYtOGY4OC0zNDM2M2JjN2M0YzAiOnsiZGVsZXRlIjoxMjAwMDAwMDAwMDAwfX0="
        }
      ]
    },
    {
      "mode": "managed",
      "type": "aws_eip",
      "name": "nat",
      "provider": "provider[\"registry.terraform.io/hashicorp/aws\"]",
      "instances": [
        {
          "schema_version": 0,
          "attributes": {
            "address": null,
            "allocation_id": "eipalloc-03b60e893090b5418",
            "arn": "arn:aws:ec2:ap-southeast-2:675613596870:elastic-ip/eipalloc-03b60e893090b5418",
            "associate_with_private_ip": null,
            "association_id": "eipassoc-0ca5355254c5ee5ce",
            "carrier_ip": "",
            "customer_owned_ip": "",
            "customer_owned_ipv4_pool": "",
            "domain": "vpc",
            "id": "eipalloc-03b60e893090b5418",
            "instance": "",
            "ipam_pool_id": null,
            "network_border_group": "ap-southeast-2",
            "network_interface": "eni-08903e258c70aabcc",
            "private_dns": "ip-10-0-95-239.ap-southeast-2.compute.internal",
            "private_ip": "10.0.95.239",
            "ptr_record": "",
            "public_dns": "ec2-54-66-67-217.ap-southeast-2.compute.amazonaws.com",
            "public_ip": "54.66.67.217",
            "public_ipv4_pool": "amazon",
            "region": "ap-southeast-2",
            "tags": {
              "Name": "staging-nat"
            },
            "tags_all": {
              "Name": "staging-nat"
            },
            "timeouts": null
          },
          "sensitive_attributes": [],
          "identity_schema_version": 0,
          "private": "eyJlMmJmYjczMC1lY2FhLTExZTYtOGY4OC0zNDM2M2JjN2M0YzAiOnsiZGVsZXRlIjoxODAwMDAwMDAwMDAsInJlYWQiOjkwMDAwMDAwMDAwMCwidXBkYXRlIjozMDAwMDAwMDAwMDB9fQ=="
        }
      ]
    },
    {
      "mode": "managed",
      "type": "aws_eks_addon",
      "name": "ebs_csi_driver",
      "provider": "provider[\"registry.terraform.io/hashicorp/aws\"]",
      "instances": [
        {
          "schema_version": 0,
          "attributes": {
            "addon_name": "aws-ebs-csi-driver",
            "addon_version": "v1.30.0-eksbuild.1",
            "arn": "arn:aws:eks:ap-southeast-2:675613596870:addon/staging-demo/aws-ebs-csi-driver/0acd05dc-93b5-ecdd-786f-dc99f3d11703",
            "cluster_name": "staging-demo",
            "configuration_values": "",
            "created_at": "2025-10-22T11:41:15Z",
            "id": "staging-demo:aws-ebs-csi-driver",
            "modified_at": "2025-10-22T11:56:39Z",
            "pod_identity_association": [],
            "preserve": null,
            "region": "ap-southeast-2",
            "resolve_conflicts_on_create": null,
            "resolve_conflicts_on_update": null,
            "service_account_role_arn": "arn:aws:iam::675613596870:role/staging-demo-ebs-csi-driver",
            "tags": {},
            "tags_all": {},
            "timeouts": null
          },
          "sensitive_attributes": [],
          "identity_schema_version": 0,
          "private": "eyJlMmJmYjczMC1lY2FhLTExZTYtOGY4OC0zNDM2M2JjN2M0YzAiOnsiY3JlYXRlIjoxMjAwMDAwMDAwMDAwLCJkZWxldGUiOjI0MDAwMDAwMDAwMDAsInVwZGF0ZSI6MTIwMDAwMDAwMDAwMH19",
          "dependencies": [
            "aws_eks_cluster.eks",
            "aws_iam_role.ebs_csi_driver",
            "aws_iam_role.eks",
            "aws_iam_role_policy_attachment.eks",
            "aws_subnet.private_zone1",
            "aws_subnet.private_zone2",
            "aws_subnet.public_zone1",
            "aws_subnet.public_zone2",
            "aws_vpc.main",
            "data.aws_iam_policy_document.ebs_csi_driver"
          ]
        }
      ]
    },
    {
      "mode": "managed",
      "type": "aws_eks_addon",
      "name": "pod_identity",
      "provider": "provider[\"registry.terraform.io/hashicorp/aws\"]",
      "instances": [
        {
          "schema_version": 0,
          "attributes": {
            "addon_name": "eks-pod-identity-agent",
            "addon_version": "v1.2.0-eksbuild.1",
            "arn": "arn:aws:eks:ap-southeast-2:675613596870:addon/staging-demo/eks-pod-identity-agent/12cd05dc-8eb7-36af-6905-5ffe88e187ad",
            "cluster_name": "staging-demo",
            "configuration_values": "",
            "created_at": "2025-10-22T11:41:12Z",
            "id": "staging-demo:eks-pod-identity-agent",
            "modified_at": "2025-10-22T11:41:48Z",
            "pod_identity_association": [],
            "preserve": null,
            "region": "ap-southeast-2",
            "resolve_conflicts_on_create": null,
            "resolve_conflicts_on_update": null,
            "service_account_role_arn": "",
            "tags": {},
            "tags_all": {},
            "timeouts": null
          },
          "sensitive_attributes": [],
          "identity_schema_version": 0,
          "private": "eyJlMmJmYjczMC1lY2FhLTExZTYtOGY4OC0zNDM2M2JjN2M0YzAiOnsiY3JlYXRlIjoxMjAwMDAwMDAwMDAwLCJkZWxldGUiOjI0MDAwMDAwMDAwMDAsInVwZGF0ZSI6MTIwMDAwMDAwMDAwMH19",
          "dependencies": [
            "aws_eks_cluster.eks",
            "aws_iam_role.eks",
            "aws_iam_role_policy_attachment.eks",
            "aws_subnet.private_zone1",
            "aws_subnet.private_zone2",
            "aws_subnet.public_zone1",
            "aws_subnet.public_zone2",
            "aws_vpc.main"
          ]
        }
      ]
    },
    {
      "mode": "managed",
      "type": "aws_eks_cluster",
      "name": "eks",
      "provider": "provider[\"registry.terraform.io/hashicorp/aws\"]",
      "instances": [
        {
          "schema_version": 1,
          "attributes": {
            "access_config": [
              {
                "authentication_mode": "API",
                "bootstrap_cluster_creator_admin_permissions": true
              }
            ],
            "arn": "arn:aws:eks:ap-southeast-2:675613596870:cluster/staging-demo",
            "bootstrap_self_managed_addons": true,
            "certificate_authority": [
              {
                "data": "LS0tLS1CRUdJTiBDRVJUSUZJQ0FURS0tLS0tCk1JSURCVENDQWUyZ0F3SUJBZ0lJRzNOYVJwekR1c2d3RFFZSktvWklodmNOQVFFTEJRQXdGVEVUTUJFR0ExVUUKQXhNS2EzVmlaWEp1WlhSbGN6QWVGdzB5TlRFd01qSXhNVE0wTURoYUZ3MHpOVEV3TWpBeE1UTTVNRGhhTUJVeApFekFSQmdOVkJBTVRDbXQxWW1WeWJtVjBaWE13Z2dFaU1BMEdDU3FHU0liM0RRRUJBUVVBQTRJQkR3QXdnZ0VLCkFvSUJBUURSbFV0ZU9kNjZwUkxHWVdONjJBczRKK0htZ0RWS2ViOGFnZVlEeWo2RVZYUWMzRXFwTjgxbCtvOW0KazJXUHdSRGdINnRhbVdMOFgwMHlSMkFtdTNCT0FQRXJiMXgwaHpYVktCNUVWY05WcEVhNkcxdGxqOWhORlN5aAozTkRxZ3lBeXh5b0lHbzF5YjlNa3o1SzVIQmo1NUx2cEdHL3F5eWI2QjFGZzZKZ1owUlBObWwvcWdCa1hrQ1VyCjF6V0M1WUsrL2lQR1k4Z25zSkRDU1lEdmxseGVUcUxja1RZdWJZUGpiREM5QUpkek1mdVU0ZE9PQ2Rad2xTOGIKamIwUFIyV3RPZzI1QWFHb0xwQ1RlYUJ1K1NIaHR0R3VlYzFMbGV5czlOaVNvbVc5WUFlSjVXamJBaTdSRFQ3VQo1YmJldXlVdWxsZEZPK2JLS3BxSHNtN2JKaERKQWdNQkFBR2pXVEJYTUE0R0ExVWREd0VCL3dRRUF3SUNwREFQCkJnTlZIUk1CQWY4RUJUQURBUUgvTUIwR0ExVWREZ1FXQkJTeXNFYUlGeU1FQ3N0Y0dWRjJHSWt0ZzRjU1VqQVYKQmdOVkhSRUVEakFNZ2dwcmRXSmxjbTVsZEdWek1BMEdDU3FHU0liM0RRRUJDd1VBQTRJQkFRQjlaWEt0Ri9WcApheDNhRGt0SWJLZWtNcDlDSjF3UGhDeEdJd3V0UlEwVEI1a1YzNGFxK2RBelpTclMvTTZNNFArRDVkb2cyWjAyCjl3Z3BJcEpjNzVxNk9EaFNuSGQyTURtTS85SlU5UlpteHhIQzBUY05mZHdCN0d1S0ladFdJTXgvU09PVFlBWmUKM3JEWlY4SEJJQnhEVUordW8zWm1uL1RtazNlZitoS0luQ2d0MVdsSkxLMkk2bG5kcE50MmJ2dUE2ZW9waE9WSwpTcHh5OUFOaGRRL1JUdnF5eTh6Y1RxQTl6bGtHRFI5Wkd6bkVxYXRhYU5laDh0Yi9hRTZweTM1TzMzT3ZaOU5sClErdUtpcHhsaHdkeUxpOGtvcEt5WktISVFtRzFISFJ3NXYxU1p0NHBlSlJjTkUxMWtRa043Z3dhNEMwcUpOYksKY1NtTHVEZ2RyTys0Ci0tLS0tRU5EIENFUlRJRklDQVRFLS0tLS0K"
              }
            ],
            "cluster_id": null,
            "compute_config": [
              {
                "enabled": false,
                "node_pools": [],
                "node_role_arn": ""
              }
            ],
            "created_at": "2025-10-22T11:33:43Z",
            "deletion_protection": false,
            "enabled_cluster_log_types": [],
            "encryption_config": [],
            "endpoint": "https://EE12A3881337026D892AAF4D0600353D.sk1.ap-southeast-2.eks.amazonaws.com",
            "force_update_version": null,
            "id": "staging-demo",
            "identity": [
              {
                "oidc": [
                  {
                    "issuer": "https://oidc.eks.ap-southeast-2.amazonaws.com/id/EE12A3881337026D892AAF4D0600353D"
                  }
                ]
              }
            ],
            "kubernetes_network_config": [
              {
                "elastic_load_balancing": [
                  {
                    "enabled": false
                  }
                ],
                "ip_family": "ipv4",
                "service_ipv4_cidr": "172.20.0.0/16",
                "service_ipv6_cidr": ""
              }
            ],
            "name": "staging-demo",
            "outpost_config": [],
            "platform_version": "eks.52",
            "region": "ap-southeast-2",
            "remote_network_config": [],
            "role_arn": "arn:aws:iam::675613596870:role/staging-demo-eks-cluster",
            "status": "ACTIVE",
            "storage_config": [
              {
                "block_storage": [
                  {
                    "enabled": false
                  }
                ]
              }
            ],
            "tags": {},
            "tags_all": {},
            "timeouts": null,
            "upgrade_policy": [
              {
                "support_type": "EXTENDED"
              }
            ],
            "version": "1.29",
            "vpc_config": [
              {
                "cluster_security_group_id": "sg-0eb639f577bffd4c6",
                "endpoint_private_access": false,
                "endpoint_public_access": true,
                "public_access_cidrs": [
                  "0.0.0.0/0"
                ],
                "security_group_ids": [],
                "subnet_ids": [
                  "subnet-073e87e1f8bb33e7c",
                  "subnet-0d4966b79421e5345",
                  "subnet-0e0bf2cc7171f7ad5",
                  "subnet-0e556fc79b98007e7"
                ],
                "vpc_id": "vpc-0b8a4228e32a248a5"
              }
            ],
            "zonal_shift_config": []
          },
          "sensitive_attributes": [],
          "identity_schema_version": 0,
          "private": "eyJlMmJmYjczMC1lY2FhLTExZTYtOGY4OC0zNDM2M2JjN2M0YzAiOnsiY3JlYXRlIjoxODAwMDAwMDAwMDAwLCJkZWxldGUiOjkwMDAwMDAwMDAwMCwidXBkYXRlIjozNjAwMDAwMDAwMDAwfSwic2NoZW1hX3ZlcnNpb24iOiIxIn0=",
          "dependencies": [
            "aws_iam_role.eks",
            "aws_iam_role_policy_attachment.eks",
            "aws_subnet.private_zone1",
            "aws_subnet.private_zone2",
            "aws_subnet.public_zone1",
            "aws_subnet.public_zone2",
            "aws_vpc.main"
          ]
        }
      ]
    },
    {
      "mode": "managed",
      "type": "aws_eks_node_group",
      "name": "general",
      "provider": "provider[\"registry.terraform.io/hashicorp/aws\"]",
      "instances": [
        {
          "schema_version": 0,
          "attributes": {
            "ami_type": "AL2_x86_64",
            "arn": "arn:aws:eks:ap-southeast-2:675613596870:nodegroup/staging-demo/general/f4cd05dc-8edd-45e5-e3a5-340830a4869d",
            "capacity_type": "ON_DEMAND",
            "cluster_name": "staging-demo",
            "disk_size": 20,
            "force_update_version": null,
            "id": "staging-demo:general",
            "instance_types": [
              "t2.medium"
            ],
            "labels": {
              "role": "general"
            },
            "launch_template": [],
            "node_group_name": "general",
            "node_group_name_prefix": "",
            "node_repair_config": [],
            "node_role_arn": "arn:aws:iam::675613596870:role/staging-demo-eks-nodes",
            "region": "ap-southeast-2",
            "release_version": "1.29.15-20251007",
            "remote_access": [],
            "resources": [
              {
                "autoscaling_groups": [
                  {
                    "name": "eks-general-f4cd05dc-8edd-45e5-e3a5-340830a4869d"
                  }
                ],
                "remote_access_security_group_id": ""
              }
            ],
            "scaling_config": [
              {
                "desired_size": 3,
                "max_size": 10,
                "min_size": 0
              }
            ],
            "status": "ACTIVE",
            "subnet_ids": [
              "subnet-073e87e1f8bb33e7c",
              "subnet-0d4966b79421e5345"
            ],
            "tags": {},
            "tags_all": {},
            "taint": [],
            "timeouts": null,
            "update_config": [
              {
                "max_unavailable": 1,
                "max_unavailable_percentage": 0
              }
            ],
            "version": "1.29"
          },
          "sensitive_attributes": [],
          "identity_schema_version": 0,
          "private": "eyJlMmJmYjczMC1lY2FhLTExZTYtOGY4OC0zNDM2M2JjN2M0YzAiOnsiY3JlYXRlIjozNjAwMDAwMDAwMDAwLCJkZWxldGUiOjM2MDAwMDAwMDAwMDAsInVwZGF0ZSI6MzYwMDAwMDAwMDAwMH19",
          "dependencies": [
            "aws_eks_cluster.eks",
            "aws_iam_role.eks",
            "aws_iam_role.nodes",
            "aws_iam_role_policy_attachment.amazon_ec2_container_registry_read_only",
            "aws_iam_role_policy_attachment.amazon_eks_cni_policy",
            "aws_iam_role_policy_attachment.amazon_eks_worker_node_policy",
            "aws_iam_role_policy_attachment.eks",
            "aws_subnet.private_zone1",
            "aws_subnet.private_zone2",
            "aws_subnet.public_zone1",
            "aws_subnet.public_zone2",
            "aws_vpc.main"
          ]
        }
      ]
    },
    {
      "mode": "managed",
      "type": "aws_eks_pod_identity_association",
      "name": "aws_lbc",
      "provider": "provider[\"registry.terraform.io/hashicorp/aws\"]",
      "instances": [
        {
          "schema_version": 0,
          "attributes": {
            "association_arn": "arn:aws:eks:ap-southeast-2:675613596870:podidentityassociation/staging-demo/a-bpfqkp5s1ogm1ip6v",
            "association_id": "a-bpfqkp5s1ogm1ip6v",
            "cluster_name": "staging-demo",
            "disable_session_tags": false,
            "external_id": null,
            "id": "a-bpfqkp5s1ogm1ip6v",
            "namespace": "kube-system",
            "region": "ap-southeast-2",
            "role_arn": "arn:aws:iam::675613596870:role/staging-demo-aws-lbc",
            "service_account": "aws-load-balancer-controller",
            "tags": null,
            "tags_all": {},
            "target_role_arn": null
          },
          "sensitive_attributes": [],
          "identity_schema_version": 0,
          "dependencies": [
            "aws_eks_cluster.eks",
            "aws_iam_role.aws_lbc",
            "aws_iam_role.eks",
            "aws_iam_role_policy_attachment.eks",
            "aws_subnet.private_zone1",
            "aws_subnet.private_zone2",
            "aws_subnet.public_zone1",
            "aws_subnet.public_zone2",
            "aws_vpc.main",
            "data.aws_iam_policy_document.aws_lbc"
          ]
        }
      ]
    },
    {
      "mode": "managed",
      "type": "aws_eks_pod_identity_association",
      "name": "cluster_autoscaler",
      "provider": "provider[\"registry.terraform.io/hashicorp/aws\"]",
      "instances": [
        {
          "schema_version": 0,
          "attributes": {
            "association_arn": "arn:aws:eks:ap-southeast-2:675613596870:podidentityassociation/staging-demo/a-dpxamd3cyggsgteza",
            "association_id": "a-dpxamd3cyggsgteza",
            "cluster_name": "staging-demo",
            "disable_session_tags": false,
            "external_id": null,
            "id": "a-dpxamd3cyggsgteza",
            "namespace": "kube-system",
            "region": "ap-southeast-2",
            "role_arn": "arn:aws:iam::675613596870:role/staging-demo-cluster-autoscaler",
            "service_account": "cluster-autoscaler",
            "tags": null,
            "tags_all": {},
            "target_role_arn": null
          },
          "sensitive_attributes": [],
          "identity_schema_version": 0,
          "dependencies": [
            "aws_eks_cluster.eks",
            "aws_iam_role.cluster_autoscaler",
            "aws_iam_role.eks",
            "aws_iam_role_policy_attachment.eks",
            "aws_subnet.private_zone1",
            "aws_subnet.private_zone2",
            "aws_subnet.public_zone1",
            "aws_subnet.public_zone2",
            "aws_vpc.main"
          ]
        }
      ]
    },
    {
      "mode": "managed",
      "type": "aws_eks_pod_identity_association",
      "name": "ebs_csi_driver",
      "provider": "provider[\"registry.terraform.io/hashicorp/aws\"]",
      "instances": [
        {
          "schema_version": 0,
          "attributes": {
            "association_arn": "arn:aws:eks:ap-southeast-2:675613596870:podidentityassociation/staging-demo/a-rzwhi3tkiynjgt7o5",
            "association_id": "a-rzwhi3tkiynjgt7o5",
            "cluster_name": "staging-demo",
            "disable_session_tags": false,
            "external_id": null,
            "id": "a-rzwhi3tkiynjgt7o5",
            "namespace": "kube-system",
            "region": "ap-southeast-2",
            "role_arn": "arn:aws:iam::675613596870:role/staging-demo-ebs-csi-driver",
            "service_account": "ebs-csi-controller-sa",
            "tags": null,
            "tags_all": {},
            "target_role_arn": null
          },
          "sensitive_attributes": [],
          "identity_schema_version": 0,
          "dependencies": [
            "aws_eks_cluster.eks",
            "aws_iam_role.ebs_csi_driver",
            "aws_iam_role.eks",
            "aws_iam_role_policy_attachment.eks",
            "aws_subnet.private_zone1",
            "aws_subnet.private_zone2",
            "aws_subnet.public_zone1",
            "aws_subnet.public_zone2",
            "aws_vpc.main",
            "data.aws_iam_policy_document.ebs_csi_driver"
          ]
        }
      ]
    },
    {
      "mode": "managed",
      "type": "aws_iam_policy",
      "name": "aws_lbc",
      "provider": "provider[\"registry.terraform.io/hashicorp/aws\"]",
      "instances": [
        {
          "schema_version": 0,
          "attributes": {
            "arn": "arn:aws:iam::675613596870:policy/staging-demo-AWSLoadBalancerController",
            "attachment_count": 1,
            "description": "",
            "id": "arn:aws:iam::675613596870:policy/staging-demo-AWSLoadBalancerController",
            "name": "staging-demo-AWSLoadBalancerController",
            "name_prefix": "",
            "path": "/",
            "policy": "{\"Statement\":[{\"Action\":[\"iam:CreateServiceLinkedRole\",\"elasticloadbalancing:DescribeTargetHealth\",\"elasticloadbalancing:DescribeTargetGroups\",\"elasticloadbalancing:DescribeTargetGroupAttributes\",\"elasticloadbalancing:DescribeTags\",\"elasticloadbalancing:DescribeSSLPolicies\",\"elasticloadbalancing:DescribeRules\",\"elasticloadbalancing:DescribeLoadBalancers\",\"elasticloadbalancing:DescribeLoadBalancerAttributes\",\"elasticloadbalancing:DescribeListeners\",\"elasticloadbalancing:DescribeListenerCertificates\",\"ec2:GetCoipPoolUsage\",\"ec2:DescribeVpcs\",\"ec2:DescribeTags\",\"ec2:DescribeSubnets\",\"ec2:DescribeSecurityGroups\",\"ec2:DescribeNetworkInterfaces\",\"ec2:DescribeInternetGateways\",\"ec2:DescribeInstances\",\"ec2:DescribeCoipPools\",\"ec2:DescribeAvailabilityZones\",\"ec2:DescribeAddresses\",\"ec2:DescribeAccountAttributes\"],\"Effect\":\"Allow\",\"Resource\":\"*\"},{\"Action\":[\"wafv2:GetWebACLForResource\",\"wafv2:GetWebACL\",\"wafv2:DisassociateWebACL\",\"wafv2:AssociateWebACL\",\"waf-regional:GetWebACLForResource\",\"waf-regional:GetWebACL\",\"waf-regional:DisassociateWebACL\",\"waf-regional:AssociateWebACL\",\"shield:GetSubscriptionState\",\"shield:DescribeSubscription\",\"shield:DescribeProtection\",\"shield:DeleteProtection\",\"shield:CreateProtection\",\"iam:ListServerCertificates\",\"iam:GetServerCertificate\",\"cognito-idp:DescribeUserPoolClient\",\"acm:ListCertificates\",\"acm:DescribeCertificate\"],\"Effect\":\"Allow\",\"Resource\":\"*\"},{\"Action\":[\"ec2:RevokeSecurityGroupIngress\",\"ec2:AuthorizeSecurityGroupIngress\"],\"Effect\":\"Allow\",\"Resource\":\"*\"},{\"Action\":[\"ec2:DeleteSecurityGroup\",\"ec2:CreateSecurityGroup\"],\"Effect\":\"Allow\",\"Resource\":\"*\"},{\"Action\":\"ec2:CreateTags\",\"Condition\":{\"Null\":{\"aws:RequestedRegion\":\"false\"},\"StringEquals\":{\"ec2:CreateAction\":\"CreateSecurityGroup\"}},\"Effect\":\"Allow\",\"Resource\":\"arn:aws:ec2:*:*:security-group/*\"},{\"Action\":[\"elasticloadbalancing:CreateTargetGroup\",\"elasticloadbalancing:CreateLoadBalancer\"],\"Condition\":{\"Null\":{\"aws:RequestedRegion\":\"false\"}},\"Effect\":\"Allow\",\"Resource\":\"*\"},{\"Action\":[\"elasticloadbalancing:DeleteRule\",\"elasticloadbalancing:DeleteListener\",\"elasticloadbalancing:CreateRule\",\"elasticloadbalancing:CreateListener\"],\"Effect\":\"Allow\",\"Resource\":\"*\"},{\"Action\":[\"elasticloadbalancing:RemoveTags\",\"elasticloadbalancing:AddTags\"],\"Condition\":{\"Null\":{\"aws:RequestedRegion\":\"false\"}},\"Effect\":\"Allow\",\"Resource\":[\"arn:aws:elasticloadbalancing:*:*:targetgroup/*/*\",\"arn:aws:elasticloadbalancing:*:*:loadbalancer/net/*/*\",\"arn:aws:elasticloadbalancing:*:*:loadbalancer/app/*/*\"]},{\"Action\":[\"elasticloadbalancing:SetSubnets\",\"elasticloadbalancing:SetSecurityGroups\",\"elasticloadbalancing:SetIpAddressType\",\"elasticloadbalancing:ModifyTargetGroupAttributes\",\"elasticloadbalancing:ModifyTargetGroup\",\"elasticloadbalancing:ModifyLoadBalancerAttributes\",\"elasticloadbalancing:DeleteTargetGroup\",\"elasticloadbalancing:DeleteLoadBalancer\"],\"Condition\":{\"Null\":{\"aws:ResourceTag/elbv2.k8s.aws/cluster\":\"false\"}},\"Effect\":\"Allow\",\"Resource\":\"*\"},{\"Action\":[\"elasticloadbalancing:RegisterTargets\",\"elasticloadbalancing:DeregisterTargets\"],\"Effect\":\"Allow\",\"Resource\":\"arn:aws:elasticloadbalancing:*:*:targetgroup/*/*\"},{\"Action\":[\"elasticloadbalancing:SetWebAcl\",\"elasticloadbalancing:RemoveListenerCertificates\",\"elasticloadbalancing:ModifyRule\",\"elasticloadbalancing:ModifyListener\",\"elasticloadbalancing:AddListenerCertificates\"],\"Effect\":\"Allow\",\"Resource\":\"*\"}],\"Version\":\"2012-10-17\"}",
            "policy_id": "ANPAZ2TNVLTDNO4PHEEHM",
            "tags": {},
            "tags_all": {}
          },
          "sensitive_attributes": [],
          "identity_schema_version": 0,
          "identity": {
            "arn": "arn:aws:iam::675613596870:policy/staging-demo-AWSLoadBalancerController"
          },
          "private": "bnVsbA==",
          "dependencies": [
            "aws_eks_cluster.eks",
            "aws_iam_role.eks",
            "aws_iam_role_policy_attachment.eks",
            "aws_subnet.private_zone1",
            "aws_subnet.private_zone2",
            "aws_subnet.public_zone1",
            "aws_subnet.public_zone2",
            "aws_vpc.main",
            "data.aws_iam_policy_document.aws_lbc_policy"
          ]
        }
      ]
    },
    {
      "mode": "managed",
      "type": "aws_iam_policy",
      "name": "cluster_autoscaler",
      "provider": "provider[\"registry.terraform.io/hashicorp/aws\"]",
      "instances": [
        {
          "schema_version": 0,
          "attributes": {
            "arn": "arn:aws:iam::675613596870:policy/staging-demo-cluster-autoscaler",
            "attachment_count": 1,
            "description": "",
            "id": "arn:aws:iam::675613596870:policy/staging-demo-cluster-autoscaler",
            "name": "staging-demo-cluster-autoscaler",
            "name_prefix": "",
            "path": "/",
            "policy": "{\"Statement\":[{\"Action\":[\"autoscaling:DescribeAutoScalingGroups\",\"autoscaling:DescribeAutoScalingInstances\",\"autoscaling:DescribeLaunchConfigurations\",\"autoscaling:DescribeScalingActivities\",\"autoscaling:DescribeTags\",\"ec2:DescribeImages\",\"ec2:DescribeInstanceTypes\",\"ec2:DescribeLaunchTemplateVersions\",\"ec2:GetInstanceTypesFromInstanceRequirements\",\"eks:DescribeNodegroup\"],\"Effect\":\"Allow\",\"Resource\":\"*\"},{\"Action\":[\"autoscaling:SetDesiredCapacity\",\"autoscaling:TerminateInstanceInAutoScalingGroup\"],\"Effect\":\"Allow\",\"Resource\":\"*\"}],\"Version\":\"2012-10-17\"}",
            "policy_id": "ANPAZ2TNVLTDBLPBIYJFI",
            "tags": {},
            "tags_all": {}
          },
          "sensitive_attributes": [],
          "identity_schema_version": 0,
          "identity": {
            "arn": "arn:aws:iam::675613596870:policy/staging-demo-cluster-autoscaler"
          },
          "private": "bnVsbA==",
          "dependencies": [
            "aws_eks_cluster.eks",
            "aws_iam_role.eks",
            "aws_iam_role_policy_attachment.eks",
            "aws_subnet.private_zone1",
            "aws_subnet.private_zone2",
            "aws_subnet.public_zone1",
            "aws_subnet.public_zone2",
            "aws_vpc.main"
          ]
        }
      ]
    },
    {
      "mode": "managed",
      "type": "aws_iam_policy",
      "name": "ebs_csi_driver_encryption",
      "provider": "provider[\"registry.terraform.io/hashicorp/aws\"]",
      "instances": [
        {
          "schema_version": 0,
          "attributes": {
            "arn": "arn:aws:iam::675613596870:policy/staging-demo-ebs-csi-driver-encryption",
            "attachment_count": 1,
            "description": "",
            "id": "arn:aws:iam::675613596870:policy/staging-demo-ebs-csi-driver-encryption",
            "name": "staging-demo-ebs-csi-driver-encryption",
            "name_prefix": "",
            "path": "/",
            "policy": "{\"Statement\":[{\"Action\":[\"kms:Decrypt\",\"kms:GenerateDataKeyWithoutPlaintext\",\"kms:CreateGrant\"],\"Effect\":\"Allow\",\"Resource\":\"*\"}],\"Version\":\"2012-10-17\"}",
            "policy_id": "ANPAZ2TNVLTDBG5OUZ4JH",
            "tags": {},
            "tags_all": {}
          },
          "sensitive_attributes": [],
          "identity_schema_version": 0,
          "identity": {
            "arn": "arn:aws:iam::675613596870:policy/staging-demo-ebs-csi-driver-encryption"
          },
          "private": "bnVsbA==",
          "dependencies": [
            "aws_eks_cluster.eks",
            "aws_iam_role.eks",
            "aws_iam_role_policy_attachment.eks",
            "aws_subnet.private_zone1",
            "aws_subnet.private_zone2",
            "aws_subnet.public_zone1",
            "aws_subnet.public_zone2",
            "aws_vpc.main"
          ]
        }
      ]
    },
    {
      "mode": "managed",
      "type": "aws_iam_role",
      "name": "aws_lbc",
      "provider": "provider[\"registry.terraform.io/hashicorp/aws\"]",
      "instances": [
        {
          "schema_version": 0,
          "attributes": {
            "arn": "arn:aws:iam::675613596870:role/staging-demo-aws-lbc",
            "assume_role_policy": "{\"Statement\":[{\"Action\":[\"sts:TagSession\",\"sts:AssumeRole\"],\"Effect\":\"Allow\",\"Principal\":{\"Service\":\"pods.eks.amazonaws.com\"}}],\"Version\":\"2012-10-17\"}",
            "create_date": "2025-10-22T11:41:13Z",
            "description": "",
            "force_detach_policies": false,
            "id": "staging-demo-aws-lbc",
            "inline_policy": [],
            "managed_policy_arns": [
              "arn:aws:iam::675613596870:policy/staging-demo-AWSLoadBalancerController",
              "arn:aws:iam::aws:policy/ElasticLoadBalancingFullAccess"
            ],
            "max_session_duration": 3600,
            "name": "staging-demo-aws-lbc",
            "name_prefix": "",
            "path": "/",
            "permissions_boundary": "",
            "tags": {},
            "tags_all": {},
            "unique_id": "AROAZ2TNVLTDCYV34NK25"
          },
          "sensitive_attributes": [],
          "identity_schema_version": 0,
          "identity": {
            "account_id": "675613596870",
            "name": "staging-demo-aws-lbc"
          },
          "private": "bnVsbA==",
          "dependencies": [
            "aws_eks_cluster.eks",
            "aws_iam_role.eks",
            "aws_iam_role_policy_attachment.eks",
            "aws_subnet.private_zone1",
            "aws_subnet.private_zone2",
            "aws_subnet.public_zone1",
            "aws_subnet.public_zone2",
            "aws_vpc.main",
            "data.aws_iam_policy_document.aws_lbc"
          ]
        }
      ]
    },
    {
      "mode": "managed",
      "type": "aws_iam_role",
      "name": "cluster_autoscaler",
      "provider": "provider[\"registry.terraform.io/hashicorp/aws\"]",
      "instances": [
        {
          "schema_version": 0,
          "attributes": {
            "arn": "arn:aws:iam::675613596870:role/staging-demo-cluster-autoscaler",
            "assume_role_policy": "{\"Statement\":[{\"Action\":[\"sts:AssumeRole\",\"sts:TagSession\"],\"Effect\":\"Allow\",\"Principal\":{\"Service\":\"pods.eks.amazonaws.com\"}}],\"Version\":\"2012-10-17\"}",
            "create_date": "2025-10-22T11:41:13Z",
            "description": "",
            "force_detach_policies": false,
            "id": "staging-demo-cluster-autoscaler",
            "inline_policy": [],
            "managed_policy_arns": [
              "arn:aws:iam::675613596870:policy/staging-demo-cluster-autoscaler"
            ],
            "max_session_duration": 3600,
            "name": "staging-demo-cluster-autoscaler",
            "name_prefix": "",
            "path": "/",
            "permissions_boundary": "",
            "tags": {},
            "tags_all": {},
            "unique_id": "AROAZ2TNVLTDNQWWB4ZL4"
          },
          "sensitive_attributes": [],
          "identity_schema_version": 0,
          "identity": {
            "account_id": "675613596870",
            "name": "staging-demo-cluster-autoscaler"
          },
          "private": "bnVsbA==",
          "dependencies": [
            "aws_eks_cluster.eks",
            "aws_iam_role.eks",
            "aws_iam_role_policy_attachment.eks",
            "aws_subnet.private_zone1",
            "aws_subnet.private_zone2",
            "aws_subnet.public_zone1",
            "aws_subnet.public_zone2",
            "aws_vpc.main"
          ]
        }
      ]
    },
    {
      "mode": "managed",
      "type": "aws_iam_role",
      "name": "ebs_csi_driver",
      "provider": "provider[\"registry.terraform.io/hashicorp/aws\"]",
      "instances": [
        {
          "schema_version": 0,
          "attributes": {
            "arn": "arn:aws:iam::675613596870:role/staging-demo-ebs-csi-driver",
            "assume_role_policy": "{\"Statement\":[{\"Action\":[\"sts:TagSession\",\"sts:AssumeRole\"],\"Effect\":\"Allow\",\"Principal\":{\"Service\":\"pods.eks.amazonaws.com\"}}],\"Version\":\"2012-10-17\"}",
            "create_date": "2025-10-22T11:41:13Z",
            "description": "",
            "force_detach_policies": false,
            "id": "staging-demo-ebs-csi-driver",
            "inline_policy": [],
            "managed_policy_arns": [
              "arn:aws:iam::675613596870:policy/staging-demo-ebs-csi-driver-encryption",
              "arn:aws:iam::aws:policy/service-role/AmazonEBSCSIDriverPolicy"
            ],
            "max_session_duration": 3600,
            "name": "staging-demo-ebs-csi-driver",
            "name_prefix": "",
            "path": "/",
            "permissions_boundary": "",
            "tags": {},
            "tags_all": {},
            "unique_id": "AROAZ2TNVLTDF5L5PNYJZ"
          },
          "sensitive_attributes": [],
          "identity_schema_version": 0,
          "identity": {
            "account_id": "675613596870",
            "name": "staging-demo-ebs-csi-driver"
          },
          "private": "bnVsbA==",
          "dependencies": [
            "aws_eks_cluster.eks",
            "aws_iam_role.eks",
            "aws_iam_role_policy_attachment.eks",
            "aws_subnet.private_zone1",
            "aws_subnet.private_zone2",
            "aws_subnet.public_zone1",
            "aws_subnet.public_zone2",
            "aws_vpc.main",
            "data.aws_iam_policy_document.ebs_csi_driver"
          ]
        }
      ]
    },
    {
      "mode": "managed",
      "type": "aws_iam_role",
      "name": "eks",
      "provider": "provider[\"registry.terraform.io/hashicorp/aws\"]",
      "instances": [
        {
          "schema_version": 0,
          "attributes": {
            "arn": "arn:aws:iam::675613596870:role/staging-demo-eks-cluster",
            "assume_role_policy": "{\"Statement\":[{\"Action\":\"sts:AssumeRole\",\"Effect\":\"Allow\",\"Principal\":{\"Service\":\"eks.amazonaws.com\"}}],\"Version\":\"2012-10-17\"}",
            "create_date": "2025-10-22T11:33:15Z",
            "description": "",
            "force_detach_policies": false,
            "id": "staging-demo-eks-cluster",
            "inline_policy": [],
            "managed_policy_arns": [
              "arn:aws:iam::aws:policy/AmazonEKSClusterPolicy"
            ],
            "max_session_duration": 3600,
            "name": "staging-demo-eks-cluster",
            "name_prefix": "",
            "path": "/",
            "permissions_boundary": "",
            "tags": {},
            "tags_all": {},
            "unique_id": "AROAZ2TNVLTDD4Q4DNZ3P"
          },
          "sensitive_attributes": [],
          "identity_schema_version": 0,
          "identity": {
            "account_id": "675613596870",
            "name": "staging-demo-eks-cluster"
          },
          "private": "bnVsbA=="
        }
      ]
    },
    {
      "mode": "managed",
      "type": "aws_iam_role",
      "name": "nodes",
      "provider": "provider[\"registry.terraform.io/hashicorp/aws\"]",
      "instances": [
        {
          "schema_version": 0,
          "attributes": {
            "arn": "arn:aws:iam::675613596870:role/staging-demo-eks-nodes",
            "assume_role_policy": "{\"Statement\":[{\"Action\":\"sts:AssumeRole\",\"Effect\":\"Allow\",\"Principal\":{\"Service\":\"ec2.amazonaws.com\"}}],\"Version\":\"2012-10-17\"}",
            "create_date": "2025-10-22T11:33:15Z",
            "description": "",
            "force_detach_policies": false,
            "id": "staging-demo-eks-nodes",
            "inline_policy": [],
            "managed_policy_arns": [
              "arn:aws:iam::aws:policy/AmazonEC2ContainerRegistryReadOnly",
              "arn:aws:iam::aws:policy/AmazonEKSWorkerNodePolicy",
              "arn:aws:iam::aws:policy/AmazonEKS_CNI_Policy"
            ],
            "max_session_duration": 3600,
            "name": "staging-demo-eks-nodes",
            "name_prefix": "",
            "path": "/",
            "permissions_boundary": "",
            "tags": {},
            "tags_all": {},
            "unique_id": "AROAZ2TNVLTDAOXHYT57S"
          },
          "sensitive_attributes": [],
          "identity_schema_version": 0,
          "identity": {
            "account_id": "675613596870",
            "name": "staging-demo-eks-nodes"
          },
          "private": "bnVsbA=="
        }
      ]
    },
    {
      "mode": "managed",
      "type": "aws_iam_role_policy_attachment",
      "name": "amazon_ec2_container_registry_read_only",
      "provider": "provider[\"registry.terraform.io/hashicorp/aws\"]",
      "instances": [
        {
          "schema_version": 0,
          "attributes": {
            "id": "staging-demo-eks-nodes/arn:aws:iam::aws:policy/AmazonEC2ContainerRegistryReadOnly",
            "policy_arn": "arn:aws:iam::aws:policy/AmazonEC2ContainerRegistryReadOnly",
            "role": "staging-demo-eks-nodes"
          },
          "sensitive_attributes": [],
          "identity_schema_version": 0,
          "identity": {
            "account_id": "675613596870",
            "policy_arn": "arn:aws:iam::aws:policy/AmazonEC2ContainerRegistryReadOnly",
            "role": "staging-demo-eks-nodes"
          },
          "private": "bnVsbA==",
          "dependencies": [
            "aws_iam_role.nodes"
          ]
        }
      ]
    },
    {
      "mode": "managed",
      "type": "aws_iam_role_policy_attachment",
      "name": "amazon_eks_cni_policy",
      "provider": "provider[\"registry.terraform.io/hashicorp/aws\"]",
      "instances": [
        {
          "schema_version": 0,
          "attributes": {
            "id": "staging-demo-eks-nodes/arn:aws:iam::aws:policy/AmazonEKS_CNI_Policy",
            "policy_arn": "arn:aws:iam::aws:policy/AmazonEKS_CNI_Policy",
            "role": "staging-demo-eks-nodes"
          },
          "sensitive_attributes": [],
          "identity_schema_version": 0,
          "identity": {
            "account_id": "675613596870",
            "policy_arn": "arn:aws:iam::aws:policy/AmazonEKS_CNI_Policy",
            "role": "staging-demo-eks-nodes"
          },
          "private": "bnVsbA==",
          "dependencies": [
            "aws_iam_role.nodes"
          ]
        }
      ]
    },
    {
      "mode": "managed",
      "type": "aws_iam_role_policy_attachment",
      "name": "amazon_eks_worker_node_policy",
      "provider": "provider[\"registry.terraform.io/hashicorp/aws\"]",
      "instances": [
        {
          "schema_version": 0,
          "attributes": {
            "id": "staging-demo-eks-nodes/arn:aws:iam::aws:policy/AmazonEKSWorkerNodePolicy",
            "policy_arn": "arn:aws:iam::aws:policy/AmazonEKSWorkerNodePolicy",
            "role": "staging-demo-eks-nodes"
          },
          "sensitive_attributes": [],
          "identity_schema_version": 0,
          "identity": {
            "account_id": "675613596870",
            "policy_arn": "arn:aws:iam::aws:policy/AmazonEKSWorkerNodePolicy",
            "role": "staging-demo-eks-nodes"
          },
          "private": "bnVsbA==",
          "dependencies": [
            "aws_iam_role.nodes"
          ]
        }
      ]
    },
    {
      "mode": "managed",
      "type": "aws_iam_role_policy_attachment",
      "name": "aws_lbc",
      "provider": "provider[\"registry.terraform.io/hashicorp/aws\"]",
      "instances": [
        {
          "schema_version": 0,
          "attributes": {
            "id": "staging-demo-aws-lbc/arn:aws:iam::675613596870:policy/staging-demo-AWSLoadBalancerController",
            "policy_arn": "arn:aws:iam::675613596870:policy/staging-demo-AWSLoadBalancerController",
            "role": "staging-demo-aws-lbc"
          },
          "sensitive_attributes": [],
          "identity_schema_version": 0,
          "identity": {
            "account_id": "675613596870",
            "policy_arn": "arn:aws:iam::675613596870:policy/staging-demo-AWSLoadBalancerController",
            "role": "staging-demo-aws-lbc"
          },
          "private": "bnVsbA==",
          "dependencies": [
            "aws_eks_cluster.eks",
            "aws_iam_policy.aws_lbc",
            "aws_iam_role.aws_lbc",
            "aws_iam_role.eks",
            "aws_iam_role_policy_attachment.eks",
            "aws_subnet.private_zone1",
            "aws_subnet.private_zone2",
            "aws_subnet.public_zone1",
            "aws_subnet.public_zone2",
            "aws_vpc.main",
            "data.aws_iam_policy_document.aws_lbc",
            "data.aws_iam_policy_document.aws_lbc_policy"
          ]
        }
      ]
    },
    {
      "mode": "managed",
      "type": "aws_iam_role_policy_attachment",
      "name": "aws_lbc_additional",
      "provider": "provider[\"registry.terraform.io/hashicorp/aws\"]",
      "instances": [
        {
          "schema_version": 0,
          "attributes": {
            "id": "staging-demo-aws-lbc/arn:aws:iam::aws:policy/ElasticLoadBalancingFullAccess",
            "policy_arn": "arn:aws:iam::aws:policy/ElasticLoadBalancingFullAccess",
            "role": "staging-demo-aws-lbc"
          },
          "sensitive_attributes": [],
          "identity_schema_version": 0,
          "identity": {
            "account_id": "675613596870",
            "policy_arn": "arn:aws:iam::aws:policy/ElasticLoadBalancingFullAccess",
            "role": "staging-demo-aws-lbc"
          },
          "private": "bnVsbA==",
          "dependencies": [
            "aws_eks_cluster.eks",
            "aws_iam_role.aws_lbc",
            "aws_iam_role.eks",
            "aws_iam_role_policy_attachment.eks",
            "aws_subnet.private_zone1",
            "aws_subnet.private_zone2",
            "aws_subnet.public_zone1",
            "aws_subnet.public_zone2",
            "aws_vpc.main",
            "data.aws_iam_policy_document.aws_lbc"
          ]
        }
      ]
    },
    {
      "mode": "managed",
      "type": "aws_iam_role_policy_attachment",
      "name": "cluster_autoscaler",
      "provider": "provider[\"registry.terraform.io/hashicorp/aws\"]",
      "instances": [
        {
          "schema_version": 0,
          "attributes": {
            "id": "staging-demo-cluster-autoscaler/arn:aws:iam::675613596870:policy/staging-demo-cluster-autoscaler",
            "policy_arn": "arn:aws:iam::675613596870:policy/staging-demo-cluster-autoscaler",
            "role": "staging-demo-cluster-autoscaler"
          },
          "sensitive_attributes": [],
          "identity_schema_version": 0,
          "identity": {
            "account_id": "675613596870",
            "policy_arn": "arn:aws:iam::675613596870:policy/staging-demo-cluster-autoscaler",
            "role": "staging-demo-cluster-autoscaler"
          },
          "private": "bnVsbA==",
          "dependencies": [
            "aws_eks_cluster.eks",
            "aws_iam_policy.cluster_autoscaler",
            "aws_iam_role.cluster_autoscaler",
            "aws_iam_role.eks",
            "aws_iam_role_policy_attachment.eks",
            "aws_subnet.private_zone1",
            "aws_subnet.private_zone2",
            "aws_subnet.public_zone1",
            "aws_subnet.public_zone2",
            "aws_vpc.main"
          ]
        }
      ]
    },
    {
      "mode": "managed",
      "type": "aws_iam_role_policy_attachment",
      "name": "ebs_csi_driver",
      "provider": "provider[\"registry.terraform.io/hashicorp/aws\"]",
      "instances": [
        {
          "schema_version": 0,
          "attributes": {
            "id": "staging-demo-ebs-csi-driver/arn:aws:iam::aws:policy/service-role/AmazonEBSCSIDriverPolicy",
            "policy_arn": "arn:aws:iam::aws:policy/service-role/AmazonEBSCSIDriverPolicy",
            "role": "staging-demo-ebs-csi-driver"
          },
          "sensitive_attributes": [],
          "identity_schema_version": 0,
          "identity": {
            "account_id": "675613596870",
            "policy_arn": "arn:aws:iam::aws:policy/service-role/AmazonEBSCSIDriverPolicy",
            "role": "staging-demo-ebs-csi-driver"
          },
          "private": "bnVsbA==",
          "dependencies": [
            "aws_eks_cluster.eks",
            "aws_iam_role.ebs_csi_driver",
            "aws_iam_role.eks",
            "aws_iam_role_policy_attachment.eks",
            "aws_subnet.private_zone1",
            "aws_subnet.private_zone2",
            "aws_subnet.public_zone1",
            "aws_subnet.public_zone2",
            "aws_vpc.main",
            "data.aws_iam_policy_document.ebs_csi_driver"
          ]
        }
      ]
    },
    {
      "mode": "managed",
      "type": "aws_iam_role_policy_attachment",
      "name": "ebs_csi_driver_encryption",
      "provider": "provider[\"registry.terraform.io/hashicorp/aws\"]",
      "instances": [
        {
          "schema_version": 0,
          "attributes": {
            "id": "staging-demo-ebs-csi-driver/arn:aws:iam::675613596870:policy/staging-demo-ebs-csi-driver-encryption",
            "policy_arn": "arn:aws:iam::675613596870:policy/staging-demo-ebs-csi-driver-encryption",
            "role": "staging-demo-ebs-csi-driver"
          },
          "sensitive_attributes": [],
          "identity_schema_version": 0,
          "identity": {
            "account_id": "675613596870",
            "policy_arn": "arn:aws:iam::675613596870:policy/staging-demo-ebs-csi-driver-encryption",
            "role": "staging-demo-ebs-csi-driver"
          },
          "private": "bnVsbA==",
          "dependencies": [
            "aws_eks_cluster.eks",
            "aws_iam_policy.ebs_csi_driver_encryption",
            "aws_iam_role.ebs_csi_driver",
            "aws_iam_role.eks",
            "aws_iam_role_policy_attachment.eks",
            "aws_subnet.private_zone1",
            "aws_subnet.private_zone2",
            "aws_subnet.public_zone1",
            "aws_subnet.public_zone2",
            "aws_vpc.main",
            "data.aws_iam_policy_document.ebs_csi_driver"
          ]
        }
      ]
    },
    {
      "mode": "managed",
      "type": "aws_iam_role_policy_attachment",
      "name": "eks",
      "provider": "provider[\"registry.terraform.io/hashicorp/aws\"]",
      "instances": [
        {
          "schema_version": 0,
          "attributes": {
            "id": "staging-demo-eks-cluster/arn:aws:iam::aws:policy/AmazonEKSClusterPolicy",
            "policy_arn": "arn:aws:iam::aws:policy/AmazonEKSClusterPolicy",
            "role": "staging-demo-eks-cluster"
          },
          "sensitive_attributes": [],
          "identity_schema_version": 0,
          "identity": {
            "account_id": "675613596870",
            "policy_arn": "arn:aws:iam::aws:policy/AmazonEKSClusterPolicy",
            "role": "staging-demo-eks-cluster"
          },
          "private": "bnVsbA==",
          "dependencies": [
            "aws_iam_role.eks"
          ]
        }
      ]
    },
    {
      "mode": "managed",
      "type": "aws_internet_gateway",
      "name": "igw",
      "provider": "provider[\"registry.terraform.io/hashicorp/aws\"]",
      "instances": [
        {
          "schema_version": 0,
          "attributes": {
            "arn": "arn:aws:ec2:ap-southeast-2:675613596870:internet-gateway/igw-0235c003389ea2cc1",
            "id": "igw-0235c003389ea2cc1",
            "owner_id": "675613596870",
            "region": "ap-southeast-2",
            "tags": {
              "Name": "staging-igw"
            },
            "tags_all": {
              "Name": "staging-igw"
            },
            "timeouts": null,
            "vpc_id": "vpc-0b8a4228e32a248a5"
          },
          "sensitive_attributes": [],
          "identity_schema_version": 0,
          "private": "eyJlMmJmYjczMC1lY2FhLTExZTYtOGY4OC0zNDM2M2JjN2M0YzAiOnsiY3JlYXRlIjoxMjAwMDAwMDAwMDAwLCJkZWxldGUiOjEyMDAwMDAwMDAwMDAsInVwZGF0ZSI6MTIwMDAwMDAwMDAwMH19",
          "dependencies": [
            "aws_vpc.main"
          ]
        }
      ]
    },
    {
      "mode": "managed",
      "type": "aws_nat_gateway",
      "name": "nat",
      "provider": "provider[\"registry.terraform.io/hashicorp/aws\"]",
      "instances": [
        {
          "schema_version": 0,
          "attributes": {
            "allocation_id": "eipalloc-03b60e893090b5418",
            "association_id": "eipassoc-0ca5355254c5ee5ce",
            "connectivity_type": "public",
            "id": "nat-04d6d960ecb6d8604",
            "network_interface_id": "eni-08903e258c70aabcc",
            "private_ip": "10.0.95.239",
            "public_ip": "54.66.67.217",
            "region": "ap-southeast-2",
            "secondary_allocation_ids": [],
            "secondary_private_ip_address_count": 0,
            "secondary_private_ip_addresses": [],
            "subnet_id": "subnet-0e0bf2cc7171f7ad5",
            "tags": {
              "Name": "staging-nat"
            },
            "tags_all": {
              "Name": "staging-nat"
            },
            "timeouts": null
          },
          "sensitive_attributes": [],
          "identity_schema_version": 0,
          "private": "eyJlMmJmYjczMC1lY2FhLTExZTYtOGY4OC0zNDM2M2JjN2M0YzAiOnsiY3JlYXRlIjo2MDAwMDAwMDAwMDAsImRlbGV0ZSI6MTgwMDAwMDAwMDAwMCwidXBkYXRlIjo2MDAwMDAwMDAwMDB9fQ==",
          "dependencies": [
            "aws_eip.nat",
            "aws_internet_gateway.igw",
            "aws_subnet.public_zone1",
            "aws_vpc.main"
          ]
        }
      ]
    },
    {
      "mode": "managed",
      "type": "aws_route_table",
      "name": "private",
      "provider": "provider[\"registry.terraform.io/hashicorp/aws\"]",
      "instances": [
        {
          "schema_version": 0,
          "attributes": {
            "arn": "arn:aws:ec2:ap-southeast-2:675613596870:route-table/rtb-0f7ec04b0ccde36ea",
            "id": "rtb-0f7ec04b0ccde36ea",
            "owner_id": "675613596870",
            "propagating_vgws": [],
            "region": "ap-southeast-2",
            "route": [
              {
                "carrier_gateway_id": "",
                "cidr_block": "0.0.0.0/0",
                "core_network_arn": "",
                "destination_prefix_list_id": "",
                "egress_only_gateway_id": "",
                "gateway_id": "",
                "ipv6_cidr_block": "",
                "local_gateway_id": "",
                "nat_gateway_id": "nat-04d6d960ecb6d8604",
                "network_interface_id": "",
                "transit_gateway_id": "",
                "vpc_endpoint_id": "",
                "vpc_peering_connection_id": ""
              }
            ],
            "tags": {
              "Name": "staging-private"
            },
            "tags_all": {
              "Name": "staging-private"
            },
            "timeouts": null,
            "vpc_id": "vpc-0b8a4228e32a248a5"
          },
          "sensitive_attributes": [],
          "identity_schema_version": 0,
          "identity": {
            "account_id": "675613596870",
            "id": "rtb-0f7ec04b0ccde36ea",
            "region": "ap-southeast-2"
          },
          "private": "eyJlMmJmYjczMC1lY2FhLTExZTYtOGY4OC0zNDM2M2JjN2M0YzAiOnsiY3JlYXRlIjozMDAwMDAwMDAwMDAsImRlbGV0ZSI6MzAwMDAwMDAwMDAwLCJ1cGRhdGUiOjEyMDAwMDAwMDAwMH19",
          "dependencies": [
            "aws_eip.nat",
            "aws_internet_gateway.igw",
            "aws_nat_gateway.nat",
            "aws_subnet.public_zone1",
            "aws_vpc.main"
          ]
        }
      ]
    },
    {
      "mode": "managed",
      "type": "aws_route_table",
      "name": "public",
      "provider": "provider[\"registry.terraform.io/hashicorp/aws\"]",
      "instances": [
        {
          "schema_version": 0,
          "attributes": {
            "arn": "arn:aws:ec2:ap-southeast-2:675613596870:route-table/rtb-0b78f81aec3124cca",
            "id": "rtb-0b78f81aec3124cca",
            "owner_id": "675613596870",
            "propagating_vgws": [],
            "region": "ap-southeast-2",
            "route": [
              {
                "carrier_gateway_id": "",
                "cidr_block": "0.0.0.0/0",
                "core_network_arn": "",
                "destination_prefix_list_id": "",
                "egress_only_gateway_id": "",
                "gateway_id": "igw-0235c003389ea2cc1",
                "ipv6_cidr_block": "",
                "local_gateway_id": "",
                "nat_gateway_id": "",
                "network_interface_id": "",
                "transit_gateway_id": "",
                "vpc_endpoint_id": "",
                "vpc_peering_connection_id": ""
              }
            ],
            "tags": {
              "Name": "staging-public"
            },
            "tags_all": {
              "Name": "staging-public"
            },
            "timeouts": null,
            "vpc_id": "vpc-0b8a4228e32a248a5"
          },
          "sensitive_attributes": [],
          "identity_schema_version": 0,
          "identity": {
            "account_id": "675613596870",
            "id": "rtb-0b78f81aec3124cca",
            "region": "ap-southeast-2"
          },
          "private": "eyJlMmJmYjczMC1lY2FhLTExZTYtOGY4OC0zNDM2M2JjN2M0YzAiOnsiY3JlYXRlIjozMDAwMDAwMDAwMDAsImRlbGV0ZSI6MzAwMDAwMDAwMDAwLCJ1cGRhdGUiOjEyMDAwMDAwMDAwMH19",
          "dependencies": [
            "aws_internet_gateway.igw",
            "aws_vpc.main"
          ]
        }
      ]
    },
    {
      "mode": "managed",
      "type": "aws_route_table_association",
      "name": "private_zone1",
      "provider": "provider[\"registry.terraform.io/hashicorp/aws\"]",
      "instances": [
        {
          "schema_version": 0,
          "attributes": {
            "gateway_id": "",
            "id": "rtbassoc-09ea04aaf9f004e5d",
            "region": "ap-southeast-2",
            "route_table_id": "rtb-0f7ec04b0ccde36ea",
            "subnet_id": "subnet-073e87e1f8bb33e7c",
            "timeouts": null
          },
          "sensitive_attributes": [],
          "identity_schema_version": 0,
          "private": "eyJlMmJmYjczMC1lY2FhLTExZTYtOGY4OC0zNDM2M2JjN2M0YzAiOnsiY3JlYXRlIjozMDAwMDAwMDAwMDAsImRlbGV0ZSI6MzAwMDAwMDAwMDAwLCJ1cGRhdGUiOjEyMDAwMDAwMDAwMH19",
          "dependencies": [
            "aws_eip.nat",
            "aws_internet_gateway.igw",
            "aws_nat_gateway.nat",
            "aws_route_table.private",
            "aws_subnet.private_zone1",
            "aws_subnet.public_zone1",
            "aws_vpc.main"
          ]
        }
      ]
    },
    {
      "mode": "managed",
      "type": "aws_route_table_association",
      "name": "private_zone2",
      "provider": "provider[\"registry.terraform.io/hashicorp/aws\"]",
      "instances": [
        {
          "schema_version": 0,
          "attributes": {
            "gateway_id": "",
            "id": "rtbassoc-01ab5cc9102de603d",
            "region": "ap-southeast-2",
            "route_table_id": "rtb-0f7ec04b0ccde36ea",
            "subnet_id": "subnet-0d4966b79421e5345",
            "timeouts": null
          },
          "sensitive_attributes": [],
          "identity_schema_version": 0,
          "private": "eyJlMmJmYjczMC1lY2FhLTExZTYtOGY4OC0zNDM2M2JjN2M0YzAiOnsiY3JlYXRlIjozMDAwMDAwMDAwMDAsImRlbGV0ZSI6MzAwMDAwMDAwMDAwLCJ1cGRhdGUiOjEyMDAwMDAwMDAwMH19",
          "dependencies": [
            "aws_eip.nat",
            "aws_internet_gateway.igw",
            "aws_nat_gateway.nat",
            "aws_route_table.private",
            "aws_subnet.private_zone2",
            "aws_subnet.public_zone1",
            "aws_vpc.main"
          ]
        }
      ]
    },
    {
      "mode": "managed",
      "type": "aws_route_table_association",
      "name": "public_zone1",
      "provider": "provider[\"registry.terraform.io/hashicorp/aws\"]",
      "instances": [
        {
          "schema_version": 0,
          "attributes": {
            "gateway_id": "",
            "id": "rtbassoc-024a782221c2d4f7a",
            "region": "ap-southeast-2",
            "route_table_id": "rtb-0b78f81aec3124cca",
            "subnet_id": "subnet-0e0bf2cc7171f7ad5",
            "timeouts": null
          },
          "sensitive_attributes": [],
          "identity_schema_version": 0,
          "private": "eyJlMmJmYjczMC1lY2FhLTExZTYtOGY4OC0zNDM2M2JjN2M0YzAiOnsiY3JlYXRlIjozMDAwMDAwMDAwMDAsImRlbGV0ZSI6MzAwMDAwMDAwMDAwLCJ1cGRhdGUiOjEyMDAwMDAwMDAwMH19",
          "dependencies": [
            "aws_internet_gateway.igw",
            "aws_route_table.public",
            "aws_subnet.public_zone1",
            "aws_vpc.main"
          ]
        }
      ]
    },
    {
      "mode": "managed",
      "type": "aws_route_table_association",
      "name": "public_zone2",
      "provider": "provider[\"registry.terraform.io/hashicorp/aws\"]",
      "instances": [
        {
          "schema_version": 0,
          "attributes": {
            "gateway_id": "",
            "id": "rtbassoc-07db43fd6f0228c8a",
            "region": "ap-southeast-2",
            "route_table_id": "rtb-0b78f81aec3124cca",
            "subnet_id": "subnet-0e556fc79b98007e7",
            "timeouts": null
          },
          "sensitive_attributes": [],
          "identity_schema_version": 0,
          "private": "eyJlMmJmYjczMC1lY2FhLTExZTYtOGY4OC0zNDM2M2JjN2M0YzAiOnsiY3JlYXRlIjozMDAwMDAwMDAwMDAsImRlbGV0ZSI6MzAwMDAwMDAwMDAwLCJ1cGRhdGUiOjEyMDAwMDAwMDAwMH19",
          "dependencies": [
            "aws_internet_gateway.igw",
            "aws_route_table.public",
            "aws_subnet.public_zone2",
            "aws_vpc.main"
          ]
        }
      ]
    },
    {
      "mode": "managed",
      "type": "aws_subnet",
      "name": "private_zone1",
      "provider": "provider[\"registry.terraform.io/hashicorp/aws\"]",
      "instances": [
        {
          "schema_version": 1,
          "attributes": {
            "arn": "arn:aws:ec2:ap-southeast-2:675613596870:subnet/subnet-073e87e1f8bb33e7c",
            "assign_ipv6_address_on_creation": false,
            "availability_zone": "ap-southeast-2a",
            "availability_zone_id": "apse2-az1",
            "cidr_block": "10.0.0.0/19",
            "customer_owned_ipv4_pool": "",
            "enable_dns64": false,
            "enable_lni_at_device_index": 0,
            "enable_resource_name_dns_a_record_on_launch": false,
            "enable_resource_name_dns_aaaa_record_on_launch": false,
            "id": "subnet-073e87e1f8bb33e7c",
            "ipv6_cidr_block": "",
            "ipv6_cidr_block_association_id": "",
            "ipv6_native": false,
            "map_customer_owned_ip_on_launch": false,
            "map_public_ip_on_launch": false,
            "outpost_arn": "",
            "owner_id": "675613596870",
            "private_dns_hostname_type_on_launch": "ip-name",
            "region": "ap-southeast-2",
            "tags": {
              "Name": "staging-private-ap-southeast-2a",
              "kubernetes.io/cluster/staging-demo": "owned",
              "kubernetes.io/role/internal-elb": "1"
            },
            "tags_all": {
              "Name": "staging-private-ap-southeast-2a",
              "kubernetes.io/cluster/staging-demo": "owned",
              "kubernetes.io/role/internal-elb": "1"
            },
            "timeouts": null,
            "vpc_id": "vpc-0b8a4228e32a248a5"
          },
          "sensitive_attributes": [],
          "identity_schema_version": 0,
          "identity": {
            "account_id": "675613596870",
            "id": "subnet-073e87e1f8bb33e7c",
            "region": "ap-southeast-2"
          },
          "private": "eyJlMmJmYjczMC1lY2FhLTExZTYtOGY4OC0zNDM2M2JjN2M0YzAiOnsiY3JlYXRlIjo2MDAwMDAwMDAwMDAsImRlbGV0ZSI6MTIwMDAwMDAwMDAwMH0sInNjaGVtYV92ZXJzaW9uIjoiMSJ9",
          "dependencies": [
            "aws_vpc.main"
          ]
        }
      ]
    },
    {
      "mode": "managed",
      "type": "aws_subnet",
      "name": "private_zone2",
      "provider": "provider[\"registry.terraform.io/hashicorp/aws\"]",
      "instances": [
        {
          "schema_version": 1,
          "attributes": {
            "arn": "arn:aws:ec2:ap-southeast-2:675613596870:subnet/subnet-0d4966b79421e5345",
            "assign_ipv6_address_on_creation": false,
            "availability_zone": "ap-southeast-2b",
            "availability_zone_id": "apse2-az3",
            "cidr_block": "10.0.32.0/19",
            "customer_owned_ipv4_pool": "",
            "enable_dns64": false,
            "enable_lni_at_device_index": 0,
            "enable_resource_name_dns_a_record_on_launch": false,
            "enable_resource_name_dns_aaaa_record_on_launch": false,
            "id": "subnet-0d4966b79421e5345",
            "ipv6_cidr_block": "",
            "ipv6_cidr_block_association_id": "",
            "ipv6_native": false,
            "map_customer_owned_ip_on_launch": false,
            "map_public_ip_on_launch": false,
            "outpost_arn": "",
            "owner_id": "675613596870",
            "private_dns_hostname_type_on_launch": "ip-name",
            "region": "ap-southeast-2",
            "tags": {
              "Name": "staging-private-ap-southeast-2b",
              "kubernetes.io/cluster/staging-demo": "owned",
              "kubernetes.io/role/internal-elb": "1"
            },
            "tags_all": {
              "Name": "staging-private-ap-southeast-2b",
              "kubernetes.io/cluster/staging-demo": "owned",
              "kubernetes.io/role/internal-elb": "1"
            },
            "timeouts": null,
            "vpc_id": "vpc-0b8a4228e32a248a5"
          },
          "sensitive_attributes": [],
          "identity_schema_version": 0,
          "identity": {
            "account_id": "675613596870",
            "id": "subnet-0d4966b79421e5345",
            "region": "ap-southeast-2"
          },
          "private": "eyJlMmJmYjczMC1lY2FhLTExZTYtOGY4OC0zNDM2M2JjN2M0YzAiOnsiY3JlYXRlIjo2MDAwMDAwMDAwMDAsImRlbGV0ZSI6MTIwMDAwMDAwMDAwMH0sInNjaGVtYV92ZXJzaW9uIjoiMSJ9",
          "dependencies": [
            "aws_vpc.main"
          ]
        }
      ]
    },
    {
      "mode": "managed",
      "type": "aws_subnet",
      "name": "public_zone1",
      "provider": "provider[\"registry.terraform.io/hashicorp/aws\"]",
      "instances": [
        {
          "schema_version": 1,
          "attributes": {
            "arn": "arn:aws:ec2:ap-southeast-2:675613596870:subnet/subnet-0e0bf2cc7171f7ad5",
            "assign_ipv6_address_on_creation": false,
            "availability_zone": "ap-southeast-2a",
            "availability_zone_id": "apse2-az1",
            "cidr_block": "10.0.64.0/19",
            "customer_owned_ipv4_pool": "",
            "enable_dns64": false,
            "enable_lni_at_device_index": 0,
            "enable_resource_name_dns_a_record_on_launch": false,
            "enable_resource_name_dns_aaaa_record_on_launch": false,
            "id": "subnet-0e0bf2cc7171f7ad5",
            "ipv6_cidr_block": "",
            "ipv6_cidr_block_association_id": "",
            "ipv6_native": false,
            "map_customer_owned_ip_on_launch": false,
            "map_public_ip_on_launch": true,
            "outpost_arn": "",
            "owner_id": "675613596870",
            "private_dns_hostname_type_on_launch": "ip-name",
            "region": "ap-southeast-2",
            "tags": {
              "Name": "staging-public-ap-southeast-2a",
              "kubernetes.io/cluster/staging-demo": "owned",
              "kubernetes.io/role/elb": "1"
            },
            "tags_all": {
              "Name": "staging-public-ap-southeast-2a",
              "kubernetes.io/cluster/staging-demo": "owned",
              "kubernetes.io/role/elb": "1"
            },
            "timeouts": null,
            "vpc_id": "vpc-0b8a4228e32a248a5"
          },
          "sensitive_attributes": [],
          "identity_schema_version": 0,
          "identity": {
            "account_id": "675613596870",
            "id": "subnet-0e0bf2cc7171f7ad5",
            "region": "ap-southeast-2"
          },
          "private": "eyJlMmJmYjczMC1lY2FhLTExZTYtOGY4OC0zNDM2M2JjN2M0YzAiOnsiY3JlYXRlIjo2MDAwMDAwMDAwMDAsImRlbGV0ZSI6MTIwMDAwMDAwMDAwMH0sInNjaGVtYV92ZXJzaW9uIjoiMSJ9",
          "dependencies": [
            "aws_vpc.main"
          ]
        }
      ]
    },
    {
      "mode": "managed",
      "type": "aws_subnet",
      "name": "public_zone2",
      "provider": "provider[\"registry.terraform.io/hashicorp/aws\"]",
      "instances": [
        {
          "schema_version": 1,
          "attributes": {
            "arn": "arn:aws:ec2:ap-southeast-2:675613596870:subnet/subnet-0e556fc79b98007e7",
            "assign_ipv6_address_on_creation": false,
            "availability_zone": "ap-southeast-2b",
            "availability_zone_id": "apse2-az3",
            "cidr_block": "10.0.96.0/19",
            "customer_owned_ipv4_pool": "",
            "enable_dns64": false,
            "enable_lni_at_device_index": 0,
            "enable_resource_name_dns_a_record_on_launch": false,
            "enable_resource_name_dns_aaaa_record_on_launch": false,
            "id": "subnet-0e556fc79b98007e7",
            "ipv6_cidr_block": "",
            "ipv6_cidr_block_association_id": "",
            "ipv6_native": false,
            "map_customer_owned_ip_on_launch": false,
            "map_public_ip_on_launch": true,
            "outpost_arn": "",
            "owner_id": "675613596870",
            "private_dns_hostname_type_on_launch": "ip-name",
            "region": "ap-southeast-2",
            "tags": {
              "Name": "staging-public-ap-southeast-2b",
              "kubernetes.io/cluster/staging-demo": "owned",
              "kubernetes.io/role/elb": "1"
            },
            "tags_all": {
              "Name": "staging-public-ap-southeast-2b",
              "kubernetes.io/cluster/staging-demo": "owned",
              "kubernetes.io/role/elb": "1"
            },
            "timeouts": null,
            "vpc_id": "vpc-0b8a4228e32a248a5"
          },
          "sensitive_attributes": [],
          "identity_schema_version": 0,
          "identity": {
            "account_id": "675613596870",
            "id": "subnet-0e556fc79b98007e7",
            "region": "ap-southeast-2"
          },
          "private": "eyJlMmJmYjczMC1lY2FhLTExZTYtOGY4OC0zNDM2M2JjN2M0YzAiOnsiY3JlYXRlIjo2MDAwMDAwMDAwMDAsImRlbGV0ZSI6MTIwMDAwMDAwMDAwMH0sInNjaGVtYV92ZXJzaW9uIjoiMSJ9",
          "dependencies": [
            "aws_vpc.main"
          ]
        }
      ]
    },
    {
      "mode": "managed",
      "type": "aws_vpc",
      "name": "main",
      "provider": "provider[\"registry.terraform.io/hashicorp/aws\"]",
      "instances": [
        {
          "schema_version": 1,
          "attributes": {
            "arn": "arn:aws:ec2:ap-southeast-2:675613596870:vpc/vpc-0b8a4228e32a248a5",
            "assign_generated_ipv6_cidr_block": false,
            "cidr_block": "10.0.0.0/16",
            "default_network_acl_id": "acl-0ea54bb2c341b1cd8",
            "default_route_table_id": "rtb-0e316dfc5e003983b",
            "default_security_group_id": "sg-08431e8f3a22fcc84",
            "dhcp_options_id": "dopt-0ccbcefb1dd41c4f6",
            "enable_dns_hostnames": true,
            "enable_dns_support": true,
            "enable_network_address_usage_metrics": false,
            "id": "vpc-0b8a4228e32a248a5",
            "instance_tenancy": "default",
            "ipv4_ipam_pool_id": null,
            "ipv4_netmask_length": null,
            "ipv6_association_id": "",
            "ipv6_cidr_block": "",
            "ipv6_cidr_block_network_border_group": "",
            "ipv6_ipam_pool_id": "",
            "ipv6_netmask_length": 0,
            "main_route_table_id": "rtb-0e316dfc5e003983b",
            "owner_id": "675613596870",
            "region": "ap-southeast-2",
            "tags": {
              "Name": "staging-main"
            },
            "tags_all": {
              "Name": "staging-main"
            }
          },
          "sensitive_attributes": [],
          "identity_schema_version": 0,
          "identity": {
            "account_id": "675613596870",
            "id": "vpc-0b8a4228e32a248a5",
            "region": "ap-southeast-2"
          },
          "private": "eyJzY2hlbWFfdmVyc2lvbiI6IjEifQ=="
        }
      ]
    },
    {
      "mode": "managed",
      "type": "helm_release",
      "name": "aws_lbc",
      "provider": "provider[\"registry.terraform.io/hashicorp/helm\"]",
      "instances": [
        {
          "schema_version": 2,
          "attributes": {
            "atomic": false,
            "chart": "aws-load-balancer-controller",
            "cleanup_on_fail": false,
            "create_namespace": false,
            "dependency_update": false,
            "description": null,
            "devel": null,
            "disable_crd_hooks": false,
            "disable_openapi_validation": false,
            "disable_webhooks": false,
            "force_update": false,
            "id": "aws-load-balancer-controller",
            "keyring": null,
            "lint": false,
            "manifest": null,
            "max_history": 0,
            "metadata": {
              "app_version": "v2.7.2",
              "chart": "aws-load-balancer-controller",
              "first_deployed": 1761133445,
              "last_deployed": 1761133445,
              "name": "aws-load-balancer-controller",
              "namespace": "kube-system",
              "notes": "AWS Load Balancer controller installed!\n",
              "revision": 1,
              "values": "{\"clusterName\":\"staging-demo\",\"region\":\"ap-southeast-2\",\"serviceAccount\":{\"annotations\":{\"eks.amazonaws.com/role-arn\":\"arn:aws:iam::675613596870:role/staging-demo-aws-lbc\"},\"create\":true,\"name\":\"aws-load-balancer-controller\"},\"vpcId\":\"vpc-0b8a4228e32a248a5\"}",
              "version": "1.7.2"
            },
            "name": "aws-load-balancer-controller",
            "namespace": "kube-system",
            "pass_credentials": false,
            "postrender": null,
            "recreate_pods": false,
            "render_subchart_notes": true,
            "replace": false,
            "repository": "https://aws.github.io/eks-charts",
            "repository_ca_file": null,
            "repository_cert_file": null,
            "repository_key_file": null,
            "repository_password": null,
            "repository_username": null,
            "reset_values": false,
            "reuse_values": false,
            "set": [
              {
                "name": "clusterName",
                "type": "",
                "value": "staging-demo"
              },
              {
                "name": "region",
                "type": "",
                "value": "ap-southeast-2"
              },
              {
                "name": "serviceAccount.create",
                "type": "",
                "value": "true"
              },
              {
                "name": "serviceAccount.name",
                "type": "",
                "value": "aws-load-balancer-controller"
              },
              {
                "name": "vpcId",
                "type": "",
                "value": "vpc-0b8a4228e32a248a5"
              },
              {
                "name": "serviceAccount.annotations.eks\\.amazonaws\\.com/role-arn",
                "type": "",
                "value": "arn:aws:iam::675613596870:role/staging-demo-aws-lbc"
              }
            ],
            "set_list": null,
            "set_sensitive": null,
            "set_wo": null,
            "set_wo_revision": null,
            "skip_crds": false,
            "status": "deployed",
            "timeout": 600,
            "values": null,
            "verify": false,
            "version": "1.7.2",
            "wait": true,
            "wait_for_jobs": false
          },
          "sensitive_attributes": [
            [
              {
                "type": "get_attr",
                "value": "repository_password"
              }
            ]
          ],
          "identity_schema_version": 0,
          "identity": {
            "namespace": "kube-system",
            "release_name": "aws-load-balancer-controller"
          },
          "dependencies": [
            "aws_eks_cluster.eks",
            "aws_eks_node_group.general",
            "aws_eks_pod_identity_association.aws_lbc",
            "aws_iam_policy.aws_lbc",
            "aws_iam_role.aws_lbc",
            "aws_iam_role.eks",
            "aws_iam_role.nodes",
            "aws_iam_role_policy_attachment.amazon_ec2_container_registry_read_only",
            "aws_iam_role_policy_attachment.amazon_eks_cni_policy",
            "aws_iam_role_policy_attachment.amazon_eks_worker_node_policy",
            "aws_iam_role_policy_attachment.aws_lbc",
            "aws_iam_role_policy_attachment.aws_lbc_additional",
            "aws_iam_role_policy_attachment.eks",
            "aws_subnet.private_zone1",
            "aws_subnet.private_zone2",
            "aws_subnet.public_zone1",
            "aws_subnet.public_zone2",
            "aws_vpc.main",
            "data.aws_iam_policy_document.aws_lbc",
            "data.aws_iam_policy_document.aws_lbc_policy",
            "null_resource.wait_for_eks_connection"
          ]
        }
      ]
    },
    {
      "mode": "managed",
      "type": "helm_release",
      "name": "cluster_autoscaler",
      "provider": "provider[\"registry.terraform.io/hashicorp/helm\"]",
      "instances": [
        {
          "schema_version": 2,
          "attributes": {
            "atomic": false,
            "chart": "cluster-autoscaler",
            "cleanup_on_fail": false,
            "create_namespace": false,
            "dependency_update": false,
            "description": null,
            "devel": null,
            "disable_crd_hooks": false,
            "disable_openapi_validation": false,
            "disable_webhooks": false,
            "force_update": false,
            "id": "autoscaler",
            "keyring": null,
            "lint": false,
            "manifest": null,
            "max_history": 0,
            "metadata": {
              "app_version": "1.30.0",
              "chart": "cluster-autoscaler",
              "first_deployed": 1761133503,
              "last_deployed": 1761133503,
              "name": "autoscaler",
              "namespace": "kube-system",
              "notes": "\n\nTo verify that cluster-autoscaler has started, run:\n\n  kubectl --namespace=kube-system get pods -l \"app.kubernetes.io/name=aws-cluster-autoscaler,app.kubernetes.io/instance=autoscaler\"",
              "revision": 1,
              "values": "{\"autoDiscovery\":{\"clusterName\":\"staging-demo\"},\"awsRegion\":\"ap-southeast-2\",\"rbac\":{\"serviceAccount\":{\"name\":\"cluster-autoscaler\"}}}",
              "version": "9.37.0"
            },
            "name": "autoscaler",
            "namespace": "kube-system",
            "pass_credentials": false,
            "postrender": null,
            "recreate_pods": false,
            "render_subchart_notes": true,
            "replace": false,
            "repository": "https://kubernetes.github.io/autoscaler",
            "repository_ca_file": null,
            "repository_cert_file": null,
            "repository_key_file": null,
            "repository_password": null,
            "repository_username": null,
            "reset_values": false,
            "reuse_values": false,
            "set": [
              {
                "name": "rbac.serviceAccount.name",
                "type": "",
                "value": "cluster-autoscaler"
              },
              {
                "name": "autoDiscovery.clusterName",
                "type": "",
                "value": "staging-demo"
              },
              {
                "name": "awsRegion",
                "type": "",
                "value": "ap-southeast-2"
              }
            ],
            "set_list": null,
            "set_sensitive": null,
            "set_wo": null,
            "set_wo_revision": null,
            "skip_crds": false,
            "status": "deployed",
            "timeout": 300,
            "values": null,
            "verify": false,
            "version": "9.37.0",
            "wait": true,
            "wait_for_jobs": false
          },
          "sensitive_attributes": [
            [
              {
                "type": "get_attr",
                "value": "repository_password"
              }
            ]
          ],
          "identity_schema_version": 0,
          "identity": {
            "namespace": "kube-system",
            "release_name": "autoscaler"
          },
          "dependencies": [
            "aws_eks_cluster.eks",
            "aws_eks_node_group.general",
            "aws_iam_role.eks",
            "aws_iam_role.nodes",
            "aws_iam_role_policy_attachment.amazon_ec2_container_registry_read_only",
            "aws_iam_role_policy_attachment.amazon_eks_cni_policy",
            "aws_iam_role_policy_attachment.amazon_eks_worker_node_policy",
            "aws_iam_role_policy_attachment.eks",
            "aws_subnet.private_zone1",
            "aws_subnet.private_zone2",
            "aws_subnet.public_zone1",
            "aws_subnet.public_zone2",
            "aws_vpc.main",
            "helm_release.metrics_server",
            "null_resource.wait_for_eks_connection"
          ]
        }
      ]
    },
    {
      "mode": "managed",
      "type": "helm_release",
      "name": "metrics_server",
      "provider": "provider[\"registry.terraform.io/hashicorp/helm\"]",
      "instances": [
        {
          "schema_version": 2,
          "attributes": {
            "atomic": false,
            "chart": "metrics-server",
            "cleanup_on_fail": false,
            "create_namespace": false,
            "dependency_update": false,
            "description": null,
            "devel": null,
            "disable_crd_hooks": false,
            "disable_openapi_validation": false,
            "disable_webhooks": false,
            "force_update": false,
            "id": "metrics-server",
            "keyring": null,
            "lint": false,
            "manifest": null,
            "max_history": 0,
            "metadata": {
              "app_version": "0.7.1",
              "chart": "metrics-server",
              "first_deployed": 1761133443,
              "last_deployed": 1761133443,
              "name": "metrics-server",
              "namespace": "kube-system",
              "notes": "***********************************************************************\n* Metrics Server                                                      *\n***********************************************************************\n  Chart version: 3.12.1\n  App version:   0.7.1\n  Image tag:     registry.k8s.io/metrics-server/metrics-server:v0.7.1\n***********************************************************************\n",
              "revision": 1,
              "values": "{}",
              "version": "3.12.1"
            },
            "name": "metrics-server",
            "namespace": "kube-system",
            "pass_credentials": false,
            "postrender": null,
            "recreate_pods": false,
            "render_subchart_notes": true,
            "replace": false,
            "repository": "https://kubernetes-sigs.github.io/metrics-server/",
            "repository_ca_file": null,
            "repository_cert_file": null,
            "repository_key_file": null,
            "repository_password": null,
            "repository_username": null,
            "reset_values": false,
            "reuse_values": false,
            "set": null,
            "set_list": null,
            "set_sensitive": null,
            "set_wo": null,
            "set_wo_revision": null,
            "skip_crds": false,
            "status": "deployed",
            "timeout": 300,
            "values": null,
            "verify": false,
            "version": "3.12.1",
            "wait": true,
            "wait_for_jobs": false
          },
          "sensitive_attributes": [
            [
              {
                "type": "get_attr",
                "value": "repository_password"
              }
            ]
          ],
          "identity_schema_version": 0,
          "identity": {
            "namespace": "kube-system",
            "release_name": "metrics-server"
          },
          "dependencies": [
            "aws_eks_cluster.eks",
            "aws_eks_node_group.general",
            "aws_iam_role.eks",
            "aws_iam_role.nodes",
            "aws_iam_role_policy_attachment.amazon_ec2_container_registry_read_only",
            "aws_iam_role_policy_attachment.amazon_eks_cni_policy",
            "aws_iam_role_policy_attachment.amazon_eks_worker_node_policy",
            "aws_iam_role_policy_attachment.eks",
            "aws_subnet.private_zone1",
            "aws_subnet.private_zone2",
            "aws_subnet.public_zone1",
            "aws_subnet.public_zone2",
            "aws_vpc.main",
            "null_resource.wait_for_eks_connection"
          ]
        }
      ]
    },
    {
      "mode": "managed",
      "type": "local_file",
      "name": "docker_compose",
      "provider": "provider[\"registry.terraform.io/hashicorp/local\"]",
      "instances": [
        {
          "schema_version": 0,
          "attributes": {
            "content": "services:\n  # Client Frontend\n  client:\n    image: 675613596870.dkr.ecr.ap-southeast-2.amazonaws.com/client:latest\n    ports:\n      - \"3011:80\"\n    environment:\n      - VITE_API_URL=http://localhost:8089\n    depends_on:\n      - api-gateway\n    restart: on-failure\n    networks:\n      - microservices-network\n\n  # API Gateway\n  api-gateway:\n    image: 675613596870.dkr.ecr.ap-southeast-2.amazonaws.com/api-gateway:latest\n    ports:\n      - \"8089:8000\"\n    environment:\n      - PRODUCT_SERVICE_URL=http://product-service:8080\n      - ORDER_SERVICE_URL=http://order-service:8081\n      - INVENTORY_SERVICE_URL=http://inventory-service:8082\n      - NOTIFICATION_SERVICE_URL=http://notification-service:8083\n      - PAYMENT_SERVICE_URL=http://payment-service:8084\n    depends_on:\n      - product-service\n      - order-service\n      - inventory-service\n      - notification-service\n      - payment-service\n    restart: on-failure\n    networks:\n      - microservices-network\n\n  # Redis Cache\n  redis:\n    image: redis:7-alpine\n    ports:\n      - \"6381:6379\"\n    volumes:\n      - redis_data:/data\n    networks:\n      - microservices-network\n\n  # RabbitMQ\n  rabbitmq:\n    image: rabbitmq:3-management-alpine\n    ports:\n      - \"5672:5672\"\n      - \"15672:15672\"\n    environment:\n      - RABBITMQ_DEFAULT_USER=admin\n      - RABBITMQ_DEFAULT_PASS=admin123\n    volumes:\n      - rabbitmq_data:/var/lib/rabbitmq\n    networks:\n      - microservices-network\n\n  # Product Service\n  product-service:\n    image: 675613596870.dkr.ecr.ap-southeast-2.amazonaws.com/product-service:latest\n    ports:\n      - \"8080:8080\"\n    environment:\n      - DB_HOST=product-db\n      - DB_PORT=5432\n      - DB_USER=postgres\n      - DB_PASSWORD=canh177\n      - DB_NAME=products_db\n    depends_on:\n      - product-db\n    restart: on-failure\n    networks:\n      - microservices-network\n\n  # Order Service\n  order-service:\n    image: 675613596870.dkr.ecr.ap-southeast-2.amazonaws.com/order-service:latest\n    ports:\n      - \"8081:8081\"\n    environment:\n      - DB_HOST=order-db\n      - DB_PORT=5432\n      - DB_USER=postgres\n      - DB_PASSWORD=canh177\n      - DB_NAME=orders_db\n      - REDIS_HOST=redis\n      - REDIS_PORT=6379\n      - RABBITMQ_HOST=rabbitmq\n      - RABBITMQ_PORT=5672\n      - RABBITMQ_USER=admin\n      - RABBITMQ_PASS=admin123\n      - INVENTORY_SERVICE_URL=http://inventory-service:8082\n      - NOTIFICATION_SERVICE_URL=http://notification-service:8083\n    depends_on:\n      - order-db\n      - inventory-service\n      - notification-service\n    restart: on-failure\n    networks:\n      - microservices-network\n\n  # Inventory Service\n  inventory-service:\n    image: 675613596870.dkr.ecr.ap-southeast-2.amazonaws.com/inventory-service:latest\n    ports:\n      - \"8082:8082\"\n    environment:\n      - DB_HOST=inventory-db\n      - DB_PORT=5432\n      - DB_USER=postgres\n      - DB_PASSWORD=canh177\n      - DB_NAME=inventory_db\n    depends_on:\n      - inventory-db\n    restart: on-failure\n    networks:\n      - microservices-network\n\n  # Notification Service\n  notification-service:\n    image: 675613596870.dkr.ecr.ap-southeast-2.amazonaws.com/notification-service:latest\n    ports:\n      - \"8083:8083\"\n    environment:\n      - DB_HOST=notification-db\n      - DB_PORT=5432\n      - DB_USER=postgres\n      - DB_PASSWORD=canh177\n      - DB_NAME=notifications_db\n    depends_on:\n      - notification-db\n    restart: on-failure\n    networks:\n      - microservices-network\n\n  # Payment Service\n  payment-service:\n    image: 675613596870.dkr.ecr.ap-southeast-2.amazonaws.com/payment-service:latest\n    ports:\n      - \"8084:8084\"\n    environment:\n      - DB_HOST=payment-db\n      - DB_PORT=5432\n      - DB_USER=postgres\n      - DB_PASSWORD=canh177\n      - DB_NAME=payments_db\n      - STRIPE_SECRET_KEY=${STRIPE_SECRET_KEY}\n    depends_on:\n      - payment-db\n    restart: on-failure\n    networks:\n      - microservices-network\n\n  # Databases\n  product-db:\n    image: postgres:14-alpine\n    ports:\n      - \"5441:5432\"\n    environment:\n      - POSTGRES_USER=postgres\n      - POSTGRES_PASSWORD=canh177\n      - POSTGRES_DB=products_db\n      - POSTGRES_HOST_AUTH_METHOD=md5\n    volumes:\n      - ./db-init/product-db-init.sql:/docker-entrypoint-initdb.d/init.sql\n      - product-db-data:/var/lib/postgresql/data\n    networks:\n      - microservices-network\n\n  order-db:\n    image: postgres:14-alpine\n    ports:\n      - \"5442:5432\"\n    environment:\n      - POSTGRES_USER=postgres\n      - POSTGRES_PASSWORD=canh177\n      - POSTGRES_DB=orders_db\n      - POSTGRES_HOST_AUTH_METHOD=md5\n    volumes:\n      - ./db-init/order-db-init.sql:/docker-entrypoint-initdb.d/init.sql\n      - order-db-data:/var/lib/postgresql/data\n    networks:\n      - microservices-network\n\n  inventory-db:\n    image: postgres:14-alpine\n    ports:\n      - \"5444:5432\"\n    environment:\n      - POSTGRES_USER=postgres\n      - POSTGRES_PASSWORD=canh177\n      - POSTGRES_DB=inventory_db\n      - POSTGRES_HOST_AUTH_METHOD=md5\n    volumes:\n      - ./db-init/inventory-db-init.sql:/docker-entrypoint-initdb.d/init.sql\n      - inventory-db-data:/var/lib/postgresql/data\n    networks:\n      - microservices-network\n\n  notification-db:\n    image: postgres:14-alpine\n    ports:\n      - \"5445:5432\"\n    environment:\n      - POSTGRES_USER=postgres\n      - POSTGRES_PASSWORD=canh177\n      - POSTGRES_DB=notifications_db\n      - POSTGRES_HOST_AUTH_METHOD=md5\n    volumes:\n      - ./db-init/notification-db-init.sql:/docker-entrypoint-initdb.d/init.sql\n      - notification-db-data:/var/lib/postgresql/data\n    networks:\n      - microservices-network\n\n  payment-db:\n    image: postgres:14-alpine\n    ports:\n      - \"5446:5432\"\n    environment:\n      - POSTGRES_USER=postgres\n      - POSTGRES_PASSWORD=canh177\n      - POSTGRES_DB=payments_db\n      - POSTGRES_HOST_AUTH_METHOD=md5\n    volumes:\n      - ./db-init/payment-db-init.sql:/docker-entrypoint-initdb.d/init.sql\n      - payment-db-data:/var/lib/postgresql/data\n    networks:\n      - microservices-network\n\n  # Prometheus Monitoring\n  prometheus:\n    image: prom/prometheus:latest\n    ports:\n      - \"9090:9090\"\n    volumes:\n      - ./prometheus/prometheus.yml:/etc/prometheus/prometheus.yml\n      - prometheus_data:/prometheus\n    command:\n      - '--config.file=/etc/prometheus/prometheus.yml'\n      - '--storage.tsdb.path=/prometheus'\n      - '--web.console.libraries=/etc/prometheus/console_libraries'\n      - '--web.console.templates=/etc/prometheus/consoles'\n      - '--storage.tsdb.retention.time=200h'\n      - '--web.enable-lifecycle'\n    networks:\n      - microservices-network\n\nvolumes:\n  product-db-data:\n  order-db-data:\n  inventory-db-data:\n  notification-db-data:\n  payment-db-data:\n  redis_data:\n  rabbitmq_data:\n  prometheus_data:\n\nnetworks:\n  microservices-network:\n    driver: bridge\n",
            "content_base64": null,
            "content_base64sha256": "12lWsyIgtR2+SdWvxxHj1T196LxPqo/88Oq7K3hYf+A=",
            "content_base64sha512": "twLeGqF6c2kXDzqv7mXT3I00igG3UQuTnTRv3+KugLvbuIs9T1JAIp4B9KmB3FbeoYtJto+N6/sX3AFtng6q6w==",
            "content_md5": "3d5de542fc1dbedcb303ca47a01c73a1",
            "content_sha1": "aa101d978c2936144dbb4e681d213aeec902177f",
            "content_sha256": "d76956b32220b51dbe49d5afc711e3d53d7de8bc4faa8ffcf0eabb2b78587fe0",
            "content_sha512": "b702de1aa17a7369170f3aafee65d3dc8d348a01b7510b939d346fdfe2ae80bbdbb88b3d4f5240229e01f4a981dc56dea18b49b68f8debfb17dc016d9e0eaaeb",
            "directory_permission": "0777",
            "file_permission": "0777",
            "filename": "./../docker-compose.ecr.yml",
            "id": "aa101d978c2936144dbb4e681d213aeec902177f",
            "sensitive_content": null,
            "source": null
          },
          "sensitive_attributes": [
            [
              {
                "type": "get_attr",
                "value": "sensitive_content"
              }
            ]
          ],
          "identity_schema_version": 0,
          "dependencies": [
            "aws_ecr_repository.repositories",
            "data.aws_caller_identity.current",
            "null_resource.build_and_push_images"
          ]
        }
      ]
    },
    {
      "mode": "managed",
      "type": "null_resource",
      "name": "build_and_push_images",
      "provider": "provider[\"registry.terraform.io/hashicorp/null\"]",
      "instances": [
        {
          "index_key": "api-gateway",
          "schema_version": 0,
          "attributes": {
            "id": "6135953652223806519",
            "triggers": null
          },
          "sensitive_attributes": [],
          "identity_schema_version": 0,
          "dependencies": [
            "aws_ecr_repository.repositories",
            "data.aws_caller_identity.current"
          ]
        },
        {
          "index_key": "client",
          "schema_version": 0,
          "attributes": {
            "id": "7570978005827279486",
            "triggers": null
          },
          "sensitive_attributes": [],
          "identity_schema_version": 0,
          "dependencies": [
            "aws_ecr_repository.repositories",
            "data.aws_caller_identity.current"
          ]
        },
        {
          "index_key": "inventory-service",
          "schema_version": 0,
          "attributes": {
            "id": "4890241492517252980",
            "triggers": null
          },
          "sensitive_attributes": [],
          "identity_schema_version": 0,
          "dependencies": [
            "aws_ecr_repository.repositories",
            "data.aws_caller_identity.current"
          ]
        },
        {
          "index_key": "notification-service",
          "schema_version": 0,
          "attributes": {
            "id": "8961190371081765947",
            "triggers": null
          },
          "sensitive_attributes": [],
          "identity_schema_version": 0,
          "dependencies": [
            "aws_ecr_repository.repositories",
            "data.aws_caller_identity.current"
          ]
        },
        {
          "index_key": "order-service",
          "schema_version": 0,
          "attributes": {
            "id": "1859468591052141776",
            "triggers": null
          },
          "sensitive_attributes": [],
          "identity_schema_version": 0,
          "dependencies": [
            "aws_ecr_repository.repositories",
            "data.aws_caller_identity.current"
          ]
        },
        {
          "index_key": "payment-service",
          "schema_version": 0,
          "attributes": {
            "id": "2626890138079606246",
            "triggers": null
          },
          "sensitive_attributes": [],
          "identity_schema_version": 0,
          "dependencies": [
            "aws_ecr_repository.repositories",
            "data.aws_caller_identity.current"
          ]
        },
        {
          "index_key": "product-service",
          "schema_version": 0,
          "attributes": {
            "id": "776655153424403838",
            "triggers": null
          },
          "sensitive_attributes": [],
          "identity_schema_version": 0,
          "dependencies": [
            "aws_ecr_repository.repositories",
            "data.aws_caller_identity.current"
          ]
        }
      ]
    },
    {
      "mode": "managed",
      "type": "null_resource",
      "name": "wait_for_eks_connection",
      "provider": "provider[\"registry.terraform.io/hashicorp/null\"]",
      "instances": [
        {
          "schema_version": 0,
          "attributes": {
            "id": "1302429977645500444",
            "triggers": null
          },
          "sensitive_attributes": [],
          "identity_schema_version": 0,
          "dependencies": [
            "aws_eks_cluster.eks",
            "aws_eks_node_group.general",
            "aws_iam_role.eks",
            "aws_iam_role.nodes",
            "aws_iam_role_policy_attachment.amazon_ec2_container_registry_read_only",
            "aws_iam_role_policy_attachment.amazon_eks_cni_policy",
            "aws_iam_role_policy_attachment.amazon_eks_worker_node_policy",
            "aws_iam_role_policy_attachment.eks",
            "aws_subnet.private_zone1",
            "aws_subnet.private_zone2",
            "aws_subnet.public_zone1",
            "aws_subnet.public_zone2",
            "aws_vpc.main"
          ]
        }
      ]
    }
  ],
  "check_results": null
}
