{
  "version": 4,
  "terraform_version": "1.13.4",
  "serial": 2952,
  "lineage": "d6bd5780-60b9-2934-8eba-907dcb227d78",
  "outputs": {
    "ecr_registry_url": {
      "value": "398045402467.dkr.ecr.ap-southeast-2.amazonaws.com",
      "type": "string"
    },
    "grafana_credentials": {
      "value": {
        "password": "admin123",
        "username": "admin"
      },
      "type": [
        "object",
        {
          "password": "string",
          "username": "string"
        }
      ],
      "sensitive": true
    },
    "grafana_url": {
      "value": "https://grafana.52.62.191.15.nip.io",
      "type": "string"
    },
    "repository_urls": {
      "value": {
        "api-gateway": "398045402467.dkr.ecr.ap-southeast-2.amazonaws.com/api-gateway",
        "client": "398045402467.dkr.ecr.ap-southeast-2.amazonaws.com/client",
        "inventory-service": "398045402467.dkr.ecr.ap-southeast-2.amazonaws.com/inventory-service",
        "notification-service": "398045402467.dkr.ecr.ap-southeast-2.amazonaws.com/notification-service",
        "order-service": "398045402467.dkr.ecr.ap-southeast-2.amazonaws.com/order-service",
        "payment-service": "398045402467.dkr.ecr.ap-southeast-2.amazonaws.com/payment-service",
        "product-service": "398045402467.dkr.ecr.ap-southeast-2.amazonaws.com/product-service"
      },
      "type": [
        "object",
        {
          "api-gateway": "string",
          "client": "string",
          "inventory-service": "string",
          "notification-service": "string",
          "order-service": "string",
          "payment-service": "string",
          "product-service": "string"
        }
      ]
    }
  },
  "resources": [
    {
      "mode": "data",
      "type": "aws_ami",
      "name": "ami",
      "provider": "provider[\"registry.terraform.io/hashicorp/aws\"]",
      "instances": [
        {
          "schema_version": 0,
          "attributes": {
            "allow_unsafe_filter": null,
            "architecture": "x86_64",
            "arn": "arn:aws:ec2:ap-southeast-2::image/ami-0eeab253db7e765a9",
            "block_device_mappings": [
              {
                "device_name": "/dev/sda1",
                "ebs": {
                  "delete_on_termination": "true",
                  "encrypted": "false",
                  "iops": "0",
                  "snapshot_id": "snap-0b68b0b1a44bf86ce",
                  "throughput": "0",
                  "volume_initialization_rate": "0",
                  "volume_size": "8",
                  "volume_type": "gp2"
                },
                "no_device": "",
                "virtual_name": ""
              },
              {
                "device_name": "/dev/sdb",
                "ebs": {},
                "no_device": "",
                "virtual_name": "ephemeral0"
              },
              {
                "device_name": "/dev/sdc",
                "ebs": {},
                "no_device": "",
                "virtual_name": "ephemeral1"
              }
            ],
            "boot_mode": "uefi-preferred",
            "creation_date": "2025-10-15T08:05:46.000Z",
            "deprecation_time": "2027-10-15T08:05:46.000Z",
            "description": "Canonical, Ubuntu, 22.04, amd64 jammy image",
            "ena_support": true,
            "executable_users": null,
            "filter": [
              {
                "name": "name",
                "values": [
                  "ubuntu/images/hvm-ssd/ubuntu-jammy-22.04-amd64-server-*"
                ]
              }
            ],
            "hypervisor": "xen",
            "id": "ami-0eeab253db7e765a9",
            "image_id": "ami-0eeab253db7e765a9",
            "image_location": "amazon/ubuntu/images/hvm-ssd/ubuntu-jammy-22.04-amd64-server-20251015",
            "image_owner_alias": "amazon",
            "image_type": "machine",
            "imds_support": "",
            "include_deprecated": false,
            "kernel_id": "",
            "last_launched_time": "",
            "most_recent": true,
            "name": "ubuntu/images/hvm-ssd/ubuntu-jammy-22.04-amd64-server-20251015",
            "name_regex": null,
            "owner_id": "099720109477",
            "owners": [
              "099720109477"
            ],
            "platform": "",
            "platform_details": "Linux/UNIX",
            "product_codes": [],
            "public": true,
            "ramdisk_id": "",
            "region": "ap-southeast-2",
            "root_device_name": "/dev/sda1",
            "root_device_type": "ebs",
            "root_snapshot_id": "snap-0b68b0b1a44bf86ce",
            "sriov_net_support": "simple",
            "state": "available",
            "state_reason": {
              "code": "UNSET",
              "message": "UNSET"
            },
            "tags": {},
            "timeouts": null,
            "tpm_support": "",
            "uefi_data": null,
            "usage_operation": "RunInstances",
            "virtualization_type": "hvm"
          },
          "sensitive_attributes": [],
          "identity_schema_version": 0
        }
      ]
    },
    {
      "mode": "data",
      "type": "aws_caller_identity",
      "name": "current",
      "provider": "provider[\"registry.terraform.io/hashicorp/aws\"]",
      "instances": [
        {
          "schema_version": 0,
          "attributes": {
            "account_id": "398045402467",
            "arn": "arn:aws:iam::398045402467:user/minhtri-richard",
            "id": "398045402467",
            "user_id": "AIDAVZLK22VRWPO4UB3DX"
          },
          "sensitive_attributes": [],
          "identity_schema_version": 0
        }
      ]
    },
    {
      "mode": "data",
      "type": "aws_ecr_authorization_token",
      "name": "token",
      "provider": "provider[\"registry.terraform.io/hashicorp/aws\"]",
      "instances": [
        {
          "schema_version": 0,
          "attributes": {
            "authorization_token": "QVdTOmV5SndZWGxzYjJGa0lqb2liMFZaVEhCclRFODFaRGt2ZDJjM2IyNHdXRkJYT1dGS1RXTXdVSEp4VUc1MU1VNW5TWGxDVkhkc2FVcDJRVGN6Ym5BNWNWTTFRM1J1TTIxT2JFb3JObGMzU214NVdWRnJTWEZUVVcwMVJ6ZEJSMjVwZDFvMlVIaDVlRkJaU0dGVFRWQjRNRTh5TkVsak1uWlNPRGxaVmxORVVUTjBOa2RtU2xFelQyNVBhR0pqWVROSU9XcFBhazFWYlVsQ2NqTkxOa3hST0dobWVtcG9hbkJwWldkRU0wOHhTV1JZY0hCME56RjBTR3g2Um1kNVVVMTVVVkV6UVhKak1YWnFTbnBQZGpVMGJIUm9Tazg0TjJoWWNXRndVR3BUYUZKUGVUVldPRlV2VGtFeFVXdEhOa1l5WWtSbGJHZHdVbVJ4VmxCNlNFTmtiakZpUmpscWJHTnNOSFYwZWxKdWQxWkNhSEZ3UVZjNVluVkpXSFJPVWpOamVtbEJlRWM1VUdwc0wweHFlbEF5ZFV4RFdVczBjRkJEUTNFM2JGTklaM1U0UzNOMlYyZzRPRVpWTkZGNWFDOUNXREZwYVVkR04wY3ZURWwwYnpSdk1UUkNielpOYzBwUlYzcG9UakZFWlZnM1lpOHpUbkJLVERBNUsyaFdXVXRoVnpCVFFVSlliMDlLUVdscmVERkJOVVJsV1VOR2NYUkpia2s0TmxkU2JFOTVTa2xMWm04MVNTdGhZVFZTTW05bmMyUTJkRzl2V1hKVGFVMXhVVW96Y1hoMWJEbEpaMWRuUmxac2NXSkhRMFZDU2pkcVRsY3hlRGhPWjBaTFFWWmFkRmw1VHpOWk56YzRURTVuTWxWcWIyaDRhR2NyYUVaUk1tMWFSWE5LWlhsV1dGbHRSbkUyUzFOd2NXbGhSV2hyYWk4M1ZUTkZkRW8wWTJOWlNHVnhVM1ZhTlZONEt6aGpaVUp2Wm1SbVRXZE5VRkUwZGpoeE9VVk5RbW8zV2xSQ1IzSlhhMEp5U25CWU9XRkNPR3g2TlhoVFlYcHllRll5T0VJeU9XRTBkMkozY2tOWGRWSkNjRUp1UW5wcVpURkpkWGx6V0djMU5rdHlWMmhyYnpGSmRUWlpiVTE0YUhoWk5tdDRZbG95UWk5UWF6Rndhekl3Y0RVNGRFZ3ZZMEo1UldaQ2JtWlhLMnRXS3pOdVJIUnFVMXB3VmxWcVVXNXFNRlUzYkZsTFRXaEpNRVpqSzFoc2JWUXJRM1IxZW10TFRXbDNRazV0WVZKRVdYRnFPQ3RRUkZCMFpHbGFUa1l2VldScWFGaDZWME5YSzA1M04waDZVVU40ZGpsbWVVUXlWMHhVZFV0cVNucHBRa2hKY213NWVrNW1XV0YzVXpSclUyUlNNek5yUzBzMlVXaDRkM05aZVdzM1FsWnRlVmRETUVkdFFVZEVlbHBoVm1wbVpsbE5aM0k0V25vMldtOXlkU3RSZW1sblJXdHFWVWd5V0RaM1IzSjVZblJyUkhGTmFVVlpURWxhVDJWWVRrRXpjMDlNU2psbFZVRTVhM041TjAxT2VtWnhkVE13YWs1ck1USTFLemR0UmtJMWNHTlFVMmM0TlhaNE5VODJNSFprTVdsTldITXdSamh2YTFSbk5YVjRkM0ZJVTBsbFFXbENaMVkxUlc5Qk5YTkNOVzVKYm1FMVlYaFZibFU1WTNOWWJITjZUMlIxV2xCMlRVWmlWbWRwS3pCS1NGVnZWRFUwWVhWcmRXTjBPRFJGTlV0YVFtRXhNazAyVlRWRk1ETklZbWsyVjNOSGVrUnJURVkxZGxkUFNHTmlUSEZYVW5oaWVHOVlVQ0lzSW1SaGRHRnJaWGtpT2lKQlVVVkNRVWhvVEhscWVqZFFTa1ZRYlZsaWNVZzJRVFptTDNkWFRucDVlalZDUzJFek4wSnVRbEJ6UVhsMVJqRkxVVUZCUVVnMGQyWkJXVXBMYjFwSmFIWmpUa0ZSWTBkdlJ6aDNZbEZKUWtGRVFtOUNaMnR4YUd0cFJ6bDNNRUpDZDBWM1NHZFpTbGxKV2tsQlYxVkVRa0ZGZFUxQ1JVVkVTMk53ZFVSbmVYQjZMelpEYkhWV1JGRkpRa1ZKUVRkUFZHcERha3A0WkVSd01GSnBUSEZLYUd0NFowTkNRalJQYXl0dFJtSlJjM2hpUnpOclRrVnhUVWhLY2pFMk9WcDRObXN6UzNKaFFYZFBkM0JOTUV4RkwwbEJORXBzY0Vwb0swWlBlVEZqUFNJc0luWmxjbk5wYjI0aU9pSXlJaXdpZEhsd1pTSTZJa1JCVkVGZlMwVlpJaXdpWlhod2FYSmhkR2x2YmlJNk1UYzJNVGM0TlRReE5IMD0=",
            "expires_at": "2025-10-30T00:50:14Z",
            "id": "ap-southeast-2",
            "password": "eyJwYXlsb2FkIjoib0VZTHBrTE81ZDkvd2c3b24wWFBXOWFKTWMwUHJxUG51MU5nSXlCVHdsaUp2QTczbnA5cVM1Q3RuM21ObEorNlc3Smx5WVFrSXFTUW01RzdBR25pd1o2UHh5eFBZSGFTTVB4ME8yNEljMnZSODlZVlNEUTN0NkdmSlEzT25PaGJjYTNIOWpPak1VbUlCcjNLNkxROGhmempoanBpZWdEM08xSWRYcHB0NzF0SGx6Rmd5UU15UVEzQXJjMXZqSnpPdjU0bHRoSk84N2hYcWFwUGpTaFJPeTVWOFUvTkExUWtHNkYyYkRlbGdwUmRxVlB6SENkbjFiRjlqbGNsNHV0elJud1ZCaHFwQVc5YnVJWHROUjNjemlBeEc5UGpsL0xqelAydUxDWUs0cFBDQ3E3bFNIZ3U4S3N2V2g4OEZVNFF5aC9CWDFpaUdGN0cvTEl0bzRvMTRCbzZNc0pRV3poTjFEZVg3Yi8zTnBKTDA5K2hWWUthVzBTQUJYb09KQWlreDFBNURlWUNGcXRJbkk4NldSbE95SklLZm81SSthYTVSMm9nc2Q2dG9vWXJTaU1xUUozcXh1bDlJZ1dnRlZscWJHQ0VCSjdqTlcxeDhOZ0ZLQVZadFl5TzNZNzc4TE5nMlVqb2h4aGcraEZRMm1aRXNKZXlWWFltRnE2S1NwcWlhRWhrai83VTNFdEo0Y2NZSGVxU3VaNVN4KzhjZUJvZmRmTWdNUFE0djhxOUVNQmo3WlRCR3JXa0JySnBYOWFCOGx6NXhTYXpyeFYyOEIyOWE0d2J3ckNXdVJCcEJuQnpqZTFJdXlzWGc1NktyV2hrbzFJdTZZbU14aHhZNmt4YloyQi9QazFwazIwcDU4dEgvY0J5RWZCbmZXK2tWKzNuRHRqU1pwVlVqUW5qMFU3bFlLTWhJMEZjK1hsbVQrQ3R1emtLTWl3Qk5tYVJEWXFqOCtQRFB0ZGlaTkYvVWRqaFh6V0NXK053N0h6UUN4djlmeUQyV0xUdUtqSnppQkhJcmw5ek5mWWF3UzRrU2RSMzNrS0s2UWh4d3NZeWs3QlZteVdDMEdtQUdEelphVmpmZllNZ3I4Wno2Wm9ydStRemlnRWtqVUgyWDZ3R3J5YnRrRHFNaUVZTElaT2VYTkEzc09MSjllVUE5a3N5N01OemZxdTMwak5rMTI1KzdtRkI1cGNQU2c4NXZ4NU82MHZkMWlNWHMwRjhva1RnNXV4d3FIU0llQWlCZ1Y1RW9BNXNCNW5JbmE1YXhVblU5Y3NYbHN6T2R1WlB2TUZiVmdpKzBKSFVvVDU0YXVrdWN0ODRFNUtaQmExMk02VTVFMDNIYmk2V3NHekRrTEY1dldPSGNiTHFXUnhieG9YUCIsImRhdGFrZXkiOiJBUUVCQUhoTHlqejdQSkVQbVlicUg2QTZmL3dXTnp5ejVCS2EzN0JuQlBzQXl1RjFLUUFBQUg0d2ZBWUpLb1pJaHZjTkFRY0dvRzh3YlFJQkFEQm9CZ2txaGtpRzl3MEJCd0V3SGdZSllJWklBV1VEQkFFdU1CRUVES2NwdURneXB6LzZDbHVWRFFJQkVJQTdPVGpDakp4ZERwMFJpTHFKaGt4Z0NCQjRPayttRmJRc3hiRzNrTkVxTUhKcjE2OVp4NmszS3JhQXdPd3BNMExFL0lBNEpscEpoK0ZPeTFjPSIsInZlcnNpb24iOiIyIiwidHlwZSI6IkRBVEFfS0VZIiwiZXhwaXJhdGlvbiI6MTc2MTc4NTQxNH0=",
            "proxy_endpoint": "https://398045402467.dkr.ecr.ap-southeast-2.amazonaws.com",
            "region": "ap-southeast-2",
            "registry_id": null,
            "user_name": "AWS"
          },
          "sensitive_attributes": [
            [
              {
                "type": "get_attr",
                "value": "authorization_token"
              }
            ],
            [
              {
                "type": "get_attr",
                "value": "password"
              }
            ]
          ],
          "identity_schema_version": 0
        }
      ]
    },
    {
      "mode": "data",
      "type": "aws_eks_cluster",
      "name": "eks",
      "provider": "provider[\"registry.terraform.io/hashicorp/aws\"]",
      "instances": [
        {
          "schema_version": 0,
          "attributes": {
            "access_config": [
              {
                "authentication_mode": "API",
                "bootstrap_cluster_creator_admin_permissions": true
              }
            ],
            "arn": "arn:aws:eks:ap-southeast-2:398045402467:cluster/staging-demo",
            "certificate_authority": [
              {
                "data": "LS0tLS1CRUdJTiBDRVJUSUZJQ0FURS0tLS0tCk1JSURCVENDQWUyZ0F3SUJBZ0lJRWt0aU9IQzFjUE13RFFZSktvWklodmNOQVFFTEJRQXdGVEVUTUJFR0ExVUUKQXhNS2EzVmlaWEp1WlhSbGN6QWVGdzB5TlRFd01qa3hNalV4TkRGYUZ3MHpOVEV3TWpjeE1qVTJOREZhTUJVeApFekFSQmdOVkJBTVRDbXQxWW1WeWJtVjBaWE13Z2dFaU1BMEdDU3FHU0liM0RRRUJBUVVBQTRJQkR3QXdnZ0VLCkFvSUJBUUMvL05CZGNpdUczcWVuNzRiYm14V1RHN1VxWWszazRtRzRvdHA4cGZhMUtrTkNLMEczN01iSzlKRnAKVW14LzZpNWtxaEVDWFFyazdrTzNRbjVPM1JIY1ltck5RTEw3NVpOU21LZEIrMXptTWllOGFTbHYxODBmR0ZzQQpqVlBqOXU5VzdvOXEyL2hBaGJSMEg5aXB3akt6SEF3TDRXN1gxS1VxeHVKRzZKeGpSMUZScDh0SVVpSWZJWHVkCkRyclNPczVJNXlBUkI5TTZuUnlzM09uTXVJa1NlU1V2ODFBR0ZqbXNXdkw3RHI0Znh4NkM2WThRLzZCMFhJc1AKRGhWd3JBa2orZlJnM2Q3ZnIvSS9lYlk2UitqVzN3TTFkZnQ5WVV5QmxZWmlocmF2Q0lJZm5qMGJZZTM0dUxLYQpST3BUTGNCOUFrYkx0S2JVQ3JqenU5TVI4TFJ2QWdNQkFBR2pXVEJYTUE0R0ExVWREd0VCL3dRRUF3SUNwREFQCkJnTlZIUk1CQWY4RUJUQURBUUgvTUIwR0ExVWREZ1FXQkJUT3djaDczR3AwVU9KNzB4V3JDYkJCaTJtV2VUQVYKQmdOVkhSRUVEakFNZ2dwcmRXSmxjbTVsZEdWek1BMEdDU3FHU0liM0RRRUJDd1VBQTRJQkFRQzJvOUFPM2VqZgpuRElBSVZROVMrWlY2VWppd1FFREpOMzI3b1VXRC93K0tLZGZLWGd3b0hyNDN2bk5UVTBadkJJSlQ4T0w1cCt5CjduanVra29MTnIrTzBsR0JBWlZzVW0rYXB3QWpLaElDbWMwQytkRlR6MGplbEFBQkpvZWRjVEVVWmVuRVVDU1UKMlBJVVVzRU9BcmdueXBtWmxUYlBUR0dpUkRFd1NjV0JSWHNQa0VmcXo2U1g0dGVUWXJwRytpZ201WlBkMGRzRQp3cnZycW8vTEwzZ1gzSHRWWHNUaUczWW9UN1N6T2dBQzNyT0VqMTJnd1BoNy9WQkIxakxVcFR2RzMvY0JjbU1jCjVPMHc3UUFVVXdTZ2IxQTU1V05MV0t6YU1lTEcyRG9DdS9xa1VUZ0MrUWtuSXVoQkJMdy90QlJzaGxlUU9DT1QKU2g1TEJ3VnhobUdsCi0tLS0tRU5EIENFUlRJRklDQVRFLS0tLS0K"
              }
            ],
            "cluster_id": null,
            "compute_config": [
              {
                "enabled": false,
                "node_pools": [],
                "node_role_arn": ""
              }
            ],
            "created_at": "2025-10-29T12:51:08Z",
            "deletion_protection": false,
            "enabled_cluster_log_types": [],
            "endpoint": "https://395CF8DEA5CCF80D4EEF94371FA96E67.yl4.ap-southeast-2.eks.amazonaws.com",
            "id": "staging-demo",
            "identity": [
              {
                "oidc": [
                  {
                    "issuer": "https://oidc.eks.ap-southeast-2.amazonaws.com/id/395CF8DEA5CCF80D4EEF94371FA96E67"
                  }
                ]
              }
            ],
            "kubernetes_network_config": [
              {
                "elastic_load_balancing": [
                  {
                    "enabled": false
                  }
                ],
                "ip_family": "ipv4",
                "service_ipv4_cidr": "172.20.0.0/16",
                "service_ipv6_cidr": ""
              }
            ],
            "name": "staging-demo",
            "outpost_config": [],
            "platform_version": "eks.53",
            "region": "ap-southeast-2",
            "remote_network_config": [],
            "role_arn": "arn:aws:iam::398045402467:role/staging-demo-eks-cluster",
            "status": "ACTIVE",
            "storage_config": [
              {
                "block_storage": [
                  {
                    "enabled": false
                  }
                ]
              }
            ],
            "tags": {},
            "upgrade_policy": [
              {
                "support_type": "EXTENDED"
              }
            ],
            "version": "1.29",
            "vpc_config": [
              {
                "cluster_security_group_id": "sg-027a6520582abc431",
                "endpoint_private_access": false,
                "endpoint_public_access": true,
                "public_access_cidrs": [
                  "0.0.0.0/0"
                ],
                "security_group_ids": [],
                "subnet_ids": [
                  "subnet-002213ebc5f665fbd",
                  "subnet-04571f9a5cc0011c2",
                  "subnet-072c10a3c62353419",
                  "subnet-0e03bbe09de295782"
                ],
                "vpc_id": "vpc-0cb7f86917c9f71b2"
              }
            ],
            "zonal_shift_config": []
          },
          "sensitive_attributes": [],
          "identity_schema_version": 0
        }
      ]
    },
    {
      "mode": "data",
      "type": "aws_eks_cluster_auth",
      "name": "eks",
      "provider": "provider[\"registry.terraform.io/hashicorp/aws\"]",
      "instances": [
        {
          "schema_version": 0,
          "attributes": {
            "id": "staging-demo",
            "name": "staging-demo",
            "region": "ap-southeast-2",
            "token": "k8s-aws-v1.aHR0cHM6Ly9zdHMuYXAtc291dGhlYXN0LTIuYW1hem9uYXdzLmNvbS8_QWN0aW9uPUdldENhbGxlcklkZW50aXR5JlZlcnNpb249MjAxMS0wNi0xNSZYLUFtei1BbGdvcml0aG09QVdTNC1ITUFDLVNIQTI1NiZYLUFtei1DcmVkZW50aWFsPUFLSUFWWkxLMjJWUjNTUDRZNzZXJTJGMjAyNTEwMjklMkZhcC1zb3V0aGVhc3QtMiUyRnN0cyUyRmF3czRfcmVxdWVzdCZYLUFtei1EYXRlPTIwMjUxMDI5VDEyNTgzOFomWC1BbXotRXhwaXJlcz0wJlgtQW16LVNpZ25lZEhlYWRlcnM9aG9zdCUzQngtazhzLWF3cy1pZCZYLUFtei1TaWduYXR1cmU9YjEyYjZkN2MwODJlNDcwYmQwOWRlOThjYWU5YzZlZWNhNDE1N2I2MmEyMzNmY2YzMWEzYjFiNDU5MjAzNjAxMg"
          },
          "sensitive_attributes": [
            [
              {
                "type": "get_attr",
                "value": "token"
              }
            ]
          ],
          "identity_schema_version": 0
        }
      ]
    },
    {
      "mode": "data",
      "type": "aws_iam_policy_document",
      "name": "aws_lbc",
      "provider": "provider[\"registry.terraform.io/hashicorp/aws\"]",
      "instances": [
        {
          "schema_version": 0,
          "attributes": {
            "id": "819195744",
            "json": "{\n  \"Version\": \"2012-10-17\",\n  \"Statement\": [\n    {\n      \"Effect\": \"Allow\",\n      \"Action\": [\n        \"sts:TagSession\",\n        \"sts:AssumeRole\"\n      ],\n      \"Principal\": {\n        \"Service\": \"pods.eks.amazonaws.com\"\n      }\n    }\n  ]\n}",
            "minified_json": "{\"Version\":\"2012-10-17\",\"Statement\":[{\"Effect\":\"Allow\",\"Action\":[\"sts:TagSession\",\"sts:AssumeRole\"],\"Principal\":{\"Service\":\"pods.eks.amazonaws.com\"}}]}",
            "override_json": null,
            "override_policy_documents": null,
            "policy_id": null,
            "source_json": null,
            "source_policy_documents": null,
            "statement": [
              {
                "actions": [
                  "sts:AssumeRole",
                  "sts:TagSession"
                ],
                "condition": [],
                "effect": "Allow",
                "not_actions": [],
                "not_principals": [],
                "not_resources": [],
                "principals": [
                  {
                    "identifiers": [
                      "pods.eks.amazonaws.com"
                    ],
                    "type": "Service"
                  }
                ],
                "resources": [],
                "sid": ""
              }
            ],
            "version": "2012-10-17"
          },
          "sensitive_attributes": [],
          "identity_schema_version": 0
        }
      ]
    },
    {
      "mode": "data",
      "type": "aws_iam_policy_document",
      "name": "aws_lbc_policy",
      "provider": "provider[\"registry.terraform.io/hashicorp/aws\"]",
      "instances": [
        {
          "schema_version": 0,
          "attributes": {
            "id": "3223447658",
            "json": "{\n  \"Version\": \"2012-10-17\",\n  \"Statement\": [\n    {\n      \"Effect\": \"Allow\",\n      \"Action\": [\n        \"iam:CreateServiceLinkedRole\",\n        \"elasticloadbalancing:DescribeTargetHealth\",\n        \"elasticloadbalancing:DescribeTargetGroups\",\n        \"elasticloadbalancing:DescribeTargetGroupAttributes\",\n        \"elasticloadbalancing:DescribeTags\",\n        \"elasticloadbalancing:DescribeSSLPolicies\",\n        \"elasticloadbalancing:DescribeRules\",\n        \"elasticloadbalancing:DescribeLoadBalancers\",\n        \"elasticloadbalancing:DescribeLoadBalancerAttributes\",\n        \"elasticloadbalancing:DescribeListeners\",\n        \"elasticloadbalancing:DescribeListenerCertificates\",\n        \"ec2:GetCoipPoolUsage\",\n        \"ec2:DescribeVpcs\",\n        \"ec2:DescribeTags\",\n        \"ec2:DescribeSubnets\",\n        \"ec2:DescribeSecurityGroups\",\n        \"ec2:DescribeNetworkInterfaces\",\n        \"ec2:DescribeInternetGateways\",\n        \"ec2:DescribeInstances\",\n        \"ec2:DescribeCoipPools\",\n        \"ec2:DescribeAvailabilityZones\",\n        \"ec2:DescribeAddresses\",\n        \"ec2:DescribeAccountAttributes\"\n      ],\n      \"Resource\": \"*\"\n    },\n    {\n      \"Effect\": \"Allow\",\n      \"Action\": [\n        \"wafv2:GetWebACLForResource\",\n        \"wafv2:GetWebACL\",\n        \"wafv2:DisassociateWebACL\",\n        \"wafv2:AssociateWebACL\",\n        \"waf-regional:GetWebACLForResource\",\n        \"waf-regional:GetWebACL\",\n        \"waf-regional:DisassociateWebACL\",\n        \"waf-regional:AssociateWebACL\",\n        \"shield:GetSubscriptionState\",\n        \"shield:DescribeSubscription\",\n        \"shield:DescribeProtection\",\n        \"shield:DeleteProtection\",\n        \"shield:CreateProtection\",\n        \"iam:ListServerCertificates\",\n        \"iam:GetServerCertificate\",\n        \"cognito-idp:DescribeUserPoolClient\",\n        \"acm:ListCertificates\",\n        \"acm:DescribeCertificate\"\n      ],\n      \"Resource\": \"*\"\n    },\n    {\n      \"Effect\": \"Allow\",\n      \"Action\": [\n        \"ec2:RevokeSecurityGroupIngress\",\n        \"ec2:AuthorizeSecurityGroupIngress\"\n      ],\n      \"Resource\": \"*\"\n    },\n    {\n      \"Effect\": \"Allow\",\n      \"Action\": [\n        \"ec2:DeleteSecurityGroup\",\n        \"ec2:CreateSecurityGroup\"\n      ],\n      \"Resource\": \"*\"\n    },\n    {\n      \"Effect\": \"Allow\",\n      \"Action\": \"ec2:CreateTags\",\n      \"Resource\": \"arn:aws:ec2:*:*:security-group/*\",\n      \"Condition\": {\n        \"Null\": {\n          \"aws:RequestedRegion\": \"false\"\n        },\n        \"StringEquals\": {\n          \"ec2:CreateAction\": \"CreateSecurityGroup\"\n        }\n      }\n    },\n    {\n      \"Effect\": \"Allow\",\n      \"Action\": [\n        \"elasticloadbalancing:CreateTargetGroup\",\n        \"elasticloadbalancing:CreateLoadBalancer\"\n      ],\n      \"Resource\": \"*\",\n      \"Condition\": {\n        \"Null\": {\n          \"aws:RequestedRegion\": \"false\"\n        }\n      }\n    },\n    {\n      \"Effect\": \"Allow\",\n      \"Action\": [\n        \"elasticloadbalancing:DeleteRule\",\n        \"elasticloadbalancing:DeleteListener\",\n        \"elasticloadbalancing:CreateRule\",\n        \"elasticloadbalancing:CreateListener\"\n      ],\n      \"Resource\": \"*\"\n    },\n    {\n      \"Effect\": \"Allow\",\n      \"Action\": [\n        \"elasticloadbalancing:RemoveTags\",\n        \"elasticloadbalancing:AddTags\"\n      ],\n      \"Resource\": [\n        \"arn:aws:elasticloadbalancing:*:*:targetgroup/*/*\",\n        \"arn:aws:elasticloadbalancing:*:*:loadbalancer/net/*/*\",\n        \"arn:aws:elasticloadbalancing:*:*:loadbalancer/app/*/*\"\n      ],\n      \"Condition\": {\n        \"Null\": {\n          \"aws:RequestedRegion\": \"false\"\n        }\n      }\n    },\n    {\n      \"Effect\": \"Allow\",\n      \"Action\": [\n        \"elasticloadbalancing:SetSubnets\",\n        \"elasticloadbalancing:SetSecurityGroups\",\n        \"elasticloadbalancing:SetIpAddressType\",\n        \"elasticloadbalancing:ModifyTargetGroupAttributes\",\n        \"elasticloadbalancing:ModifyTargetGroup\",\n        \"elasticloadbalancing:ModifyLoadBalancerAttributes\",\n        \"elasticloadbalancing:DeleteTargetGroup\",\n        \"elasticloadbalancing:DeleteLoadBalancer\"\n      ],\n      \"Resource\": \"*\",\n      \"Condition\": {\n        \"Null\": {\n          \"aws:ResourceTag/elbv2.k8s.aws/cluster\": \"false\"\n        }\n      }\n    },\n    {\n      \"Effect\": \"Allow\",\n      \"Action\": [\n        \"elasticloadbalancing:RegisterTargets\",\n        \"elasticloadbalancing:DeregisterTargets\"\n      ],\n      \"Resource\": \"arn:aws:elasticloadbalancing:*:*:targetgroup/*/*\"\n    },\n    {\n      \"Effect\": \"Allow\",\n      \"Action\": [\n        \"elasticloadbalancing:SetWebAcl\",\n        \"elasticloadbalancing:RemoveListenerCertificates\",\n        \"elasticloadbalancing:ModifyRule\",\n        \"elasticloadbalancing:ModifyListener\",\n        \"elasticloadbalancing:AddListenerCertificates\"\n      ],\n      \"Resource\": \"*\"\n    }\n  ]\n}",
            "minified_json": "{\"Version\":\"2012-10-17\",\"Statement\":[{\"Effect\":\"Allow\",\"Action\":[\"iam:CreateServiceLinkedRole\",\"elasticloadbalancing:DescribeTargetHealth\",\"elasticloadbalancing:DescribeTargetGroups\",\"elasticloadbalancing:DescribeTargetGroupAttributes\",\"elasticloadbalancing:DescribeTags\",\"elasticloadbalancing:DescribeSSLPolicies\",\"elasticloadbalancing:DescribeRules\",\"elasticloadbalancing:DescribeLoadBalancers\",\"elasticloadbalancing:DescribeLoadBalancerAttributes\",\"elasticloadbalancing:DescribeListeners\",\"elasticloadbalancing:DescribeListenerCertificates\",\"ec2:GetCoipPoolUsage\",\"ec2:DescribeVpcs\",\"ec2:DescribeTags\",\"ec2:DescribeSubnets\",\"ec2:DescribeSecurityGroups\",\"ec2:DescribeNetworkInterfaces\",\"ec2:DescribeInternetGateways\",\"ec2:DescribeInstances\",\"ec2:DescribeCoipPools\",\"ec2:DescribeAvailabilityZones\",\"ec2:DescribeAddresses\",\"ec2:DescribeAccountAttributes\"],\"Resource\":\"*\"},{\"Effect\":\"Allow\",\"Action\":[\"wafv2:GetWebACLForResource\",\"wafv2:GetWebACL\",\"wafv2:DisassociateWebACL\",\"wafv2:AssociateWebACL\",\"waf-regional:GetWebACLForResource\",\"waf-regional:GetWebACL\",\"waf-regional:DisassociateWebACL\",\"waf-regional:AssociateWebACL\",\"shield:GetSubscriptionState\",\"shield:DescribeSubscription\",\"shield:DescribeProtection\",\"shield:DeleteProtection\",\"shield:CreateProtection\",\"iam:ListServerCertificates\",\"iam:GetServerCertificate\",\"cognito-idp:DescribeUserPoolClient\",\"acm:ListCertificates\",\"acm:DescribeCertificate\"],\"Resource\":\"*\"},{\"Effect\":\"Allow\",\"Action\":[\"ec2:RevokeSecurityGroupIngress\",\"ec2:AuthorizeSecurityGroupIngress\"],\"Resource\":\"*\"},{\"Effect\":\"Allow\",\"Action\":[\"ec2:DeleteSecurityGroup\",\"ec2:CreateSecurityGroup\"],\"Resource\":\"*\"},{\"Effect\":\"Allow\",\"Action\":\"ec2:CreateTags\",\"Resource\":\"arn:aws:ec2:*:*:security-group/*\",\"Condition\":{\"Null\":{\"aws:RequestedRegion\":\"false\"},\"StringEquals\":{\"ec2:CreateAction\":\"CreateSecurityGroup\"}}},{\"Effect\":\"Allow\",\"Action\":[\"elasticloadbalancing:CreateTargetGroup\",\"elasticloadbalancing:CreateLoadBalancer\"],\"Resource\":\"*\",\"Condition\":{\"Null\":{\"aws:RequestedRegion\":\"false\"}}},{\"Effect\":\"Allow\",\"Action\":[\"elasticloadbalancing:DeleteRule\",\"elasticloadbalancing:DeleteListener\",\"elasticloadbalancing:CreateRule\",\"elasticloadbalancing:CreateListener\"],\"Resource\":\"*\"},{\"Effect\":\"Allow\",\"Action\":[\"elasticloadbalancing:RemoveTags\",\"elasticloadbalancing:AddTags\"],\"Resource\":[\"arn:aws:elasticloadbalancing:*:*:targetgroup/*/*\",\"arn:aws:elasticloadbalancing:*:*:loadbalancer/net/*/*\",\"arn:aws:elasticloadbalancing:*:*:loadbalancer/app/*/*\"],\"Condition\":{\"Null\":{\"aws:RequestedRegion\":\"false\"}}},{\"Effect\":\"Allow\",\"Action\":[\"elasticloadbalancing:SetSubnets\",\"elasticloadbalancing:SetSecurityGroups\",\"elasticloadbalancing:SetIpAddressType\",\"elasticloadbalancing:ModifyTargetGroupAttributes\",\"elasticloadbalancing:ModifyTargetGroup\",\"elasticloadbalancing:ModifyLoadBalancerAttributes\",\"elasticloadbalancing:DeleteTargetGroup\",\"elasticloadbalancing:DeleteLoadBalancer\"],\"Resource\":\"*\",\"Condition\":{\"Null\":{\"aws:ResourceTag/elbv2.k8s.aws/cluster\":\"false\"}}},{\"Effect\":\"Allow\",\"Action\":[\"elasticloadbalancing:RegisterTargets\",\"elasticloadbalancing:DeregisterTargets\"],\"Resource\":\"arn:aws:elasticloadbalancing:*:*:targetgroup/*/*\"},{\"Effect\":\"Allow\",\"Action\":[\"elasticloadbalancing:SetWebAcl\",\"elasticloadbalancing:RemoveListenerCertificates\",\"elasticloadbalancing:ModifyRule\",\"elasticloadbalancing:ModifyListener\",\"elasticloadbalancing:AddListenerCertificates\"],\"Resource\":\"*\"}]}",
            "override_json": null,
            "override_policy_documents": null,
            "policy_id": null,
            "source_json": null,
            "source_policy_documents": null,
            "statement": [
              {
                "actions": [
                  "ec2:DescribeAccountAttributes",
                  "ec2:DescribeAddresses",
                  "ec2:DescribeAvailabilityZones",
                  "ec2:DescribeCoipPools",
                  "ec2:DescribeInstances",
                  "ec2:DescribeInternetGateways",
                  "ec2:DescribeNetworkInterfaces",
                  "ec2:DescribeSecurityGroups",
                  "ec2:DescribeSubnets",
                  "ec2:DescribeTags",
                  "ec2:DescribeVpcs",
                  "ec2:GetCoipPoolUsage",
                  "elasticloadbalancing:DescribeListenerCertificates",
                  "elasticloadbalancing:DescribeListeners",
                  "elasticloadbalancing:DescribeLoadBalancerAttributes",
                  "elasticloadbalancing:DescribeLoadBalancers",
                  "elasticloadbalancing:DescribeRules",
                  "elasticloadbalancing:DescribeSSLPolicies",
                  "elasticloadbalancing:DescribeTags",
                  "elasticloadbalancing:DescribeTargetGroupAttributes",
                  "elasticloadbalancing:DescribeTargetGroups",
                  "elasticloadbalancing:DescribeTargetHealth",
                  "iam:CreateServiceLinkedRole"
                ],
                "condition": [],
                "effect": "Allow",
                "not_actions": [],
                "not_principals": [],
                "not_resources": [],
                "principals": [],
                "resources": [
                  "*"
                ],
                "sid": ""
              },
              {
                "actions": [
                  "acm:DescribeCertificate",
                  "acm:ListCertificates",
                  "cognito-idp:DescribeUserPoolClient",
                  "iam:GetServerCertificate",
                  "iam:ListServerCertificates",
                  "shield:CreateProtection",
                  "shield:DeleteProtection",
                  "shield:DescribeProtection",
                  "shield:DescribeSubscription",
                  "shield:GetSubscriptionState",
                  "waf-regional:AssociateWebACL",
                  "waf-regional:DisassociateWebACL",
                  "waf-regional:GetWebACL",
                  "waf-regional:GetWebACLForResource",
                  "wafv2:AssociateWebACL",
                  "wafv2:DisassociateWebACL",
                  "wafv2:GetWebACL",
                  "wafv2:GetWebACLForResource"
                ],
                "condition": [],
                "effect": "Allow",
                "not_actions": [],
                "not_principals": [],
                "not_resources": [],
                "principals": [],
                "resources": [
                  "*"
                ],
                "sid": ""
              },
              {
                "actions": [
                  "ec2:AuthorizeSecurityGroupIngress",
                  "ec2:RevokeSecurityGroupIngress"
                ],
                "condition": [],
                "effect": "Allow",
                "not_actions": [],
                "not_principals": [],
                "not_resources": [],
                "principals": [],
                "resources": [
                  "*"
                ],
                "sid": ""
              },
              {
                "actions": [
                  "ec2:CreateSecurityGroup",
                  "ec2:DeleteSecurityGroup"
                ],
                "condition": [],
                "effect": "Allow",
                "not_actions": [],
                "not_principals": [],
                "not_resources": [],
                "principals": [],
                "resources": [
                  "*"
                ],
                "sid": ""
              },
              {
                "actions": [
                  "ec2:CreateTags"
                ],
                "condition": [
                  {
                    "test": "Null",
                    "values": [
                      "false"
                    ],
                    "variable": "aws:RequestedRegion"
                  },
                  {
                    "test": "StringEquals",
                    "values": [
                      "CreateSecurityGroup"
                    ],
                    "variable": "ec2:CreateAction"
                  }
                ],
                "effect": "Allow",
                "not_actions": [],
                "not_principals": [],
                "not_resources": [],
                "principals": [],
                "resources": [
                  "arn:aws:ec2:*:*:security-group/*"
                ],
                "sid": ""
              },
              {
                "actions": [
                  "elasticloadbalancing:CreateLoadBalancer",
                  "elasticloadbalancing:CreateTargetGroup"
                ],
                "condition": [
                  {
                    "test": "Null",
                    "values": [
                      "false"
                    ],
                    "variable": "aws:RequestedRegion"
                  }
                ],
                "effect": "Allow",
                "not_actions": [],
                "not_principals": [],
                "not_resources": [],
                "principals": [],
                "resources": [
                  "*"
                ],
                "sid": ""
              },
              {
                "actions": [
                  "elasticloadbalancing:CreateListener",
                  "elasticloadbalancing:CreateRule",
                  "elasticloadbalancing:DeleteListener",
                  "elasticloadbalancing:DeleteRule"
                ],
                "condition": [],
                "effect": "Allow",
                "not_actions": [],
                "not_principals": [],
                "not_resources": [],
                "principals": [],
                "resources": [
                  "*"
                ],
                "sid": ""
              },
              {
                "actions": [
                  "elasticloadbalancing:AddTags",
                  "elasticloadbalancing:RemoveTags"
                ],
                "condition": [
                  {
                    "test": "Null",
                    "values": [
                      "false"
                    ],
                    "variable": "aws:RequestedRegion"
                  }
                ],
                "effect": "Allow",
                "not_actions": [],
                "not_principals": [],
                "not_resources": [],
                "principals": [],
                "resources": [
                  "arn:aws:elasticloadbalancing:*:*:loadbalancer/app/*/*",
                  "arn:aws:elasticloadbalancing:*:*:loadbalancer/net/*/*",
                  "arn:aws:elasticloadbalancing:*:*:targetgroup/*/*"
                ],
                "sid": ""
              },
              {
                "actions": [
                  "elasticloadbalancing:DeleteLoadBalancer",
                  "elasticloadbalancing:DeleteTargetGroup",
                  "elasticloadbalancing:ModifyLoadBalancerAttributes",
                  "elasticloadbalancing:ModifyTargetGroup",
                  "elasticloadbalancing:ModifyTargetGroupAttributes",
                  "elasticloadbalancing:SetIpAddressType",
                  "elasticloadbalancing:SetSecurityGroups",
                  "elasticloadbalancing:SetSubnets"
                ],
                "condition": [
                  {
                    "test": "Null",
                    "values": [
                      "false"
                    ],
                    "variable": "aws:ResourceTag/elbv2.k8s.aws/cluster"
                  }
                ],
                "effect": "Allow",
                "not_actions": [],
                "not_principals": [],
                "not_resources": [],
                "principals": [],
                "resources": [
                  "*"
                ],
                "sid": ""
              },
              {
                "actions": [
                  "elasticloadbalancing:DeregisterTargets",
                  "elasticloadbalancing:RegisterTargets"
                ],
                "condition": [],
                "effect": "Allow",
                "not_actions": [],
                "not_principals": [],
                "not_resources": [],
                "principals": [],
                "resources": [
                  "arn:aws:elasticloadbalancing:*:*:targetgroup/*/*"
                ],
                "sid": ""
              },
              {
                "actions": [
                  "elasticloadbalancing:AddListenerCertificates",
                  "elasticloadbalancing:ModifyListener",
                  "elasticloadbalancing:ModifyRule",
                  "elasticloadbalancing:RemoveListenerCertificates",
                  "elasticloadbalancing:SetWebAcl"
                ],
                "condition": [],
                "effect": "Allow",
                "not_actions": [],
                "not_principals": [],
                "not_resources": [],
                "principals": [],
                "resources": [
                  "*"
                ],
                "sid": ""
              }
            ],
            "version": "2012-10-17"
          },
          "sensitive_attributes": [],
          "identity_schema_version": 0
        }
      ]
    },
    {
      "mode": "data",
      "type": "aws_iam_policy_document",
      "name": "ebs_csi_driver",
      "provider": "provider[\"registry.terraform.io/hashicorp/aws\"]",
      "instances": [
        {
          "schema_version": 0,
          "attributes": {
            "id": "819195744",
            "json": "{\n  \"Version\": \"2012-10-17\",\n  \"Statement\": [\n    {\n      \"Effect\": \"Allow\",\n      \"Action\": [\n        \"sts:TagSession\",\n        \"sts:AssumeRole\"\n      ],\n      \"Principal\": {\n        \"Service\": \"pods.eks.amazonaws.com\"\n      }\n    }\n  ]\n}",
            "minified_json": "{\"Version\":\"2012-10-17\",\"Statement\":[{\"Effect\":\"Allow\",\"Action\":[\"sts:TagSession\",\"sts:AssumeRole\"],\"Principal\":{\"Service\":\"pods.eks.amazonaws.com\"}}]}",
            "override_json": null,
            "override_policy_documents": null,
            "policy_id": null,
            "source_json": null,
            "source_policy_documents": null,
            "statement": [
              {
                "actions": [
                  "sts:AssumeRole",
                  "sts:TagSession"
                ],
                "condition": [],
                "effect": "Allow",
                "not_actions": [],
                "not_principals": [],
                "not_resources": [],
                "principals": [
                  {
                    "identifiers": [
                      "pods.eks.amazonaws.com"
                    ],
                    "type": "Service"
                  }
                ],
                "resources": [],
                "sid": ""
              }
            ],
            "version": "2012-10-17"
          },
          "sensitive_attributes": [],
          "identity_schema_version": 0
        }
      ]
    },
    {
      "mode": "data",
      "type": "aws_iam_policy_document",
      "name": "jenkins_assume_role",
      "provider": "provider[\"registry.terraform.io/hashicorp/aws\"]",
      "instances": [
        {
          "schema_version": 0,
          "attributes": {
            "id": "2851119427",
            "json": "{\n  \"Version\": \"2012-10-17\",\n  \"Statement\": [\n    {\n      \"Effect\": \"Allow\",\n      \"Action\": \"sts:AssumeRole\",\n      \"Principal\": {\n        \"Service\": \"ec2.amazonaws.com\"\n      }\n    }\n  ]\n}",
            "minified_json": "{\"Version\":\"2012-10-17\",\"Statement\":[{\"Effect\":\"Allow\",\"Action\":\"sts:AssumeRole\",\"Principal\":{\"Service\":\"ec2.amazonaws.com\"}}]}",
            "override_json": null,
            "override_policy_documents": null,
            "policy_id": null,
            "source_json": null,
            "source_policy_documents": null,
            "statement": [
              {
                "actions": [
                  "sts:AssumeRole"
                ],
                "condition": [],
                "effect": "Allow",
                "not_actions": [],
                "not_principals": [],
                "not_resources": [],
                "principals": [
                  {
                    "identifiers": [
                      "ec2.amazonaws.com"
                    ],
                    "type": "Service"
                  }
                ],
                "resources": [],
                "sid": ""
              }
            ],
            "version": "2012-10-17"
          },
          "sensitive_attributes": [],
          "identity_schema_version": 0
        }
      ]
    },
    {
      "mode": "data",
      "type": "aws_iam_policy_document",
      "name": "jenkins_policy",
      "provider": "provider[\"registry.terraform.io/hashicorp/aws\"]",
      "instances": [
        {
          "schema_version": 0,
          "attributes": {
            "id": "2336999336",
            "json": "{\n  \"Version\": \"2012-10-17\",\n  \"Statement\": [\n    {\n      \"Effect\": \"Allow\",\n      \"Action\": [\n        \"ecr:UploadLayerPart\",\n        \"ecr:PutImage\",\n        \"ecr:InitiateLayerUpload\",\n        \"ecr:GetDownloadUrlForLayer\",\n        \"ecr:GetAuthorizationToken\",\n        \"ecr:CompleteLayerUpload\",\n        \"ecr:BatchGetImage\",\n        \"ecr:BatchDeleteImage\",\n        \"ecr:BatchCheckLayerAvailability\"\n      ],\n      \"Resource\": \"*\"\n    },\n    {\n      \"Effect\": \"Allow\",\n      \"Action\": [\n        \"s3:PutObject\",\n        \"s3:GetObject\",\n        \"s3:DeleteObject\"\n      ],\n      \"Resource\": \"arn:aws:s3:::go-micro-jenkins-artifacts/*\"\n    }\n  ]\n}",
            "minified_json": "{\"Version\":\"2012-10-17\",\"Statement\":[{\"Effect\":\"Allow\",\"Action\":[\"ecr:UploadLayerPart\",\"ecr:PutImage\",\"ecr:InitiateLayerUpload\",\"ecr:GetDownloadUrlForLayer\",\"ecr:GetAuthorizationToken\",\"ecr:CompleteLayerUpload\",\"ecr:BatchGetImage\",\"ecr:BatchDeleteImage\",\"ecr:BatchCheckLayerAvailability\"],\"Resource\":\"*\"},{\"Effect\":\"Allow\",\"Action\":[\"s3:PutObject\",\"s3:GetObject\",\"s3:DeleteObject\"],\"Resource\":\"arn:aws:s3:::go-micro-jenkins-artifacts/*\"}]}",
            "override_json": null,
            "override_policy_documents": null,
            "policy_id": null,
            "source_json": null,
            "source_policy_documents": null,
            "statement": [
              {
                "actions": [
                  "ecr:BatchCheckLayerAvailability",
                  "ecr:BatchDeleteImage",
                  "ecr:BatchGetImage",
                  "ecr:CompleteLayerUpload",
                  "ecr:GetAuthorizationToken",
                  "ecr:GetDownloadUrlForLayer",
                  "ecr:InitiateLayerUpload",
                  "ecr:PutImage",
                  "ecr:UploadLayerPart"
                ],
                "condition": [],
                "effect": "Allow",
                "not_actions": [],
                "not_principals": [],
                "not_resources": [],
                "principals": [],
                "resources": [
                  "*"
                ],
                "sid": ""
              },
              {
                "actions": [
                  "s3:DeleteObject",
                  "s3:GetObject",
                  "s3:PutObject"
                ],
                "condition": [],
                "effect": "Allow",
                "not_actions": [],
                "not_principals": [],
                "not_resources": [],
                "principals": [],
                "resources": [
                  "arn:aws:s3:::go-micro-jenkins-artifacts/*"
                ],
                "sid": ""
              }
            ],
            "version": "2012-10-17"
          },
          "sensitive_attributes": [],
          "identity_schema_version": 0
        }
      ]
    },
    {
      "mode": "data",
      "type": "tls_certificate",
      "name": "eks",
      "provider": "provider[\"registry.terraform.io/hashicorp/tls\"]",
      "instances": [
        {
          "schema_version": 0,
          "attributes": {
            "certificates": [
              {
                "cert_pem": "-----BEGIN CERTIFICATE-----\nMIIEkjCCA3qgAwIBAgITBn+USionzfP6wq4rAfkI7rnExjANBgkqhkiG9w0BAQsF\nADCBmDELMAkGA1UEBhMCVVMxEDAOBgNVBAgTB0FyaXpvbmExEzARBgNVBAcTClNj\nb3R0c2RhbGUxJTAjBgNVBAoTHFN0YXJmaWVsZCBUZWNobm9sb2dpZXMsIEluYy4x\nOzA5BgNVBAMTMlN0YXJmaWVsZCBTZXJ2aWNlcyBSb290IENlcnRpZmljYXRlIEF1\ndGhvcml0eSAtIEcyMB4XDTE1MDUyNTEyMDAwMFoXDTM3MTIzMTAxMDAwMFowOTEL\nMAkGA1UEBhMCVVMxDzANBgNVBAoTBkFtYXpvbjEZMBcGA1UEAxMQQW1hem9uIFJv\nb3QgQ0EgMTCCASIwDQYJKoZIhvcNAQEBBQADggEPADCCAQoCggEBALJ4gHHKeNXj\nca9HgFB0fW7Y14h29Jlo91ghYPl0hAEvrAIthtOgQ3pOsqTQNroBvo3bSMgHFzZM\n9O6II8c+6zf1tRn4SWiw3te5djgdYZ6k/oI2peVKVuRF4fn9tBb6dNqcmzU5L/qw\nIFAGbHrQgLKm+a/sRxmPUDgH3KKHOVj4utWp+UhnMJbulHheb4mjUcAwhmahRWa6\nVOujw5H5SNz/0egwLX0tdHA114gk957EWW67c4cX8jJGKLhD+rcdqsq08p8kDi1L\n93FcXmn/6pUCyziKrlA4b9v7LWIbxcceVOF34GfID5yHI9Y/QCB/IIDEgEw+OyQm\njgSubJrIqg0CAwEAAaOCATEwggEtMA8GA1UdEwEB/wQFMAMBAf8wDgYDVR0PAQH/\nBAQDAgGGMB0GA1UdDgQWBBSEGMyFNOy8DJSULghZnMeyEE4KCDAfBgNVHSMEGDAW\ngBScXwDfqgHXMCs4iKK4bUqc8hGRgzB4BggrBgEFBQcBAQRsMGowLgYIKwYBBQUH\nMAGGImh0dHA6Ly9vY3NwLnJvb3RnMi5hbWF6b250cnVzdC5jb20wOAYIKwYBBQUH\nMAKGLGh0dHA6Ly9jcnQucm9vdGcyLmFtYXpvbnRydXN0LmNvbS9yb290ZzIuY2Vy\nMD0GA1UdHwQ2MDQwMqAwoC6GLGh0dHA6Ly9jcmwucm9vdGcyLmFtYXpvbnRydXN0\nLmNvbS9yb290ZzIuY3JsMBEGA1UdIAQKMAgwBgYEVR0gADANBgkqhkiG9w0BAQsF\nAAOCAQEAYjdCXLwQtT6LLOkMm2xF4gcAevnFWAu5CIw+7bMlPLVvUOTNNWqnkzSW\nMiGpSESrnO09tKpzbeR/FoCJbM8oAxiDR3mjEH4wW6w7sGDgd9QIpuEdfF7Au/ma\neyKdpwAJfqxGF4PcnCZXmTA5YpaP7dreqsXMGz7KQ2hsVxa81Q4gLv7/wmpdLqBK\nbRRYh5TmOTFffHPLkIhqhBGWJ6bt2YFGpn6jcgAKUj6DiAdjd4lpFw85hdKrCEVN\n0FE6/V1dN2RMfjCyVSRCnTawXZwXgWHxyvkQAiSr6w10kY17RSlQOYiypok1JR4U\nakcjMS9cmvqtmg5iUaQqqcT5NJ0hGA==\n-----END CERTIFICATE-----\n",
                "is_ca": true,
                "issuer": "CN=Starfield Services Root Certificate Authority - G2,O=Starfield Technologies\\, Inc.,L=Scottsdale,ST=Arizona,C=US",
                "not_after": "2037-12-31T01:00:00Z",
                "not_before": "2015-05-25T12:00:00Z",
                "public_key_algorithm": "RSA",
                "serial_number": "144918191876577076464031512351042010504348870",
                "sha1_fingerprint": "06b25927c42a721631c1efd9431e648fa62e1e39",
                "signature_algorithm": "SHA256-RSA",
                "subject": "CN=Amazon Root CA 1,O=Amazon,C=US",
                "version": 3
              },
              {
                "cert_pem": "-----BEGIN CERTIFICATE-----\nMIIEXjCCA0agAwIBAgITB3MSOAudZoijOx7Zv5zNpo4ODzANBgkqhkiG9w0BAQsF\nADA5MQswCQYDVQQGEwJVUzEPMA0GA1UEChMGQW1hem9uMRkwFwYDVQQDExBBbWF6\nb24gUm9vdCBDQSAxMB4XDTIyMDgyMzIyMjEyOFoXDTMwMDgyMzIyMjEyOFowPDEL\nMAkGA1UEBhMCVVMxDzANBgNVBAoTBkFtYXpvbjEcMBoGA1UEAxMTQW1hem9uIFJT\nQSAyMDQ4IE0wMTCCASIwDQYJKoZIhvcNAQEBBQADggEPADCCAQoCggEBAOtxLKnL\nH4gokjIwr4pXD3i3NyWVVYesZ1yX0yLI2qIUZ2t88Gfa4gMqs1YSXca1R/lnCKeT\nepWSGA+0+fkQNpp/L4C2T7oTTsddUx7g3ZYzByDTlrwS5HRQQqEFE3O1T5tEJP4t\nf+28IoXsNiEzl3UGzicYgtzj2cWCB41eJgEmJmcf2T8TzzK6a614ZPyq/w4CPAff\nnAV4coz96nW3AyiE2uhuB4zQUIXvgVSycW7sbWLvj5TDXunEpNCRwC4kkZjK7rol\njtT2cbb7W2s4Bkg3R42G3PLqBvt2N32e/0JOTViCk8/iccJ4sXqrS1uUN4iB5Nmv\nJK74csVl+0u0UecCAwEAAaOCAVowggFWMBIGA1UdEwEB/wQIMAYBAf8CAQAwDgYD\nVR0PAQH/BAQDAgGGMB0GA1UdJQQWMBQGCCsGAQUFBwMBBggrBgEFBQcDAjAdBgNV\nHQ4EFgQUgbgOY4qJEhjl+js7UJWf5uWQE4UwHwYDVR0jBBgwFoAUhBjMhTTsvAyU\nlC4IWZzHshBOCggwewYIKwYBBQUHAQEEbzBtMC8GCCsGAQUFBzABhiNodHRwOi8v\nb2NzcC5yb290Y2ExLmFtYXpvbnRydXN0LmNvbTA6BggrBgEFBQcwAoYuaHR0cDov\nL2NydC5yb290Y2ExLmFtYXpvbnRydXN0LmNvbS9yb290Y2ExLmNlcjA/BgNVHR8E\nODA2MDSgMqAwhi5odHRwOi8vY3JsLnJvb3RjYTEuYW1hem9udHJ1c3QuY29tL3Jv\nb3RjYTEuY3JsMBMGA1UdIAQMMAowCAYGZ4EMAQIBMA0GCSqGSIb3DQEBCwUAA4IB\nAQCtAN4CBSMuBjJitGuxlBbkEUDeK/pZwTXv4KqPK0G50fOHOQAd8j21p0cMBgbG\nkfMHVwLU7b0XwZCav0h1ogdPMN1KakK1DT0VwA/+hFvGPJnMV1Kx2G4S1ZaSk0uU\n5QfoiYIIano01J5k4T2HapKQmmOhS/iPtuo00wW+IMLeBuKMn3OLn005hcrOGTad\nhcmeyfhQP7Z+iKHvyoQGi1C0ClymHETx/chhQGDyYSWqB/THwnN15AwLQo0E5V9E\nSJlbe4mBlqeInUsNYugExNf+tOiybcrswBy8OFsd34XOW3rjSUtsuafd9AWySa3h\nxRRrwszrzX/WWGm6wyB+f7C4\n-----END CERTIFICATE-----\n",
                "is_ca": true,
                "issuer": "CN=Amazon Root CA 1,O=Amazon,C=US",
                "not_after": "2030-08-23T22:21:28Z",
                "not_before": "2022-08-23T22:21:28Z",
                "public_key_algorithm": "RSA",
                "serial_number": "166129328851546858514271303855646110030630415",
                "sha1_fingerprint": "2ad974a775f73cbdbbd8f5ac3a49255fa8fb1f8c",
                "signature_algorithm": "SHA256-RSA",
                "subject": "CN=Amazon RSA 2048 M01,O=Amazon,C=US",
                "version": 3
              },
              {
                "cert_pem": "-----BEGIN CERTIFICATE-----\nMIIF5TCCBM2gAwIBAgIQC2ZS5Lz+/zj/FE+0w5zR7DANBgkqhkiG9w0BAQsFADA8\nMQswCQYDVQQGEwJVUzEPMA0GA1UEChMGQW1hem9uMRwwGgYDVQQDExNBbWF6b24g\nUlNBIDIwNDggTTAxMB4XDTI1MTAwNjAwMDAwMFoXDTI2MDQwMTIzNTk1OVowLTEr\nMCkGA1UEAwwiKi5la3MuYXAtc291dGhlYXN0LTIuYW1hem9uYXdzLmNvbTCCASIw\nDQYJKoZIhvcNAQEBBQADggEPADCCAQoCggEBAKvAR8ZKatftl5WjDkTl0xJMo0rj\nrR8yiw5ntpBrkX0mFsvEfk8pZhbmKw4RISSZax125B67yqABPubazIzzwycQhX4z\nU7dHe6ZcIL5C5i/ysFoTtoiHZoYQ0h8flxyitABYdSo/cJ1MVegKCO4F/9ofWcXL\nZlGj9ghUmgEu+iLKlOJGzycfoHdiEWJv5zrNah8p2lCj4UU4xxHX9mAAVgxScCAx\n0yoYLIpRoIy0jn1a2EAicqua3G5tCQirKlJIh34hUJEOHgJlTOjJqcHtGmUBiLlp\nkF2F5yTnKRQ529CAZA/EpqpCK4ZzO3wEE0lZ49S260CEvP9j0alAXMeZeoECAwEA\nAaOCAvAwggLsMB8GA1UdIwQYMBaAFIG4DmOKiRIY5fo7O1CVn+blkBOFMB0GA1Ud\nDgQWBBRJ+sL8/8VFTWW1/ISR1bBtSFuQBDAtBgNVHREEJjAkgiIqLmVrcy5hcC1z\nb3V0aGVhc3QtMi5hbWF6b25hd3MuY29tMBMGA1UdIAQMMAowCAYGZ4EMAQIBMA4G\nA1UdDwEB/wQEAwIFoDATBgNVHSUEDDAKBggrBgEFBQcDATA7BgNVHR8ENDAyMDCg\nLqAshipodHRwOi8vY3JsLnIybTAxLmFtYXpvbnRydXN0LmNvbS9yMm0wMS5jcmww\ndQYIKwYBBQUHAQEEaTBnMC0GCCsGAQUFBzABhiFodHRwOi8vb2NzcC5yMm0wMS5h\nbWF6b250cnVzdC5jb20wNgYIKwYBBQUHMAKGKmh0dHA6Ly9jcnQucjJtMDEuYW1h\nem9udHJ1c3QuY29tL3IybTAxLmNlcjAMBgNVHRMBAf8EAjAAMIIBfQYKKwYBBAHW\neQIEAgSCAW0EggFpAWcAdgAOV5S8866pPjMbLJkHs/eQ35vCPXEyJd0hqSWsYcVO\nIQAAAZm7WvLNAAAEAwBHMEUCIQCescG8njdeMcIlPdrCyaFpgTViTuA60xOyoLCC\nweAD+wIgOzlO2Mxxac2rH0Ny3f+YKhqt1QsiWdB6G7KTSqgPmyEAdgBkEcRspBLs\np4kcogIuALyrTygH1B41J6vq/tUDyX3N8AAAAZm7WvMMAAAEAwBHMEUCIFm3aRZS\nf7Z+6Px4pkzykuEJnTgb0vP2EXuIFd3I4fTUAiEAmuFm2/GD4jXNDO6AEB2gQK5I\ne5RtlGqa8slXWJ5OS10AdQBJnJtp3h187Pw23s2HZKa4W68Kh4AZ0VVS++nrKd34\nwwAAAZm7WvMPAAAEAwBGMEQCIE3tqTCqjKwSW5GindUq4qDbY7JkdiuE3jZxB6uI\n5+WPAiASHcO/3twBegwl+hXRIVbqJSB2UTbTXtqPPtsEbkgp0jANBgkqhkiG9w0B\nAQsFAAOCAQEAbSSEG9lkpOXxlSVsGJ0aczoXintKjfqd/+kLU7K67y7urZoGLj2v\nNHEbOG2Tknqm5SU9iZpXhMjGKdXfW54K/wa019xyMSXm/exxrwWtqtOtu9rpdrSu\n1im01/bas7D0tVKnVe4J1uC7iDEP+rj6g5sPwKpr6xPuv+mO5qGPoABG+GxNwXMI\ni67VuWc5w0+uQX29a7tA2j7DeYeqBE6rpmSwLQlViRh3HbfXY6rDw9OTA9mFo4q4\nNPVkPxQ5V4nTvVl3Mly2kE+AB2gZwX0WUxtgsYIdpSCUEJK76FAQB56FmQV4HI1B\nbjyNoU7gVjIBRLzRFMEYDiG5ikhcK/3zng==\n-----END CERTIFICATE-----\n",
                "is_ca": false,
                "issuer": "CN=Amazon RSA 2048 M01,O=Amazon,C=US",
                "not_after": "2026-04-01T23:59:59Z",
                "not_before": "2025-10-06T00:00:00Z",
                "public_key_algorithm": "RSA",
                "serial_number": "15152803513304633968741915526189339116",
                "sha1_fingerprint": "a967fed195c20d049e89342111ae419bdf8c5a14",
                "signature_algorithm": "SHA256-RSA",
                "subject": "CN=*.eks.ap-southeast-2.amazonaws.com",
                "version": 3
              }
            ],
            "content": null,
            "id": "12808b8c317badf0d0f91b4cf84722da9610296b",
            "url": "https://oidc.eks.ap-southeast-2.amazonaws.com/id/395CF8DEA5CCF80D4EEF94371FA96E67",
            "verify_chain": true
          },
          "sensitive_attributes": [],
          "identity_schema_version": 0
        }
      ]
    },
    {
      "mode": "managed",
      "type": "aws_ecr_lifecycle_policy",
      "name": "repository_policy",
      "provider": "provider[\"registry.terraform.io/hashicorp/aws\"]",
      "instances": [
        {
          "index_key": "api-gateway",
          "schema_version": 0,
          "attributes": {
            "id": "api-gateway",
            "policy": "{\"rules\":[{\"action\":{\"type\":\"expire\"},\"description\":\"Keep last 10 images\",\"rulePriority\":1,\"selection\":{\"countNumber\":10,\"countType\":\"imageCountMoreThan\",\"tagPrefixList\":[\"v\"],\"tagStatus\":\"tagged\"}}]}",
            "region": "ap-southeast-2",
            "registry_id": "398045402467",
            "repository": "api-gateway"
          },
          "sensitive_attributes": [],
          "identity_schema_version": 0,
          "identity": {
            "account_id": "398045402467",
            "region": "ap-southeast-2",
            "repository": "api-gateway"
          },
          "private": "bnVsbA==",
          "dependencies": [
            "aws_ecr_repository.repositories"
          ]
        },
        {
          "index_key": "client",
          "schema_version": 0,
          "attributes": {
            "id": "client",
            "policy": "{\"rules\":[{\"action\":{\"type\":\"expire\"},\"description\":\"Keep last 10 images\",\"rulePriority\":1,\"selection\":{\"countNumber\":10,\"countType\":\"imageCountMoreThan\",\"tagPrefixList\":[\"v\"],\"tagStatus\":\"tagged\"}}]}",
            "region": "ap-southeast-2",
            "registry_id": "398045402467",
            "repository": "client"
          },
          "sensitive_attributes": [],
          "identity_schema_version": 0,
          "identity": {
            "account_id": "398045402467",
            "region": "ap-southeast-2",
            "repository": "client"
          },
          "private": "bnVsbA==",
          "dependencies": [
            "aws_ecr_repository.repositories"
          ]
        },
        {
          "index_key": "inventory-service",
          "schema_version": 0,
          "attributes": {
            "id": "inventory-service",
            "policy": "{\"rules\":[{\"action\":{\"type\":\"expire\"},\"description\":\"Keep last 10 images\",\"rulePriority\":1,\"selection\":{\"countNumber\":10,\"countType\":\"imageCountMoreThan\",\"tagPrefixList\":[\"v\"],\"tagStatus\":\"tagged\"}}]}",
            "region": "ap-southeast-2",
            "registry_id": "398045402467",
            "repository": "inventory-service"
          },
          "sensitive_attributes": [],
          "identity_schema_version": 0,
          "identity": {
            "account_id": "398045402467",
            "region": "ap-southeast-2",
            "repository": "inventory-service"
          },
          "private": "bnVsbA==",
          "dependencies": [
            "aws_ecr_repository.repositories"
          ]
        },
        {
          "index_key": "notification-service",
          "schema_version": 0,
          "attributes": {
            "id": "notification-service",
            "policy": "{\"rules\":[{\"action\":{\"type\":\"expire\"},\"description\":\"Keep last 10 images\",\"rulePriority\":1,\"selection\":{\"countNumber\":10,\"countType\":\"imageCountMoreThan\",\"tagPrefixList\":[\"v\"],\"tagStatus\":\"tagged\"}}]}",
            "region": "ap-southeast-2",
            "registry_id": "398045402467",
            "repository": "notification-service"
          },
          "sensitive_attributes": [],
          "identity_schema_version": 0,
          "identity": {
            "account_id": "398045402467",
            "region": "ap-southeast-2",
            "repository": "notification-service"
          },
          "private": "bnVsbA==",
          "dependencies": [
            "aws_ecr_repository.repositories"
          ]
        },
        {
          "index_key": "order-service",
          "schema_version": 0,
          "attributes": {
            "id": "order-service",
            "policy": "{\"rules\":[{\"action\":{\"type\":\"expire\"},\"description\":\"Keep last 10 images\",\"rulePriority\":1,\"selection\":{\"countNumber\":10,\"countType\":\"imageCountMoreThan\",\"tagPrefixList\":[\"v\"],\"tagStatus\":\"tagged\"}}]}",
            "region": "ap-southeast-2",
            "registry_id": "398045402467",
            "repository": "order-service"
          },
          "sensitive_attributes": [],
          "identity_schema_version": 0,
          "identity": {
            "account_id": "398045402467",
            "region": "ap-southeast-2",
            "repository": "order-service"
          },
          "private": "bnVsbA==",
          "dependencies": [
            "aws_ecr_repository.repositories"
          ]
        },
        {
          "index_key": "payment-service",
          "schema_version": 0,
          "attributes": {
            "id": "payment-service",
            "policy": "{\"rules\":[{\"action\":{\"type\":\"expire\"},\"description\":\"Keep last 10 images\",\"rulePriority\":1,\"selection\":{\"countNumber\":10,\"countType\":\"imageCountMoreThan\",\"tagPrefixList\":[\"v\"],\"tagStatus\":\"tagged\"}}]}",
            "region": "ap-southeast-2",
            "registry_id": "398045402467",
            "repository": "payment-service"
          },
          "sensitive_attributes": [],
          "identity_schema_version": 0,
          "identity": {
            "account_id": "398045402467",
            "region": "ap-southeast-2",
            "repository": "payment-service"
          },
          "private": "bnVsbA==",
          "dependencies": [
            "aws_ecr_repository.repositories"
          ]
        },
        {
          "index_key": "product-service",
          "schema_version": 0,
          "attributes": {
            "id": "product-service",
            "policy": "{\"rules\":[{\"action\":{\"type\":\"expire\"},\"description\":\"Keep last 10 images\",\"rulePriority\":1,\"selection\":{\"countNumber\":10,\"countType\":\"imageCountMoreThan\",\"tagPrefixList\":[\"v\"],\"tagStatus\":\"tagged\"}}]}",
            "region": "ap-southeast-2",
            "registry_id": "398045402467",
            "repository": "product-service"
          },
          "sensitive_attributes": [],
          "identity_schema_version": 0,
          "identity": {
            "account_id": "398045402467",
            "region": "ap-southeast-2",
            "repository": "product-service"
          },
          "private": "bnVsbA==",
          "dependencies": [
            "aws_ecr_repository.repositories"
          ]
        }
      ]
    },
    {
      "mode": "managed",
      "type": "aws_ecr_repository",
      "name": "repositories",
      "provider": "provider[\"registry.terraform.io/hashicorp/aws\"]",
      "instances": [
        {
          "index_key": "api-gateway",
          "schema_version": 0,
          "attributes": {
            "arn": "arn:aws:ecr:ap-southeast-2:398045402467:repository/api-gateway",
            "encryption_configuration": [
              {
                "encryption_type": "AES256",
                "kms_key": ""
              }
            ],
            "force_delete": true,
            "id": "api-gateway",
            "image_scanning_configuration": [
              {
                "scan_on_push": true
              }
            ],
            "image_tag_mutability": "MUTABLE",
            "image_tag_mutability_exclusion_filter": [],
            "name": "api-gateway",
            "region": "ap-southeast-2",
            "registry_id": "398045402467",
            "repository_url": "398045402467.dkr.ecr.ap-southeast-2.amazonaws.com/api-gateway",
            "tags": {
              "created_by": "terraform"
            },
            "tags_all": {
              "created_by": "terraform"
            },
            "timeouts": null
          },
          "sensitive_attributes": [],
          "identity_schema_version": 0,
          "identity": {
            "account_id": "398045402467",
            "name": "api-gateway",
            "region": "ap-southeast-2"
          },
          "private": "eyJlMmJmYjczMC1lY2FhLTExZTYtOGY4OC0zNDM2M2JjN2M0YzAiOnsiZGVsZXRlIjoxMjAwMDAwMDAwMDAwfX0="
        },
        {
          "index_key": "client",
          "schema_version": 0,
          "attributes": {
            "arn": "arn:aws:ecr:ap-southeast-2:398045402467:repository/client",
            "encryption_configuration": [
              {
                "encryption_type": "AES256",
                "kms_key": ""
              }
            ],
            "force_delete": true,
            "id": "client",
            "image_scanning_configuration": [
              {
                "scan_on_push": true
              }
            ],
            "image_tag_mutability": "MUTABLE",
            "image_tag_mutability_exclusion_filter": [],
            "name": "client",
            "region": "ap-southeast-2",
            "registry_id": "398045402467",
            "repository_url": "398045402467.dkr.ecr.ap-southeast-2.amazonaws.com/client",
            "tags": {
              "created_by": "terraform"
            },
            "tags_all": {
              "created_by": "terraform"
            },
            "timeouts": null
          },
          "sensitive_attributes": [],
          "identity_schema_version": 0,
          "identity": {
            "account_id": "398045402467",
            "name": "client",
            "region": "ap-southeast-2"
          },
          "private": "eyJlMmJmYjczMC1lY2FhLTExZTYtOGY4OC0zNDM2M2JjN2M0YzAiOnsiZGVsZXRlIjoxMjAwMDAwMDAwMDAwfX0="
        },
        {
          "index_key": "inventory-service",
          "schema_version": 0,
          "attributes": {
            "arn": "arn:aws:ecr:ap-southeast-2:398045402467:repository/inventory-service",
            "encryption_configuration": [
              {
                "encryption_type": "AES256",
                "kms_key": ""
              }
            ],
            "force_delete": true,
            "id": "inventory-service",
            "image_scanning_configuration": [
              {
                "scan_on_push": true
              }
            ],
            "image_tag_mutability": "MUTABLE",
            "image_tag_mutability_exclusion_filter": [],
            "name": "inventory-service",
            "region": "ap-southeast-2",
            "registry_id": "398045402467",
            "repository_url": "398045402467.dkr.ecr.ap-southeast-2.amazonaws.com/inventory-service",
            "tags": {
              "created_by": "terraform"
            },
            "tags_all": {
              "created_by": "terraform"
            },
            "timeouts": null
          },
          "sensitive_attributes": [],
          "identity_schema_version": 0,
          "identity": {
            "account_id": "398045402467",
            "name": "inventory-service",
            "region": "ap-southeast-2"
          },
          "private": "eyJlMmJmYjczMC1lY2FhLTExZTYtOGY4OC0zNDM2M2JjN2M0YzAiOnsiZGVsZXRlIjoxMjAwMDAwMDAwMDAwfX0="
        },
        {
          "index_key": "notification-service",
          "schema_version": 0,
          "attributes": {
            "arn": "arn:aws:ecr:ap-southeast-2:398045402467:repository/notification-service",
            "encryption_configuration": [
              {
                "encryption_type": "AES256",
                "kms_key": ""
              }
            ],
            "force_delete": true,
            "id": "notification-service",
            "image_scanning_configuration": [
              {
                "scan_on_push": true
              }
            ],
            "image_tag_mutability": "MUTABLE",
            "image_tag_mutability_exclusion_filter": [],
            "name": "notification-service",
            "region": "ap-southeast-2",
            "registry_id": "398045402467",
            "repository_url": "398045402467.dkr.ecr.ap-southeast-2.amazonaws.com/notification-service",
            "tags": {
              "created_by": "terraform"
            },
            "tags_all": {
              "created_by": "terraform"
            },
            "timeouts": null
          },
          "sensitive_attributes": [],
          "identity_schema_version": 0,
          "identity": {
            "account_id": "398045402467",
            "name": "notification-service",
            "region": "ap-southeast-2"
          },
          "private": "eyJlMmJmYjczMC1lY2FhLTExZTYtOGY4OC0zNDM2M2JjN2M0YzAiOnsiZGVsZXRlIjoxMjAwMDAwMDAwMDAwfX0="
        },
        {
          "index_key": "order-service",
          "schema_version": 0,
          "attributes": {
            "arn": "arn:aws:ecr:ap-southeast-2:398045402467:repository/order-service",
            "encryption_configuration": [
              {
                "encryption_type": "AES256",
                "kms_key": ""
              }
            ],
            "force_delete": true,
            "id": "order-service",
            "image_scanning_configuration": [
              {
                "scan_on_push": true
              }
            ],
            "image_tag_mutability": "MUTABLE",
            "image_tag_mutability_exclusion_filter": [],
            "name": "order-service",
            "region": "ap-southeast-2",
            "registry_id": "398045402467",
            "repository_url": "398045402467.dkr.ecr.ap-southeast-2.amazonaws.com/order-service",
            "tags": {
              "created_by": "terraform"
            },
            "tags_all": {
              "created_by": "terraform"
            },
            "timeouts": null
          },
          "sensitive_attributes": [],
          "identity_schema_version": 0,
          "identity": {
            "account_id": "398045402467",
            "name": "order-service",
            "region": "ap-southeast-2"
          },
          "private": "eyJlMmJmYjczMC1lY2FhLTExZTYtOGY4OC0zNDM2M2JjN2M0YzAiOnsiZGVsZXRlIjoxMjAwMDAwMDAwMDAwfX0="
        },
        {
          "index_key": "payment-service",
          "schema_version": 0,
          "attributes": {
            "arn": "arn:aws:ecr:ap-southeast-2:398045402467:repository/payment-service",
            "encryption_configuration": [
              {
                "encryption_type": "AES256",
                "kms_key": ""
              }
            ],
            "force_delete": true,
            "id": "payment-service",
            "image_scanning_configuration": [
              {
                "scan_on_push": true
              }
            ],
            "image_tag_mutability": "MUTABLE",
            "image_tag_mutability_exclusion_filter": [],
            "name": "payment-service",
            "region": "ap-southeast-2",
            "registry_id": "398045402467",
            "repository_url": "398045402467.dkr.ecr.ap-southeast-2.amazonaws.com/payment-service",
            "tags": {
              "created_by": "terraform"
            },
            "tags_all": {
              "created_by": "terraform"
            },
            "timeouts": null
          },
          "sensitive_attributes": [],
          "identity_schema_version": 0,
          "identity": {
            "account_id": "398045402467",
            "name": "payment-service",
            "region": "ap-southeast-2"
          },
          "private": "eyJlMmJmYjczMC1lY2FhLTExZTYtOGY4OC0zNDM2M2JjN2M0YzAiOnsiZGVsZXRlIjoxMjAwMDAwMDAwMDAwfX0="
        },
        {
          "index_key": "product-service",
          "schema_version": 0,
          "attributes": {
            "arn": "arn:aws:ecr:ap-southeast-2:398045402467:repository/product-service",
            "encryption_configuration": [
              {
                "encryption_type": "AES256",
                "kms_key": ""
              }
            ],
            "force_delete": true,
            "id": "product-service",
            "image_scanning_configuration": [
              {
                "scan_on_push": true
              }
            ],
            "image_tag_mutability": "MUTABLE",
            "image_tag_mutability_exclusion_filter": [],
            "name": "product-service",
            "region": "ap-southeast-2",
            "registry_id": "398045402467",
            "repository_url": "398045402467.dkr.ecr.ap-southeast-2.amazonaws.com/product-service",
            "tags": {
              "created_by": "terraform"
            },
            "tags_all": {
              "created_by": "terraform"
            },
            "timeouts": null
          },
          "sensitive_attributes": [],
          "identity_schema_version": 0,
          "identity": {
            "account_id": "398045402467",
            "name": "product-service",
            "region": "ap-southeast-2"
          },
          "private": "eyJlMmJmYjczMC1lY2FhLTExZTYtOGY4OC0zNDM2M2JjN2M0YzAiOnsiZGVsZXRlIjoxMjAwMDAwMDAwMDAwfX0="
        }
      ]
    },
    {
      "mode": "managed",
      "type": "aws_eip",
      "name": "jenkins_eip",
      "provider": "provider[\"registry.terraform.io/hashicorp/aws\"]",
      "instances": [
        {
          "schema_version": 0,
          "attributes": {
            "address": null,
            "allocation_id": "eipalloc-0b71c3c72ecaf9e03",
            "arn": "arn:aws:ec2:ap-southeast-2:398045402467:elastic-ip/eipalloc-0b71c3c72ecaf9e03",
            "associate_with_private_ip": null,
            "association_id": "eipassoc-017ad167db8927844",
            "carrier_ip": "",
            "customer_owned_ip": "",
            "customer_owned_ipv4_pool": "",
            "domain": "vpc",
            "id": "eipalloc-0b71c3c72ecaf9e03",
            "instance": "i-0d4dbca0283b4d38a",
            "ipam_pool_id": null,
            "network_border_group": "ap-southeast-2",
            "network_interface": "eni-06a86835ac87edc9b",
            "private_dns": "ip-10-0-71-57.ap-southeast-2.compute.internal",
            "private_ip": "10.0.71.57",
            "ptr_record": "",
            "public_dns": "ec2-52-62-191-15.ap-southeast-2.compute.amazonaws.com",
            "public_ip": "52.62.191.15",
            "public_ipv4_pool": "amazon",
            "region": "ap-southeast-2",
            "tags": {
              "Name": "go-micro-jenkins-eip"
            },
            "tags_all": {
              "Name": "go-micro-jenkins-eip"
            },
            "timeouts": null
          },
          "sensitive_attributes": [],
          "identity_schema_version": 0,
          "private": "eyJlMmJmYjczMC1lY2FhLTExZTYtOGY4OC0zNDM2M2JjN2M0YzAiOnsiZGVsZXRlIjoxODAwMDAwMDAwMDAsInJlYWQiOjkwMDAwMDAwMDAwMCwidXBkYXRlIjozMDAwMDAwMDAwMDB9fQ==",
          "dependencies": [
            "aws_iam_instance_profile.jenkins_profile",
            "aws_iam_role.jenkins_role",
            "aws_instance.jenkins",
            "aws_key_pair.jenkins_key",
            "aws_security_group.jenkins_sg",
            "aws_subnet.public_zone1",
            "aws_vpc.main",
            "data.aws_ami.ami",
            "data.aws_caller_identity.current",
            "data.aws_iam_policy_document.jenkins_assume_role",
            "tls_private_key.jenkins_key"
          ]
        }
      ]
    },
    {
      "mode": "managed",
      "type": "aws_eip",
      "name": "nat",
      "provider": "provider[\"registry.terraform.io/hashicorp/aws\"]",
      "instances": [
        {
          "schema_version": 0,
          "attributes": {
            "address": null,
            "allocation_id": "eipalloc-0c9ecbb59c9657524",
            "arn": "arn:aws:ec2:ap-southeast-2:398045402467:elastic-ip/eipalloc-0c9ecbb59c9657524",
            "associate_with_private_ip": null,
            "association_id": "",
            "carrier_ip": "",
            "customer_owned_ip": "",
            "customer_owned_ipv4_pool": "",
            "domain": "vpc",
            "id": "eipalloc-0c9ecbb59c9657524",
            "instance": "",
            "ipam_pool_id": null,
            "network_border_group": "ap-southeast-2",
            "network_interface": "",
            "private_dns": null,
            "private_ip": "",
            "ptr_record": "",
            "public_dns": "ec2-52-64-77-180.ap-southeast-2.compute.amazonaws.com",
            "public_ip": "52.64.77.180",
            "public_ipv4_pool": "amazon",
            "region": "ap-southeast-2",
            "tags": {
              "Name": "staging-nat"
            },
            "tags_all": {
              "Name": "staging-nat"
            },
            "timeouts": null
          },
          "sensitive_attributes": [],
          "identity_schema_version": 0,
          "private": "eyJlMmJmYjczMC1lY2FhLTExZTYtOGY4OC0zNDM2M2JjN2M0YzAiOnsiZGVsZXRlIjoxODAwMDAwMDAwMDAsInJlYWQiOjkwMDAwMDAwMDAwMCwidXBkYXRlIjozMDAwMDAwMDAwMDB9fQ=="
        }
      ]
    },
    {
      "mode": "managed",
      "type": "aws_eks_addon",
      "name": "ebs_csi_driver",
      "provider": "provider[\"registry.terraform.io/hashicorp/aws\"]",
      "instances": [
        {
          "schema_version": 0,
          "attributes": {
            "addon_name": "aws-ebs-csi-driver",
            "addon_version": "v1.30.0-eksbuild.1",
            "arn": "arn:aws:eks:ap-southeast-2:398045402467:addon/staging-demo/aws-ebs-csi-driver/08cd1806-4721-3a21-1362-6573cf0136e4",
            "cluster_name": "staging-demo",
            "configuration_values": "",
            "created_at": "2025-10-29T12:58:40Z",
            "id": "staging-demo:aws-ebs-csi-driver",
            "modified_at": "2025-10-29T13:03:57Z",
            "pod_identity_association": [],
            "preserve": null,
            "region": "ap-southeast-2",
            "resolve_conflicts_on_create": null,
            "resolve_conflicts_on_update": null,
            "service_account_role_arn": "arn:aws:iam::398045402467:role/staging-demo-ebs-csi-driver",
            "tags": null,
            "tags_all": {},
            "timeouts": null
          },
          "sensitive_attributes": [],
          "identity_schema_version": 0,
          "private": "eyJlMmJmYjczMC1lY2FhLTExZTYtOGY4OC0zNDM2M2JjN2M0YzAiOnsiY3JlYXRlIjoxMjAwMDAwMDAwMDAwLCJkZWxldGUiOjI0MDAwMDAwMDAwMDAsInVwZGF0ZSI6MTIwMDAwMDAwMDAwMH19",
          "dependencies": [
            "aws_eks_cluster.eks",
            "aws_iam_role.ebs_csi_driver",
            "aws_iam_role.eks",
            "aws_iam_role_policy_attachment.eks",
            "aws_subnet.private_zone1",
            "aws_subnet.private_zone2",
            "aws_subnet.public_zone1",
            "aws_subnet.public_zone2",
            "aws_vpc.main",
            "data.aws_iam_policy_document.ebs_csi_driver"
          ]
        }
      ]
    },
    {
      "mode": "managed",
      "type": "aws_eks_addon",
      "name": "pod_identity",
      "provider": "provider[\"registry.terraform.io/hashicorp/aws\"]",
      "instances": [
        {
          "schema_version": 0,
          "attributes": {
            "addon_name": "eks-pod-identity-agent",
            "addon_version": "v1.2.0-eksbuild.1",
            "arn": "arn:aws:eks:ap-southeast-2:398045402467:addon/staging-demo/eks-pod-identity-agent/94cd1806-42f7-6e72-63b4-b9f3a3bffeba",
            "cluster_name": "staging-demo",
            "configuration_values": "",
            "created_at": "2025-10-29T12:58:38Z",
            "id": "staging-demo:eks-pod-identity-agent",
            "modified_at": "2025-10-29T12:59:44Z",
            "pod_identity_association": [],
            "preserve": null,
            "region": "ap-southeast-2",
            "resolve_conflicts_on_create": null,
            "resolve_conflicts_on_update": null,
            "service_account_role_arn": "",
            "tags": null,
            "tags_all": {},
            "timeouts": null
          },
          "sensitive_attributes": [],
          "identity_schema_version": 0,
          "private": "eyJlMmJmYjczMC1lY2FhLTExZTYtOGY4OC0zNDM2M2JjN2M0YzAiOnsiY3JlYXRlIjoxMjAwMDAwMDAwMDAwLCJkZWxldGUiOjI0MDAwMDAwMDAwMDAsInVwZGF0ZSI6MTIwMDAwMDAwMDAwMH19",
          "dependencies": [
            "aws_eks_cluster.eks",
            "aws_iam_role.eks",
            "aws_iam_role_policy_attachment.eks",
            "aws_subnet.private_zone1",
            "aws_subnet.private_zone2",
            "aws_subnet.public_zone1",
            "aws_subnet.public_zone2",
            "aws_vpc.main"
          ]
        }
      ]
    },
    {
      "mode": "managed",
      "type": "aws_eks_cluster",
      "name": "eks",
      "provider": "provider[\"registry.terraform.io/hashicorp/aws\"]",
      "instances": [
        {
          "schema_version": 1,
          "attributes": {
            "access_config": [
              {
                "authentication_mode": "API",
                "bootstrap_cluster_creator_admin_permissions": true
              }
            ],
            "arn": "arn:aws:eks:ap-southeast-2:398045402467:cluster/staging-demo",
            "bootstrap_self_managed_addons": true,
            "certificate_authority": [
              {
                "data": "LS0tLS1CRUdJTiBDRVJUSUZJQ0FURS0tLS0tCk1JSURCVENDQWUyZ0F3SUJBZ0lJRWt0aU9IQzFjUE13RFFZSktvWklodmNOQVFFTEJRQXdGVEVUTUJFR0ExVUUKQXhNS2EzVmlaWEp1WlhSbGN6QWVGdzB5TlRFd01qa3hNalV4TkRGYUZ3MHpOVEV3TWpjeE1qVTJOREZhTUJVeApFekFSQmdOVkJBTVRDbXQxWW1WeWJtVjBaWE13Z2dFaU1BMEdDU3FHU0liM0RRRUJBUVVBQTRJQkR3QXdnZ0VLCkFvSUJBUUMvL05CZGNpdUczcWVuNzRiYm14V1RHN1VxWWszazRtRzRvdHA4cGZhMUtrTkNLMEczN01iSzlKRnAKVW14LzZpNWtxaEVDWFFyazdrTzNRbjVPM1JIY1ltck5RTEw3NVpOU21LZEIrMXptTWllOGFTbHYxODBmR0ZzQQpqVlBqOXU5VzdvOXEyL2hBaGJSMEg5aXB3akt6SEF3TDRXN1gxS1VxeHVKRzZKeGpSMUZScDh0SVVpSWZJWHVkCkRyclNPczVJNXlBUkI5TTZuUnlzM09uTXVJa1NlU1V2ODFBR0ZqbXNXdkw3RHI0Znh4NkM2WThRLzZCMFhJc1AKRGhWd3JBa2orZlJnM2Q3ZnIvSS9lYlk2UitqVzN3TTFkZnQ5WVV5QmxZWmlocmF2Q0lJZm5qMGJZZTM0dUxLYQpST3BUTGNCOUFrYkx0S2JVQ3JqenU5TVI4TFJ2QWdNQkFBR2pXVEJYTUE0R0ExVWREd0VCL3dRRUF3SUNwREFQCkJnTlZIUk1CQWY4RUJUQURBUUgvTUIwR0ExVWREZ1FXQkJUT3djaDczR3AwVU9KNzB4V3JDYkJCaTJtV2VUQVYKQmdOVkhSRUVEakFNZ2dwcmRXSmxjbTVsZEdWek1BMEdDU3FHU0liM0RRRUJDd1VBQTRJQkFRQzJvOUFPM2VqZgpuRElBSVZROVMrWlY2VWppd1FFREpOMzI3b1VXRC93K0tLZGZLWGd3b0hyNDN2bk5UVTBadkJJSlQ4T0w1cCt5CjduanVra29MTnIrTzBsR0JBWlZzVW0rYXB3QWpLaElDbWMwQytkRlR6MGplbEFBQkpvZWRjVEVVWmVuRVVDU1UKMlBJVVVzRU9BcmdueXBtWmxUYlBUR0dpUkRFd1NjV0JSWHNQa0VmcXo2U1g0dGVUWXJwRytpZ201WlBkMGRzRQp3cnZycW8vTEwzZ1gzSHRWWHNUaUczWW9UN1N6T2dBQzNyT0VqMTJnd1BoNy9WQkIxakxVcFR2RzMvY0JjbU1jCjVPMHc3UUFVVXdTZ2IxQTU1V05MV0t6YU1lTEcyRG9DdS9xa1VUZ0MrUWtuSXVoQkJMdy90QlJzaGxlUU9DT1QKU2g1TEJ3VnhobUdsCi0tLS0tRU5EIENFUlRJRklDQVRFLS0tLS0K"
              }
            ],
            "cluster_id": null,
            "compute_config": [
              {
                "enabled": false,
                "node_pools": [],
                "node_role_arn": ""
              }
            ],
            "created_at": "2025-10-29T12:51:08Z",
            "deletion_protection": false,
            "enabled_cluster_log_types": null,
            "encryption_config": [],
            "endpoint": "https://395CF8DEA5CCF80D4EEF94371FA96E67.yl4.ap-southeast-2.eks.amazonaws.com",
            "force_update_version": null,
            "id": "staging-demo",
            "identity": [
              {
                "oidc": [
                  {
                    "issuer": "https://oidc.eks.ap-southeast-2.amazonaws.com/id/395CF8DEA5CCF80D4EEF94371FA96E67"
                  }
                ]
              }
            ],
            "kubernetes_network_config": [
              {
                "elastic_load_balancing": [
                  {
                    "enabled": false
                  }
                ],
                "ip_family": "ipv4",
                "service_ipv4_cidr": "172.20.0.0/16",
                "service_ipv6_cidr": ""
              }
            ],
            "name": "staging-demo",
            "outpost_config": [],
            "platform_version": "eks.53",
            "region": "ap-southeast-2",
            "remote_network_config": [],
            "role_arn": "arn:aws:iam::398045402467:role/staging-demo-eks-cluster",
            "status": "ACTIVE",
            "storage_config": [
              {
                "block_storage": [
                  {
                    "enabled": false
                  }
                ]
              }
            ],
            "tags": null,
            "tags_all": {},
            "timeouts": null,
            "upgrade_policy": [
              {
                "support_type": "EXTENDED"
              }
            ],
            "version": "1.29",
            "vpc_config": [
              {
                "cluster_security_group_id": "sg-027a6520582abc431",
                "endpoint_private_access": false,
                "endpoint_public_access": true,
                "public_access_cidrs": [
                  "0.0.0.0/0"
                ],
                "security_group_ids": null,
                "subnet_ids": [
                  "subnet-002213ebc5f665fbd",
                  "subnet-04571f9a5cc0011c2",
                  "subnet-072c10a3c62353419",
                  "subnet-0e03bbe09de295782"
                ],
                "vpc_id": "vpc-0cb7f86917c9f71b2"
              }
            ],
            "zonal_shift_config": []
          },
          "sensitive_attributes": [],
          "identity_schema_version": 0,
          "private": "eyJlMmJmYjczMC1lY2FhLTExZTYtOGY4OC0zNDM2M2JjN2M0YzAiOnsiY3JlYXRlIjoxODAwMDAwMDAwMDAwLCJkZWxldGUiOjkwMDAwMDAwMDAwMCwidXBkYXRlIjozNjAwMDAwMDAwMDAwfSwic2NoZW1hX3ZlcnNpb24iOiIxIn0=",
          "dependencies": [
            "aws_iam_role.eks",
            "aws_iam_role_policy_attachment.eks",
            "aws_subnet.private_zone1",
            "aws_subnet.private_zone2",
            "aws_subnet.public_zone1",
            "aws_subnet.public_zone2",
            "aws_vpc.main"
          ]
        }
      ]
    },
    {
      "mode": "managed",
      "type": "aws_eks_node_group",
      "name": "general",
      "provider": "provider[\"registry.terraform.io/hashicorp/aws\"]",
      "instances": [
        {
          "schema_version": 0,
          "attributes": {
            "ami_type": "AL2_x86_64",
            "arn": "arn:aws:eks:ap-southeast-2:398045402467:nodegroup/staging-demo/general/66cd1806-42ef-97af-dbc7-1f2a382e6241",
            "capacity_type": "ON_DEMAND",
            "cluster_name": "staging-demo",
            "disk_size": 20,
            "force_update_version": null,
            "id": "staging-demo:general",
            "instance_types": [
              "t2.medium"
            ],
            "labels": {
              "role": "general"
            },
            "launch_template": [],
            "node_group_name": "general",
            "node_group_name_prefix": "",
            "node_repair_config": [],
            "node_role_arn": "arn:aws:iam::398045402467:role/staging-demo-eks-nodes",
            "region": "ap-southeast-2",
            "release_version": "1.29.15-20251023",
            "remote_access": [],
            "resources": [
              {
                "autoscaling_groups": [
                  {
                    "name": "eks-general-66cd1806-42ef-97af-dbc7-1f2a382e6241"
                  }
                ],
                "remote_access_security_group_id": ""
              }
            ],
            "scaling_config": [
              {
                "desired_size": 1,
                "max_size": 10,
                "min_size": 0
              }
            ],
            "status": "ACTIVE",
            "subnet_ids": [
              "subnet-04571f9a5cc0011c2",
              "subnet-0e03bbe09de295782"
            ],
            "tags": null,
            "tags_all": {},
            "taint": [],
            "timeouts": null,
            "update_config": [
              {
                "max_unavailable": 1,
                "max_unavailable_percentage": 0
              }
            ],
            "version": "1.29"
          },
          "sensitive_attributes": [],
          "identity_schema_version": 0,
          "private": "eyJlMmJmYjczMC1lY2FhLTExZTYtOGY4OC0zNDM2M2JjN2M0YzAiOnsiY3JlYXRlIjozNjAwMDAwMDAwMDAwLCJkZWxldGUiOjM2MDAwMDAwMDAwMDAsInVwZGF0ZSI6MzYwMDAwMDAwMDAwMH19",
          "dependencies": [
            "aws_eks_cluster.eks",
            "aws_iam_role.eks",
            "aws_iam_role.nodes",
            "aws_iam_role_policy_attachment.amazon_ec2_container_registry_read_only",
            "aws_iam_role_policy_attachment.amazon_eks_cni_policy",
            "aws_iam_role_policy_attachment.amazon_eks_worker_node_policy",
            "aws_iam_role_policy_attachment.eks",
            "aws_subnet.private_zone1",
            "aws_subnet.private_zone2",
            "aws_subnet.public_zone1",
            "aws_subnet.public_zone2",
            "aws_vpc.main"
          ]
        }
      ]
    },
    {
      "mode": "managed",
      "type": "aws_eks_pod_identity_association",
      "name": "aws_lbc",
      "provider": "provider[\"registry.terraform.io/hashicorp/aws\"]",
      "instances": [
        {
          "schema_version": 0,
          "attributes": {
            "association_arn": "arn:aws:eks:ap-southeast-2:398045402467:podidentityassociation/staging-demo/a-v3bfy6z5ddt01rhv0",
            "association_id": "a-v3bfy6z5ddt01rhv0",
            "cluster_name": "staging-demo",
            "disable_session_tags": false,
            "external_id": null,
            "id": "a-v3bfy6z5ddt01rhv0",
            "namespace": "kube-system",
            "region": "ap-southeast-2",
            "role_arn": "arn:aws:iam::398045402467:role/staging-demo-aws-lbc",
            "service_account": "aws-load-balancer-controller",
            "tags": null,
            "tags_all": {},
            "target_role_arn": null
          },
          "sensitive_attributes": [],
          "identity_schema_version": 0,
          "dependencies": [
            "aws_eks_cluster.eks",
            "aws_iam_role.aws_lbc",
            "aws_iam_role.eks",
            "aws_iam_role_policy_attachment.eks",
            "aws_subnet.private_zone1",
            "aws_subnet.private_zone2",
            "aws_subnet.public_zone1",
            "aws_subnet.public_zone2",
            "aws_vpc.main",
            "data.aws_iam_policy_document.aws_lbc"
          ]
        }
      ]
    },
    {
      "mode": "managed",
      "type": "aws_eks_pod_identity_association",
      "name": "cluster_autoscaler",
      "provider": "provider[\"registry.terraform.io/hashicorp/aws\"]",
      "instances": [
        {
          "schema_version": 0,
          "attributes": {
            "association_arn": "arn:aws:eks:ap-southeast-2:398045402467:podidentityassociation/staging-demo/a-det0acfhxp9l1nyfj",
            "association_id": "a-det0acfhxp9l1nyfj",
            "cluster_name": "staging-demo",
            "disable_session_tags": false,
            "external_id": null,
            "id": "a-det0acfhxp9l1nyfj",
            "namespace": "kube-system",
            "region": "ap-southeast-2",
            "role_arn": "arn:aws:iam::398045402467:role/staging-demo-cluster-autoscaler",
            "service_account": "cluster-autoscaler",
            "tags": null,
            "tags_all": {},
            "target_role_arn": null
          },
          "sensitive_attributes": [],
          "identity_schema_version": 0,
          "dependencies": [
            "aws_eks_cluster.eks",
            "aws_iam_role.cluster_autoscaler",
            "aws_iam_role.eks",
            "aws_iam_role_policy_attachment.eks",
            "aws_subnet.private_zone1",
            "aws_subnet.private_zone2",
            "aws_subnet.public_zone1",
            "aws_subnet.public_zone2",
            "aws_vpc.main"
          ]
        }
      ]
    },
    {
      "mode": "managed",
      "type": "aws_eks_pod_identity_association",
      "name": "ebs_csi_driver",
      "provider": "provider[\"registry.terraform.io/hashicorp/aws\"]",
      "instances": [
        {
          "schema_version": 0,
          "attributes": {
            "association_arn": "arn:aws:eks:ap-southeast-2:398045402467:podidentityassociation/staging-demo/a-yhh7fazswcl2rykb0",
            "association_id": "a-yhh7fazswcl2rykb0",
            "cluster_name": "staging-demo",
            "disable_session_tags": false,
            "external_id": null,
            "id": "a-yhh7fazswcl2rykb0",
            "namespace": "kube-system",
            "region": "ap-southeast-2",
            "role_arn": "arn:aws:iam::398045402467:role/staging-demo-ebs-csi-driver",
            "service_account": "ebs-csi-controller-sa",
            "tags": null,
            "tags_all": {},
            "target_role_arn": null
          },
          "sensitive_attributes": [],
          "identity_schema_version": 0,
          "dependencies": [
            "aws_eks_cluster.eks",
            "aws_iam_role.ebs_csi_driver",
            "aws_iam_role.eks",
            "aws_iam_role_policy_attachment.eks",
            "aws_subnet.private_zone1",
            "aws_subnet.private_zone2",
            "aws_subnet.public_zone1",
            "aws_subnet.public_zone2",
            "aws_vpc.main",
            "data.aws_iam_policy_document.ebs_csi_driver"
          ]
        }
      ]
    },
    {
      "mode": "managed",
      "type": "aws_iam_instance_profile",
      "name": "jenkins_profile",
      "provider": "provider[\"registry.terraform.io/hashicorp/aws\"]",
      "instances": [
        {
          "schema_version": 0,
          "attributes": {
            "arn": "arn:aws:iam::398045402467:instance-profile/go-micro-jenkins-profile",
            "create_date": "2025-10-29T12:50:40Z",
            "id": "go-micro-jenkins-profile",
            "name": "go-micro-jenkins-profile",
            "name_prefix": "",
            "path": "/",
            "role": "go-micro-jenkins-role",
            "tags": null,
            "tags_all": {},
            "unique_id": "AIPAVZLK22VRQ4PEU4QMB"
          },
          "sensitive_attributes": [],
          "identity_schema_version": 0,
          "private": "bnVsbA==",
          "dependencies": [
            "aws_iam_role.jenkins_role",
            "data.aws_iam_policy_document.jenkins_assume_role"
          ]
        }
      ]
    },
    {
      "mode": "managed",
      "type": "aws_iam_openid_connect_provider",
      "name": "eks",
      "provider": "provider[\"registry.terraform.io/hashicorp/aws\"]",
      "instances": [
        {
          "schema_version": 0,
          "attributes": {
            "arn": "arn:aws:iam::398045402467:oidc-provider/oidc.eks.ap-southeast-2.amazonaws.com/id/395CF8DEA5CCF80D4EEF94371FA96E67",
            "client_id_list": [
              "sts.amazonaws.com"
            ],
            "id": "arn:aws:iam::398045402467:oidc-provider/oidc.eks.ap-southeast-2.amazonaws.com/id/395CF8DEA5CCF80D4EEF94371FA96E67",
            "tags": {
              "Name": "staging-demo-eks-irsa"
            },
            "tags_all": {
              "Name": "staging-demo-eks-irsa"
            },
            "thumbprint_list": [
              "06b25927c42a721631c1efd9431e648fa62e1e39"
            ],
            "url": "oidc.eks.ap-southeast-2.amazonaws.com/id/395CF8DEA5CCF80D4EEF94371FA96E67"
          },
          "sensitive_attributes": [],
          "identity_schema_version": 0,
          "identity": {
            "arn": "arn:aws:iam::398045402467:oidc-provider/oidc.eks.ap-southeast-2.amazonaws.com/id/395CF8DEA5CCF80D4EEF94371FA96E67"
          },
          "private": "bnVsbA==",
          "dependencies": [
            "aws_eks_cluster.eks",
            "aws_iam_role.eks",
            "aws_iam_role_policy_attachment.eks",
            "aws_subnet.private_zone1",
            "aws_subnet.private_zone2",
            "aws_subnet.public_zone1",
            "aws_subnet.public_zone2",
            "aws_vpc.main",
            "data.tls_certificate.eks"
          ]
        }
      ]
    },
    {
      "mode": "managed",
      "type": "aws_iam_policy",
      "name": "aws_lbc",
      "provider": "provider[\"registry.terraform.io/hashicorp/aws\"]",
      "instances": [
        {
          "schema_version": 0,
          "attributes": {
            "arn": "arn:aws:iam::398045402467:policy/staging-demo-AWSLoadBalancerController",
            "attachment_count": 0,
            "description": "",
            "id": "arn:aws:iam::398045402467:policy/staging-demo-AWSLoadBalancerController",
            "name": "staging-demo-AWSLoadBalancerController",
            "name_prefix": "",
            "path": "/",
            "policy": "{\"Statement\":[{\"Action\":[\"iam:CreateServiceLinkedRole\",\"elasticloadbalancing:DescribeTargetHealth\",\"elasticloadbalancing:DescribeTargetGroups\",\"elasticloadbalancing:DescribeTargetGroupAttributes\",\"elasticloadbalancing:DescribeTags\",\"elasticloadbalancing:DescribeSSLPolicies\",\"elasticloadbalancing:DescribeRules\",\"elasticloadbalancing:DescribeLoadBalancers\",\"elasticloadbalancing:DescribeLoadBalancerAttributes\",\"elasticloadbalancing:DescribeListeners\",\"elasticloadbalancing:DescribeListenerCertificates\",\"ec2:GetCoipPoolUsage\",\"ec2:DescribeVpcs\",\"ec2:DescribeTags\",\"ec2:DescribeSubnets\",\"ec2:DescribeSecurityGroups\",\"ec2:DescribeNetworkInterfaces\",\"ec2:DescribeInternetGateways\",\"ec2:DescribeInstances\",\"ec2:DescribeCoipPools\",\"ec2:DescribeAvailabilityZones\",\"ec2:DescribeAddresses\",\"ec2:DescribeAccountAttributes\"],\"Effect\":\"Allow\",\"Resource\":\"*\"},{\"Action\":[\"wafv2:GetWebACLForResource\",\"wafv2:GetWebACL\",\"wafv2:DisassociateWebACL\",\"wafv2:AssociateWebACL\",\"waf-regional:GetWebACLForResource\",\"waf-regional:GetWebACL\",\"waf-regional:DisassociateWebACL\",\"waf-regional:AssociateWebACL\",\"shield:GetSubscriptionState\",\"shield:DescribeSubscription\",\"shield:DescribeProtection\",\"shield:DeleteProtection\",\"shield:CreateProtection\",\"iam:ListServerCertificates\",\"iam:GetServerCertificate\",\"cognito-idp:DescribeUserPoolClient\",\"acm:ListCertificates\",\"acm:DescribeCertificate\"],\"Effect\":\"Allow\",\"Resource\":\"*\"},{\"Action\":[\"ec2:RevokeSecurityGroupIngress\",\"ec2:AuthorizeSecurityGroupIngress\"],\"Effect\":\"Allow\",\"Resource\":\"*\"},{\"Action\":[\"ec2:DeleteSecurityGroup\",\"ec2:CreateSecurityGroup\"],\"Effect\":\"Allow\",\"Resource\":\"*\"},{\"Action\":\"ec2:CreateTags\",\"Condition\":{\"Null\":{\"aws:RequestedRegion\":\"false\"},\"StringEquals\":{\"ec2:CreateAction\":\"CreateSecurityGroup\"}},\"Effect\":\"Allow\",\"Resource\":\"arn:aws:ec2:*:*:security-group/*\"},{\"Action\":[\"elasticloadbalancing:CreateTargetGroup\",\"elasticloadbalancing:CreateLoadBalancer\"],\"Condition\":{\"Null\":{\"aws:RequestedRegion\":\"false\"}},\"Effect\":\"Allow\",\"Resource\":\"*\"},{\"Action\":[\"elasticloadbalancing:DeleteRule\",\"elasticloadbalancing:DeleteListener\",\"elasticloadbalancing:CreateRule\",\"elasticloadbalancing:CreateListener\"],\"Effect\":\"Allow\",\"Resource\":\"*\"},{\"Action\":[\"elasticloadbalancing:RemoveTags\",\"elasticloadbalancing:AddTags\"],\"Condition\":{\"Null\":{\"aws:RequestedRegion\":\"false\"}},\"Effect\":\"Allow\",\"Resource\":[\"arn:aws:elasticloadbalancing:*:*:targetgroup/*/*\",\"arn:aws:elasticloadbalancing:*:*:loadbalancer/net/*/*\",\"arn:aws:elasticloadbalancing:*:*:loadbalancer/app/*/*\"]},{\"Action\":[\"elasticloadbalancing:SetSubnets\",\"elasticloadbalancing:SetSecurityGroups\",\"elasticloadbalancing:SetIpAddressType\",\"elasticloadbalancing:ModifyTargetGroupAttributes\",\"elasticloadbalancing:ModifyTargetGroup\",\"elasticloadbalancing:ModifyLoadBalancerAttributes\",\"elasticloadbalancing:DeleteTargetGroup\",\"elasticloadbalancing:DeleteLoadBalancer\"],\"Condition\":{\"Null\":{\"aws:ResourceTag/elbv2.k8s.aws/cluster\":\"false\"}},\"Effect\":\"Allow\",\"Resource\":\"*\"},{\"Action\":[\"elasticloadbalancing:RegisterTargets\",\"elasticloadbalancing:DeregisterTargets\"],\"Effect\":\"Allow\",\"Resource\":\"arn:aws:elasticloadbalancing:*:*:targetgroup/*/*\"},{\"Action\":[\"elasticloadbalancing:SetWebAcl\",\"elasticloadbalancing:RemoveListenerCertificates\",\"elasticloadbalancing:ModifyRule\",\"elasticloadbalancing:ModifyListener\",\"elasticloadbalancing:AddListenerCertificates\"],\"Effect\":\"Allow\",\"Resource\":\"*\"}],\"Version\":\"2012-10-17\"}",
            "policy_id": "ANPAVZLK22VRXM2GIA4JH",
            "tags": null,
            "tags_all": {}
          },
          "sensitive_attributes": [],
          "identity_schema_version": 0,
          "identity": {
            "arn": "arn:aws:iam::398045402467:policy/staging-demo-AWSLoadBalancerController"
          },
          "private": "bnVsbA==",
          "dependencies": [
            "aws_eks_cluster.eks",
            "aws_iam_role.eks",
            "aws_iam_role_policy_attachment.eks",
            "aws_subnet.private_zone1",
            "aws_subnet.private_zone2",
            "aws_subnet.public_zone1",
            "aws_subnet.public_zone2",
            "aws_vpc.main",
            "data.aws_iam_policy_document.aws_lbc_policy"
          ]
        }
      ]
    },
    {
      "mode": "managed",
      "type": "aws_iam_policy",
      "name": "cluster_autoscaler",
      "provider": "provider[\"registry.terraform.io/hashicorp/aws\"]",
      "instances": [
        {
          "schema_version": 0,
          "attributes": {
            "arn": "arn:aws:iam::398045402467:policy/staging-demo-cluster-autoscaler",
            "attachment_count": 0,
            "description": "",
            "id": "arn:aws:iam::398045402467:policy/staging-demo-cluster-autoscaler",
            "name": "staging-demo-cluster-autoscaler",
            "name_prefix": "",
            "path": "/",
            "policy": "{\"Statement\":[{\"Action\":[\"autoscaling:DescribeAutoScalingGroups\",\"autoscaling:DescribeAutoScalingInstances\",\"autoscaling:DescribeLaunchConfigurations\",\"autoscaling:DescribeScalingActivities\",\"autoscaling:DescribeTags\",\"ec2:DescribeImages\",\"ec2:DescribeInstanceTypes\",\"ec2:DescribeLaunchTemplateVersions\",\"ec2:GetInstanceTypesFromInstanceRequirements\",\"eks:DescribeNodegroup\"],\"Effect\":\"Allow\",\"Resource\":\"*\"},{\"Action\":[\"autoscaling:SetDesiredCapacity\",\"autoscaling:TerminateInstanceInAutoScalingGroup\"],\"Effect\":\"Allow\",\"Resource\":\"*\"}],\"Version\":\"2012-10-17\"}",
            "policy_id": "ANPAVZLK22VR7ECLV5SB5",
            "tags": null,
            "tags_all": {}
          },
          "sensitive_attributes": [],
          "identity_schema_version": 0,
          "identity": {
            "arn": "arn:aws:iam::398045402467:policy/staging-demo-cluster-autoscaler"
          },
          "private": "bnVsbA==",
          "dependencies": [
            "aws_eks_cluster.eks",
            "aws_iam_role.eks",
            "aws_iam_role_policy_attachment.eks",
            "aws_subnet.private_zone1",
            "aws_subnet.private_zone2",
            "aws_subnet.public_zone1",
            "aws_subnet.public_zone2",
            "aws_vpc.main"
          ]
        }
      ]
    },
    {
      "mode": "managed",
      "type": "aws_iam_policy",
      "name": "ebs_csi_driver_encryption",
      "provider": "provider[\"registry.terraform.io/hashicorp/aws\"]",
      "instances": [
        {
          "schema_version": 0,
          "attributes": {
            "arn": "arn:aws:iam::398045402467:policy/staging-demo-ebs-csi-driver-encryption",
            "attachment_count": 0,
            "description": "",
            "id": "arn:aws:iam::398045402467:policy/staging-demo-ebs-csi-driver-encryption",
            "name": "staging-demo-ebs-csi-driver-encryption",
            "name_prefix": "",
            "path": "/",
            "policy": "{\"Statement\":[{\"Action\":[\"kms:Decrypt\",\"kms:GenerateDataKeyWithoutPlaintext\",\"kms:CreateGrant\"],\"Effect\":\"Allow\",\"Resource\":\"*\"}],\"Version\":\"2012-10-17\"}",
            "policy_id": "ANPAVZLK22VR6AUPYHBPW",
            "tags": null,
            "tags_all": {}
          },
          "sensitive_attributes": [],
          "identity_schema_version": 0,
          "identity": {
            "arn": "arn:aws:iam::398045402467:policy/staging-demo-ebs-csi-driver-encryption"
          },
          "private": "bnVsbA==",
          "dependencies": [
            "aws_eks_cluster.eks",
            "aws_iam_role.eks",
            "aws_iam_role_policy_attachment.eks",
            "aws_subnet.private_zone1",
            "aws_subnet.private_zone2",
            "aws_subnet.public_zone1",
            "aws_subnet.public_zone2",
            "aws_vpc.main"
          ]
        }
      ]
    },
    {
      "mode": "managed",
      "type": "aws_iam_policy",
      "name": "jenkins_policy",
      "provider": "provider[\"registry.terraform.io/hashicorp/aws\"]",
      "instances": [
        {
          "schema_version": 0,
          "attributes": {
            "arn": "arn:aws:iam::398045402467:policy/go-micro-jenkins-policy",
            "attachment_count": 0,
            "description": "",
            "id": "arn:aws:iam::398045402467:policy/go-micro-jenkins-policy",
            "name": "go-micro-jenkins-policy",
            "name_prefix": "",
            "path": "/",
            "policy": "{\"Statement\":[{\"Action\":[\"ecr:UploadLayerPart\",\"ecr:PutImage\",\"ecr:InitiateLayerUpload\",\"ecr:GetDownloadUrlForLayer\",\"ecr:GetAuthorizationToken\",\"ecr:CompleteLayerUpload\",\"ecr:BatchGetImage\",\"ecr:BatchDeleteImage\",\"ecr:BatchCheckLayerAvailability\"],\"Effect\":\"Allow\",\"Resource\":\"*\"},{\"Action\":[\"s3:PutObject\",\"s3:GetObject\",\"s3:DeleteObject\"],\"Effect\":\"Allow\",\"Resource\":\"arn:aws:s3:::go-micro-jenkins-artifacts/*\"}],\"Version\":\"2012-10-17\"}",
            "policy_id": "ANPAVZLK22VR5FHYKE22X",
            "tags": null,
            "tags_all": {}
          },
          "sensitive_attributes": [],
          "identity_schema_version": 0,
          "identity": {
            "arn": "arn:aws:iam::398045402467:policy/go-micro-jenkins-policy"
          },
          "private": "bnVsbA==",
          "dependencies": [
            "data.aws_iam_policy_document.jenkins_policy"
          ]
        }
      ]
    },
    {
      "mode": "managed",
      "type": "aws_iam_role",
      "name": "aws_lbc",
      "provider": "provider[\"registry.terraform.io/hashicorp/aws\"]",
      "instances": [
        {
          "schema_version": 0,
          "attributes": {
            "arn": "arn:aws:iam::398045402467:role/staging-demo-aws-lbc",
            "assume_role_policy": "{\"Statement\":[{\"Action\":[\"sts:TagSession\",\"sts:AssumeRole\"],\"Effect\":\"Allow\",\"Principal\":{\"Service\":\"pods.eks.amazonaws.com\"}}],\"Version\":\"2012-10-17\"}",
            "create_date": "2025-10-29T12:58:39Z",
            "description": "",
            "force_detach_policies": false,
            "id": "staging-demo-aws-lbc",
            "inline_policy": [],
            "managed_policy_arns": [],
            "max_session_duration": 3600,
            "name": "staging-demo-aws-lbc",
            "name_prefix": "",
            "path": "/",
            "permissions_boundary": "",
            "tags": null,
            "tags_all": {},
            "unique_id": "AROAVZLK22VRVP6YSME6T"
          },
          "sensitive_attributes": [],
          "identity_schema_version": 0,
          "identity": {
            "account_id": "398045402467",
            "name": "staging-demo-aws-lbc"
          },
          "private": "bnVsbA==",
          "dependencies": [
            "aws_eks_cluster.eks",
            "aws_iam_role.eks",
            "aws_iam_role_policy_attachment.eks",
            "aws_subnet.private_zone1",
            "aws_subnet.private_zone2",
            "aws_subnet.public_zone1",
            "aws_subnet.public_zone2",
            "aws_vpc.main",
            "data.aws_iam_policy_document.aws_lbc"
          ]
        }
      ]
    },
    {
      "mode": "managed",
      "type": "aws_iam_role",
      "name": "cluster_autoscaler",
      "provider": "provider[\"registry.terraform.io/hashicorp/aws\"]",
      "instances": [
        {
          "schema_version": 0,
          "attributes": {
            "arn": "arn:aws:iam::398045402467:role/staging-demo-cluster-autoscaler",
            "assume_role_policy": "{\"Statement\":[{\"Action\":[\"sts:AssumeRole\",\"sts:TagSession\"],\"Effect\":\"Allow\",\"Principal\":{\"Service\":\"pods.eks.amazonaws.com\"}}],\"Version\":\"2012-10-17\"}",
            "create_date": "2025-10-29T12:58:39Z",
            "description": "",
            "force_detach_policies": false,
            "id": "staging-demo-cluster-autoscaler",
            "inline_policy": [],
            "managed_policy_arns": [],
            "max_session_duration": 3600,
            "name": "staging-demo-cluster-autoscaler",
            "name_prefix": "",
            "path": "/",
            "permissions_boundary": "",
            "tags": null,
            "tags_all": {},
            "unique_id": "AROAVZLK22VRXAW2TTDOO"
          },
          "sensitive_attributes": [],
          "identity_schema_version": 0,
          "identity": {
            "account_id": "398045402467",
            "name": "staging-demo-cluster-autoscaler"
          },
          "private": "bnVsbA==",
          "dependencies": [
            "aws_eks_cluster.eks",
            "aws_iam_role.eks",
            "aws_iam_role_policy_attachment.eks",
            "aws_subnet.private_zone1",
            "aws_subnet.private_zone2",
            "aws_subnet.public_zone1",
            "aws_subnet.public_zone2",
            "aws_vpc.main"
          ]
        }
      ]
    },
    {
      "mode": "managed",
      "type": "aws_iam_role",
      "name": "ebs_csi_driver",
      "provider": "provider[\"registry.terraform.io/hashicorp/aws\"]",
      "instances": [
        {
          "schema_version": 0,
          "attributes": {
            "arn": "arn:aws:iam::398045402467:role/staging-demo-ebs-csi-driver",
            "assume_role_policy": "{\"Statement\":[{\"Action\":[\"sts:TagSession\",\"sts:AssumeRole\"],\"Effect\":\"Allow\",\"Principal\":{\"Service\":\"pods.eks.amazonaws.com\"}}],\"Version\":\"2012-10-17\"}",
            "create_date": "2025-10-29T12:58:39Z",
            "description": "",
            "force_detach_policies": false,
            "id": "staging-demo-ebs-csi-driver",
            "inline_policy": [],
            "managed_policy_arns": [],
            "max_session_duration": 3600,
            "name": "staging-demo-ebs-csi-driver",
            "name_prefix": "",
            "path": "/",
            "permissions_boundary": "",
            "tags": null,
            "tags_all": {},
            "unique_id": "AROAVZLK22VRWGMYQH4EJ"
          },
          "sensitive_attributes": [],
          "identity_schema_version": 0,
          "identity": {
            "account_id": "398045402467",
            "name": "staging-demo-ebs-csi-driver"
          },
          "private": "bnVsbA==",
          "dependencies": [
            "aws_eks_cluster.eks",
            "aws_iam_role.eks",
            "aws_iam_role_policy_attachment.eks",
            "aws_subnet.private_zone1",
            "aws_subnet.private_zone2",
            "aws_subnet.public_zone1",
            "aws_subnet.public_zone2",
            "aws_vpc.main",
            "data.aws_iam_policy_document.ebs_csi_driver"
          ]
        }
      ]
    },
    {
      "mode": "managed",
      "type": "aws_iam_role",
      "name": "eks",
      "provider": "provider[\"registry.terraform.io/hashicorp/aws\"]",
      "instances": [
        {
          "schema_version": 0,
          "attributes": {
            "arn": "arn:aws:iam::398045402467:role/staging-demo-eks-cluster",
            "assume_role_policy": "{\"Statement\":[{\"Action\":\"sts:AssumeRole\",\"Effect\":\"Allow\",\"Principal\":{\"Service\":\"eks.amazonaws.com\"}}],\"Version\":\"2012-10-17\"}",
            "create_date": "2025-10-29T12:50:38Z",
            "description": "",
            "force_detach_policies": false,
            "id": "staging-demo-eks-cluster",
            "inline_policy": [],
            "managed_policy_arns": [],
            "max_session_duration": 3600,
            "name": "staging-demo-eks-cluster",
            "name_prefix": "",
            "path": "/",
            "permissions_boundary": "",
            "tags": null,
            "tags_all": {},
            "unique_id": "AROAVZLK22VR5O3XVKNOK"
          },
          "sensitive_attributes": [],
          "identity_schema_version": 0,
          "identity": {
            "account_id": "398045402467",
            "name": "staging-demo-eks-cluster"
          },
          "private": "bnVsbA=="
        }
      ]
    },
    {
      "mode": "managed",
      "type": "aws_iam_role",
      "name": "jenkins_role",
      "provider": "provider[\"registry.terraform.io/hashicorp/aws\"]",
      "instances": [
        {
          "schema_version": 0,
          "attributes": {
            "arn": "arn:aws:iam::398045402467:role/go-micro-jenkins-role",
            "assume_role_policy": "{\"Statement\":[{\"Action\":\"sts:AssumeRole\",\"Effect\":\"Allow\",\"Principal\":{\"Service\":\"ec2.amazonaws.com\"}}],\"Version\":\"2012-10-17\"}",
            "create_date": "2025-10-29T12:50:38Z",
            "description": "",
            "force_detach_policies": false,
            "id": "go-micro-jenkins-role",
            "inline_policy": [],
            "managed_policy_arns": [],
            "max_session_duration": 3600,
            "name": "go-micro-jenkins-role",
            "name_prefix": "",
            "path": "/",
            "permissions_boundary": "",
            "tags": null,
            "tags_all": {},
            "unique_id": "AROAVZLK22VRTNIWDY62O"
          },
          "sensitive_attributes": [],
          "identity_schema_version": 0,
          "identity": {
            "account_id": "398045402467",
            "name": "go-micro-jenkins-role"
          },
          "private": "bnVsbA==",
          "dependencies": [
            "data.aws_iam_policy_document.jenkins_assume_role"
          ]
        }
      ]
    },
    {
      "mode": "managed",
      "type": "aws_iam_role",
      "name": "nodes",
      "provider": "provider[\"registry.terraform.io/hashicorp/aws\"]",
      "instances": [
        {
          "schema_version": 0,
          "attributes": {
            "arn": "arn:aws:iam::398045402467:role/staging-demo-eks-nodes",
            "assume_role_policy": "{\"Statement\":[{\"Action\":\"sts:AssumeRole\",\"Effect\":\"Allow\",\"Principal\":{\"Service\":\"ec2.amazonaws.com\"}}],\"Version\":\"2012-10-17\"}",
            "create_date": "2025-10-29T12:50:38Z",
            "description": "",
            "force_detach_policies": false,
            "id": "staging-demo-eks-nodes",
            "inline_policy": [],
            "managed_policy_arns": [],
            "max_session_duration": 3600,
            "name": "staging-demo-eks-nodes",
            "name_prefix": "",
            "path": "/",
            "permissions_boundary": "",
            "tags": null,
            "tags_all": {},
            "unique_id": "AROAVZLK22VRSZBBM6OGU"
          },
          "sensitive_attributes": [],
          "identity_schema_version": 0,
          "identity": {
            "account_id": "398045402467",
            "name": "staging-demo-eks-nodes"
          },
          "private": "bnVsbA=="
        }
      ]
    },
    {
      "mode": "managed",
      "type": "aws_iam_role_policy_attachment",
      "name": "amazon_ec2_container_registry_read_only",
      "provider": "provider[\"registry.terraform.io/hashicorp/aws\"]",
      "instances": [
        {
          "schema_version": 0,
          "attributes": {
            "id": "staging-demo-eks-nodes/arn:aws:iam::aws:policy/AmazonEC2ContainerRegistryReadOnly",
            "policy_arn": "arn:aws:iam::aws:policy/AmazonEC2ContainerRegistryReadOnly",
            "role": "staging-demo-eks-nodes"
          },
          "sensitive_attributes": [],
          "identity_schema_version": 0,
          "identity": {
            "account_id": "398045402467",
            "policy_arn": "arn:aws:iam::aws:policy/AmazonEC2ContainerRegistryReadOnly",
            "role": "staging-demo-eks-nodes"
          },
          "private": "bnVsbA==",
          "dependencies": [
            "aws_iam_role.nodes"
          ]
        }
      ]
    },
    {
      "mode": "managed",
      "type": "aws_iam_role_policy_attachment",
      "name": "amazon_eks_cni_policy",
      "provider": "provider[\"registry.terraform.io/hashicorp/aws\"]",
      "instances": [
        {
          "schema_version": 0,
          "attributes": {
            "id": "staging-demo-eks-nodes/arn:aws:iam::aws:policy/AmazonEKS_CNI_Policy",
            "policy_arn": "arn:aws:iam::aws:policy/AmazonEKS_CNI_Policy",
            "role": "staging-demo-eks-nodes"
          },
          "sensitive_attributes": [],
          "identity_schema_version": 0,
          "identity": {
            "account_id": "398045402467",
            "policy_arn": "arn:aws:iam::aws:policy/AmazonEKS_CNI_Policy",
            "role": "staging-demo-eks-nodes"
          },
          "private": "bnVsbA==",
          "dependencies": [
            "aws_iam_role.nodes"
          ]
        }
      ]
    },
    {
      "mode": "managed",
      "type": "aws_iam_role_policy_attachment",
      "name": "amazon_eks_worker_node_policy",
      "provider": "provider[\"registry.terraform.io/hashicorp/aws\"]",
      "instances": [
        {
          "schema_version": 0,
          "attributes": {
            "id": "staging-demo-eks-nodes/arn:aws:iam::aws:policy/AmazonEKSWorkerNodePolicy",
            "policy_arn": "arn:aws:iam::aws:policy/AmazonEKSWorkerNodePolicy",
            "role": "staging-demo-eks-nodes"
          },
          "sensitive_attributes": [],
          "identity_schema_version": 0,
          "identity": {
            "account_id": "398045402467",
            "policy_arn": "arn:aws:iam::aws:policy/AmazonEKSWorkerNodePolicy",
            "role": "staging-demo-eks-nodes"
          },
          "private": "bnVsbA==",
          "dependencies": [
            "aws_iam_role.nodes"
          ]
        }
      ]
    },
    {
      "mode": "managed",
      "type": "aws_iam_role_policy_attachment",
      "name": "aws_lbc",
      "provider": "provider[\"registry.terraform.io/hashicorp/aws\"]",
      "instances": [
        {
          "schema_version": 0,
          "attributes": {
            "id": "staging-demo-aws-lbc/arn:aws:iam::398045402467:policy/staging-demo-AWSLoadBalancerController",
            "policy_arn": "arn:aws:iam::398045402467:policy/staging-demo-AWSLoadBalancerController",
            "role": "staging-demo-aws-lbc"
          },
          "sensitive_attributes": [],
          "identity_schema_version": 0,
          "identity": {
            "account_id": "398045402467",
            "policy_arn": "arn:aws:iam::398045402467:policy/staging-demo-AWSLoadBalancerController",
            "role": "staging-demo-aws-lbc"
          },
          "private": "bnVsbA==",
          "dependencies": [
            "aws_eks_cluster.eks",
            "aws_iam_policy.aws_lbc",
            "aws_iam_role.aws_lbc",
            "aws_iam_role.eks",
            "aws_iam_role_policy_attachment.eks",
            "aws_subnet.private_zone1",
            "aws_subnet.private_zone2",
            "aws_subnet.public_zone1",
            "aws_subnet.public_zone2",
            "aws_vpc.main",
            "data.aws_iam_policy_document.aws_lbc",
            "data.aws_iam_policy_document.aws_lbc_policy"
          ]
        }
      ]
    },
    {
      "mode": "managed",
      "type": "aws_iam_role_policy_attachment",
      "name": "aws_lbc_additional",
      "provider": "provider[\"registry.terraform.io/hashicorp/aws\"]",
      "instances": [
        {
          "schema_version": 0,
          "attributes": {
            "id": "staging-demo-aws-lbc/arn:aws:iam::aws:policy/ElasticLoadBalancingFullAccess",
            "policy_arn": "arn:aws:iam::aws:policy/ElasticLoadBalancingFullAccess",
            "role": "staging-demo-aws-lbc"
          },
          "sensitive_attributes": [],
          "identity_schema_version": 0,
          "identity": {
            "account_id": "398045402467",
            "policy_arn": "arn:aws:iam::aws:policy/ElasticLoadBalancingFullAccess",
            "role": "staging-demo-aws-lbc"
          },
          "private": "bnVsbA==",
          "dependencies": [
            "aws_eks_cluster.eks",
            "aws_iam_role.aws_lbc",
            "aws_iam_role.eks",
            "aws_iam_role_policy_attachment.eks",
            "aws_subnet.private_zone1",
            "aws_subnet.private_zone2",
            "aws_subnet.public_zone1",
            "aws_subnet.public_zone2",
            "aws_vpc.main",
            "data.aws_iam_policy_document.aws_lbc"
          ]
        }
      ]
    },
    {
      "mode": "managed",
      "type": "aws_iam_role_policy_attachment",
      "name": "cluster_autoscaler",
      "provider": "provider[\"registry.terraform.io/hashicorp/aws\"]",
      "instances": [
        {
          "schema_version": 0,
          "attributes": {
            "id": "staging-demo-cluster-autoscaler/arn:aws:iam::398045402467:policy/staging-demo-cluster-autoscaler",
            "policy_arn": "arn:aws:iam::398045402467:policy/staging-demo-cluster-autoscaler",
            "role": "staging-demo-cluster-autoscaler"
          },
          "sensitive_attributes": [],
          "identity_schema_version": 0,
          "identity": {
            "account_id": "398045402467",
            "policy_arn": "arn:aws:iam::398045402467:policy/staging-demo-cluster-autoscaler",
            "role": "staging-demo-cluster-autoscaler"
          },
          "private": "bnVsbA==",
          "dependencies": [
            "aws_eks_cluster.eks",
            "aws_iam_policy.cluster_autoscaler",
            "aws_iam_role.cluster_autoscaler",
            "aws_iam_role.eks",
            "aws_iam_role_policy_attachment.eks",
            "aws_subnet.private_zone1",
            "aws_subnet.private_zone2",
            "aws_subnet.public_zone1",
            "aws_subnet.public_zone2",
            "aws_vpc.main"
          ]
        }
      ]
    },
    {
      "mode": "managed",
      "type": "aws_iam_role_policy_attachment",
      "name": "ebs_csi_driver",
      "provider": "provider[\"registry.terraform.io/hashicorp/aws\"]",
      "instances": [
        {
          "schema_version": 0,
          "attributes": {
            "id": "staging-demo-ebs-csi-driver/arn:aws:iam::aws:policy/service-role/AmazonEBSCSIDriverPolicy",
            "policy_arn": "arn:aws:iam::aws:policy/service-role/AmazonEBSCSIDriverPolicy",
            "role": "staging-demo-ebs-csi-driver"
          },
          "sensitive_attributes": [],
          "identity_schema_version": 0,
          "identity": {
            "account_id": "398045402467",
            "policy_arn": "arn:aws:iam::aws:policy/service-role/AmazonEBSCSIDriverPolicy",
            "role": "staging-demo-ebs-csi-driver"
          },
          "private": "bnVsbA==",
          "dependencies": [
            "aws_eks_cluster.eks",
            "aws_iam_role.ebs_csi_driver",
            "aws_iam_role.eks",
            "aws_iam_role_policy_attachment.eks",
            "aws_subnet.private_zone1",
            "aws_subnet.private_zone2",
            "aws_subnet.public_zone1",
            "aws_subnet.public_zone2",
            "aws_vpc.main",
            "data.aws_iam_policy_document.ebs_csi_driver"
          ]
        }
      ]
    },
    {
      "mode": "managed",
      "type": "aws_iam_role_policy_attachment",
      "name": "ebs_csi_driver_encryption",
      "provider": "provider[\"registry.terraform.io/hashicorp/aws\"]",
      "instances": [
        {
          "schema_version": 0,
          "attributes": {
            "id": "staging-demo-ebs-csi-driver/arn:aws:iam::398045402467:policy/staging-demo-ebs-csi-driver-encryption",
            "policy_arn": "arn:aws:iam::398045402467:policy/staging-demo-ebs-csi-driver-encryption",
            "role": "staging-demo-ebs-csi-driver"
          },
          "sensitive_attributes": [],
          "identity_schema_version": 0,
          "identity": {
            "account_id": "398045402467",
            "policy_arn": "arn:aws:iam::398045402467:policy/staging-demo-ebs-csi-driver-encryption",
            "role": "staging-demo-ebs-csi-driver"
          },
          "private": "bnVsbA==",
          "dependencies": [
            "aws_eks_cluster.eks",
            "aws_iam_policy.ebs_csi_driver_encryption",
            "aws_iam_role.ebs_csi_driver",
            "aws_iam_role.eks",
            "aws_iam_role_policy_attachment.eks",
            "aws_subnet.private_zone1",
            "aws_subnet.private_zone2",
            "aws_subnet.public_zone1",
            "aws_subnet.public_zone2",
            "aws_vpc.main",
            "data.aws_iam_policy_document.ebs_csi_driver"
          ]
        }
      ]
    },
    {
      "mode": "managed",
      "type": "aws_iam_role_policy_attachment",
      "name": "eks",
      "provider": "provider[\"registry.terraform.io/hashicorp/aws\"]",
      "instances": [
        {
          "schema_version": 0,
          "attributes": {
            "id": "staging-demo-eks-cluster/arn:aws:iam::aws:policy/AmazonEKSClusterPolicy",
            "policy_arn": "arn:aws:iam::aws:policy/AmazonEKSClusterPolicy",
            "role": "staging-demo-eks-cluster"
          },
          "sensitive_attributes": [],
          "identity_schema_version": 0,
          "identity": {
            "account_id": "398045402467",
            "policy_arn": "arn:aws:iam::aws:policy/AmazonEKSClusterPolicy",
            "role": "staging-demo-eks-cluster"
          },
          "private": "bnVsbA==",
          "dependencies": [
            "aws_iam_role.eks"
          ]
        }
      ]
    },
    {
      "mode": "managed",
      "type": "aws_iam_role_policy_attachment",
      "name": "jenkins_policy",
      "provider": "provider[\"registry.terraform.io/hashicorp/aws\"]",
      "instances": [
        {
          "schema_version": 0,
          "attributes": {
            "id": "go-micro-jenkins-role/arn:aws:iam::398045402467:policy/go-micro-jenkins-policy",
            "policy_arn": "arn:aws:iam::398045402467:policy/go-micro-jenkins-policy",
            "role": "go-micro-jenkins-role"
          },
          "sensitive_attributes": [],
          "identity_schema_version": 0,
          "identity": {
            "account_id": "398045402467",
            "policy_arn": "arn:aws:iam::398045402467:policy/go-micro-jenkins-policy",
            "role": "go-micro-jenkins-role"
          },
          "private": "bnVsbA==",
          "dependencies": [
            "aws_iam_policy.jenkins_policy",
            "aws_iam_role.jenkins_role",
            "data.aws_iam_policy_document.jenkins_assume_role",
            "data.aws_iam_policy_document.jenkins_policy"
          ]
        }
      ]
    },
    {
      "mode": "managed",
      "type": "aws_instance",
      "name": "jenkins",
      "provider": "provider[\"registry.terraform.io/hashicorp/aws\"]",
      "instances": [
        {
          "schema_version": 2,
          "attributes": {
            "ami": "ami-0eeab253db7e765a9",
            "arn": "arn:aws:ec2:ap-southeast-2:398045402467:instance/i-0d4dbca0283b4d38a",
            "associate_public_ip_address": true,
            "availability_zone": "ap-southeast-2a",
            "capacity_reservation_specification": [
              {
                "capacity_reservation_preference": "open",
                "capacity_reservation_target": []
              }
            ],
            "cpu_options": [
              {
                "amd_sev_snp": "",
                "core_count": 1,
                "threads_per_core": 2
              }
            ],
            "credit_specification": [
              {
                "cpu_credits": "unlimited"
              }
            ],
            "disable_api_stop": false,
            "disable_api_termination": false,
            "ebs_block_device": [],
            "ebs_optimized": false,
            "enable_primary_ipv6": null,
            "enclave_options": [
              {
                "enabled": false
              }
            ],
            "ephemeral_block_device": [],
            "force_destroy": false,
            "get_password_data": false,
            "hibernation": false,
            "host_id": "",
            "host_resource_group_arn": null,
            "iam_instance_profile": "go-micro-jenkins-profile",
            "id": "i-0d4dbca0283b4d38a",
            "instance_initiated_shutdown_behavior": "stop",
            "instance_lifecycle": "",
            "instance_market_options": [],
            "instance_state": "running",
            "instance_type": "t3.medium",
            "ipv6_address_count": 0,
            "ipv6_addresses": [],
            "key_name": "go-micro-jenkins-key",
            "launch_template": [],
            "maintenance_options": [
              {
                "auto_recovery": "default"
              }
            ],
            "metadata_options": [
              {
                "http_endpoint": "enabled",
                "http_protocol_ipv6": "disabled",
                "http_put_response_hop_limit": 1,
                "http_tokens": "optional",
                "instance_metadata_tags": "disabled"
              }
            ],
            "monitoring": false,
            "network_interface": [],
            "outpost_arn": "",
            "password_data": "",
            "placement_group": "",
            "placement_group_id": "",
            "placement_partition_number": 0,
            "primary_network_interface": [
              {
                "delete_on_termination": true,
                "network_interface_id": "eni-06a86835ac87edc9b"
              }
            ],
            "primary_network_interface_id": "eni-06a86835ac87edc9b",
            "private_dns": "ip-10-0-71-57.ap-southeast-2.compute.internal",
            "private_dns_name_options": [
              {
                "enable_resource_name_dns_a_record": false,
                "enable_resource_name_dns_aaaa_record": false,
                "hostname_type": "ip-name"
              }
            ],
            "private_ip": "10.0.71.57",
            "public_dns": "ec2-15-134-134-90.ap-southeast-2.compute.amazonaws.com",
            "public_ip": "15.134.134.90",
            "region": "ap-southeast-2",
            "root_block_device": [
              {
                "delete_on_termination": true,
                "device_name": "/dev/sda1",
                "encrypted": true,
                "iops": 3000,
                "kms_key_id": "arn:aws:kms:ap-southeast-2:398045402467:key/2d6506a8-5435-4967-8c6d-b4ad419e6b9b",
                "tags": null,
                "tags_all": {},
                "throughput": 125,
                "volume_id": "vol-0c5bb8048b9733a83",
                "volume_size": 20,
                "volume_type": "gp3"
              }
            ],
            "secondary_private_ips": [],
            "security_groups": [],
            "source_dest_check": true,
            "spot_instance_request_id": "",
            "subnet_id": "subnet-002213ebc5f665fbd",
            "tags": {
              "Name": "go-micro-jenkins",
              "Type": "Jenkins"
            },
            "tags_all": {
              "Name": "go-micro-jenkins",
              "Type": "Jenkins"
            },
            "tenancy": "default",
            "timeouts": null,
            "user_data": "#!/bin/bash\n\n# Update system\napt update -y\n\n# Install Java 17\napt install -y openjdk-17-jre-headless\n\n# Install Docker\napt install -y docker.io\nsystemctl start docker\nsystemctl enable docker\nusermod -a -G docker ubuntu\n\n# Install Jenkins\ncurl -fsSL https://pkg.jenkins.io/debian-stable/jenkins.io-2023.key | tee \\\n  /usr/share/keyrings/jenkins-keyring.asc \u003e /dev/null\necho deb [signed-by=/usr/share/keyrings/jenkins-keyring.asc] \\\n  https://pkg.jenkins.io/debian-stable binary/ | tee \\\n  /etc/apt/sources.list.d/jenkins.list \u003e /dev/null\napt-get update -y\napt-get install -y jenkins\n\n# Start and enable Jenkins\nsystemctl start jenkins\nsystemctl enable jenkins\n\n# Install AWS CLI v2\ncurl \"https://awscli.amazonaws.com/awscli-exe-linux-x86_64.zip\" -o \"awscliv2.zip\"\napt install -y unzip\nunzip awscliv2.zip\n./aws/install\n\n# Install Git\napt install -y git\n\n# Install kubectl\ncurl -LO \"https://dl.k8s.io/release/$(curl -L -s https://dl.k8s.io/release/stable.txt)/bin/linux/amd64/kubectl\"\nchmod +x kubectl\nmv kubectl /usr/local/bin/\n\n# Install Helm\ncurl https://raw.githubusercontent.com/helm/helm/main/scripts/get-helm-3 | bash\n\n# Configure Jenkins\nJENKINS_HOME=\"/var/lib/jenkins\"\nmkdir -p $JENKINS_HOME/init.groovy.d\n\n# Create Jenkins configuration script\ncat \u003e $JENKINS_HOME/init.groovy.d/configure-jenkins.groovy \u003c\u003c 'EOF'\nimport jenkins.model.*\nimport hudson.security.*\nimport hudson.security.csrf.DefaultCrumbIssuer\nimport jenkins.security.s2m.AdminWhitelistRule\n\ndef instance = Jenkins.getInstance()\n\n// Disable CSRF protection for easier setup\ninstance.setCrumbIssuer(null)\n\n// Enable agent to master security subsystem\ninstance.getInjector().getInstance(AdminWhitelistRule.class).setMasterKillSwitch(false)\n\n// Save configuration\ninstance.save()\nEOF\n\n# Set proper permissions\nchown -R jenkins:jenkins $JENKINS_HOME\nchmod 755 $JENKINS_HOME\n\n# Restart Jenkins to apply configuration\nsystemctl restart jenkins\n\n# Create Jenkins user setup script\ncat \u003e /home/ubuntu/setup-jenkins.sh \u003c\u003c 'EOF'\n#!/bin/bash\necho \"Jenkins is starting up...\"\necho \"Please wait 2-3 minutes for Jenkins to be ready\"\necho \"\"\necho \"To get the initial admin password, run:\"\necho \"sudo cat /var/lib/jenkins/secrets/initialAdminPassword\"\necho \"\"\necho \"Then access Jenkins at: http://$(curl -s http://169.254.169.254/latest/meta-data/public-ipv4):8080\"\necho \"\"\necho \"Jenkins setup will be available in a few minutes...\"\nEOF\n\nchmod +x /home/ubuntu/setup-jenkins.sh\nchown ubuntu:ubuntu /home/ubuntu/setup-jenkins.sh\n\n# Log completion\necho \"Jenkins installation completed at $(date)\" \u003e\u003e /var/log/jenkins-install.log\n",
            "user_data_base64": null,
            "user_data_replace_on_change": false,
            "volume_tags": null,
            "vpc_security_group_ids": [
              "sg-041fb4874efe1ec6e"
            ]
          },
          "sensitive_attributes": [],
          "identity_schema_version": 0,
          "identity": {
            "account_id": "398045402467",
            "id": "i-0d4dbca0283b4d38a",
            "region": "ap-southeast-2"
          },
          "private": "eyJlMmJmYjczMC1lY2FhLTExZTYtOGY4OC0zNDM2M2JjN2M0YzAiOnsiY3JlYXRlIjo2MDAwMDAwMDAwMDAsImRlbGV0ZSI6MTIwMDAwMDAwMDAwMCwicmVhZCI6OTAwMDAwMDAwMDAwLCJ1cGRhdGUiOjYwMDAwMDAwMDAwMH0sInNjaGVtYV92ZXJzaW9uIjoiMiJ9",
          "dependencies": [
            "aws_iam_instance_profile.jenkins_profile",
            "aws_iam_role.jenkins_role",
            "aws_key_pair.jenkins_key",
            "aws_security_group.jenkins_sg",
            "aws_subnet.public_zone1",
            "aws_vpc.main",
            "data.aws_ami.ami",
            "data.aws_caller_identity.current",
            "data.aws_iam_policy_document.jenkins_assume_role",
            "tls_private_key.jenkins_key"
          ]
        }
      ]
    },
    {
      "mode": "managed",
      "type": "aws_internet_gateway",
      "name": "igw",
      "provider": "provider[\"registry.terraform.io/hashicorp/aws\"]",
      "instances": [
        {
          "schema_version": 0,
          "attributes": {
            "arn": "arn:aws:ec2:ap-southeast-2:398045402467:internet-gateway/igw-0c7298c1b0405587d",
            "id": "igw-0c7298c1b0405587d",
            "owner_id": "398045402467",
            "region": "ap-southeast-2",
            "tags": {
              "Name": "staging-igw"
            },
            "tags_all": {
              "Name": "staging-igw"
            },
            "timeouts": null,
            "vpc_id": "vpc-0cb7f86917c9f71b2"
          },
          "sensitive_attributes": [],
          "identity_schema_version": 0,
          "private": "eyJlMmJmYjczMC1lY2FhLTExZTYtOGY4OC0zNDM2M2JjN2M0YzAiOnsiY3JlYXRlIjoxMjAwMDAwMDAwMDAwLCJkZWxldGUiOjEyMDAwMDAwMDAwMDAsInVwZGF0ZSI6MTIwMDAwMDAwMDAwMH19",
          "dependencies": [
            "aws_vpc.main"
          ]
        }
      ]
    },
    {
      "mode": "managed",
      "type": "aws_key_pair",
      "name": "jenkins_key",
      "provider": "provider[\"registry.terraform.io/hashicorp/aws\"]",
      "instances": [
        {
          "schema_version": 1,
          "attributes": {
            "arn": "arn:aws:ec2:ap-southeast-2:398045402467:key-pair/go-micro-jenkins-key",
            "fingerprint": "e2:64:27:44:22:58:53:e5:75:4c:ec:62:2f:d5:8f:43",
            "id": "go-micro-jenkins-key",
            "key_name": "go-micro-jenkins-key",
            "key_name_prefix": "",
            "key_pair_id": "key-036e3e6f2b7348bbc",
            "key_type": "rsa",
            "public_key": "ssh-rsa AAAAB3NzaC1yc2EAAAADAQABAAACAQDObukPI+wS27Ktn7V9kubGur/p0m+SicJeTGUPra8RHLJujCxIAQOq/J8CZxqJ/pK6EympsLObX9A44VdpxZ+fts7Se/j9UKNzBf/7tJ9i9PQ7RiVJmGxE3Lvd3oKLPLNZ807ED2id9vqZCTs2pzWaSNh11h4vxwu59c2QdlpwdttBj+MytrszaEcVPqnyRLwJPyryAYvBTvaDHOd4ASVfce+d/eunFfQdttGta9WNpgZdle9f4UjUura9veuPwClT1bDFGM2Pdd6EyWZiA3Nibb/4aQTStVtjKCZVASbsCfA3aUMAsyggk+PdngYCwfLeejfUN4AQgWc3kTUcIwb34FEDgsx+MZKm0X1gADcY1nIke225B4Fb5zx0hD1DMKf86kznHsD3167mPtkAa9pUsaERb6E8Qn+Yp1vqEySCU9PMuw0lmhvlU2udd0LrZnyW9VxTwoTgvuDGLBclaiziPJPXev+LWd+6Nfb/iHfBNpJ5a7FMGeX60tPvj2PuAOKVjoYEKYZEfQlsNLdJp+2cLs9W0Ovx18FzIR2Q4SBLKveOlM6TvicawsUdHV8lbhSS4de35GUr2bXroR5R+VGMbnb/CKtrVBsPKqc41dnKZuw5kplIzMQ1fEDwagXKyOqrEs9n+PmZmXz40uelMUpG0UJgI5HBgE8RbHtOzd74YQ==",
            "region": "ap-southeast-2",
            "tags": null,
            "tags_all": {}
          },
          "sensitive_attributes": [],
          "identity_schema_version": 0,
          "private": "eyJzY2hlbWFfdmVyc2lvbiI6IjEifQ==",
          "dependencies": [
            "tls_private_key.jenkins_key"
          ]
        }
      ]
    },
    {
      "mode": "managed",
      "type": "aws_nat_gateway",
      "name": "nat",
      "provider": "provider[\"registry.terraform.io/hashicorp/aws\"]",
      "instances": [
        {
          "schema_version": 0,
          "attributes": {
            "allocation_id": "eipalloc-0c9ecbb59c9657524",
            "association_id": "eipassoc-040ed3143f982bca7",
            "connectivity_type": "public",
            "id": "nat-0bbefc06c3d280aa3",
            "network_interface_id": "eni-0332078d2a504398b",
            "private_ip": "10.0.80.156",
            "public_ip": "52.64.77.180",
            "region": "ap-southeast-2",
            "secondary_allocation_ids": [],
            "secondary_private_ip_address_count": 0,
            "secondary_private_ip_addresses": [],
            "subnet_id": "subnet-002213ebc5f665fbd",
            "tags": {
              "Name": "staging-nat"
            },
            "tags_all": {
              "Name": "staging-nat"
            },
            "timeouts": null
          },
          "sensitive_attributes": [],
          "identity_schema_version": 0,
          "private": "eyJlMmJmYjczMC1lY2FhLTExZTYtOGY4OC0zNDM2M2JjN2M0YzAiOnsiY3JlYXRlIjo2MDAwMDAwMDAwMDAsImRlbGV0ZSI6MTgwMDAwMDAwMDAwMCwidXBkYXRlIjo2MDAwMDAwMDAwMDB9fQ==",
          "dependencies": [
            "aws_eip.nat",
            "aws_internet_gateway.igw",
            "aws_subnet.public_zone1",
            "aws_vpc.main"
          ]
        }
      ]
    },
    {
      "mode": "managed",
      "type": "aws_route_table",
      "name": "private",
      "provider": "provider[\"registry.terraform.io/hashicorp/aws\"]",
      "instances": [
        {
          "schema_version": 0,
          "attributes": {
            "arn": "arn:aws:ec2:ap-southeast-2:398045402467:route-table/rtb-021ee424295ef9001",
            "id": "rtb-021ee424295ef9001",
            "owner_id": "398045402467",
            "propagating_vgws": [],
            "region": "ap-southeast-2",
            "route": [
              {
                "carrier_gateway_id": "",
                "cidr_block": "0.0.0.0/0",
                "core_network_arn": "",
                "destination_prefix_list_id": "",
                "egress_only_gateway_id": "",
                "gateway_id": "",
                "ipv6_cidr_block": "",
                "local_gateway_id": "",
                "nat_gateway_id": "nat-0bbefc06c3d280aa3",
                "network_interface_id": "",
                "transit_gateway_id": "",
                "vpc_endpoint_id": "",
                "vpc_peering_connection_id": ""
              }
            ],
            "tags": {
              "Name": "staging-private"
            },
            "tags_all": {
              "Name": "staging-private"
            },
            "timeouts": null,
            "vpc_id": "vpc-0cb7f86917c9f71b2"
          },
          "sensitive_attributes": [],
          "identity_schema_version": 0,
          "identity": {
            "account_id": "398045402467",
            "id": "rtb-021ee424295ef9001",
            "region": "ap-southeast-2"
          },
          "private": "eyJlMmJmYjczMC1lY2FhLTExZTYtOGY4OC0zNDM2M2JjN2M0YzAiOnsiY3JlYXRlIjozMDAwMDAwMDAwMDAsImRlbGV0ZSI6MzAwMDAwMDAwMDAwLCJ1cGRhdGUiOjEyMDAwMDAwMDAwMH19",
          "dependencies": [
            "aws_eip.nat",
            "aws_internet_gateway.igw",
            "aws_nat_gateway.nat",
            "aws_subnet.public_zone1",
            "aws_vpc.main"
          ]
        }
      ]
    },
    {
      "mode": "managed",
      "type": "aws_route_table",
      "name": "public",
      "provider": "provider[\"registry.terraform.io/hashicorp/aws\"]",
      "instances": [
        {
          "schema_version": 0,
          "attributes": {
            "arn": "arn:aws:ec2:ap-southeast-2:398045402467:route-table/rtb-0ef45f36c291301bb",
            "id": "rtb-0ef45f36c291301bb",
            "owner_id": "398045402467",
            "propagating_vgws": [],
            "region": "ap-southeast-2",
            "route": [
              {
                "carrier_gateway_id": "",
                "cidr_block": "0.0.0.0/0",
                "core_network_arn": "",
                "destination_prefix_list_id": "",
                "egress_only_gateway_id": "",
                "gateway_id": "igw-0c7298c1b0405587d",
                "ipv6_cidr_block": "",
                "local_gateway_id": "",
                "nat_gateway_id": "",
                "network_interface_id": "",
                "transit_gateway_id": "",
                "vpc_endpoint_id": "",
                "vpc_peering_connection_id": ""
              }
            ],
            "tags": {
              "Name": "staging-public"
            },
            "tags_all": {
              "Name": "staging-public"
            },
            "timeouts": null,
            "vpc_id": "vpc-0cb7f86917c9f71b2"
          },
          "sensitive_attributes": [],
          "identity_schema_version": 0,
          "identity": {
            "account_id": "398045402467",
            "id": "rtb-0ef45f36c291301bb",
            "region": "ap-southeast-2"
          },
          "private": "eyJlMmJmYjczMC1lY2FhLTExZTYtOGY4OC0zNDM2M2JjN2M0YzAiOnsiY3JlYXRlIjozMDAwMDAwMDAwMDAsImRlbGV0ZSI6MzAwMDAwMDAwMDAwLCJ1cGRhdGUiOjEyMDAwMDAwMDAwMH19",
          "dependencies": [
            "aws_internet_gateway.igw",
            "aws_vpc.main"
          ]
        }
      ]
    },
    {
      "mode": "managed",
      "type": "aws_route_table_association",
      "name": "private_zone1",
      "provider": "provider[\"registry.terraform.io/hashicorp/aws\"]",
      "instances": [
        {
          "schema_version": 0,
          "attributes": {
            "gateway_id": "",
            "id": "rtbassoc-0e3e01d1a37182d7d",
            "region": "ap-southeast-2",
            "route_table_id": "rtb-021ee424295ef9001",
            "subnet_id": "subnet-04571f9a5cc0011c2",
            "timeouts": null
          },
          "sensitive_attributes": [],
          "identity_schema_version": 0,
          "private": "eyJlMmJmYjczMC1lY2FhLTExZTYtOGY4OC0zNDM2M2JjN2M0YzAiOnsiY3JlYXRlIjozMDAwMDAwMDAwMDAsImRlbGV0ZSI6MzAwMDAwMDAwMDAwLCJ1cGRhdGUiOjEyMDAwMDAwMDAwMH19",
          "dependencies": [
            "aws_eip.nat",
            "aws_internet_gateway.igw",
            "aws_nat_gateway.nat",
            "aws_route_table.private",
            "aws_subnet.private_zone1",
            "aws_subnet.public_zone1",
            "aws_vpc.main"
          ]
        }
      ]
    },
    {
      "mode": "managed",
      "type": "aws_route_table_association",
      "name": "private_zone2",
      "provider": "provider[\"registry.terraform.io/hashicorp/aws\"]",
      "instances": [
        {
          "schema_version": 0,
          "attributes": {
            "gateway_id": "",
            "id": "rtbassoc-05983fbf80b041c50",
            "region": "ap-southeast-2",
            "route_table_id": "rtb-021ee424295ef9001",
            "subnet_id": "subnet-0e03bbe09de295782",
            "timeouts": null
          },
          "sensitive_attributes": [],
          "identity_schema_version": 0,
          "private": "eyJlMmJmYjczMC1lY2FhLTExZTYtOGY4OC0zNDM2M2JjN2M0YzAiOnsiY3JlYXRlIjozMDAwMDAwMDAwMDAsImRlbGV0ZSI6MzAwMDAwMDAwMDAwLCJ1cGRhdGUiOjEyMDAwMDAwMDAwMH19",
          "dependencies": [
            "aws_eip.nat",
            "aws_internet_gateway.igw",
            "aws_nat_gateway.nat",
            "aws_route_table.private",
            "aws_subnet.private_zone2",
            "aws_subnet.public_zone1",
            "aws_vpc.main"
          ]
        }
      ]
    },
    {
      "mode": "managed",
      "type": "aws_route_table_association",
      "name": "public_zone1",
      "provider": "provider[\"registry.terraform.io/hashicorp/aws\"]",
      "instances": [
        {
          "schema_version": 0,
          "attributes": {
            "gateway_id": "",
            "id": "rtbassoc-03c0f53fc5eb4b846",
            "region": "ap-southeast-2",
            "route_table_id": "rtb-0ef45f36c291301bb",
            "subnet_id": "subnet-002213ebc5f665fbd",
            "timeouts": null
          },
          "sensitive_attributes": [],
          "identity_schema_version": 0,
          "private": "eyJlMmJmYjczMC1lY2FhLTExZTYtOGY4OC0zNDM2M2JjN2M0YzAiOnsiY3JlYXRlIjozMDAwMDAwMDAwMDAsImRlbGV0ZSI6MzAwMDAwMDAwMDAwLCJ1cGRhdGUiOjEyMDAwMDAwMDAwMH19",
          "dependencies": [
            "aws_internet_gateway.igw",
            "aws_route_table.public",
            "aws_subnet.public_zone1",
            "aws_vpc.main"
          ]
        }
      ]
    },
    {
      "mode": "managed",
      "type": "aws_route_table_association",
      "name": "public_zone2",
      "provider": "provider[\"registry.terraform.io/hashicorp/aws\"]",
      "instances": [
        {
          "schema_version": 0,
          "attributes": {
            "gateway_id": "",
            "id": "rtbassoc-0143c87f592998d18",
            "region": "ap-southeast-2",
            "route_table_id": "rtb-0ef45f36c291301bb",
            "subnet_id": "subnet-072c10a3c62353419",
            "timeouts": null
          },
          "sensitive_attributes": [],
          "identity_schema_version": 0,
          "private": "eyJlMmJmYjczMC1lY2FhLTExZTYtOGY4OC0zNDM2M2JjN2M0YzAiOnsiY3JlYXRlIjozMDAwMDAwMDAwMDAsImRlbGV0ZSI6MzAwMDAwMDAwMDAwLCJ1cGRhdGUiOjEyMDAwMDAwMDAwMH19",
          "dependencies": [
            "aws_internet_gateway.igw",
            "aws_route_table.public",
            "aws_subnet.public_zone2",
            "aws_vpc.main"
          ]
        }
      ]
    },
    {
      "mode": "managed",
      "type": "aws_security_group",
      "name": "jenkins_sg",
      "provider": "provider[\"registry.terraform.io/hashicorp/aws\"]",
      "instances": [
        {
          "schema_version": 1,
          "attributes": {
            "arn": "arn:aws:ec2:ap-southeast-2:398045402467:security-group/sg-041fb4874efe1ec6e",
            "description": "Managed by Terraform",
            "egress": [
              {
                "cidr_blocks": [
                  "0.0.0.0/0"
                ],
                "description": "",
                "from_port": 0,
                "ipv6_cidr_blocks": [],
                "prefix_list_ids": [],
                "protocol": "-1",
                "security_groups": [],
                "self": false,
                "to_port": 0
              }
            ],
            "id": "sg-041fb4874efe1ec6e",
            "ingress": [
              {
                "cidr_blocks": [
                  "0.0.0.0/0"
                ],
                "description": "",
                "from_port": 22,
                "ipv6_cidr_blocks": [],
                "prefix_list_ids": [],
                "protocol": "tcp",
                "security_groups": [],
                "self": false,
                "to_port": 22
              },
              {
                "cidr_blocks": [
                  "0.0.0.0/0"
                ],
                "description": "",
                "from_port": 50000,
                "ipv6_cidr_blocks": [],
                "prefix_list_ids": [],
                "protocol": "tcp",
                "security_groups": [],
                "self": false,
                "to_port": 50000
              },
              {
                "cidr_blocks": [
                  "0.0.0.0/0"
                ],
                "description": "",
                "from_port": 8080,
                "ipv6_cidr_blocks": [],
                "prefix_list_ids": [],
                "protocol": "tcp",
                "security_groups": [],
                "self": false,
                "to_port": 8080
              }
            ],
            "name": "go-micro-jenkins-20251029125051592900000001",
            "name_prefix": "go-micro-jenkins-",
            "owner_id": "398045402467",
            "region": "ap-southeast-2",
            "revoke_rules_on_delete": false,
            "tags": {
              "Name": "go-micro-jenkins-sg"
            },
            "tags_all": {
              "Name": "go-micro-jenkins-sg"
            },
            "timeouts": null,
            "vpc_id": "vpc-0cb7f86917c9f71b2"
          },
          "sensitive_attributes": [],
          "identity_schema_version": 0,
          "identity": {
            "account_id": "398045402467",
            "id": "sg-041fb4874efe1ec6e",
            "region": "ap-southeast-2"
          },
          "private": "eyJlMmJmYjczMC1lY2FhLTExZTYtOGY4OC0zNDM2M2JjN2M0YzAiOnsiY3JlYXRlIjo2MDAwMDAwMDAwMDAsImRlbGV0ZSI6OTAwMDAwMDAwMDAwfSwic2NoZW1hX3ZlcnNpb24iOiIxIn0=",
          "dependencies": [
            "aws_vpc.main"
          ]
        }
      ]
    },
    {
      "mode": "managed",
      "type": "aws_subnet",
      "name": "private_zone1",
      "provider": "provider[\"registry.terraform.io/hashicorp/aws\"]",
      "instances": [
        {
          "schema_version": 1,
          "attributes": {
            "arn": "arn:aws:ec2:ap-southeast-2:398045402467:subnet/subnet-04571f9a5cc0011c2",
            "assign_ipv6_address_on_creation": false,
            "availability_zone": "ap-southeast-2a",
            "availability_zone_id": "apse2-az1",
            "cidr_block": "10.0.0.0/19",
            "customer_owned_ipv4_pool": "",
            "enable_dns64": false,
            "enable_lni_at_device_index": 0,
            "enable_resource_name_dns_a_record_on_launch": false,
            "enable_resource_name_dns_aaaa_record_on_launch": false,
            "id": "subnet-04571f9a5cc0011c2",
            "ipv6_cidr_block": "",
            "ipv6_cidr_block_association_id": "",
            "ipv6_native": false,
            "map_customer_owned_ip_on_launch": false,
            "map_public_ip_on_launch": false,
            "outpost_arn": "",
            "owner_id": "398045402467",
            "private_dns_hostname_type_on_launch": "ip-name",
            "region": "ap-southeast-2",
            "tags": {
              "Name": "staging-private-ap-southeast-2a",
              "kubernetes.io/cluster/staging-demo": "owned",
              "kubernetes.io/role/internal-elb": "1"
            },
            "tags_all": {
              "Name": "staging-private-ap-southeast-2a",
              "kubernetes.io/cluster/staging-demo": "owned",
              "kubernetes.io/role/internal-elb": "1"
            },
            "timeouts": null,
            "vpc_id": "vpc-0cb7f86917c9f71b2"
          },
          "sensitive_attributes": [],
          "identity_schema_version": 0,
          "identity": {
            "account_id": "398045402467",
            "id": "subnet-04571f9a5cc0011c2",
            "region": "ap-southeast-2"
          },
          "private": "eyJlMmJmYjczMC1lY2FhLTExZTYtOGY4OC0zNDM2M2JjN2M0YzAiOnsiY3JlYXRlIjo2MDAwMDAwMDAwMDAsImRlbGV0ZSI6MTIwMDAwMDAwMDAwMH0sInNjaGVtYV92ZXJzaW9uIjoiMSJ9",
          "dependencies": [
            "aws_vpc.main"
          ]
        }
      ]
    },
    {
      "mode": "managed",
      "type": "aws_subnet",
      "name": "private_zone2",
      "provider": "provider[\"registry.terraform.io/hashicorp/aws\"]",
      "instances": [
        {
          "schema_version": 1,
          "attributes": {
            "arn": "arn:aws:ec2:ap-southeast-2:398045402467:subnet/subnet-0e03bbe09de295782",
            "assign_ipv6_address_on_creation": false,
            "availability_zone": "ap-southeast-2b",
            "availability_zone_id": "apse2-az3",
            "cidr_block": "10.0.32.0/19",
            "customer_owned_ipv4_pool": "",
            "enable_dns64": false,
            "enable_lni_at_device_index": 0,
            "enable_resource_name_dns_a_record_on_launch": false,
            "enable_resource_name_dns_aaaa_record_on_launch": false,
            "id": "subnet-0e03bbe09de295782",
            "ipv6_cidr_block": "",
            "ipv6_cidr_block_association_id": "",
            "ipv6_native": false,
            "map_customer_owned_ip_on_launch": false,
            "map_public_ip_on_launch": false,
            "outpost_arn": "",
            "owner_id": "398045402467",
            "private_dns_hostname_type_on_launch": "ip-name",
            "region": "ap-southeast-2",
            "tags": {
              "Name": "staging-private-ap-southeast-2b",
              "kubernetes.io/cluster/staging-demo": "owned",
              "kubernetes.io/role/internal-elb": "1"
            },
            "tags_all": {
              "Name": "staging-private-ap-southeast-2b",
              "kubernetes.io/cluster/staging-demo": "owned",
              "kubernetes.io/role/internal-elb": "1"
            },
            "timeouts": null,
            "vpc_id": "vpc-0cb7f86917c9f71b2"
          },
          "sensitive_attributes": [],
          "identity_schema_version": 0,
          "identity": {
            "account_id": "398045402467",
            "id": "subnet-0e03bbe09de295782",
            "region": "ap-southeast-2"
          },
          "private": "eyJlMmJmYjczMC1lY2FhLTExZTYtOGY4OC0zNDM2M2JjN2M0YzAiOnsiY3JlYXRlIjo2MDAwMDAwMDAwMDAsImRlbGV0ZSI6MTIwMDAwMDAwMDAwMH0sInNjaGVtYV92ZXJzaW9uIjoiMSJ9",
          "dependencies": [
            "aws_vpc.main"
          ]
        }
      ]
    },
    {
      "mode": "managed",
      "type": "aws_subnet",
      "name": "public_zone1",
      "provider": "provider[\"registry.terraform.io/hashicorp/aws\"]",
      "instances": [
        {
          "schema_version": 1,
          "attributes": {
            "arn": "arn:aws:ec2:ap-southeast-2:398045402467:subnet/subnet-002213ebc5f665fbd",
            "assign_ipv6_address_on_creation": false,
            "availability_zone": "ap-southeast-2a",
            "availability_zone_id": "apse2-az1",
            "cidr_block": "10.0.64.0/19",
            "customer_owned_ipv4_pool": "",
            "enable_dns64": false,
            "enable_lni_at_device_index": 0,
            "enable_resource_name_dns_a_record_on_launch": false,
            "enable_resource_name_dns_aaaa_record_on_launch": false,
            "id": "subnet-002213ebc5f665fbd",
            "ipv6_cidr_block": "",
            "ipv6_cidr_block_association_id": "",
            "ipv6_native": false,
            "map_customer_owned_ip_on_launch": false,
            "map_public_ip_on_launch": true,
            "outpost_arn": "",
            "owner_id": "398045402467",
            "private_dns_hostname_type_on_launch": "ip-name",
            "region": "ap-southeast-2",
            "tags": {
              "Name": "staging-public-ap-southeast-2a",
              "kubernetes.io/cluster/staging-demo": "owned",
              "kubernetes.io/role/elb": "1"
            },
            "tags_all": {
              "Name": "staging-public-ap-southeast-2a",
              "kubernetes.io/cluster/staging-demo": "owned",
              "kubernetes.io/role/elb": "1"
            },
            "timeouts": null,
            "vpc_id": "vpc-0cb7f86917c9f71b2"
          },
          "sensitive_attributes": [],
          "identity_schema_version": 0,
          "identity": {
            "account_id": "398045402467",
            "id": "subnet-002213ebc5f665fbd",
            "region": "ap-southeast-2"
          },
          "private": "eyJlMmJmYjczMC1lY2FhLTExZTYtOGY4OC0zNDM2M2JjN2M0YzAiOnsiY3JlYXRlIjo2MDAwMDAwMDAwMDAsImRlbGV0ZSI6MTIwMDAwMDAwMDAwMH0sInNjaGVtYV92ZXJzaW9uIjoiMSJ9",
          "dependencies": [
            "aws_vpc.main"
          ]
        }
      ]
    },
    {
      "mode": "managed",
      "type": "aws_subnet",
      "name": "public_zone2",
      "provider": "provider[\"registry.terraform.io/hashicorp/aws\"]",
      "instances": [
        {
          "schema_version": 1,
          "attributes": {
            "arn": "arn:aws:ec2:ap-southeast-2:398045402467:subnet/subnet-072c10a3c62353419",
            "assign_ipv6_address_on_creation": false,
            "availability_zone": "ap-southeast-2b",
            "availability_zone_id": "apse2-az3",
            "cidr_block": "10.0.96.0/19",
            "customer_owned_ipv4_pool": "",
            "enable_dns64": false,
            "enable_lni_at_device_index": 0,
            "enable_resource_name_dns_a_record_on_launch": false,
            "enable_resource_name_dns_aaaa_record_on_launch": false,
            "id": "subnet-072c10a3c62353419",
            "ipv6_cidr_block": "",
            "ipv6_cidr_block_association_id": "",
            "ipv6_native": false,
            "map_customer_owned_ip_on_launch": false,
            "map_public_ip_on_launch": true,
            "outpost_arn": "",
            "owner_id": "398045402467",
            "private_dns_hostname_type_on_launch": "ip-name",
            "region": "ap-southeast-2",
            "tags": {
              "Name": "staging-public-ap-southeast-2b",
              "kubernetes.io/cluster/staging-demo": "owned",
              "kubernetes.io/role/elb": "1"
            },
            "tags_all": {
              "Name": "staging-public-ap-southeast-2b",
              "kubernetes.io/cluster/staging-demo": "owned",
              "kubernetes.io/role/elb": "1"
            },
            "timeouts": null,
            "vpc_id": "vpc-0cb7f86917c9f71b2"
          },
          "sensitive_attributes": [],
          "identity_schema_version": 0,
          "identity": {
            "account_id": "398045402467",
            "id": "subnet-072c10a3c62353419",
            "region": "ap-southeast-2"
          },
          "private": "eyJlMmJmYjczMC1lY2FhLTExZTYtOGY4OC0zNDM2M2JjN2M0YzAiOnsiY3JlYXRlIjo2MDAwMDAwMDAwMDAsImRlbGV0ZSI6MTIwMDAwMDAwMDAwMH0sInNjaGVtYV92ZXJzaW9uIjoiMSJ9",
          "dependencies": [
            "aws_vpc.main"
          ]
        }
      ]
    },
    {
      "mode": "managed",
      "type": "aws_vpc",
      "name": "main",
      "provider": "provider[\"registry.terraform.io/hashicorp/aws\"]",
      "instances": [
        {
          "schema_version": 1,
          "attributes": {
            "arn": "arn:aws:ec2:ap-southeast-2:398045402467:vpc/vpc-0cb7f86917c9f71b2",
            "assign_generated_ipv6_cidr_block": false,
            "cidr_block": "10.0.0.0/16",
            "default_network_acl_id": "acl-0389c59a8dc802c40",
            "default_route_table_id": "rtb-0b1682880af12f683",
            "default_security_group_id": "sg-0a61a85541dbebe34",
            "dhcp_options_id": "dopt-0ff2c404de9fee20a",
            "enable_dns_hostnames": true,
            "enable_dns_support": true,
            "enable_network_address_usage_metrics": false,
            "id": "vpc-0cb7f86917c9f71b2",
            "instance_tenancy": "default",
            "ipv4_ipam_pool_id": null,
            "ipv4_netmask_length": null,
            "ipv6_association_id": "",
            "ipv6_cidr_block": "",
            "ipv6_cidr_block_network_border_group": "",
            "ipv6_ipam_pool_id": "",
            "ipv6_netmask_length": 0,
            "main_route_table_id": "rtb-0b1682880af12f683",
            "owner_id": "398045402467",
            "region": "ap-southeast-2",
            "tags": {
              "Name": "staging-main"
            },
            "tags_all": {
              "Name": "staging-main"
            }
          },
          "sensitive_attributes": [],
          "identity_schema_version": 0,
          "identity": {
            "account_id": "398045402467",
            "id": "vpc-0cb7f86917c9f71b2",
            "region": "ap-southeast-2"
          },
          "private": "eyJzY2hlbWFfdmVyc2lvbiI6IjEifQ=="
        }
      ]
    },
    {
      "mode": "managed",
      "type": "helm_release",
      "name": "aws_lbc",
      "provider": "provider[\"registry.terraform.io/hashicorp/helm\"]",
      "instances": [
        {
          "schema_version": 2,
          "attributes": {
            "atomic": false,
            "chart": "aws-load-balancer-controller",
            "cleanup_on_fail": false,
            "create_namespace": false,
            "dependency_update": false,
            "description": null,
            "devel": null,
            "disable_crd_hooks": false,
            "disable_openapi_validation": false,
            "disable_webhooks": false,
            "force_update": false,
            "id": "aws-load-balancer-controller",
            "keyring": null,
            "lint": false,
            "manifest": null,
            "max_history": 0,
            "metadata": {
              "app_version": "v2.7.2",
              "chart": "aws-load-balancer-controller",
              "first_deployed": 1761742896,
              "last_deployed": 1761742896,
              "name": "aws-load-balancer-controller",
              "namespace": "kube-system",
              "notes": "AWS Load Balancer controller installed!\n",
              "revision": 1,
              "values": "{\"clusterName\":\"staging-demo\",\"region\":\"ap-southeast-2\",\"serviceAccount\":{\"annotations\":{\"eks.amazonaws.com/role-arn\":\"arn:aws:iam::398045402467:role/staging-demo-aws-lbc\"},\"create\":true,\"name\":\"aws-load-balancer-controller\"},\"vpcId\":\"vpc-0cb7f86917c9f71b2\"}",
              "version": "1.7.2"
            },
            "name": "aws-load-balancer-controller",
            "namespace": "kube-system",
            "pass_credentials": false,
            "postrender": null,
            "recreate_pods": false,
            "render_subchart_notes": true,
            "replace": false,
            "repository": "https://aws.github.io/eks-charts",
            "repository_ca_file": null,
            "repository_cert_file": null,
            "repository_key_file": null,
            "repository_password": null,
            "repository_username": null,
            "reset_values": false,
            "reuse_values": false,
            "set": [
              {
                "name": "clusterName",
                "type": "",
                "value": "staging-demo"
              },
              {
                "name": "region",
                "type": "",
                "value": "ap-southeast-2"
              },
              {
                "name": "serviceAccount.create",
                "type": "",
                "value": "true"
              },
              {
                "name": "serviceAccount.name",
                "type": "",
                "value": "aws-load-balancer-controller"
              },
              {
                "name": "vpcId",
                "type": "",
                "value": "vpc-0cb7f86917c9f71b2"
              },
              {
                "name": "serviceAccount.annotations.eks\\.amazonaws\\.com/role-arn",
                "type": "",
                "value": "arn:aws:iam::398045402467:role/staging-demo-aws-lbc"
              }
            ],
            "set_list": null,
            "set_sensitive": null,
            "set_wo": null,
            "set_wo_revision": null,
            "skip_crds": false,
            "status": "deployed",
            "timeout": 600,
            "values": null,
            "verify": false,
            "version": "1.7.2",
            "wait": true,
            "wait_for_jobs": false
          },
          "sensitive_attributes": [
            [
              {
                "type": "get_attr",
                "value": "repository_password"
              }
            ]
          ],
          "identity_schema_version": 0,
          "identity": {
            "namespace": "kube-system",
            "release_name": "aws-load-balancer-controller"
          },
          "dependencies": [
            "aws_eks_cluster.eks",
            "aws_eks_node_group.general",
            "aws_eks_pod_identity_association.aws_lbc",
            "aws_iam_policy.aws_lbc",
            "aws_iam_role.aws_lbc",
            "aws_iam_role.eks",
            "aws_iam_role.nodes",
            "aws_iam_role_policy_attachment.amazon_ec2_container_registry_read_only",
            "aws_iam_role_policy_attachment.amazon_eks_cni_policy",
            "aws_iam_role_policy_attachment.amazon_eks_worker_node_policy",
            "aws_iam_role_policy_attachment.aws_lbc",
            "aws_iam_role_policy_attachment.aws_lbc_additional",
            "aws_iam_role_policy_attachment.eks",
            "aws_subnet.private_zone1",
            "aws_subnet.private_zone2",
            "aws_subnet.public_zone1",
            "aws_subnet.public_zone2",
            "aws_vpc.main",
            "data.aws_iam_policy_document.aws_lbc",
            "data.aws_iam_policy_document.aws_lbc_policy",
            "null_resource.wait_for_eks_connection"
          ]
        }
      ]
    },
    {
      "mode": "managed",
      "type": "helm_release",
      "name": "cluster_autoscaler",
      "provider": "provider[\"registry.terraform.io/hashicorp/helm\"]",
      "instances": [
        {
          "schema_version": 2,
          "attributes": {
            "atomic": false,
            "chart": "cluster-autoscaler",
            "cleanup_on_fail": false,
            "create_namespace": false,
            "dependency_update": false,
            "description": null,
            "devel": null,
            "disable_crd_hooks": false,
            "disable_openapi_validation": false,
            "disable_webhooks": false,
            "force_update": false,
            "id": "autoscaler",
            "keyring": null,
            "lint": false,
            "manifest": null,
            "max_history": 0,
            "metadata": {
              "app_version": "1.30.0",
              "chart": "cluster-autoscaler",
              "first_deployed": 1761742952,
              "last_deployed": 1761742952,
              "name": "autoscaler",
              "namespace": "kube-system",
              "notes": "\n\nTo verify that cluster-autoscaler has started, run:\n\n  kubectl --namespace=kube-system get pods -l \"app.kubernetes.io/name=aws-cluster-autoscaler,app.kubernetes.io/instance=autoscaler\"",
              "revision": 1,
              "values": "{\"autoDiscovery\":{\"clusterName\":\"staging-demo\"},\"awsRegion\":\"ap-southeast-2\",\"rbac\":{\"serviceAccount\":{\"name\":\"cluster-autoscaler\"}}}",
              "version": "9.37.0"
            },
            "name": "autoscaler",
            "namespace": "kube-system",
            "pass_credentials": false,
            "postrender": null,
            "recreate_pods": false,
            "render_subchart_notes": true,
            "replace": false,
            "repository": "https://kubernetes.github.io/autoscaler",
            "repository_ca_file": null,
            "repository_cert_file": null,
            "repository_key_file": null,
            "repository_password": null,
            "repository_username": null,
            "reset_values": false,
            "reuse_values": false,
            "set": [
              {
                "name": "rbac.serviceAccount.name",
                "type": "",
                "value": "cluster-autoscaler"
              },
              {
                "name": "autoDiscovery.clusterName",
                "type": "",
                "value": "staging-demo"
              },
              {
                "name": "awsRegion",
                "type": "",
                "value": "ap-southeast-2"
              }
            ],
            "set_list": null,
            "set_sensitive": null,
            "set_wo": null,
            "set_wo_revision": null,
            "skip_crds": false,
            "status": "deployed",
            "timeout": 300,
            "values": null,
            "verify": false,
            "version": "9.37.0",
            "wait": true,
            "wait_for_jobs": false
          },
          "sensitive_attributes": [
            [
              {
                "type": "get_attr",
                "value": "repository_password"
              }
            ]
          ],
          "identity_schema_version": 0,
          "identity": {
            "namespace": "kube-system",
            "release_name": "autoscaler"
          },
          "dependencies": [
            "aws_eks_cluster.eks",
            "aws_eks_node_group.general",
            "aws_iam_role.eks",
            "aws_iam_role.nodes",
            "aws_iam_role_policy_attachment.amazon_ec2_container_registry_read_only",
            "aws_iam_role_policy_attachment.amazon_eks_cni_policy",
            "aws_iam_role_policy_attachment.amazon_eks_worker_node_policy",
            "aws_iam_role_policy_attachment.eks",
            "aws_subnet.private_zone1",
            "aws_subnet.private_zone2",
            "aws_subnet.public_zone1",
            "aws_subnet.public_zone2",
            "aws_vpc.main",
            "helm_release.metrics_server",
            "null_resource.wait_for_eks_connection"
          ]
        }
      ]
    },
    {
      "mode": "managed",
      "type": "helm_release",
      "name": "metrics_server",
      "provider": "provider[\"registry.terraform.io/hashicorp/helm\"]",
      "instances": [
        {
          "schema_version": 2,
          "attributes": {
            "atomic": false,
            "chart": "metrics-server",
            "cleanup_on_fail": false,
            "create_namespace": false,
            "dependency_update": false,
            "description": null,
            "devel": null,
            "disable_crd_hooks": false,
            "disable_openapi_validation": false,
            "disable_webhooks": false,
            "force_update": false,
            "id": "metrics-server",
            "keyring": null,
            "lint": false,
            "manifest": null,
            "max_history": 0,
            "metadata": {
              "app_version": "0.7.1",
              "chart": "metrics-server",
              "first_deployed": 1761742894,
              "last_deployed": 1761742894,
              "name": "metrics-server",
              "namespace": "kube-system",
              "notes": "***********************************************************************\n* Metrics Server                                                      *\n***********************************************************************\n  Chart version: 3.12.1\n  App version:   0.7.1\n  Image tag:     registry.k8s.io/metrics-server/metrics-server:v0.7.1\n***********************************************************************\n",
              "revision": 1,
              "values": "{}",
              "version": "3.12.1"
            },
            "name": "metrics-server",
            "namespace": "kube-system",
            "pass_credentials": false,
            "postrender": null,
            "recreate_pods": false,
            "render_subchart_notes": true,
            "replace": false,
            "repository": "https://kubernetes-sigs.github.io/metrics-server/",
            "repository_ca_file": null,
            "repository_cert_file": null,
            "repository_key_file": null,
            "repository_password": null,
            "repository_username": null,
            "reset_values": false,
            "reuse_values": false,
            "set": null,
            "set_list": null,
            "set_sensitive": null,
            "set_wo": null,
            "set_wo_revision": null,
            "skip_crds": false,
            "status": "deployed",
            "timeout": 300,
            "values": null,
            "verify": false,
            "version": "3.12.1",
            "wait": true,
            "wait_for_jobs": false
          },
          "sensitive_attributes": [
            [
              {
                "type": "get_attr",
                "value": "repository_password"
              }
            ]
          ],
          "identity_schema_version": 0,
          "identity": {
            "namespace": "kube-system",
            "release_name": "metrics-server"
          },
          "dependencies": [
            "aws_eks_cluster.eks",
            "aws_eks_node_group.general",
            "aws_iam_role.eks",
            "aws_iam_role.nodes",
            "aws_iam_role_policy_attachment.amazon_ec2_container_registry_read_only",
            "aws_iam_role_policy_attachment.amazon_eks_cni_policy",
            "aws_iam_role_policy_attachment.amazon_eks_worker_node_policy",
            "aws_iam_role_policy_attachment.eks",
            "aws_subnet.private_zone1",
            "aws_subnet.private_zone2",
            "aws_subnet.public_zone1",
            "aws_subnet.public_zone2",
            "aws_vpc.main",
            "null_resource.wait_for_eks_connection"
          ]
        }
      ]
    },
    {
      "mode": "managed",
      "type": "local_file",
      "name": "docker_compose",
      "provider": "provider[\"registry.terraform.io/hashicorp/local\"]",
      "instances": [
        {
          "schema_version": 0,
          "attributes": {
            "content": "services:\n  # Client Frontend\n  client:\n    image: 398045402467.dkr.ecr.ap-southeast-2.amazonaws.com/client:latest\n    ports:\n      - \"3011:80\"\n    environment:\n      - VITE_API_URL=http://localhost:8089\n    depends_on:\n      - api-gateway\n    restart: on-failure\n    networks:\n      - microservices-network\n\n  # API Gateway\n  api-gateway:\n    image: 398045402467.dkr.ecr.ap-southeast-2.amazonaws.com/api-gateway:latest\n    ports:\n      - \"8089:8000\"\n    environment:\n      - PRODUCT_SERVICE_URL=http://product-service:8080\n      - ORDER_SERVICE_URL=http://order-service:8081\n      - INVENTORY_SERVICE_URL=http://inventory-service:8082\n      - NOTIFICATION_SERVICE_URL=http://notification-service:8083\n      - PAYMENT_SERVICE_URL=http://payment-service:8084\n    depends_on:\n      - product-service\n      - order-service\n      - inventory-service\n      - notification-service\n      - payment-service\n    restart: on-failure\n    networks:\n      - microservices-network\n\n  # Redis Cache\n  redis:\n    image: redis:7-alpine\n    ports:\n      - \"6381:6379\"\n    volumes:\n      - redis_data:/data\n    networks:\n      - microservices-network\n\n  # RabbitMQ\n  rabbitmq:\n    image: rabbitmq:3-management-alpine\n    ports:\n      - \"5672:5672\"\n      - \"15672:15672\"\n    environment:\n      - RABBITMQ_DEFAULT_USER=admin\n      - RABBITMQ_DEFAULT_PASS=admin123\n    volumes:\n      - rabbitmq_data:/var/lib/rabbitmq\n    networks:\n      - microservices-network\n\n  # Product Service\n  product-service:\n    image: 398045402467.dkr.ecr.ap-southeast-2.amazonaws.com/product-service:latest\n    ports:\n      - \"8080:8080\"\n    environment:\n      - DB_HOST=product-db\n      - DB_PORT=5432\n      - DB_USER=postgres\n      - DB_PASSWORD=canh177\n      - DB_NAME=products_db\n    depends_on:\n      - product-db\n    restart: on-failure\n    networks:\n      - microservices-network\n\n  # Order Service\n  order-service:\n    image: 398045402467.dkr.ecr.ap-southeast-2.amazonaws.com/order-service:latest\n    ports:\n      - \"8081:8081\"\n    environment:\n      - DB_HOST=order-db\n      - DB_PORT=5432\n      - DB_USER=postgres\n      - DB_PASSWORD=canh177\n      - DB_NAME=orders_db\n      - REDIS_HOST=redis\n      - REDIS_PORT=6379\n      - RABBITMQ_HOST=rabbitmq\n      - RABBITMQ_PORT=5672\n      - RABBITMQ_USER=admin\n      - RABBITMQ_PASS=admin123\n      - INVENTORY_SERVICE_URL=http://inventory-service:8082\n      - NOTIFICATION_SERVICE_URL=http://notification-service:8083\n    depends_on:\n      - order-db\n      - inventory-service\n      - notification-service\n    restart: on-failure\n    networks:\n      - microservices-network\n\n  # Inventory Service\n  inventory-service:\n    image: 398045402467.dkr.ecr.ap-southeast-2.amazonaws.com/inventory-service:latest\n    ports:\n      - \"8082:8082\"\n    environment:\n      - DB_HOST=inventory-db\n      - DB_PORT=5432\n      - DB_USER=postgres\n      - DB_PASSWORD=canh177\n      - DB_NAME=inventory_db\n    depends_on:\n      - inventory-db\n    restart: on-failure\n    networks:\n      - microservices-network\n\n  # Notification Service\n  notification-service:\n    image: 398045402467.dkr.ecr.ap-southeast-2.amazonaws.com/notification-service:latest\n    ports:\n      - \"8083:8083\"\n    environment:\n      - DB_HOST=notification-db\n      - DB_PORT=5432\n      - DB_USER=postgres\n      - DB_PASSWORD=canh177\n      - DB_NAME=notifications_db\n    depends_on:\n      - notification-db\n    restart: on-failure\n    networks:\n      - microservices-network\n\n  # Payment Service\n  payment-service:\n    image: 398045402467.dkr.ecr.ap-southeast-2.amazonaws.com/payment-service:latest\n    ports:\n      - \"8084:8084\"\n    environment:\n      - DB_HOST=payment-db\n      - DB_PORT=5432\n      - DB_USER=postgres\n      - DB_PASSWORD=canh177\n      - DB_NAME=payments_db\n      - STRIPE_SECRET_KEY=${STRIPE_SECRET_KEY}\n    depends_on:\n      - payment-db\n    restart: on-failure\n    networks:\n      - microservices-network\n\n  # Databases\n  product-db:\n    image: postgres:14-alpine\n    ports:\n      - \"5441:5432\"\n    environment:\n      - POSTGRES_USER=postgres\n      - POSTGRES_PASSWORD=canh177\n      - POSTGRES_DB=products_db\n      - POSTGRES_HOST_AUTH_METHOD=md5\n    volumes:\n      - ./db-init/product-db-init.sql:/docker-entrypoint-initdb.d/init.sql\n      - product-db-data:/var/lib/postgresql/data\n    networks:\n      - microservices-network\n\n  order-db:\n    image: postgres:14-alpine\n    ports:\n      - \"5442:5432\"\n    environment:\n      - POSTGRES_USER=postgres\n      - POSTGRES_PASSWORD=canh177\n      - POSTGRES_DB=orders_db\n      - POSTGRES_HOST_AUTH_METHOD=md5\n    volumes:\n      - ./db-init/order-db-init.sql:/docker-entrypoint-initdb.d/init.sql\n      - order-db-data:/var/lib/postgresql/data\n    networks:\n      - microservices-network\n\n  inventory-db:\n    image: postgres:14-alpine\n    ports:\n      - \"5444:5432\"\n    environment:\n      - POSTGRES_USER=postgres\n      - POSTGRES_PASSWORD=canh177\n      - POSTGRES_DB=inventory_db\n      - POSTGRES_HOST_AUTH_METHOD=md5\n    volumes:\n      - ./db-init/inventory-db-init.sql:/docker-entrypoint-initdb.d/init.sql\n      - inventory-db-data:/var/lib/postgresql/data\n    networks:\n      - microservices-network\n\n  notification-db:\n    image: postgres:14-alpine\n    ports:\n      - \"5445:5432\"\n    environment:\n      - POSTGRES_USER=postgres\n      - POSTGRES_PASSWORD=canh177\n      - POSTGRES_DB=notifications_db\n      - POSTGRES_HOST_AUTH_METHOD=md5\n    volumes:\n      - ./db-init/notification-db-init.sql:/docker-entrypoint-initdb.d/init.sql\n      - notification-db-data:/var/lib/postgresql/data\n    networks:\n      - microservices-network\n\n  payment-db:\n    image: postgres:14-alpine\n    ports:\n      - \"5446:5432\"\n    environment:\n      - POSTGRES_USER=postgres\n      - POSTGRES_PASSWORD=canh177\n      - POSTGRES_DB=payments_db\n      - POSTGRES_HOST_AUTH_METHOD=md5\n    volumes:\n      - ./db-init/payment-db-init.sql:/docker-entrypoint-initdb.d/init.sql\n      - payment-db-data:/var/lib/postgresql/data\n    networks:\n      - microservices-network\n\n  # Prometheus Monitoring\n  prometheus:\n    image: prom/prometheus:latest\n    ports:\n      - \"9090:9090\"\n    volumes:\n      - ./prometheus/prometheus.yml:/etc/prometheus/prometheus.yml\n      - prometheus_data:/prometheus\n    command:\n      - '--config.file=/etc/prometheus/prometheus.yml'\n      - '--storage.tsdb.path=/prometheus'\n      - '--web.console.libraries=/etc/prometheus/console_libraries'\n      - '--web.console.templates=/etc/prometheus/consoles'\n      - '--storage.tsdb.retention.time=200h'\n      - '--web.enable-lifecycle'\n    networks:\n      - microservices-network\n\nvolumes:\n  product-db-data:\n  order-db-data:\n  inventory-db-data:\n  notification-db-data:\n  payment-db-data:\n  redis_data:\n  rabbitmq_data:\n  prometheus_data:\n\nnetworks:\n  microservices-network:\n    driver: bridge\n",
            "content_base64": null,
            "content_base64sha256": "xxYWVCmnuZjQ6yF9ZVmCToJbSi+a6pLu0Ubj9IvOd2c=",
            "content_base64sha512": "iYg2cKmijgD2m8RTpESIPwiAikbAXieC0NyW5QAfh/05Rbe4VDoFyVXVmW8pikKCukD34EhVb2Ul76q7iSWv/g==",
            "content_md5": "6f10888245f8db60bd5180c4c65e053f",
            "content_sha1": "c9fc13bf86efeef481f64a6351ac36fe7d260657",
            "content_sha256": "c716165429a7b998d0eb217d6559824e825b4a2f9aea92eed146e3f48bce7767",
            "content_sha512": "89883670a9a28e00f69bc453a444883f08808a46c05e2782d0dc96e5001f87fd3945b7b8543a05c955d5996f298a4282ba40f7e048556f6525efaabb8925affe",
            "directory_permission": "0777",
            "file_permission": "0777",
            "filename": "./../docker-compose.ecr.yml",
            "id": "c9fc13bf86efeef481f64a6351ac36fe7d260657",
            "sensitive_content": null,
            "source": null
          },
          "sensitive_attributes": [
            [
              {
                "type": "get_attr",
                "value": "sensitive_content"
              }
            ]
          ],
          "identity_schema_version": 0,
          "dependencies": [
            "aws_ecr_repository.repositories",
            "data.aws_caller_identity.current",
            "null_resource.build_and_push_images"
          ]
        }
      ]
    },
    {
      "mode": "managed",
      "type": "local_file",
      "name": "jenkins_private_key",
      "provider": "provider[\"registry.terraform.io/hashicorp/local\"]",
      "instances": [
        {
          "schema_version": 0,
          "attributes": {
            "content": "-----BEGIN RSA PRIVATE KEY-----\nMIIJKQIBAAKCAgEAzm7pDyPsEtuyrZ+1fZLmxrq/6dJvkonCXkxlD62vERyybows\nSAEDqvyfAmcaif6SuhMpqbCzm1/QOOFXacWfn7bO0nv4/VCjcwX/+7SfYvT0O0Yl\nSZhsRNy73d6CizyzWfNOxA9onfb6mQk7Nqc1mkjYddYeL8cLufXNkHZacHbbQY/j\nMra7M2hHFT6p8kS8CT8q8gGLwU72gxzneAElX3Hvnf3rpxX0HbbRrWvVjaYGXZXv\nX+FI1Lq2vb3rj8ApU9WwxRjNj3XehMlmYgNzYm2/+GkE0rVbYygmVQEm7AnwN2lD\nALMoIJPj3Z4GAsHy3no31DeAEIFnN5E1HCMG9+BRA4LMfjGSptF9YAA3GNZyJHtt\nuQeBW+c8dIQ9QzCn/OpM5x7A99eu5j7ZAGvaVLGhEW+hPEJ/mKdb6hMkglPTzLsN\nJZob5VNrnXdC62Z8lvVcU8KE4L7gxiwXJWos4jyT13r/i1nfujX2/4h3wTaSeWux\nTBnl+tLT749j7gDilY6GBCmGRH0JbDS3SaftnC7PVtDr8dfBcyEdkOEgSyr3jpTO\nk74nGsLFHR1fJW4UkuHXt+RlK9m166EeUflRjG52/wira1QbDyqnONXZymbsOZKZ\nSMzENXxA8GoFysjqqxLPZ/j5mZl8+NLnpTFKRtFCYCORwYBPEWx7Ts3e+GECAwEA\nAQKCAgABVibegwm3L0qVTNF5rzjc6GZ/0L3Jz8glMMbOer4VfPdjh3ctreqAeddc\ndk8N3crkxyUb2PXXu5+DL8PPbrDvcXk+NADnIHWXc/5t2nP1+b6nT9dj1ieczEZP\n294B4WYqntx3oN8pNyk1EpIKYvuiDKbQn/7U6buv4/lVTivcmqtlnbUvjc7xWLNt\nnfjPFY53W5wnQhbt3OlUDNzLikvb9eaSkftbqwToKJfr0NT6kFyuEE+DAhgU7wLK\nAJPY69pEpX96DjSeAToMJ2rpF2tAw9PEa6clJ1kQr7jMT/go2vFeBXmiZHaN+/Ej\nrR9ONyPfuIA6KLQUv0a8HY2/yXMFBrifVWKA+23KgzGsQvkQAXGp4iOP2EQ+z8QJ\ngxB2b/R+a04dPq64+mXKRq8VCetl9PI8T3Nuta98ximKDVeddyzBU1yM2/0w+B1P\nv7wc81xAU+QQ+h/U/8gIqmDalzCdiTpYLnR6ocM8LlwCuZyay3hlqYTwWQkWnDif\nSufQGWCU/SHp6pno/VdvOsNpyGutMbMnrtrStayvdimJlQd3OrN7P+37l2yBzVNs\nWZtn3qz23OaU4QYYBxQDlRNNyB4Y8dOJcv4awAxafu1BcCOMuAgvSfNNAKBIy3dO\nzTCvC89FRiv7ARJcpABI8352BwmzoClSTwJwM+cPLt7ZHKwogQKCAQEA853gBV11\nHh0VQHkY1h58JodVzfXsDyHFNhBvrI1SegUF/ZkY6hy3GH2+UzHaBN9D6dGRzDdM\nYxluoMlXmpFcg5bFhKCp4MoaTJR7bs86qhFJB1jO+CjO+FUR626B8JwvJvnWWUGp\n8MDcy0WLmZaL8Ciz9urkrcfZIvvKlsdfi+zy6ZJSTIswyEbR+i/KkoLnwA2mw/vx\nsp/l/cDHnjJqtLWy8231IZv63q9Egn0ud+Dn2xtwFhgg2aWE3BtMBkN8QaobnY0a\nuxq7+dJO/Z2Rzy0x2T3FXWaNMLjYcx981ykOuXbVbnwCcmHIVZtEqfmoCWDhxxT5\n+SBrh+VECEGPIQKCAQEA2O0tEED/sIl55RG6k4VWW5NHKS71YjQGwPMjcB5ZNuKx\nD0xXlekMctwh8MqTCcRGYc6qP8F5P1KUkuI7qcIigjzz1e2mplJiRx0zk7cwZNCM\n2qh1QLowjWXqOmMy9x82enehs1lMZLasfXgflO+EpJrwJ4aRq7tmPfBYPMMEERMg\n3+klDWOzIn+qXIf/FvMZ3dKJ2KuiesqqTY7w9y66xC+PvXFZZeuiT5F1yqfB5SUN\nQwbGEHUO0W6Je4MXMRUKExg2sp5DO3XfQgaUw3crTtbbTEBuBfMavR8t38F40ogO\nL8n3riFNx7ZGFCVWFYZLE3rLgDLk9f+5qBVkitqBQQKCAQBtRpLXNT20nU0MF4W5\nfgEocypc8YPKodZJUwQUvWuSijBOud7AHNNQbA70WHc4GkHnXvbsSJ2+EglanBXs\nommCKR4+SKcKyv0S/sODR/dDk+9TGVX1YLC+GcKo/W/R0u0fqY+ph9fHw2sGzxI4\neZwZxNg82M5s2SkgFRuhmJrWNBoeBWFfLkxaedH0TH2sTIXR0w3L+XZILotG0LN5\n1Zmhp6M2qEr9oW7ddnbfpXEzmrHFyb/0WSxbFHDNHn1yjdDtz3UFreagqPRKsjh2\ncLiX2ujyTk/6fma0xSVqNmSUSrltHc3M+llKn2vyYmxhZjgmxMthtpoOUqmJUqC6\np1WhAoIBAQDXpvGltvh6CDGmCHnzLhsr7r5Pst8/QXl1WEFitMj8R2C+VKa94XD+\nvtj/CGQk0XsmwM1/lFd1HCOX4lBt8xFbaDz/78I8lqodCGq97t+tWaatucrXDkI2\nT5sLcJK6Gc2O8l9ObPgFJ5VTJpg+995lxaH5qU4n66U47jbKMRVZ5CpKbvzm0rbD\nFSfH1WtC5WpRm3xuajKc391uPSxQj6QcZSwAqS62pAo4D+OKFDwuESed+p3svnJ8\nwebrYucrZD8fvHKkH7G26veILAK4T0A+oFpi86ptP8DVQqnYR/5VTezMlXwlH/az\nFAGXBYcO3vLD6s9kIzR7Wj63Wo0ZfSABAoIBAQCjUO6z7dTE3sGuHscZcUAKOEQh\nIrmw0L1nepieYuMz8G+OLKCLU1TGr6doMvTkChcJ7BpXfoPqgUC9cg3dLNFZXQBi\nx/frMFwRDKU2LSIrfgSmbRuPAeeTSFqs2gM6lDj1NBBgd5M2qQiLc2BGhdQMnaDy\noSn4Km9jjqfVwjeFvoqtLWtbJT/oDHrcHi53/9Zp/d6cvbtciZoIUMlrJmO6hhb+\n4DPJ5YwUo/fFOKNQj0Gmr3wU89yTHAZYVILkxDqBWi2qPZkoFBbbndTN4Qm406LL\nul097hq+hMOF9v5iXFp7KmBvvpBh39HIrudyvRj3dLU2E00If+j8YhNzyWCv\n-----END RSA PRIVATE KEY-----\n",
            "content_base64": null,
            "content_base64sha256": "3SLCEFIoE6fOIZZJ3Z9a/ROPurPxb3YBQko7Vnkfw5U=",
            "content_base64sha512": "9C9tT7ocCJ0Mz9gWefQLcbRi48mARhpgQ8au+KgJv8Ngnj7TYt7bQfDb0IrvmK4oBPP567jvl/X7c7LE1dMxIQ==",
            "content_md5": "90dc2048cc792d07607c6e222f7a8b29",
            "content_sha1": "55dfad4892d229062c70ffdf5e4efd5aa5c2dc20",
            "content_sha256": "dd22c210522813a7ce219649dd9f5afd138fbab3f16f7601424a3b56791fc395",
            "content_sha512": "f42f6d4fba1c089d0ccfd81679f40b71b462e3c980461a6043c6aef8a809bfc3609e3ed362dedb41f0dbd08aef98ae2804f3f9ebb8ef97f5fb73b2c4d5d33121",
            "directory_permission": "0777",
            "file_permission": "0600",
            "filename": "./jenkins-key.pem",
            "id": "55dfad4892d229062c70ffdf5e4efd5aa5c2dc20",
            "sensitive_content": null,
            "source": null
          },
          "sensitive_attributes": [
            [
              {
                "type": "get_attr",
                "value": "content"
              }
            ],
            [
              {
                "type": "get_attr",
                "value": "sensitive_content"
              }
            ]
          ],
          "identity_schema_version": 0,
          "dependencies": [
            "tls_private_key.jenkins_key"
          ]
        }
      ]
    },
    {
      "mode": "managed",
      "type": "local_file",
      "name": "jenkins_public_key",
      "provider": "provider[\"registry.terraform.io/hashicorp/local\"]",
      "instances": [
        {
          "schema_version": 0,
          "attributes": {
            "content": "ssh-rsa AAAAB3NzaC1yc2EAAAADAQABAAACAQDObukPI+wS27Ktn7V9kubGur/p0m+SicJeTGUPra8RHLJujCxIAQOq/J8CZxqJ/pK6EympsLObX9A44VdpxZ+fts7Se/j9UKNzBf/7tJ9i9PQ7RiVJmGxE3Lvd3oKLPLNZ807ED2id9vqZCTs2pzWaSNh11h4vxwu59c2QdlpwdttBj+MytrszaEcVPqnyRLwJPyryAYvBTvaDHOd4ASVfce+d/eunFfQdttGta9WNpgZdle9f4UjUura9veuPwClT1bDFGM2Pdd6EyWZiA3Nibb/4aQTStVtjKCZVASbsCfA3aUMAsyggk+PdngYCwfLeejfUN4AQgWc3kTUcIwb34FEDgsx+MZKm0X1gADcY1nIke225B4Fb5zx0hD1DMKf86kznHsD3167mPtkAa9pUsaERb6E8Qn+Yp1vqEySCU9PMuw0lmhvlU2udd0LrZnyW9VxTwoTgvuDGLBclaiziPJPXev+LWd+6Nfb/iHfBNpJ5a7FMGeX60tPvj2PuAOKVjoYEKYZEfQlsNLdJp+2cLs9W0Ovx18FzIR2Q4SBLKveOlM6TvicawsUdHV8lbhSS4de35GUr2bXroR5R+VGMbnb/CKtrVBsPKqc41dnKZuw5kplIzMQ1fEDwagXKyOqrEs9n+PmZmXz40uelMUpG0UJgI5HBgE8RbHtOzd74YQ==\n",
            "content_base64": null,
            "content_base64sha256": "rpqKlUOBqtpGPWF1atxFD2BpfA1UX2mw2YAYLe/wUrQ=",
            "content_base64sha512": "XMbSHsWsGsN/m8owOugEn6QSI7VEYrOLLpPq297Jj3cf47mGloQCIDgjBrWgDqm+cQPZtaeRqxV07GjGUhUQ4g==",
            "content_md5": "56ed9d430c1a80a9cf68b0f069cc4e8f",
            "content_sha1": "2e69c7c7638abb1e27035ea69b0030b23478e299",
            "content_sha256": "ae9a8a954381aada463d61756adc450f60697c0d545f69b0d980182deff052b4",
            "content_sha512": "5cc6d21ec5ac1ac37f9bca303ae8049fa41223b54462b38b2e93eadbdec98f771fe3b98696840220382306b5a00ea9be7103d9b5a791ab1574ec68c6521510e2",
            "directory_permission": "0777",
            "file_permission": "0777",
            "filename": "./jenkins-key.pub",
            "id": "2e69c7c7638abb1e27035ea69b0030b23478e299",
            "sensitive_content": null,
            "source": null
          },
          "sensitive_attributes": [
            [
              {
                "type": "get_attr",
                "value": "sensitive_content"
              }
            ]
          ],
          "identity_schema_version": 0,
          "dependencies": [
            "tls_private_key.jenkins_key"
          ]
        }
      ]
    },
    {
      "mode": "managed",
      "type": "null_resource",
      "name": "build_and_push_images",
      "provider": "provider[\"registry.terraform.io/hashicorp/null\"]",
      "instances": [
        {
          "index_key": "api-gateway",
          "schema_version": 0,
          "attributes": {
            "id": "2873489048139815570",
            "triggers": null
          },
          "sensitive_attributes": [],
          "identity_schema_version": 0,
          "dependencies": [
            "aws_ecr_repository.repositories",
            "data.aws_caller_identity.current"
          ]
        },
        {
          "index_key": "client",
          "schema_version": 0,
          "attributes": {
            "id": "1762948960643244380",
            "triggers": null
          },
          "sensitive_attributes": [],
          "identity_schema_version": 0,
          "dependencies": [
            "aws_ecr_repository.repositories",
            "data.aws_caller_identity.current"
          ]
        },
        {
          "index_key": "inventory-service",
          "schema_version": 0,
          "attributes": {
            "id": "8446955572180362375",
            "triggers": null
          },
          "sensitive_attributes": [],
          "identity_schema_version": 0,
          "dependencies": [
            "aws_ecr_repository.repositories",
            "data.aws_caller_identity.current"
          ]
        },
        {
          "index_key": "notification-service",
          "schema_version": 0,
          "attributes": {
            "id": "4121929540699597691",
            "triggers": null
          },
          "sensitive_attributes": [],
          "identity_schema_version": 0,
          "dependencies": [
            "aws_ecr_repository.repositories",
            "data.aws_caller_identity.current"
          ]
        },
        {
          "index_key": "order-service",
          "schema_version": 0,
          "attributes": {
            "id": "1489943715440078600",
            "triggers": null
          },
          "sensitive_attributes": [],
          "identity_schema_version": 0,
          "dependencies": [
            "aws_ecr_repository.repositories",
            "data.aws_caller_identity.current"
          ]
        },
        {
          "index_key": "payment-service",
          "schema_version": 0,
          "attributes": {
            "id": "4135495524987700330",
            "triggers": null
          },
          "sensitive_attributes": [],
          "identity_schema_version": 0,
          "dependencies": [
            "aws_ecr_repository.repositories",
            "data.aws_caller_identity.current"
          ]
        },
        {
          "index_key": "product-service",
          "schema_version": 0,
          "attributes": {
            "id": "752143103272428697",
            "triggers": null
          },
          "sensitive_attributes": [],
          "identity_schema_version": 0,
          "dependencies": [
            "aws_ecr_repository.repositories",
            "data.aws_caller_identity.current"
          ]
        }
      ]
    },
    {
      "mode": "managed",
      "type": "null_resource",
      "name": "wait_for_eks_connection",
      "provider": "provider[\"registry.terraform.io/hashicorp/null\"]",
      "instances": [
        {
          "schema_version": 0,
          "attributes": {
            "id": "6886925065138186837",
            "triggers": null
          },
          "sensitive_attributes": [],
          "identity_schema_version": 0,
          "dependencies": [
            "aws_eks_cluster.eks",
            "aws_eks_node_group.general",
            "aws_iam_role.eks",
            "aws_iam_role.nodes",
            "aws_iam_role_policy_attachment.amazon_ec2_container_registry_read_only",
            "aws_iam_role_policy_attachment.amazon_eks_cni_policy",
            "aws_iam_role_policy_attachment.amazon_eks_worker_node_policy",
            "aws_iam_role_policy_attachment.eks",
            "aws_subnet.private_zone1",
            "aws_subnet.private_zone2",
            "aws_subnet.public_zone1",
            "aws_subnet.public_zone2",
            "aws_vpc.main"
          ]
        }
      ]
    },
    {
      "mode": "managed",
      "type": "tls_private_key",
      "name": "jenkins_key",
      "provider": "provider[\"registry.terraform.io/hashicorp/tls\"]",
      "instances": [
        {
          "schema_version": 1,
          "attributes": {
            "algorithm": "RSA",
            "ecdsa_curve": "P224",
            "id": "dd2fc796bf11f3d55372fc39a7966d81861939f3",
            "private_key_openssh": "-----BEGIN OPENSSH PRIVATE KEY-----\nb3BlbnNzaC1rZXktdjEAAAAABG5vbmUAAAAEbm9uZQAAAAAAAAABAAACFwAAAAdz\nc2gtcnNhAAAAAwEAAQAAAgEAzm7pDyPsEtuyrZ+1fZLmxrq/6dJvkonCXkxlD62v\nERyybowsSAEDqvyfAmcaif6SuhMpqbCzm1/QOOFXacWfn7bO0nv4/VCjcwX/+7Sf\nYvT0O0YlSZhsRNy73d6CizyzWfNOxA9onfb6mQk7Nqc1mkjYddYeL8cLufXNkHZa\ncHbbQY/jMra7M2hHFT6p8kS8CT8q8gGLwU72gxzneAElX3Hvnf3rpxX0HbbRrWvV\njaYGXZXvX+FI1Lq2vb3rj8ApU9WwxRjNj3XehMlmYgNzYm2/+GkE0rVbYygmVQEm\n7AnwN2lDALMoIJPj3Z4GAsHy3no31DeAEIFnN5E1HCMG9+BRA4LMfjGSptF9YAA3\nGNZyJHttuQeBW+c8dIQ9QzCn/OpM5x7A99eu5j7ZAGvaVLGhEW+hPEJ/mKdb6hMk\nglPTzLsNJZob5VNrnXdC62Z8lvVcU8KE4L7gxiwXJWos4jyT13r/i1nfujX2/4h3\nwTaSeWuxTBnl+tLT749j7gDilY6GBCmGRH0JbDS3SaftnC7PVtDr8dfBcyEdkOEg\nSyr3jpTOk74nGsLFHR1fJW4UkuHXt+RlK9m166EeUflRjG52/wira1QbDyqnONXZ\nymbsOZKZSMzENXxA8GoFysjqqxLPZ/j5mZl8+NLnpTFKRtFCYCORwYBPEWx7Ts3e\n+GEAAAc41xSs19cUrNcAAAAHc3NoLXJzYQAAAgEAzm7pDyPsEtuyrZ+1fZLmxrq/\n6dJvkonCXkxlD62vERyybowsSAEDqvyfAmcaif6SuhMpqbCzm1/QOOFXacWfn7bO\n0nv4/VCjcwX/+7SfYvT0O0YlSZhsRNy73d6CizyzWfNOxA9onfb6mQk7Nqc1mkjY\nddYeL8cLufXNkHZacHbbQY/jMra7M2hHFT6p8kS8CT8q8gGLwU72gxzneAElX3Hv\nnf3rpxX0HbbRrWvVjaYGXZXvX+FI1Lq2vb3rj8ApU9WwxRjNj3XehMlmYgNzYm2/\n+GkE0rVbYygmVQEm7AnwN2lDALMoIJPj3Z4GAsHy3no31DeAEIFnN5E1HCMG9+BR\nA4LMfjGSptF9YAA3GNZyJHttuQeBW+c8dIQ9QzCn/OpM5x7A99eu5j7ZAGvaVLGh\nEW+hPEJ/mKdb6hMkglPTzLsNJZob5VNrnXdC62Z8lvVcU8KE4L7gxiwXJWos4jyT\n13r/i1nfujX2/4h3wTaSeWuxTBnl+tLT749j7gDilY6GBCmGRH0JbDS3SaftnC7P\nVtDr8dfBcyEdkOEgSyr3jpTOk74nGsLFHR1fJW4UkuHXt+RlK9m166EeUflRjG52\n/wira1QbDyqnONXZymbsOZKZSMzENXxA8GoFysjqqxLPZ/j5mZl8+NLnpTFKRtFC\nYCORwYBPEWx7Ts3e+GEAAAADAQABAAACAAFWJt6DCbcvSpVM0XmvONzoZn/QvcnP\nyCUwxs56vhV892OHdy2t6oB511x2Tw3dyuTHJRvY9de7n4Mvw89usO9xeT40AOcg\ndZdz/m3ac/X5vqdP12PWJ5zMRk/b3gHhZiqe3Heg3yk3KTUSkgpi+6IMptCf/tTp\nu6/j+VVOK9yaq2WdtS+NzvFYs22d+M8VjndbnCdCFu3c6VQM3MuKS9v15pKR+1ur\nBOgol+vQ1PqQXK4QT4MCGBTvAsoAk9jr2kSlf3oONJ4BOgwnaukXa0DD08RrpyUn\nWRCvuMxP+Cja8V4FeaJkdo378SOtH043I9+4gDootBS/Rrwdjb/JcwUGuJ9VYoD7\nbcqDMaxC+RABcaniI4/YRD7PxAmDEHZv9H5rTh0+rrj6ZcpGrxUJ62X08jxPc261\nr3zGKYoNV513LMFTXIzb/TD4HU+/vBzzXEBT5BD6H9T/yAiqYNqXMJ2JOlgudHqh\nwzwuXAK5nJrLeGWphPBZCRacOJ9K59AZYJT9Ienqmej9V286w2nIa60xsyeu2tK1\nrK92KYmVB3c6s3s/7fuXbIHNU2xZm2ferPbc5pThBhgHFAOVE03IHhjx04ly/hrA\nDFp+7UFwI4y4CC9J800AoEjLd07NMK8Lz0VGK/sBElykAEjzfnYHCbOgKVJPAnAz\n5w8u3tkcrCiBAAABAQCjUO6z7dTE3sGuHscZcUAKOEQhIrmw0L1nepieYuMz8G+O\nLKCLU1TGr6doMvTkChcJ7BpXfoPqgUC9cg3dLNFZXQBix/frMFwRDKU2LSIrfgSm\nbRuPAeeTSFqs2gM6lDj1NBBgd5M2qQiLc2BGhdQMnaDyoSn4Km9jjqfVwjeFvoqt\nLWtbJT/oDHrcHi53/9Zp/d6cvbtciZoIUMlrJmO6hhb+4DPJ5YwUo/fFOKNQj0Gm\nr3wU89yTHAZYVILkxDqBWi2qPZkoFBbbndTN4Qm406LLul097hq+hMOF9v5iXFp7\nKmBvvpBh39HIrudyvRj3dLU2E00If+j8YhNzyWCvAAABAQDzneAFXXUeHRVAeRjW\nHnwmh1XN9ewPIcU2EG+sjVJ6BQX9mRjqHLcYfb5TMdoE30Pp0ZHMN0xjGW6gyVea\nkVyDlsWEoKngyhpMlHtuzzqqEUkHWM74KM74VRHrboHwnC8m+dZZQanwwNzLRYuZ\nlovwKLP26uStx9ki+8qWx1+L7PLpklJMizDIRtH6L8qSgufADabD+/Gyn+X9wMee\nMmq0tbLzbfUhm/rer0SCfS534OfbG3AWGCDZpYTcG0wGQ3xBqhudjRq7Grv50k79\nnZHPLTHZPcVdZo0wuNhzH3zXKQ65dtVufAJyYchVm0Sp+agJYOHHFPn5IGuH5UQI\nQY8hAAABAQDY7S0QQP+wiXnlEbqThVZbk0cpLvViNAbA8yNwHlk24rEPTFeV6Qxy\n3CHwypMJxEZhzqo/wXk/UpSS4jupwiKCPPPV7aamUmJHHTOTtzBk0IzaqHVAujCN\nZeo6YzL3HzZ6d6GzWUxktqx9eB+U74SkmvAnhpGru2Y98Fg8wwQREyDf6SUNY7Mi\nf6pch/8W8xnd0onYq6J6yqpNjvD3LrrEL4+9cVll66JPkXXKp8HlJQ1DBsYQdQ7R\nbol7gxcxFQoTGDaynkM7dd9CBpTDdytO1ttMQG4F8xq9Hy3fwXjSiA4vyfeuIU3H\ntkYUJVYVhksTesuAMuT1/7moFWSK2oFBAAAAAAEC\n-----END OPENSSH PRIVATE KEY-----\n",
            "private_key_pem": "-----BEGIN RSA PRIVATE KEY-----\nMIIJKQIBAAKCAgEAzm7pDyPsEtuyrZ+1fZLmxrq/6dJvkonCXkxlD62vERyybows\nSAEDqvyfAmcaif6SuhMpqbCzm1/QOOFXacWfn7bO0nv4/VCjcwX/+7SfYvT0O0Yl\nSZhsRNy73d6CizyzWfNOxA9onfb6mQk7Nqc1mkjYddYeL8cLufXNkHZacHbbQY/j\nMra7M2hHFT6p8kS8CT8q8gGLwU72gxzneAElX3Hvnf3rpxX0HbbRrWvVjaYGXZXv\nX+FI1Lq2vb3rj8ApU9WwxRjNj3XehMlmYgNzYm2/+GkE0rVbYygmVQEm7AnwN2lD\nALMoIJPj3Z4GAsHy3no31DeAEIFnN5E1HCMG9+BRA4LMfjGSptF9YAA3GNZyJHtt\nuQeBW+c8dIQ9QzCn/OpM5x7A99eu5j7ZAGvaVLGhEW+hPEJ/mKdb6hMkglPTzLsN\nJZob5VNrnXdC62Z8lvVcU8KE4L7gxiwXJWos4jyT13r/i1nfujX2/4h3wTaSeWux\nTBnl+tLT749j7gDilY6GBCmGRH0JbDS3SaftnC7PVtDr8dfBcyEdkOEgSyr3jpTO\nk74nGsLFHR1fJW4UkuHXt+RlK9m166EeUflRjG52/wira1QbDyqnONXZymbsOZKZ\nSMzENXxA8GoFysjqqxLPZ/j5mZl8+NLnpTFKRtFCYCORwYBPEWx7Ts3e+GECAwEA\nAQKCAgABVibegwm3L0qVTNF5rzjc6GZ/0L3Jz8glMMbOer4VfPdjh3ctreqAeddc\ndk8N3crkxyUb2PXXu5+DL8PPbrDvcXk+NADnIHWXc/5t2nP1+b6nT9dj1ieczEZP\n294B4WYqntx3oN8pNyk1EpIKYvuiDKbQn/7U6buv4/lVTivcmqtlnbUvjc7xWLNt\nnfjPFY53W5wnQhbt3OlUDNzLikvb9eaSkftbqwToKJfr0NT6kFyuEE+DAhgU7wLK\nAJPY69pEpX96DjSeAToMJ2rpF2tAw9PEa6clJ1kQr7jMT/go2vFeBXmiZHaN+/Ej\nrR9ONyPfuIA6KLQUv0a8HY2/yXMFBrifVWKA+23KgzGsQvkQAXGp4iOP2EQ+z8QJ\ngxB2b/R+a04dPq64+mXKRq8VCetl9PI8T3Nuta98ximKDVeddyzBU1yM2/0w+B1P\nv7wc81xAU+QQ+h/U/8gIqmDalzCdiTpYLnR6ocM8LlwCuZyay3hlqYTwWQkWnDif\nSufQGWCU/SHp6pno/VdvOsNpyGutMbMnrtrStayvdimJlQd3OrN7P+37l2yBzVNs\nWZtn3qz23OaU4QYYBxQDlRNNyB4Y8dOJcv4awAxafu1BcCOMuAgvSfNNAKBIy3dO\nzTCvC89FRiv7ARJcpABI8352BwmzoClSTwJwM+cPLt7ZHKwogQKCAQEA853gBV11\nHh0VQHkY1h58JodVzfXsDyHFNhBvrI1SegUF/ZkY6hy3GH2+UzHaBN9D6dGRzDdM\nYxluoMlXmpFcg5bFhKCp4MoaTJR7bs86qhFJB1jO+CjO+FUR626B8JwvJvnWWUGp\n8MDcy0WLmZaL8Ciz9urkrcfZIvvKlsdfi+zy6ZJSTIswyEbR+i/KkoLnwA2mw/vx\nsp/l/cDHnjJqtLWy8231IZv63q9Egn0ud+Dn2xtwFhgg2aWE3BtMBkN8QaobnY0a\nuxq7+dJO/Z2Rzy0x2T3FXWaNMLjYcx981ykOuXbVbnwCcmHIVZtEqfmoCWDhxxT5\n+SBrh+VECEGPIQKCAQEA2O0tEED/sIl55RG6k4VWW5NHKS71YjQGwPMjcB5ZNuKx\nD0xXlekMctwh8MqTCcRGYc6qP8F5P1KUkuI7qcIigjzz1e2mplJiRx0zk7cwZNCM\n2qh1QLowjWXqOmMy9x82enehs1lMZLasfXgflO+EpJrwJ4aRq7tmPfBYPMMEERMg\n3+klDWOzIn+qXIf/FvMZ3dKJ2KuiesqqTY7w9y66xC+PvXFZZeuiT5F1yqfB5SUN\nQwbGEHUO0W6Je4MXMRUKExg2sp5DO3XfQgaUw3crTtbbTEBuBfMavR8t38F40ogO\nL8n3riFNx7ZGFCVWFYZLE3rLgDLk9f+5qBVkitqBQQKCAQBtRpLXNT20nU0MF4W5\nfgEocypc8YPKodZJUwQUvWuSijBOud7AHNNQbA70WHc4GkHnXvbsSJ2+EglanBXs\nommCKR4+SKcKyv0S/sODR/dDk+9TGVX1YLC+GcKo/W/R0u0fqY+ph9fHw2sGzxI4\neZwZxNg82M5s2SkgFRuhmJrWNBoeBWFfLkxaedH0TH2sTIXR0w3L+XZILotG0LN5\n1Zmhp6M2qEr9oW7ddnbfpXEzmrHFyb/0WSxbFHDNHn1yjdDtz3UFreagqPRKsjh2\ncLiX2ujyTk/6fma0xSVqNmSUSrltHc3M+llKn2vyYmxhZjgmxMthtpoOUqmJUqC6\np1WhAoIBAQDXpvGltvh6CDGmCHnzLhsr7r5Pst8/QXl1WEFitMj8R2C+VKa94XD+\nvtj/CGQk0XsmwM1/lFd1HCOX4lBt8xFbaDz/78I8lqodCGq97t+tWaatucrXDkI2\nT5sLcJK6Gc2O8l9ObPgFJ5VTJpg+995lxaH5qU4n66U47jbKMRVZ5CpKbvzm0rbD\nFSfH1WtC5WpRm3xuajKc391uPSxQj6QcZSwAqS62pAo4D+OKFDwuESed+p3svnJ8\nwebrYucrZD8fvHKkH7G26veILAK4T0A+oFpi86ptP8DVQqnYR/5VTezMlXwlH/az\nFAGXBYcO3vLD6s9kIzR7Wj63Wo0ZfSABAoIBAQCjUO6z7dTE3sGuHscZcUAKOEQh\nIrmw0L1nepieYuMz8G+OLKCLU1TGr6doMvTkChcJ7BpXfoPqgUC9cg3dLNFZXQBi\nx/frMFwRDKU2LSIrfgSmbRuPAeeTSFqs2gM6lDj1NBBgd5M2qQiLc2BGhdQMnaDy\noSn4Km9jjqfVwjeFvoqtLWtbJT/oDHrcHi53/9Zp/d6cvbtciZoIUMlrJmO6hhb+\n4DPJ5YwUo/fFOKNQj0Gmr3wU89yTHAZYVILkxDqBWi2qPZkoFBbbndTN4Qm406LL\nul097hq+hMOF9v5iXFp7KmBvvpBh39HIrudyvRj3dLU2E00If+j8YhNzyWCv\n-----END RSA PRIVATE KEY-----\n",
            "private_key_pem_pkcs8": "-----BEGIN PRIVATE KEY-----\nMIIJQwIBADANBgkqhkiG9w0BAQEFAASCCS0wggkpAgEAAoICAQDObukPI+wS27Kt\nn7V9kubGur/p0m+SicJeTGUPra8RHLJujCxIAQOq/J8CZxqJ/pK6EympsLObX9A4\n4VdpxZ+fts7Se/j9UKNzBf/7tJ9i9PQ7RiVJmGxE3Lvd3oKLPLNZ807ED2id9vqZ\nCTs2pzWaSNh11h4vxwu59c2QdlpwdttBj+MytrszaEcVPqnyRLwJPyryAYvBTvaD\nHOd4ASVfce+d/eunFfQdttGta9WNpgZdle9f4UjUura9veuPwClT1bDFGM2Pdd6E\nyWZiA3Nibb/4aQTStVtjKCZVASbsCfA3aUMAsyggk+PdngYCwfLeejfUN4AQgWc3\nkTUcIwb34FEDgsx+MZKm0X1gADcY1nIke225B4Fb5zx0hD1DMKf86kznHsD3167m\nPtkAa9pUsaERb6E8Qn+Yp1vqEySCU9PMuw0lmhvlU2udd0LrZnyW9VxTwoTgvuDG\nLBclaiziPJPXev+LWd+6Nfb/iHfBNpJ5a7FMGeX60tPvj2PuAOKVjoYEKYZEfQls\nNLdJp+2cLs9W0Ovx18FzIR2Q4SBLKveOlM6TvicawsUdHV8lbhSS4de35GUr2bXr\noR5R+VGMbnb/CKtrVBsPKqc41dnKZuw5kplIzMQ1fEDwagXKyOqrEs9n+PmZmXz4\n0uelMUpG0UJgI5HBgE8RbHtOzd74YQIDAQABAoICAAFWJt6DCbcvSpVM0XmvONzo\nZn/QvcnPyCUwxs56vhV892OHdy2t6oB511x2Tw3dyuTHJRvY9de7n4Mvw89usO9x\neT40AOcgdZdz/m3ac/X5vqdP12PWJ5zMRk/b3gHhZiqe3Heg3yk3KTUSkgpi+6IM\nptCf/tTpu6/j+VVOK9yaq2WdtS+NzvFYs22d+M8VjndbnCdCFu3c6VQM3MuKS9v1\n5pKR+1urBOgol+vQ1PqQXK4QT4MCGBTvAsoAk9jr2kSlf3oONJ4BOgwnaukXa0DD\n08RrpyUnWRCvuMxP+Cja8V4FeaJkdo378SOtH043I9+4gDootBS/Rrwdjb/JcwUG\nuJ9VYoD7bcqDMaxC+RABcaniI4/YRD7PxAmDEHZv9H5rTh0+rrj6ZcpGrxUJ62X0\n8jxPc261r3zGKYoNV513LMFTXIzb/TD4HU+/vBzzXEBT5BD6H9T/yAiqYNqXMJ2J\nOlgudHqhwzwuXAK5nJrLeGWphPBZCRacOJ9K59AZYJT9Ienqmej9V286w2nIa60x\nsyeu2tK1rK92KYmVB3c6s3s/7fuXbIHNU2xZm2ferPbc5pThBhgHFAOVE03IHhjx\n04ly/hrADFp+7UFwI4y4CC9J800AoEjLd07NMK8Lz0VGK/sBElykAEjzfnYHCbOg\nKVJPAnAz5w8u3tkcrCiBAoIBAQDzneAFXXUeHRVAeRjWHnwmh1XN9ewPIcU2EG+s\njVJ6BQX9mRjqHLcYfb5TMdoE30Pp0ZHMN0xjGW6gyVeakVyDlsWEoKngyhpMlHtu\nzzqqEUkHWM74KM74VRHrboHwnC8m+dZZQanwwNzLRYuZlovwKLP26uStx9ki+8qW\nx1+L7PLpklJMizDIRtH6L8qSgufADabD+/Gyn+X9wMeeMmq0tbLzbfUhm/rer0SC\nfS534OfbG3AWGCDZpYTcG0wGQ3xBqhudjRq7Grv50k79nZHPLTHZPcVdZo0wuNhz\nH3zXKQ65dtVufAJyYchVm0Sp+agJYOHHFPn5IGuH5UQIQY8hAoIBAQDY7S0QQP+w\niXnlEbqThVZbk0cpLvViNAbA8yNwHlk24rEPTFeV6Qxy3CHwypMJxEZhzqo/wXk/\nUpSS4jupwiKCPPPV7aamUmJHHTOTtzBk0IzaqHVAujCNZeo6YzL3HzZ6d6GzWUxk\ntqx9eB+U74SkmvAnhpGru2Y98Fg8wwQREyDf6SUNY7Mif6pch/8W8xnd0onYq6J6\nyqpNjvD3LrrEL4+9cVll66JPkXXKp8HlJQ1DBsYQdQ7Rbol7gxcxFQoTGDaynkM7\ndd9CBpTDdytO1ttMQG4F8xq9Hy3fwXjSiA4vyfeuIU3HtkYUJVYVhksTesuAMuT1\n/7moFWSK2oFBAoIBAG1Gktc1PbSdTQwXhbl+AShzKlzxg8qh1klTBBS9a5KKME65\n3sAc01BsDvRYdzgaQede9uxInb4SCVqcFeyiaYIpHj5IpwrK/RL+w4NH90OT71MZ\nVfVgsL4Zwqj9b9HS7R+pj6mH18fDawbPEjh5nBnE2DzYzmzZKSAVG6GYmtY0Gh4F\nYV8uTFp50fRMfaxMhdHTDcv5dkgui0bQs3nVmaGnozaoSv2hbt12dt+lcTOascXJ\nv/RZLFsUcM0efXKN0O3PdQWt5qCo9EqyOHZwuJfa6PJOT/p+ZrTFJWo2ZJRKuW0d\nzcz6WUqfa/JibGFmOCbEy2G2mg5SqYlSoLqnVaECggEBANem8aW2+HoIMaYIefMu\nGyvuvk+y3z9BeXVYQWK0yPxHYL5Upr3hcP6+2P8IZCTReybAzX+UV3UcI5fiUG3z\nEVtoPP/vwjyWqh0Iar3u361Zpq25ytcOQjZPmwtwkroZzY7yX05s+AUnlVMmmD73\n3mXFofmpTifrpTjuNsoxFVnkKkpu/ObStsMVJ8fVa0LlalGbfG5qMpzf3W49LFCP\npBxlLACpLrakCjgP44oUPC4RJ536ney+cnzB5uti5ytkPx+8cqQfsbbq94gsArhP\nQD6gWmLzqm0/wNVCqdhH/lVN7MyVfCUf9rMUAZcFhw7e8sPqz2QjNHtaPrdajRl9\nIAECggEBAKNQ7rPt1MTewa4exxlxQAo4RCEiubDQvWd6mJ5i4zPwb44soItTVMav\np2gy9OQKFwnsGld+g+qBQL1yDd0s0VldAGLH9+swXBEMpTYtIit+BKZtG48B55NI\nWqzaAzqUOPU0EGB3kzapCItzYEaF1AydoPKhKfgqb2OOp9XCN4W+iq0ta1slP+gM\netweLnf/1mn93py9u1yJmghQyWsmY7qGFv7gM8nljBSj98U4o1CPQaavfBTz3JMc\nBlhUguTEOoFaLao9mSgUFtud1M3hCbjTosu6XT3uGr6Ew4X2/mJcWnsqYG++kGHf\n0ciu53K9GPd0tTYTTQh/6PxiE3PJYK8=\n-----END PRIVATE KEY-----\n",
            "public_key_fingerprint_md5": "6a:7b:f7:c6:88:fe:67:4a:16:86:68:70:07:97:d9:0b",
            "public_key_fingerprint_sha256": "SHA256:iBcWTuGFyd3JJ5WoamGZrYeDA6YqUKdzsGrVcg1sFMU",
            "public_key_openssh": "ssh-rsa AAAAB3NzaC1yc2EAAAADAQABAAACAQDObukPI+wS27Ktn7V9kubGur/p0m+SicJeTGUPra8RHLJujCxIAQOq/J8CZxqJ/pK6EympsLObX9A44VdpxZ+fts7Se/j9UKNzBf/7tJ9i9PQ7RiVJmGxE3Lvd3oKLPLNZ807ED2id9vqZCTs2pzWaSNh11h4vxwu59c2QdlpwdttBj+MytrszaEcVPqnyRLwJPyryAYvBTvaDHOd4ASVfce+d/eunFfQdttGta9WNpgZdle9f4UjUura9veuPwClT1bDFGM2Pdd6EyWZiA3Nibb/4aQTStVtjKCZVASbsCfA3aUMAsyggk+PdngYCwfLeejfUN4AQgWc3kTUcIwb34FEDgsx+MZKm0X1gADcY1nIke225B4Fb5zx0hD1DMKf86kznHsD3167mPtkAa9pUsaERb6E8Qn+Yp1vqEySCU9PMuw0lmhvlU2udd0LrZnyW9VxTwoTgvuDGLBclaiziPJPXev+LWd+6Nfb/iHfBNpJ5a7FMGeX60tPvj2PuAOKVjoYEKYZEfQlsNLdJp+2cLs9W0Ovx18FzIR2Q4SBLKveOlM6TvicawsUdHV8lbhSS4de35GUr2bXroR5R+VGMbnb/CKtrVBsPKqc41dnKZuw5kplIzMQ1fEDwagXKyOqrEs9n+PmZmXz40uelMUpG0UJgI5HBgE8RbHtOzd74YQ==\n",
            "public_key_pem": "-----BEGIN PUBLIC KEY-----\nMIICIjANBgkqhkiG9w0BAQEFAAOCAg8AMIICCgKCAgEAzm7pDyPsEtuyrZ+1fZLm\nxrq/6dJvkonCXkxlD62vERyybowsSAEDqvyfAmcaif6SuhMpqbCzm1/QOOFXacWf\nn7bO0nv4/VCjcwX/+7SfYvT0O0YlSZhsRNy73d6CizyzWfNOxA9onfb6mQk7Nqc1\nmkjYddYeL8cLufXNkHZacHbbQY/jMra7M2hHFT6p8kS8CT8q8gGLwU72gxzneAEl\nX3Hvnf3rpxX0HbbRrWvVjaYGXZXvX+FI1Lq2vb3rj8ApU9WwxRjNj3XehMlmYgNz\nYm2/+GkE0rVbYygmVQEm7AnwN2lDALMoIJPj3Z4GAsHy3no31DeAEIFnN5E1HCMG\n9+BRA4LMfjGSptF9YAA3GNZyJHttuQeBW+c8dIQ9QzCn/OpM5x7A99eu5j7ZAGva\nVLGhEW+hPEJ/mKdb6hMkglPTzLsNJZob5VNrnXdC62Z8lvVcU8KE4L7gxiwXJWos\n4jyT13r/i1nfujX2/4h3wTaSeWuxTBnl+tLT749j7gDilY6GBCmGRH0JbDS3Saft\nnC7PVtDr8dfBcyEdkOEgSyr3jpTOk74nGsLFHR1fJW4UkuHXt+RlK9m166EeUflR\njG52/wira1QbDyqnONXZymbsOZKZSMzENXxA8GoFysjqqxLPZ/j5mZl8+NLnpTFK\nRtFCYCORwYBPEWx7Ts3e+GECAwEAAQ==\n-----END PUBLIC KEY-----\n",
            "rsa_bits": 4096
          },
          "sensitive_attributes": [
            [
              {
                "type": "get_attr",
                "value": "private_key_openssh"
              }
            ],
            [
              {
                "type": "get_attr",
                "value": "private_key_pem"
              }
            ],
            [
              {
                "type": "get_attr",
                "value": "private_key_pem_pkcs8"
              }
            ]
          ],
          "identity_schema_version": 0
        }
      ]
    }
  ],
  "check_results": null
}
