{
  "version": 4,
  "terraform_version": "1.12.2",
  "serial": 122,
  "lineage": "d6bd5780-60b9-2934-8eba-907dcb227d78",
  "outputs": {
    "ecr_registry_url": {
      "value": "675613596870.dkr.ecr.ap-southeast-2.amazonaws.com",
      "type": "string"
    },
    "repository_urls": {
      "value": {
        "api-gateway": "675613596870.dkr.ecr.ap-southeast-2.amazonaws.com/api-gateway",
        "client": "675613596870.dkr.ecr.ap-southeast-2.amazonaws.com/client",
        "inventory-service": "675613596870.dkr.ecr.ap-southeast-2.amazonaws.com/inventory-service",
        "notification-service": "675613596870.dkr.ecr.ap-southeast-2.amazonaws.com/notification-service",
        "order-service": "675613596870.dkr.ecr.ap-southeast-2.amazonaws.com/order-service",
        "payment-service": "675613596870.dkr.ecr.ap-southeast-2.amazonaws.com/payment-service",
        "product-service": "675613596870.dkr.ecr.ap-southeast-2.amazonaws.com/product-service"
      },
      "type": [
        "object",
        {
          "api-gateway": "string",
          "client": "string",
          "inventory-service": "string",
          "notification-service": "string",
          "order-service": "string",
          "payment-service": "string",
          "product-service": "string"
        }
      ]
    }
  },
  "resources": [
    {
      "mode": "data",
      "type": "aws_caller_identity",
      "name": "current",
      "provider": "provider[\"registry.terraform.io/hashicorp/aws\"]",
      "instances": [
        {
          "schema_version": 0,
          "attributes": {
            "account_id": "675613596870",
            "arn": "arn:aws:iam::675613596870:user/richard-tritran",
            "id": "675613596870",
            "user_id": "AIDAZ2TNVLTDLPGYY3EGW"
          },
          "sensitive_attributes": [],
          "identity_schema_version": 0
        }
      ]
    },
    {
      "mode": "data",
      "type": "aws_ecr_authorization_token",
      "name": "token",
      "provider": "provider[\"registry.terraform.io/hashicorp/aws\"]",
      "instances": [
        {
          "schema_version": 0,
          "attributes": {
            "authorization_token": "QVdTOmV5SndZWGxzYjJGa0lqb2lhbUpZTDBSR2FIcEZWMDVMUWtSaVpEWktkVE5xUkRseFVsTTNiMnRuY0UweU5YWTBaME01YW5WUFVGZEtMMDEyTkZONldpdDBkblJ0TW5OR1YwTjFSR1JZYm5wcVJrZ3dRakpPWW1oUVFpdHFiMU1yVG10MUt6QXdRbEpNWmpoa1RXZFJNWFJKUVV0alJtbGxOVzUzVVcxUmJWRkVWMHhJYjJWeVlYbDNNRFpaWWpFeVlURmtkSHBhWTAxTFJrTkNjR2RYYTI0dmJrRkNNQ3RXZVZnM04xRTJjRTFRT0hoWFRtRmhOMGhyWjNCWldtRkJTVVZETUVoQ1QyaDFURXB4YTNONGJ6bElMMUJZTmxVemNHcGFXbGhHSzA0cmFtRnJOMmRpUXpoMmJXZG5VamRNUkdac2J6ZHRkVkpVVlhkaWRYRXpWbmx3UVV4eFRsSkxSemwzVm1SMlEydEVMMlpXYWxkdmEwZEhSM3B3VEcxUVdXYzJTRGhGYkVseVMxcDZTV012ZUZoWVJIUm1UelpsVG10aGRYVnJiMDFWTTNoc1kzQjVha2xwVUdkcFVqaFFiSGRMTWprMEwzbGpNV05uV1N0a2VHUnNaa1J1U1dZeE5FRlliRzVIUmk5R1dDOVBSbkJ6TUdaNlkzUkhTRTVsYTFKd2IySXpjR292VDFRMU1FdEVNMjU1ZW1sa2RGQm9SVzF3UjFCVU5FeENMM3BuV2tob1VtUlVRMmhNTkdOUWJUQjNSbVU0TUhOd09HbHBXRGwyTUZST2VrWmtWa1ZaTlRaYU1HWjZieXRrTVVFNFFsRlhTbEV6WjJSQ2FFVkhSemhhVjJsR05HSkhNa2hsVUVKRWVEVjBTMU5SYkhaSlFpOUNPWHBHYmt4WlpXOHhWMXBpWlV0VGVGUTViV3N2TDBKVVdIZENNWE5vYzBOTlRVb3hlR1JMVUZwNlNXOWhaVkpQTm1GUlRsSkxOWFp4ZVdFd2FYRk5aR3N6T1dwemRrRlRZblV5WTFneEsyOUVSRTFZVmpWTFZVWXpNaXRqWjFOa05HSTVVblJ5VTJwb1JFVkdRaTkyUmt4V1kxRkVaa0YzZWtoellrMDNVMkZ3YXpkaldYQm5WbXN3UmpsWVMwWlFOVE13YTFCelUxVmFkV0poTW5VMmFYUkhSMHQ0YTNKWVVUVkphazFFVmtNMWJIbGFUWEpUVDBzemRFTnNUME1yZDBodmFuTlNha2N4VG01bWQyb3ZSMjVOUTA1cVJWWkZaa2hVZUhVMFpWTXhNV2xWYldKbWIwOXphbWRFWWpKNlZrNURWWFZIUWt4dWRtbHdjMHQ1ZVRsV1ZtZENSRFJRVHpGM1NDODNRM0J3UXpCdlEyWXZkMlEwTjFJeldGRklNbmRXTmxKaFF6TTJRbU5NWlZkV01uRTRaV3RRTDFkck1FbGpPSGd3UzA1RU9VMDBXblIyTHpkcE9EbGhkelE0WkVzeFlrcE9TMWxDUlU1cmEzUkdkamhITWxWelEzRkROVWhFZFZSNlRIQk1ZWE13UjNSVVlUUkVhVkpRYTA5d09WbGlUR1pCTjJkWFZ6TXJUM1EwYlV3M2MwUXhWR0ZzYkhWek16ZEpiaTk0WVdwUmVHZDJlRlJXVkdwdVFYUlNSMVEzU0UxR1YwbEpjR3BxUVdsMFNVZFJaa0pEZURGUlpEaEdXVE5XYW1KWmExbHRSbTVJZUVSRE5qVjZPRTVMYTFCR2RuQk9aVkl6TjNOaVpDdEtkQzlCVERKS1dsWkdibmxZV1ZRcldXRlFNR3RYT0dKWk1GTjNUR0p1ZGpSNFYyWnpVMGxuYld0TFRVaFFRV3QxWlVKMVFtMTVWbWhXVTNST1ZISWlMQ0prWVhSaGEyVjVJam9pUVZGRlFrRklhRXg1YW5vM1VFcEZVRzFaWW5GSU5rRTJaaTkzVjA1NmVYbzFRa3RoTXpkQ2JrSlFjMEY1ZFVZeFMxRkJRVUZJTkhkbVFWbEtTMjlhU1doMlkwNUJVV05IYjBjNGQySlJTVUpCUkVKdlFtZHJjV2hyYVVjNWR6QkNRbmRGZDBobldVcFpTVnBKUVZkVlJFSkJSWFZOUWtWRlJFNDJSVEZoU2tSUWVuZ3JhRkkzVkdkQlNVSkZTVUUzVG00d2FHUkhjbWt3VFZWSE5XcE1lVlZUT0ZCMmNWUnFiRFoxYm0xUFdESnNjazlsYWpoRloySklTa0pzVXpaemMxQkJRM0ExYkUxc1NFbzRVWFl5V0RrNVVYTkZiMDVFWmxVMlNFVlpWVDBpTENKMlpYSnphVzl1SWpvaU1pSXNJblI1Y0dVaU9pSkVRVlJCWDB0RldTSXNJbVY0Y0dseVlYUnBiMjRpT2pFM05qQXpOamt3TlRCOQ==",
            "expires_at": "2025-10-13T15:24:10Z",
            "id": "ap-southeast-2",
            "password": "eyJwYXlsb2FkIjoiamJYL0RGaHpFV05LQkRiZDZKdTNqRDlxUlM3b2tncE0yNXY0Z0M5anVPUFdKL012NFN6Wit0dnRtMnNGV0N1RGRYbnpqRkgwQjJOYmhQQitqb1MrTmt1KzAwQlJMZjhkTWdRMXRJQUtjRmllNW53UW1RbVFEV0xIb2VyYXl3MDZZYjEyYTFkdHpaY01LRkNCcGdXa24vbkFCMCtWeVg3N1E2cE1QOHhXTmFhN0hrZ3BZWmFBSUVDMEhCT2h1TEpxa3N4bzlIL1BYNlUzcGpaWlhGK04ramFrN2diQzh2bWdnUjdMRGZsbzdtdVJUVXdidXEzVnlwQUxxTlJLRzl3VmR2Q2tEL2ZWaldva0dHR3pwTG1QWWc2SDhFbElyS1p6SWMveFhYRHRmTzZlTmthdXVrb01VM3hsY3B5aklpUGdpUjhQbHdLMjk0L3ljMWNnWStkeGRsZkRuSWYxNEFYbG5HRi9GWC9PRnBzMGZ6Y3RHSE5la1Jwb2IzcGovT1Q1MEtEM255emlkdFBoRW1wR1BUNExCL3pnWkhoUmRUQ2hMNGNQbTB3RmU4MHNwOGlpWDl2MFROekZkVkVZNTZaMGZ6bytkMUE4QlFXSlEzZ2RCaEVHRzhaV2lGNGJHMkhlUEJEeDV0S1NRbHZJQi9COXpGbkxZZW8xV1piZUtTeFQ5bWsvL0JUWHdCMXNoc0NNTUoxeGRLUFp6SW9hZVJPNmFRTlJLNXZxeWEwaXFNZGszOWpzdkFTYnUyY1gxK29ERE1YVjVLVUYzMitjZ1NkNGI5UnRyU2poREVGQi92RkxWY1FEZkF3ekhzYk03U2FwazdjWXBnVmswRjlYS0ZQNTMwa1BzU1VadWJhMnU2aXRHR0t4a3JYUTVJak1EVkM1bHlaTXJTT0szdENsT0Mrd0hvanNSakcxTm5md2ovR25NQ05qRVZFZkhUeHU0ZVMxMWlVbWJmb09zamdEYjJ6Vk5DVXVHQkxudmlwc0t5eTlWVmdCRDRQTzF3SC83Q3BwQzBvQ2Yvd2Q0N1IzWFFIMndWNlJhQzM2QmNMZVdWMnE4ZWtQL1drMEljOHgwS05EOU00WnR2LzdpODlhdzQ4ZEsxYkpOS1lCRU5ra3RGdjhHMlVzQ3FDNUhEdVR6THBMYXMwR3RUYTREaVJQa09wOVliTGZBN2dXVzMrT3Q0bUw3c0QxVGFsbHVzMzdJbi94YWpReGd2eFRWVGpuQXRSR1Q3SE1GV0lJcGpqQWl0SUdRZkJDeDFRZDhGWTNWamJZa1ltRm5IeERDNjV6OE5La1BGdnBOZVIzN3NiZCtKdC9BTDJKWlZGbnlYWVQrWWFQMGtXOGJZMFN3TGJudjR4V2ZzU0lnbWtLTUhQQWt1ZUJ1Qm15VmhWU3ROVHIiLCJkYXRha2V5IjoiQVFFQkFIaEx5ano3UEpFUG1ZYnFINkE2Zi93V056eXo1QkthMzdCbkJQc0F5dUYxS1FBQUFINHdmQVlKS29aSWh2Y05BUWNHb0c4d2JRSUJBREJvQmdrcWhraUc5dzBCQndFd0hnWUpZSVpJQVdVREJBRXVNQkVFRE42RTFhSkRQengraFI3VGdBSUJFSUE3Tm4waGRHcmkwTVVHNWpMeVVTOFB2cVRqbDZ1bm1PWDJsck9lajhFZ2JISkJsUzZzc1BBQ3A1bE1sSEo4UXYyWDk5UXNFb05EZlU2SEVZVT0iLCJ2ZXJzaW9uIjoiMiIsInR5cGUiOiJEQVRBX0tFWSIsImV4cGlyYXRpb24iOjE3NjAzNjkwNTB9",
            "proxy_endpoint": "https://675613596870.dkr.ecr.ap-southeast-2.amazonaws.com",
            "region": "ap-southeast-2",
            "registry_id": null,
            "user_name": "AWS"
          },
          "sensitive_attributes": [
            [
              {
                "type": "get_attr",
                "value": "authorization_token"
              }
            ],
            [
              {
                "type": "get_attr",
                "value": "password"
              }
            ]
          ],
          "identity_schema_version": 0
        }
      ]
    },
    {
      "mode": "managed",
      "type": "aws_ecr_lifecycle_policy",
      "name": "repository_policy",
      "provider": "provider[\"registry.terraform.io/hashicorp/aws\"]",
      "instances": [
        {
          "index_key": "api-gateway",
          "schema_version": 0,
          "attributes": {
            "id": "api-gateway",
            "policy": "{\"rules\":[{\"action\":{\"type\":\"expire\"},\"description\":\"Keep last 10 images\",\"rulePriority\":1,\"selection\":{\"countNumber\":10,\"countType\":\"imageCountMoreThan\",\"tagPrefixList\":[\"v\"],\"tagStatus\":\"tagged\"}}]}",
            "region": "ap-southeast-2",
            "registry_id": "675613596870",
            "repository": "api-gateway"
          },
          "sensitive_attributes": [],
          "identity_schema_version": 0,
          "identity": {
            "account_id": "675613596870",
            "region": "ap-southeast-2",
            "repository": "api-gateway"
          },
          "private": "bnVsbA==",
          "dependencies": [
            "aws_ecr_repository.repositories"
          ]
        },
        {
          "index_key": "client",
          "schema_version": 0,
          "attributes": {
            "id": "client",
            "policy": "{\"rules\":[{\"action\":{\"type\":\"expire\"},\"description\":\"Keep last 10 images\",\"rulePriority\":1,\"selection\":{\"countNumber\":10,\"countType\":\"imageCountMoreThan\",\"tagPrefixList\":[\"v\"],\"tagStatus\":\"tagged\"}}]}",
            "region": "ap-southeast-2",
            "registry_id": "675613596870",
            "repository": "client"
          },
          "sensitive_attributes": [],
          "identity_schema_version": 0,
          "identity": {
            "account_id": "675613596870",
            "region": "ap-southeast-2",
            "repository": "client"
          },
          "private": "bnVsbA==",
          "dependencies": [
            "aws_ecr_repository.repositories"
          ]
        },
        {
          "index_key": "inventory-service",
          "schema_version": 0,
          "attributes": {
            "id": "inventory-service",
            "policy": "{\"rules\":[{\"action\":{\"type\":\"expire\"},\"description\":\"Keep last 10 images\",\"rulePriority\":1,\"selection\":{\"countNumber\":10,\"countType\":\"imageCountMoreThan\",\"tagPrefixList\":[\"v\"],\"tagStatus\":\"tagged\"}}]}",
            "region": "ap-southeast-2",
            "registry_id": "675613596870",
            "repository": "inventory-service"
          },
          "sensitive_attributes": [],
          "identity_schema_version": 0,
          "identity": {
            "account_id": "675613596870",
            "region": "ap-southeast-2",
            "repository": "inventory-service"
          },
          "private": "bnVsbA==",
          "dependencies": [
            "aws_ecr_repository.repositories"
          ]
        },
        {
          "index_key": "notification-service",
          "schema_version": 0,
          "attributes": {
            "id": "notification-service",
            "policy": "{\"rules\":[{\"action\":{\"type\":\"expire\"},\"description\":\"Keep last 10 images\",\"rulePriority\":1,\"selection\":{\"countNumber\":10,\"countType\":\"imageCountMoreThan\",\"tagPrefixList\":[\"v\"],\"tagStatus\":\"tagged\"}}]}",
            "region": "ap-southeast-2",
            "registry_id": "675613596870",
            "repository": "notification-service"
          },
          "sensitive_attributes": [],
          "identity_schema_version": 0,
          "identity": {
            "account_id": "675613596870",
            "region": "ap-southeast-2",
            "repository": "notification-service"
          },
          "private": "bnVsbA==",
          "dependencies": [
            "aws_ecr_repository.repositories"
          ]
        },
        {
          "index_key": "order-service",
          "schema_version": 0,
          "attributes": {
            "id": "order-service",
            "policy": "{\"rules\":[{\"action\":{\"type\":\"expire\"},\"description\":\"Keep last 10 images\",\"rulePriority\":1,\"selection\":{\"countNumber\":10,\"countType\":\"imageCountMoreThan\",\"tagPrefixList\":[\"v\"],\"tagStatus\":\"tagged\"}}]}",
            "region": "ap-southeast-2",
            "registry_id": "675613596870",
            "repository": "order-service"
          },
          "sensitive_attributes": [],
          "identity_schema_version": 0,
          "identity": {
            "account_id": "675613596870",
            "region": "ap-southeast-2",
            "repository": "order-service"
          },
          "private": "bnVsbA==",
          "dependencies": [
            "aws_ecr_repository.repositories"
          ]
        },
        {
          "index_key": "payment-service",
          "schema_version": 0,
          "attributes": {
            "id": "payment-service",
            "policy": "{\"rules\":[{\"action\":{\"type\":\"expire\"},\"description\":\"Keep last 10 images\",\"rulePriority\":1,\"selection\":{\"countNumber\":10,\"countType\":\"imageCountMoreThan\",\"tagPrefixList\":[\"v\"],\"tagStatus\":\"tagged\"}}]}",
            "region": "ap-southeast-2",
            "registry_id": "675613596870",
            "repository": "payment-service"
          },
          "sensitive_attributes": [],
          "identity_schema_version": 0,
          "identity": {
            "account_id": "675613596870",
            "region": "ap-southeast-2",
            "repository": "payment-service"
          },
          "private": "bnVsbA==",
          "dependencies": [
            "aws_ecr_repository.repositories"
          ]
        },
        {
          "index_key": "product-service",
          "schema_version": 0,
          "attributes": {
            "id": "product-service",
            "policy": "{\"rules\":[{\"action\":{\"type\":\"expire\"},\"description\":\"Keep last 10 images\",\"rulePriority\":1,\"selection\":{\"countNumber\":10,\"countType\":\"imageCountMoreThan\",\"tagPrefixList\":[\"v\"],\"tagStatus\":\"tagged\"}}]}",
            "region": "ap-southeast-2",
            "registry_id": "675613596870",
            "repository": "product-service"
          },
          "sensitive_attributes": [],
          "identity_schema_version": 0,
          "identity": {
            "account_id": "675613596870",
            "region": "ap-southeast-2",
            "repository": "product-service"
          },
          "private": "bnVsbA==",
          "dependencies": [
            "aws_ecr_repository.repositories"
          ]
        }
      ]
    },
    {
      "mode": "managed",
      "type": "aws_ecr_repository",
      "name": "repositories",
      "provider": "provider[\"registry.terraform.io/hashicorp/aws\"]",
      "instances": [
        {
          "index_key": "api-gateway",
          "schema_version": 0,
          "attributes": {
            "arn": "arn:aws:ecr:ap-southeast-2:675613596870:repository/api-gateway",
            "encryption_configuration": [
              {
                "encryption_type": "AES256",
                "kms_key": ""
              }
            ],
            "force_delete": true,
            "id": "api-gateway",
            "image_scanning_configuration": [
              {
                "scan_on_push": true
              }
            ],
            "image_tag_mutability": "MUTABLE",
            "image_tag_mutability_exclusion_filter": [],
            "name": "api-gateway",
            "region": "ap-southeast-2",
            "registry_id": "675613596870",
            "repository_url": "675613596870.dkr.ecr.ap-southeast-2.amazonaws.com/api-gateway",
            "tags": {
              "created_by": "terraform"
            },
            "tags_all": {
              "created_by": "terraform"
            },
            "timeouts": null
          },
          "sensitive_attributes": [],
          "identity_schema_version": 0,
          "identity": {
            "account_id": "675613596870",
            "name": "api-gateway",
            "region": "ap-southeast-2"
          },
          "private": "eyJlMmJmYjczMC1lY2FhLTExZTYtOGY4OC0zNDM2M2JjN2M0YzAiOnsiZGVsZXRlIjoxMjAwMDAwMDAwMDAwfX0="
        },
        {
          "index_key": "client",
          "schema_version": 0,
          "attributes": {
            "arn": "arn:aws:ecr:ap-southeast-2:675613596870:repository/client",
            "encryption_configuration": [
              {
                "encryption_type": "AES256",
                "kms_key": ""
              }
            ],
            "force_delete": true,
            "id": "client",
            "image_scanning_configuration": [
              {
                "scan_on_push": true
              }
            ],
            "image_tag_mutability": "MUTABLE",
            "image_tag_mutability_exclusion_filter": [],
            "name": "client",
            "region": "ap-southeast-2",
            "registry_id": "675613596870",
            "repository_url": "675613596870.dkr.ecr.ap-southeast-2.amazonaws.com/client",
            "tags": {
              "created_by": "terraform"
            },
            "tags_all": {
              "created_by": "terraform"
            },
            "timeouts": null
          },
          "sensitive_attributes": [],
          "identity_schema_version": 0,
          "identity": {
            "account_id": "675613596870",
            "name": "client",
            "region": "ap-southeast-2"
          },
          "private": "eyJlMmJmYjczMC1lY2FhLTExZTYtOGY4OC0zNDM2M2JjN2M0YzAiOnsiZGVsZXRlIjoxMjAwMDAwMDAwMDAwfX0="
        },
        {
          "index_key": "inventory-service",
          "schema_version": 0,
          "attributes": {
            "arn": "arn:aws:ecr:ap-southeast-2:675613596870:repository/inventory-service",
            "encryption_configuration": [
              {
                "encryption_type": "AES256",
                "kms_key": ""
              }
            ],
            "force_delete": true,
            "id": "inventory-service",
            "image_scanning_configuration": [
              {
                "scan_on_push": true
              }
            ],
            "image_tag_mutability": "MUTABLE",
            "image_tag_mutability_exclusion_filter": [],
            "name": "inventory-service",
            "region": "ap-southeast-2",
            "registry_id": "675613596870",
            "repository_url": "675613596870.dkr.ecr.ap-southeast-2.amazonaws.com/inventory-service",
            "tags": {
              "created_by": "terraform"
            },
            "tags_all": {
              "created_by": "terraform"
            },
            "timeouts": null
          },
          "sensitive_attributes": [],
          "identity_schema_version": 0,
          "identity": {
            "account_id": "675613596870",
            "name": "inventory-service",
            "region": "ap-southeast-2"
          },
          "private": "eyJlMmJmYjczMC1lY2FhLTExZTYtOGY4OC0zNDM2M2JjN2M0YzAiOnsiZGVsZXRlIjoxMjAwMDAwMDAwMDAwfX0="
        },
        {
          "index_key": "notification-service",
          "schema_version": 0,
          "attributes": {
            "arn": "arn:aws:ecr:ap-southeast-2:675613596870:repository/notification-service",
            "encryption_configuration": [
              {
                "encryption_type": "AES256",
                "kms_key": ""
              }
            ],
            "force_delete": true,
            "id": "notification-service",
            "image_scanning_configuration": [
              {
                "scan_on_push": true
              }
            ],
            "image_tag_mutability": "MUTABLE",
            "image_tag_mutability_exclusion_filter": [],
            "name": "notification-service",
            "region": "ap-southeast-2",
            "registry_id": "675613596870",
            "repository_url": "675613596870.dkr.ecr.ap-southeast-2.amazonaws.com/notification-service",
            "tags": {
              "created_by": "terraform"
            },
            "tags_all": {
              "created_by": "terraform"
            },
            "timeouts": null
          },
          "sensitive_attributes": [],
          "identity_schema_version": 0,
          "identity": {
            "account_id": "675613596870",
            "name": "notification-service",
            "region": "ap-southeast-2"
          },
          "private": "eyJlMmJmYjczMC1lY2FhLTExZTYtOGY4OC0zNDM2M2JjN2M0YzAiOnsiZGVsZXRlIjoxMjAwMDAwMDAwMDAwfX0="
        },
        {
          "index_key": "order-service",
          "schema_version": 0,
          "attributes": {
            "arn": "arn:aws:ecr:ap-southeast-2:675613596870:repository/order-service",
            "encryption_configuration": [
              {
                "encryption_type": "AES256",
                "kms_key": ""
              }
            ],
            "force_delete": true,
            "id": "order-service",
            "image_scanning_configuration": [
              {
                "scan_on_push": true
              }
            ],
            "image_tag_mutability": "MUTABLE",
            "image_tag_mutability_exclusion_filter": [],
            "name": "order-service",
            "region": "ap-southeast-2",
            "registry_id": "675613596870",
            "repository_url": "675613596870.dkr.ecr.ap-southeast-2.amazonaws.com/order-service",
            "tags": {
              "created_by": "terraform"
            },
            "tags_all": {
              "created_by": "terraform"
            },
            "timeouts": null
          },
          "sensitive_attributes": [],
          "identity_schema_version": 0,
          "identity": {
            "account_id": "675613596870",
            "name": "order-service",
            "region": "ap-southeast-2"
          },
          "private": "eyJlMmJmYjczMC1lY2FhLTExZTYtOGY4OC0zNDM2M2JjN2M0YzAiOnsiZGVsZXRlIjoxMjAwMDAwMDAwMDAwfX0="
        },
        {
          "index_key": "payment-service",
          "schema_version": 0,
          "attributes": {
            "arn": "arn:aws:ecr:ap-southeast-2:675613596870:repository/payment-service",
            "encryption_configuration": [
              {
                "encryption_type": "AES256",
                "kms_key": ""
              }
            ],
            "force_delete": true,
            "id": "payment-service",
            "image_scanning_configuration": [
              {
                "scan_on_push": true
              }
            ],
            "image_tag_mutability": "MUTABLE",
            "image_tag_mutability_exclusion_filter": [],
            "name": "payment-service",
            "region": "ap-southeast-2",
            "registry_id": "675613596870",
            "repository_url": "675613596870.dkr.ecr.ap-southeast-2.amazonaws.com/payment-service",
            "tags": {
              "created_by": "terraform"
            },
            "tags_all": {
              "created_by": "terraform"
            },
            "timeouts": null
          },
          "sensitive_attributes": [],
          "identity_schema_version": 0,
          "identity": {
            "account_id": "675613596870",
            "name": "payment-service",
            "region": "ap-southeast-2"
          },
          "private": "eyJlMmJmYjczMC1lY2FhLTExZTYtOGY4OC0zNDM2M2JjN2M0YzAiOnsiZGVsZXRlIjoxMjAwMDAwMDAwMDAwfX0="
        },
        {
          "index_key": "product-service",
          "schema_version": 0,
          "attributes": {
            "arn": "arn:aws:ecr:ap-southeast-2:675613596870:repository/product-service",
            "encryption_configuration": [
              {
                "encryption_type": "AES256",
                "kms_key": ""
              }
            ],
            "force_delete": true,
            "id": "product-service",
            "image_scanning_configuration": [
              {
                "scan_on_push": true
              }
            ],
            "image_tag_mutability": "MUTABLE",
            "image_tag_mutability_exclusion_filter": [],
            "name": "product-service",
            "region": "ap-southeast-2",
            "registry_id": "675613596870",
            "repository_url": "675613596870.dkr.ecr.ap-southeast-2.amazonaws.com/product-service",
            "tags": {
              "created_by": "terraform"
            },
            "tags_all": {
              "created_by": "terraform"
            },
            "timeouts": null
          },
          "sensitive_attributes": [],
          "identity_schema_version": 0,
          "identity": {
            "account_id": "675613596870",
            "name": "product-service",
            "region": "ap-southeast-2"
          },
          "private": "eyJlMmJmYjczMC1lY2FhLTExZTYtOGY4OC0zNDM2M2JjN2M0YzAiOnsiZGVsZXRlIjoxMjAwMDAwMDAwMDAwfX0="
        }
      ]
    },
    {
      "mode": "managed",
      "type": "null_resource",
      "name": "build_and_push_images",
      "provider": "provider[\"registry.terraform.io/hashicorp/null\"]",
      "instances": [
        {
          "index_key": "api-gateway",
          "status": "tainted",
          "schema_version": 0,
          "attributes": {
            "id": "8203192615651084765",
            "triggers": null
          },
          "sensitive_attributes": [],
          "identity_schema_version": 0,
          "dependencies": [
            "aws_ecr_repository.repositories",
            "data.aws_caller_identity.current"
          ]
        },
        {
          "index_key": "client",
          "schema_version": 0,
          "attributes": {
            "id": "7679639483209031330",
            "triggers": null
          },
          "sensitive_attributes": [],
          "identity_schema_version": 0,
          "dependencies": [
            "aws_ecr_repository.repositories",
            "data.aws_caller_identity.current"
          ]
        },
        {
          "index_key": "inventory-service",
          "status": "tainted",
          "schema_version": 0,
          "attributes": {
            "id": "3394510333653784148",
            "triggers": null
          },
          "sensitive_attributes": [],
          "identity_schema_version": 0,
          "dependencies": [
            "aws_ecr_repository.repositories",
            "data.aws_caller_identity.current"
          ]
        },
        {
          "index_key": "notification-service",
          "status": "tainted",
          "schema_version": 0,
          "attributes": {
            "id": "4058399092806015750",
            "triggers": null
          },
          "sensitive_attributes": [],
          "identity_schema_version": 0,
          "dependencies": [
            "aws_ecr_repository.repositories",
            "data.aws_caller_identity.current"
          ]
        },
        {
          "index_key": "order-service",
          "status": "tainted",
          "schema_version": 0,
          "attributes": {
            "id": "1670932126180801971",
            "triggers": null
          },
          "sensitive_attributes": [],
          "identity_schema_version": 0,
          "dependencies": [
            "aws_ecr_repository.repositories",
            "data.aws_caller_identity.current"
          ]
        },
        {
          "index_key": "payment-service",
          "status": "tainted",
          "schema_version": 0,
          "attributes": {
            "id": "5935415693292787742",
            "triggers": null
          },
          "sensitive_attributes": [],
          "identity_schema_version": 0,
          "dependencies": [
            "aws_ecr_repository.repositories",
            "data.aws_caller_identity.current"
          ]
        },
        {
          "index_key": "product-service",
          "status": "tainted",
          "schema_version": 0,
          "attributes": {
            "id": "3274789115635128811",
            "triggers": null
          },
          "sensitive_attributes": [],
          "identity_schema_version": 0,
          "dependencies": [
            "aws_ecr_repository.repositories",
            "data.aws_caller_identity.current"
          ]
        }
      ]
    }
  ],
  "check_results": null
}
